{
  "version": 4,
  "terraform_version": "1.14.0",
  "serial": 760,
  "lineage": "114c142e-a2a7-707c-0570-2f1aaf9204b9",
  "outputs": {
    "airflow_efs_id": {
      "value": "fs-009bc847ae54ca378",
      "type": "string"
    },
    "aithon_efs_id": {
      "value": "fs-0b0c5cb6548acf03c",
      "type": "string"
    },
    "athena_sit_static_ip": {
      "value": "3.109.83.135",
      "type": "string"
    },
    "athena_uat_static_ip": {
      "value": "65.1.17.90",
      "type": "string"
    }
  },
  "resources": [
    {
      "mode": "data",
      "type": "aws_ami",
      "name": "ubuntu",
      "provider": "provider[\"registry.terraform.io/hashicorp/aws\"].mumbai",
      "instances": [
        {
          "schema_version": 0,
          "attributes": {
            "architecture": "x86_64",
            "arn": "arn:aws:ec2:ap-south-1::image/ami-0cb0a4e6fd9223ebf",
            "block_device_mappings": [
              {
                "device_name": "/dev/sda1",
                "ebs": {
                  "delete_on_termination": "true",
                  "encrypted": "false",
                  "iops": "0",
                  "snapshot_id": "snap-018016bd5e2774e46",
                  "throughput": "0",
                  "volume_initialization_rate": "0",
                  "volume_size": "8",
                  "volume_type": "gp2"
                },
                "no_device": "",
                "virtual_name": ""
              },
              {
                "device_name": "/dev/sdb",
                "ebs": {},
                "no_device": "",
                "virtual_name": "ephemeral0"
              },
              {
                "device_name": "/dev/sdc",
                "ebs": {},
                "no_device": "",
                "virtual_name": "ephemeral1"
              }
            ],
            "boot_mode": "uefi-preferred",
            "creation_date": "2026-03-18T20:49:17.000Z",
            "deprecation_time": "2028-03-18T20:49:17.000Z",
            "description": "Canonical, Ubuntu, 22.04, amd64 jammy image",
            "ena_support": true,
            "executable_users": null,
            "filter": [
              {
                "name": "name",
                "values": [
                  "ubuntu/images/hvm-ssd/ubuntu-jammy-22.04-amd64-server-*"
                ]
              },
              {
                "name": "virtualization-type",
                "values": [
                  "hvm"
                ]
              }
            ],
            "hypervisor": "xen",
            "id": "ami-0cb0a4e6fd9223ebf",
            "image_id": "ami-0cb0a4e6fd9223ebf",
            "image_location": "amazon/ubuntu/images/hvm-ssd/ubuntu-jammy-22.04-amd64-server-20260317",
            "image_owner_alias": "amazon",
            "image_type": "machine",
            "imds_support": "",
            "include_deprecated": false,
            "kernel_id": "",
            "last_launched_time": "",
            "most_recent": true,
            "name": "ubuntu/images/hvm-ssd/ubuntu-jammy-22.04-amd64-server-20260317",
            "name_regex": null,
            "owner_id": "099720109477",
            "owners": [
              "099720109477"
            ],
            "platform": "",
            "platform_details": "Linux/UNIX",
            "product_codes": [],
            "public": true,
            "ramdisk_id": "",
            "root_device_name": "/dev/sda1",
            "root_device_type": "ebs",
            "root_snapshot_id": "snap-018016bd5e2774e46",
            "sriov_net_support": "simple",
            "state": "available",
            "state_reason": {
              "code": "UNSET",
              "message": "UNSET"
            },
            "tags": {},
            "timeouts": null,
            "tpm_support": "",
            "uefi_data": null,
            "usage_operation": "RunInstances",
            "virtualization_type": "hvm"
          },
          "sensitive_attributes": [],
          "identity_schema_version": 0
        }
      ]
    },
    {
      "mode": "data",
      "type": "aws_availability_zones",
      "name": "available",
      "provider": "provider[\"registry.terraform.io/hashicorp/aws\"].mumbai",
      "instances": [
        {
          "schema_version": 0,
          "attributes": {
            "all_availability_zones": null,
            "exclude_names": null,
            "exclude_zone_ids": null,
            "filter": null,
            "group_names": [
              "ap-south-1-zg-1"
            ],
            "id": "ap-south-1",
            "names": [
              "ap-south-1a",
              "ap-south-1b",
              "ap-south-1c"
            ],
            "state": "available",
            "timeouts": null,
            "zone_ids": [
              "aps1-az1",
              "aps1-az3",
              "aps1-az2"
            ]
          },
          "sensitive_attributes": [],
          "identity_schema_version": 0
        }
      ]
    },
    {
      "mode": "data",
      "type": "aws_eks_cluster",
      "name": "cluster",
      "provider": "provider[\"registry.terraform.io/hashicorp/aws\"]",
      "instances": [
        {
          "schema_version": 0,
          "attributes": {
            "access_config": [
              {
                "authentication_mode": "API_AND_CONFIG_MAP",
                "bootstrap_cluster_creator_admin_permissions": true
              }
            ],
            "arn": "arn:aws:eks:ap-south-1:010438478476:cluster/FVKR-DEV",
            "certificate_authority": [
              {
                "data": "LS0tLS1CRUdJTiBDRVJUSUZJQ0FURS0tLS0tCk1JSURCVENDQWUyZ0F3SUJBZ0lJZW1EVEozTjgrb3N3RFFZSktvWklodmNOQVFFTEJRQXdGVEVUTUJFR0ExVUUKQXhNS2EzVmlaWEp1WlhSbGN6QWVGdzB5TlRFeU1ESXhNREk0TVRGYUZ3MHpOVEV4TXpBeE1ETXpNVEZhTUJVeApFekFSQmdOVkJBTVRDbXQxWW1WeWJtVjBaWE13Z2dFaU1BMEdDU3FHU0liM0RRRUJBUVVBQTRJQkR3QXdnZ0VLCkFvSUJBUUNoV1c1NUNtc0xabHRYVWQxb3dvcVMzd2VhMk50TVRYUDdleE1DcWtjZXY5SExUYmd1SXNOMGplaC8KbWRxOXdCYytGeFk2N21ZczNIMjk2Y0hYaGlSZmNER3Ixekl2WHVKbGdxamxHSWxVSDRtd09HdWlQOHRFRyt1QgpRQUtOVTdWd2V4aDZxRkZvS3V4L25GSTNSS08xanRrckRXZE84MzZ4ZkNHZUJMdGRRVUg2bTVVRE5pY1FWbEZSClVuRmRGSGNJS1pjZXdpN2FuYUkyVXpHRFNGSzJQZ2lWK2dka0k1MnFLVzVTTmphdWZTb0k1NGhUVWtxcVZqQVgKK0dLMEVOVVlmUmVWd2tBWGZjOEZ3UGpIVzRiK0ZBbTkvQUxDUFcwN2NsanYrdUxiN1lYYlFqajl6bm82ZGhDZgpHLzB5Y1BIQ2pGQ2cwR3k1ei9XckJIQXQ5THZSQWdNQkFBR2pXVEJYTUE0R0ExVWREd0VCL3dRRUF3SUNwREFQCkJnTlZIUk1CQWY4RUJUQURBUUgvTUIwR0ExVWREZ1FXQkJTVTdJanFlNFNhdTdVYXRiNUpVUmduV2V5cWRqQVYKQmdOVkhSRUVEakFNZ2dwcmRXSmxjbTVsZEdWek1BMEdDU3FHU0liM0RRRUJDd1VBQTRJQkFRQk1xS3pmOTJEYgowb212ellKVy9ROWdPTGsyZGgyRUh0T3I1cmJTYnZSRU5GcUl5ZCtEeC92Z1BqVUFqSDBkaE41blJhVmJvdlY1Clc5d0JKVXdPUENmVjVFSXZWM09LdHBESlhiNGFjVy9LSW83bFZlR3p2SHZRM0Z6b2pmaXJna2M4dFVBSXVxVDEKQ0hjdmF0SWIwSWJVOWYzQW1rcG5iQmN3N1YxVDR5dGJsVnhTVjBLaWJCOVJ5Z2taaWhFcFZwdmVNOEltK3cwbwpjeFhNTDMzZnJCTk1Fa1c4RjQ4UVpBRkxOeUl2TDQwelZVSnNjazNoSkhneGRoSGFQcGtHV2FqRTBvY3pnVnFrCkQrdW54eko2YzZPOHhDMjhNWHRZUTNRYmZlbWxOM2xmenZzTWkxQzdLWWZDNE1NRFluTzJ3V216MlJRSThoRFYKcmltT05TL3c5cmdlCi0tLS0tRU5EIENFUlRJRklDQVRFLS0tLS0K"
              }
            ],
            "cluster_id": null,
            "compute_config": [],
            "created_at": "2025-12-02T10:27:47Z",
            "enabled_cluster_log_types": [],
            "endpoint": "https://74EC2B262968E0D6F84BF2DA6FF8C014.yl4.ap-south-1.eks.amazonaws.com",
            "id": "FVKR-DEV",
            "identity": [
              {
                "oidc": [
                  {
                    "issuer": "https://oidc.eks.ap-south-1.amazonaws.com/id/74EC2B262968E0D6F84BF2DA6FF8C014"
                  }
                ]
              }
            ],
            "kubernetes_network_config": [
              {
                "elastic_load_balancing": [
                  {
                    "enabled": false
                  }
                ],
                "ip_family": "ipv4",
                "service_ipv4_cidr": "172.20.0.0/16",
                "service_ipv6_cidr": ""
              }
            ],
            "name": "FVKR-DEV",
            "outpost_config": [],
            "platform_version": "eks.15",
            "remote_network_config": [],
            "role_arn": "arn:aws:iam::010438478476:role/Fvrk-dev-eks-cluster-role",
            "status": "ACTIVE",
            "storage_config": [],
            "tags": {},
            "upgrade_policy": [
              {
                "support_type": "EXTENDED"
              }
            ],
            "version": "1.34",
            "vpc_config": [
              {
                "cluster_security_group_id": "sg-059a6990a8ee41e97",
                "endpoint_private_access": false,
                "endpoint_public_access": true,
                "public_access_cidrs": [
                  "0.0.0.0/0"
                ],
                "security_group_ids": [],
                "subnet_ids": [
                  "subnet-0676b17d05babe69f",
                  "subnet-076ca5925fd436c79",
                  "subnet-0d4bb787f2a8e82d7",
                  "subnet-0fc395105f822381b"
                ],
                "vpc_id": "vpc-01559cc551ee9ce1f"
              }
            ],
            "zonal_shift_config": []
          },
          "sensitive_attributes": [],
          "identity_schema_version": 0
        }
      ]
    },
    {
      "mode": "data",
      "type": "http",
      "name": "aws_lb_controller_policy",
      "provider": "provider[\"registry.terraform.io/hashicorp/http\"]",
      "instances": [
        {
          "schema_version": 0,
          "attributes": {
            "body": "{\n    \"Version\": \"2012-10-17\",\n    \"Statement\": [\n        {\n            \"Effect\": \"Allow\",\n            \"Action\": [\n                \"iam:CreateServiceLinkedRole\"\n            ],\n            \"Resource\": \"*\",\n            \"Condition\": {\n                \"StringEquals\": {\n                    \"iam:AWSServiceName\": \"elasticloadbalancing.amazonaws.com\"\n                }\n            }\n        },\n        {\n            \"Effect\": \"Allow\",\n            \"Action\": [\n                \"ec2:DescribeAccountAttributes\",\n                \"ec2:DescribeAddresses\",\n                \"ec2:DescribeAvailabilityZones\",\n                \"ec2:DescribeInternetGateways\",\n                \"ec2:DescribeVpcs\",\n                \"ec2:DescribeVpcPeeringConnections\",\n                \"ec2:DescribeSubnets\",\n                \"ec2:DescribeSecurityGroups\",\n                \"ec2:DescribeInstances\",\n                \"ec2:DescribeNetworkInterfaces\",\n                \"ec2:DescribeTags\",\n                \"ec2:GetCoipPoolUsage\",\n                \"ec2:DescribeCoipPools\",\n                \"ec2:GetSecurityGroupsForVpc\",\n                \"ec2:DescribeIpamPools\",\n                \"ec2:DescribeRouteTables\",\n                \"elasticloadbalancing:DescribeLoadBalancers\",\n                \"elasticloadbalancing:DescribeLoadBalancerAttributes\",\n                \"elasticloadbalancing:DescribeListeners\",\n                \"elasticloadbalancing:DescribeListenerCertificates\",\n                \"elasticloadbalancing:DescribeSSLPolicies\",\n                \"elasticloadbalancing:DescribeRules\",\n                \"elasticloadbalancing:DescribeTargetGroups\",\n                \"elasticloadbalancing:DescribeTargetGroupAttributes\",\n                \"elasticloadbalancing:DescribeTargetHealth\",\n                \"elasticloadbalancing:DescribeTags\",\n                \"elasticloadbalancing:DescribeTrustStores\",\n                \"elasticloadbalancing:DescribeListenerAttributes\",\n                \"elasticloadbalancing:DescribeCapacityReservation\"\n            ],\n            \"Resource\": \"*\"\n        },\n        {\n            \"Effect\": \"Allow\",\n            \"Action\": [\n                \"cognito-idp:DescribeUserPoolClient\",\n                \"acm:ListCertificates\",\n                \"acm:DescribeCertificate\",\n                \"iam:ListServerCertificates\",\n                \"iam:GetServerCertificate\",\n                \"waf-regional:GetWebACL\",\n                \"waf-regional:GetWebACLForResource\",\n                \"waf-regional:AssociateWebACL\",\n                \"waf-regional:DisassociateWebACL\",\n                \"wafv2:GetWebACL\",\n                \"wafv2:GetWebACLForResource\",\n                \"wafv2:AssociateWebACL\",\n                \"wafv2:DisassociateWebACL\",\n                \"shield:GetSubscriptionState\",\n                \"shield:DescribeProtection\",\n                \"shield:CreateProtection\",\n                \"shield:DeleteProtection\"\n            ],\n            \"Resource\": \"*\"\n        },\n        {\n            \"Effect\": \"Allow\",\n            \"Action\": [\n                \"ec2:AuthorizeSecurityGroupIngress\",\n                \"ec2:RevokeSecurityGroupIngress\"\n            ],\n            \"Resource\": \"*\"\n        },\n        {\n            \"Effect\": \"Allow\",\n            \"Action\": [\n                \"ec2:CreateSecurityGroup\"\n            ],\n            \"Resource\": \"*\"\n        },\n        {\n            \"Effect\": \"Allow\",\n            \"Action\": [\n                \"ec2:CreateTags\"\n            ],\n            \"Resource\": \"arn:aws:ec2:*:*:security-group/*\",\n            \"Condition\": {\n                \"StringEquals\": {\n                    \"ec2:CreateAction\": \"CreateSecurityGroup\"\n                },\n                \"Null\": {\n                    \"aws:RequestTag/elbv2.k8s.aws/cluster\": \"false\"\n                }\n            }\n        },\n        {\n            \"Effect\": \"Allow\",\n            \"Action\": [\n                \"ec2:CreateTags\",\n                \"ec2:DeleteTags\"\n            ],\n            \"Resource\": \"arn:aws:ec2:*:*:security-group/*\",\n            \"Condition\": {\n                \"Null\": {\n                    \"aws:RequestTag/elbv2.k8s.aws/cluster\": \"true\",\n                    \"aws:ResourceTag/elbv2.k8s.aws/cluster\": \"false\"\n                }\n            }\n        },\n        {\n            \"Effect\": \"Allow\",\n            \"Action\": [\n                \"ec2:AuthorizeSecurityGroupIngress\",\n                \"ec2:RevokeSecurityGroupIngress\",\n                \"ec2:DeleteSecurityGroup\"\n            ],\n            \"Resource\": \"*\",\n            \"Condition\": {\n                \"Null\": {\n                    \"aws:ResourceTag/elbv2.k8s.aws/cluster\": \"false\"\n                }\n            }\n        },\n        {\n            \"Effect\": \"Allow\",\n            \"Action\": [\n                \"elasticloadbalancing:CreateLoadBalancer\",\n                \"elasticloadbalancing:CreateTargetGroup\"\n            ],\n            \"Resource\": \"*\",\n            \"Condition\": {\n                \"Null\": {\n                    \"aws:RequestTag/elbv2.k8s.aws/cluster\": \"false\"\n                }\n            }\n        },\n        {\n            \"Effect\": \"Allow\",\n            \"Action\": [\n                \"elasticloadbalancing:CreateListener\",\n                \"elasticloadbalancing:DeleteListener\",\n                \"elasticloadbalancing:CreateRule\",\n                \"elasticloadbalancing:DeleteRule\"\n            ],\n            \"Resource\": \"*\"\n        },\n        {\n            \"Effect\": \"Allow\",\n            \"Action\": [\n                \"elasticloadbalancing:AddTags\",\n                \"elasticloadbalancing:RemoveTags\"\n            ],\n            \"Resource\": [\n                \"arn:aws:elasticloadbalancing:*:*:targetgroup/*/*\",\n                \"arn:aws:elasticloadbalancing:*:*:loadbalancer/net/*/*\",\n                \"arn:aws:elasticloadbalancing:*:*:loadbalancer/app/*/*\"\n            ],\n            \"Condition\": {\n                \"Null\": {\n                    \"aws:RequestTag/elbv2.k8s.aws/cluster\": \"true\",\n                    \"aws:ResourceTag/elbv2.k8s.aws/cluster\": \"false\"\n                }\n            }\n        },\n        {\n            \"Effect\": \"Allow\",\n            \"Action\": [\n                \"elasticloadbalancing:AddTags\",\n                \"elasticloadbalancing:RemoveTags\"\n            ],\n            \"Resource\": [\n                \"arn:aws:elasticloadbalancing:*:*:listener/net/*/*/*\",\n                \"arn:aws:elasticloadbalancing:*:*:listener/app/*/*/*\",\n                \"arn:aws:elasticloadbalancing:*:*:listener-rule/net/*/*/*\",\n                \"arn:aws:elasticloadbalancing:*:*:listener-rule/app/*/*/*\"\n            ]\n        },\n        {\n            \"Effect\": \"Allow\",\n            \"Action\": [\n                \"elasticloadbalancing:ModifyLoadBalancerAttributes\",\n                \"elasticloadbalancing:SetIpAddressType\",\n                \"elasticloadbalancing:SetSecurityGroups\",\n                \"elasticloadbalancing:SetSubnets\",\n                \"elasticloadbalancing:DeleteLoadBalancer\",\n                \"elasticloadbalancing:ModifyTargetGroup\",\n                \"elasticloadbalancing:ModifyTargetGroupAttributes\",\n                \"elasticloadbalancing:DeleteTargetGroup\",\n                \"elasticloadbalancing:ModifyListenerAttributes\",\n                \"elasticloadbalancing:ModifyCapacityReservation\",\n                \"elasticloadbalancing:ModifyIpPools\"\n            ],\n            \"Resource\": \"*\",\n            \"Condition\": {\n                \"Null\": {\n                    \"aws:ResourceTag/elbv2.k8s.aws/cluster\": \"false\"\n                }\n            }\n        },\n        {\n            \"Effect\": \"Allow\",\n            \"Action\": [\n                \"elasticloadbalancing:AddTags\"\n            ],\n            \"Resource\": [\n                \"arn:aws:elasticloadbalancing:*:*:targetgroup/*/*\",\n                \"arn:aws:elasticloadbalancing:*:*:loadbalancer/net/*/*\",\n                \"arn:aws:elasticloadbalancing:*:*:loadbalancer/app/*/*\"\n            ],\n            \"Condition\": {\n                \"StringEquals\": {\n                    \"elasticloadbalancing:CreateAction\": [\n                        \"CreateTargetGroup\",\n                        \"CreateLoadBalancer\"\n                    ]\n                },\n                \"Null\": {\n                    \"aws:RequestTag/elbv2.k8s.aws/cluster\": \"false\"\n                }\n            }\n        },\n        {\n            \"Effect\": \"Allow\",\n            \"Action\": [\n                \"elasticloadbalancing:RegisterTargets\",\n                \"elasticloadbalancing:DeregisterTargets\"\n            ],\n            \"Resource\": \"arn:aws:elasticloadbalancing:*:*:targetgroup/*/*\"\n        },\n        {\n            \"Effect\": \"Allow\",\n            \"Action\": [\n                \"elasticloadbalancing:SetWebAcl\",\n                \"elasticloadbalancing:ModifyListener\",\n                \"elasticloadbalancing:AddListenerCertificates\",\n                \"elasticloadbalancing:RemoveListenerCertificates\",\n                \"elasticloadbalancing:ModifyRule\",\n                \"elasticloadbalancing:SetRulePriorities\"\n            ],\n            \"Resource\": \"*\"\n        }\n    ]\n}\n",
            "ca_cert_pem": null,
            "client_cert_pem": null,
            "client_key_pem": null,
            "id": "https://raw.githubusercontent.com/kubernetes-sigs/aws-load-balancer-controller/main/docs/install/iam_policy.json",
            "insecure": null,
            "method": null,
            "request_body": null,
            "request_headers": null,
            "request_timeout_ms": null,
            "response_body": "{\n    \"Version\": \"2012-10-17\",\n    \"Statement\": [\n        {\n            \"Effect\": \"Allow\",\n            \"Action\": [\n                \"iam:CreateServiceLinkedRole\"\n            ],\n            \"Resource\": \"*\",\n            \"Condition\": {\n                \"StringEquals\": {\n                    \"iam:AWSServiceName\": \"elasticloadbalancing.amazonaws.com\"\n                }\n            }\n        },\n        {\n            \"Effect\": \"Allow\",\n            \"Action\": [\n                \"ec2:DescribeAccountAttributes\",\n                \"ec2:DescribeAddresses\",\n                \"ec2:DescribeAvailabilityZones\",\n                \"ec2:DescribeInternetGateways\",\n                \"ec2:DescribeVpcs\",\n                \"ec2:DescribeVpcPeeringConnections\",\n                \"ec2:DescribeSubnets\",\n                \"ec2:DescribeSecurityGroups\",\n                \"ec2:DescribeInstances\",\n                \"ec2:DescribeNetworkInterfaces\",\n                \"ec2:DescribeTags\",\n                \"ec2:GetCoipPoolUsage\",\n                \"ec2:DescribeCoipPools\",\n                \"ec2:GetSecurityGroupsForVpc\",\n                \"ec2:DescribeIpamPools\",\n                \"ec2:DescribeRouteTables\",\n                \"elasticloadbalancing:DescribeLoadBalancers\",\n                \"elasticloadbalancing:DescribeLoadBalancerAttributes\",\n                \"elasticloadbalancing:DescribeListeners\",\n                \"elasticloadbalancing:DescribeListenerCertificates\",\n                \"elasticloadbalancing:DescribeSSLPolicies\",\n                \"elasticloadbalancing:DescribeRules\",\n                \"elasticloadbalancing:DescribeTargetGroups\",\n                \"elasticloadbalancing:DescribeTargetGroupAttributes\",\n                \"elasticloadbalancing:DescribeTargetHealth\",\n                \"elasticloadbalancing:DescribeTags\",\n                \"elasticloadbalancing:DescribeTrustStores\",\n                \"elasticloadbalancing:DescribeListenerAttributes\",\n                \"elasticloadbalancing:DescribeCapacityReservation\"\n            ],\n            \"Resource\": \"*\"\n        },\n        {\n            \"Effect\": \"Allow\",\n            \"Action\": [\n                \"cognito-idp:DescribeUserPoolClient\",\n                \"acm:ListCertificates\",\n                \"acm:DescribeCertificate\",\n                \"iam:ListServerCertificates\",\n                \"iam:GetServerCertificate\",\n                \"waf-regional:GetWebACL\",\n                \"waf-regional:GetWebACLForResource\",\n                \"waf-regional:AssociateWebACL\",\n                \"waf-regional:DisassociateWebACL\",\n                \"wafv2:GetWebACL\",\n                \"wafv2:GetWebACLForResource\",\n                \"wafv2:AssociateWebACL\",\n                \"wafv2:DisassociateWebACL\",\n                \"shield:GetSubscriptionState\",\n                \"shield:DescribeProtection\",\n                \"shield:CreateProtection\",\n                \"shield:DeleteProtection\"\n            ],\n            \"Resource\": \"*\"\n        },\n        {\n            \"Effect\": \"Allow\",\n            \"Action\": [\n                \"ec2:AuthorizeSecurityGroupIngress\",\n                \"ec2:RevokeSecurityGroupIngress\"\n            ],\n            \"Resource\": \"*\"\n        },\n        {\n            \"Effect\": \"Allow\",\n            \"Action\": [\n                \"ec2:CreateSecurityGroup\"\n            ],\n            \"Resource\": \"*\"\n        },\n        {\n            \"Effect\": \"Allow\",\n            \"Action\": [\n                \"ec2:CreateTags\"\n            ],\n            \"Resource\": \"arn:aws:ec2:*:*:security-group/*\",\n            \"Condition\": {\n                \"StringEquals\": {\n                    \"ec2:CreateAction\": \"CreateSecurityGroup\"\n                },\n                \"Null\": {\n                    \"aws:RequestTag/elbv2.k8s.aws/cluster\": \"false\"\n                }\n            }\n        },\n        {\n            \"Effect\": \"Allow\",\n            \"Action\": [\n                \"ec2:CreateTags\",\n                \"ec2:DeleteTags\"\n            ],\n            \"Resource\": \"arn:aws:ec2:*:*:security-group/*\",\n            \"Condition\": {\n                \"Null\": {\n                    \"aws:RequestTag/elbv2.k8s.aws/cluster\": \"true\",\n                    \"aws:ResourceTag/elbv2.k8s.aws/cluster\": \"false\"\n                }\n            }\n        },\n        {\n            \"Effect\": \"Allow\",\n            \"Action\": [\n                \"ec2:AuthorizeSecurityGroupIngress\",\n                \"ec2:RevokeSecurityGroupIngress\",\n                \"ec2:DeleteSecurityGroup\"\n            ],\n            \"Resource\": \"*\",\n            \"Condition\": {\n                \"Null\": {\n                    \"aws:ResourceTag/elbv2.k8s.aws/cluster\": \"false\"\n                }\n            }\n        },\n        {\n            \"Effect\": \"Allow\",\n            \"Action\": [\n                \"elasticloadbalancing:CreateLoadBalancer\",\n                \"elasticloadbalancing:CreateTargetGroup\"\n            ],\n            \"Resource\": \"*\",\n            \"Condition\": {\n                \"Null\": {\n                    \"aws:RequestTag/elbv2.k8s.aws/cluster\": \"false\"\n                }\n            }\n        },\n        {\n            \"Effect\": \"Allow\",\n            \"Action\": [\n                \"elasticloadbalancing:CreateListener\",\n                \"elasticloadbalancing:DeleteListener\",\n                \"elasticloadbalancing:CreateRule\",\n                \"elasticloadbalancing:DeleteRule\"\n            ],\n            \"Resource\": \"*\"\n        },\n        {\n            \"Effect\": \"Allow\",\n            \"Action\": [\n                \"elasticloadbalancing:AddTags\",\n                \"elasticloadbalancing:RemoveTags\"\n            ],\n            \"Resource\": [\n                \"arn:aws:elasticloadbalancing:*:*:targetgroup/*/*\",\n                \"arn:aws:elasticloadbalancing:*:*:loadbalancer/net/*/*\",\n                \"arn:aws:elasticloadbalancing:*:*:loadbalancer/app/*/*\"\n            ],\n            \"Condition\": {\n                \"Null\": {\n                    \"aws:RequestTag/elbv2.k8s.aws/cluster\": \"true\",\n                    \"aws:ResourceTag/elbv2.k8s.aws/cluster\": \"false\"\n                }\n            }\n        },\n        {\n            \"Effect\": \"Allow\",\n            \"Action\": [\n                \"elasticloadbalancing:AddTags\",\n                \"elasticloadbalancing:RemoveTags\"\n            ],\n            \"Resource\": [\n                \"arn:aws:elasticloadbalancing:*:*:listener/net/*/*/*\",\n                \"arn:aws:elasticloadbalancing:*:*:listener/app/*/*/*\",\n                \"arn:aws:elasticloadbalancing:*:*:listener-rule/net/*/*/*\",\n                \"arn:aws:elasticloadbalancing:*:*:listener-rule/app/*/*/*\"\n            ]\n        },\n        {\n            \"Effect\": \"Allow\",\n            \"Action\": [\n                \"elasticloadbalancing:ModifyLoadBalancerAttributes\",\n                \"elasticloadbalancing:SetIpAddressType\",\n                \"elasticloadbalancing:SetSecurityGroups\",\n                \"elasticloadbalancing:SetSubnets\",\n                \"elasticloadbalancing:DeleteLoadBalancer\",\n                \"elasticloadbalancing:ModifyTargetGroup\",\n                \"elasticloadbalancing:ModifyTargetGroupAttributes\",\n                \"elasticloadbalancing:DeleteTargetGroup\",\n                \"elasticloadbalancing:ModifyListenerAttributes\",\n                \"elasticloadbalancing:ModifyCapacityReservation\",\n                \"elasticloadbalancing:ModifyIpPools\"\n            ],\n            \"Resource\": \"*\",\n            \"Condition\": {\n                \"Null\": {\n                    \"aws:ResourceTag/elbv2.k8s.aws/cluster\": \"false\"\n                }\n            }\n        },\n        {\n            \"Effect\": \"Allow\",\n            \"Action\": [\n                \"elasticloadbalancing:AddTags\"\n            ],\n            \"Resource\": [\n                \"arn:aws:elasticloadbalancing:*:*:targetgroup/*/*\",\n                \"arn:aws:elasticloadbalancing:*:*:loadbalancer/net/*/*\",\n                \"arn:aws:elasticloadbalancing:*:*:loadbalancer/app/*/*\"\n            ],\n            \"Condition\": {\n                \"StringEquals\": {\n                    \"elasticloadbalancing:CreateAction\": [\n                        \"CreateTargetGroup\",\n                        \"CreateLoadBalancer\"\n                    ]\n                },\n                \"Null\": {\n                    \"aws:RequestTag/elbv2.k8s.aws/cluster\": \"false\"\n                }\n            }\n        },\n        {\n            \"Effect\": \"Allow\",\n            \"Action\": [\n                \"elasticloadbalancing:RegisterTargets\",\n                \"elasticloadbalancing:DeregisterTargets\"\n            ],\n            \"Resource\": \"arn:aws:elasticloadbalancing:*:*:targetgroup/*/*\"\n        },\n        {\n            \"Effect\": \"Allow\",\n            \"Action\": [\n                \"elasticloadbalancing:SetWebAcl\",\n                \"elasticloadbalancing:ModifyListener\",\n                \"elasticloadbalancing:AddListenerCertificates\",\n                \"elasticloadbalancing:RemoveListenerCertificates\",\n                \"elasticloadbalancing:ModifyRule\",\n                \"elasticloadbalancing:SetRulePriorities\"\n            ],\n            \"Resource\": \"*\"\n        }\n    ]\n}\n",
            "response_body_base64": "ewogICAgIlZlcnNpb24iOiAiMjAxMi0xMC0xNyIsCiAgICAiU3RhdGVtZW50IjogWwogICAgICAgIHsKICAgICAgICAgICAgIkVmZmVjdCI6ICJBbGxvdyIsCiAgICAgICAgICAgICJBY3Rpb24iOiBbCiAgICAgICAgICAgICAgICAiaWFtOkNyZWF0ZVNlcnZpY2VMaW5rZWRSb2xlIgogICAgICAgICAgICBdLAogICAgICAgICAgICAiUmVzb3VyY2UiOiAiKiIsCiAgICAgICAgICAgICJDb25kaXRpb24iOiB7CiAgICAgICAgICAgICAgICAiU3RyaW5nRXF1YWxzIjogewogICAgICAgICAgICAgICAgICAgICJpYW06QVdTU2VydmljZU5hbWUiOiAiZWxhc3RpY2xvYWRiYWxhbmNpbmcuYW1hem9uYXdzLmNvbSIKICAgICAgICAgICAgICAgIH0KICAgICAgICAgICAgfQogICAgICAgIH0sCiAgICAgICAgewogICAgICAgICAgICAiRWZmZWN0IjogIkFsbG93IiwKICAgICAgICAgICAgIkFjdGlvbiI6IFsKICAgICAgICAgICAgICAgICJlYzI6RGVzY3JpYmVBY2NvdW50QXR0cmlidXRlcyIsCiAgICAgICAgICAgICAgICAiZWMyOkRlc2NyaWJlQWRkcmVzc2VzIiwKICAgICAgICAgICAgICAgICJlYzI6RGVzY3JpYmVBdmFpbGFiaWxpdHlab25lcyIsCiAgICAgICAgICAgICAgICAiZWMyOkRlc2NyaWJlSW50ZXJuZXRHYXRld2F5cyIsCiAgICAgICAgICAgICAgICAiZWMyOkRlc2NyaWJlVnBjcyIsCiAgICAgICAgICAgICAgICAiZWMyOkRlc2NyaWJlVnBjUGVlcmluZ0Nvbm5lY3Rpb25zIiwKICAgICAgICAgICAgICAgICJlYzI6RGVzY3JpYmVTdWJuZXRzIiwKICAgICAgICAgICAgICAgICJlYzI6RGVzY3JpYmVTZWN1cml0eUdyb3VwcyIsCiAgICAgICAgICAgICAgICAiZWMyOkRlc2NyaWJlSW5zdGFuY2VzIiwKICAgICAgICAgICAgICAgICJlYzI6RGVzY3JpYmVOZXR3b3JrSW50ZXJmYWNlcyIsCiAgICAgICAgICAgICAgICAiZWMyOkRlc2NyaWJlVGFncyIsCiAgICAgICAgICAgICAgICAiZWMyOkdldENvaXBQb29sVXNhZ2UiLAogICAgICAgICAgICAgICAgImVjMjpEZXNjcmliZUNvaXBQb29scyIsCiAgICAgICAgICAgICAgICAiZWMyOkdldFNlY3VyaXR5R3JvdXBzRm9yVnBjIiwKICAgICAgICAgICAgICAgICJlYzI6RGVzY3JpYmVJcGFtUG9vbHMiLAogICAgICAgICAgICAgICAgImVjMjpEZXNjcmliZVJvdXRlVGFibGVzIiwKICAgICAgICAgICAgICAgICJlbGFzdGljbG9hZGJhbGFuY2luZzpEZXNjcmliZUxvYWRCYWxhbmNlcnMiLAogICAgICAgICAgICAgICAgImVsYXN0aWNsb2FkYmFsYW5jaW5nOkRlc2NyaWJlTG9hZEJhbGFuY2VyQXR0cmlidXRlcyIsCiAgICAgICAgICAgICAgICAiZWxhc3RpY2xvYWRiYWxhbmNpbmc6RGVzY3JpYmVMaXN0ZW5lcnMiLAogICAgICAgICAgICAgICAgImVsYXN0aWNsb2FkYmFsYW5jaW5nOkRlc2NyaWJlTGlzdGVuZXJDZXJ0aWZpY2F0ZXMiLAogICAgICAgICAgICAgICAgImVsYXN0aWNsb2FkYmFsYW5jaW5nOkRlc2NyaWJlU1NMUG9saWNpZXMiLAogICAgICAgICAgICAgICAgImVsYXN0aWNsb2FkYmFsYW5jaW5nOkRlc2NyaWJlUnVsZXMiLAogICAgICAgICAgICAgICAgImVsYXN0aWNsb2FkYmFsYW5jaW5nOkRlc2NyaWJlVGFyZ2V0R3JvdXBzIiwKICAgICAgICAgICAgICAgICJlbGFzdGljbG9hZGJhbGFuY2luZzpEZXNjcmliZVRhcmdldEdyb3VwQXR0cmlidXRlcyIsCiAgICAgICAgICAgICAgICAiZWxhc3RpY2xvYWRiYWxhbmNpbmc6RGVzY3JpYmVUYXJnZXRIZWFsdGgiLAogICAgICAgICAgICAgICAgImVsYXN0aWNsb2FkYmFsYW5jaW5nOkRlc2NyaWJlVGFncyIsCiAgICAgICAgICAgICAgICAiZWxhc3RpY2xvYWRiYWxhbmNpbmc6RGVzY3JpYmVUcnVzdFN0b3JlcyIsCiAgICAgICAgICAgICAgICAiZWxhc3RpY2xvYWRiYWxhbmNpbmc6RGVzY3JpYmVMaXN0ZW5lckF0dHJpYnV0ZXMiLAogICAgICAgICAgICAgICAgImVsYXN0aWNsb2FkYmFsYW5jaW5nOkRlc2NyaWJlQ2FwYWNpdHlSZXNlcnZhdGlvbiIKICAgICAgICAgICAgXSwKICAgICAgICAgICAgIlJlc291cmNlIjogIioiCiAgICAgICAgfSwKICAgICAgICB7CiAgICAgICAgICAgICJFZmZlY3QiOiAiQWxsb3ciLAogICAgICAgICAgICAiQWN0aW9uIjogWwogICAgICAgICAgICAgICAgImNvZ25pdG8taWRwOkRlc2NyaWJlVXNlclBvb2xDbGllbnQiLAogICAgICAgICAgICAgICAgImFjbTpMaXN0Q2VydGlmaWNhdGVzIiwKICAgICAgICAgICAgICAgICJhY206RGVzY3JpYmVDZXJ0aWZpY2F0ZSIsCiAgICAgICAgICAgICAgICAiaWFtOkxpc3RTZXJ2ZXJDZXJ0aWZpY2F0ZXMiLAogICAgICAgICAgICAgICAgImlhbTpHZXRTZXJ2ZXJDZXJ0aWZpY2F0ZSIsCiAgICAgICAgICAgICAgICAid2FmLXJlZ2lvbmFsOkdldFdlYkFDTCIsCiAgICAgICAgICAgICAgICAid2FmLXJlZ2lvbmFsOkdldFdlYkFDTEZvclJlc291cmNlIiwKICAgICAgICAgICAgICAgICJ3YWYtcmVnaW9uYWw6QXNzb2NpYXRlV2ViQUNMIiwKICAgICAgICAgICAgICAgICJ3YWYtcmVnaW9uYWw6RGlzYXNzb2NpYXRlV2ViQUNMIiwKICAgICAgICAgICAgICAgICJ3YWZ2MjpHZXRXZWJBQ0wiLAogICAgICAgICAgICAgICAgIndhZnYyOkdldFdlYkFDTEZvclJlc291cmNlIiwKICAgICAgICAgICAgICAgICJ3YWZ2MjpBc3NvY2lhdGVXZWJBQ0wiLAogICAgICAgICAgICAgICAgIndhZnYyOkRpc2Fzc29jaWF0ZVdlYkFDTCIsCiAgICAgICAgICAgICAgICAic2hpZWxkOkdldFN1YnNjcmlwdGlvblN0YXRlIiwKICAgICAgICAgICAgICAgICJzaGllbGQ6RGVzY3JpYmVQcm90ZWN0aW9uIiwKICAgICAgICAgICAgICAgICJzaGllbGQ6Q3JlYXRlUHJvdGVjdGlvbiIsCiAgICAgICAgICAgICAgICAic2hpZWxkOkRlbGV0ZVByb3RlY3Rpb24iCiAgICAgICAgICAgIF0sCiAgICAgICAgICAgICJSZXNvdXJjZSI6ICIqIgogICAgICAgIH0sCiAgICAgICAgewogICAgICAgICAgICAiRWZmZWN0IjogIkFsbG93IiwKICAgICAgICAgICAgIkFjdGlvbiI6IFsKICAgICAgICAgICAgICAgICJlYzI6QXV0aG9yaXplU2VjdXJpdHlHcm91cEluZ3Jlc3MiLAogICAgICAgICAgICAgICAgImVjMjpSZXZva2VTZWN1cml0eUdyb3VwSW5ncmVzcyIKICAgICAgICAgICAgXSwKICAgICAgICAgICAgIlJlc291cmNlIjogIioiCiAgICAgICAgfSwKICAgICAgICB7CiAgICAgICAgICAgICJFZmZlY3QiOiAiQWxsb3ciLAogICAgICAgICAgICAiQWN0aW9uIjogWwogICAgICAgICAgICAgICAgImVjMjpDcmVhdGVTZWN1cml0eUdyb3VwIgogICAgICAgICAgICBdLAogICAgICAgICAgICAiUmVzb3VyY2UiOiAiKiIKICAgICAgICB9LAogICAgICAgIHsKICAgICAgICAgICAgIkVmZmVjdCI6ICJBbGxvdyIsCiAgICAgICAgICAgICJBY3Rpb24iOiBbCiAgICAgICAgICAgICAgICAiZWMyOkNyZWF0ZVRhZ3MiCiAgICAgICAgICAgIF0sCiAgICAgICAgICAgICJSZXNvdXJjZSI6ICJhcm46YXdzOmVjMjoqOio6c2VjdXJpdHktZ3JvdXAvKiIsCiAgICAgICAgICAgICJDb25kaXRpb24iOiB7CiAgICAgICAgICAgICAgICAiU3RyaW5nRXF1YWxzIjogewogICAgICAgICAgICAgICAgICAgICJlYzI6Q3JlYXRlQWN0aW9uIjogIkNyZWF0ZVNlY3VyaXR5R3JvdXAiCiAgICAgICAgICAgICAgICB9LAogICAgICAgICAgICAgICAgIk51bGwiOiB7CiAgICAgICAgICAgICAgICAgICAgImF3czpSZXF1ZXN0VGFnL2VsYnYyLms4cy5hd3MvY2x1c3RlciI6ICJmYWxzZSIKICAgICAgICAgICAgICAgIH0KICAgICAgICAgICAgfQogICAgICAgIH0sCiAgICAgICAgewogICAgICAgICAgICAiRWZmZWN0IjogIkFsbG93IiwKICAgICAgICAgICAgIkFjdGlvbiI6IFsKICAgICAgICAgICAgICAgICJlYzI6Q3JlYXRlVGFncyIsCiAgICAgICAgICAgICAgICAiZWMyOkRlbGV0ZVRhZ3MiCiAgICAgICAgICAgIF0sCiAgICAgICAgICAgICJSZXNvdXJjZSI6ICJhcm46YXdzOmVjMjoqOio6c2VjdXJpdHktZ3JvdXAvKiIsCiAgICAgICAgICAgICJDb25kaXRpb24iOiB7CiAgICAgICAgICAgICAgICAiTnVsbCI6IHsKICAgICAgICAgICAgICAgICAgICAiYXdzOlJlcXVlc3RUYWcvZWxidjIuazhzLmF3cy9jbHVzdGVyIjogInRydWUiLAogICAgICAgICAgICAgICAgICAgICJhd3M6UmVzb3VyY2VUYWcvZWxidjIuazhzLmF3cy9jbHVzdGVyIjogImZhbHNlIgogICAgICAgICAgICAgICAgfQogICAgICAgICAgICB9CiAgICAgICAgfSwKICAgICAgICB7CiAgICAgICAgICAgICJFZmZlY3QiOiAiQWxsb3ciLAogICAgICAgICAgICAiQWN0aW9uIjogWwogICAgICAgICAgICAgICAgImVjMjpBdXRob3JpemVTZWN1cml0eUdyb3VwSW5ncmVzcyIsCiAgICAgICAgICAgICAgICAiZWMyOlJldm9rZVNlY3VyaXR5R3JvdXBJbmdyZXNzIiwKICAgICAgICAgICAgICAgICJlYzI6RGVsZXRlU2VjdXJpdHlHcm91cCIKICAgICAgICAgICAgXSwKICAgICAgICAgICAgIlJlc291cmNlIjogIioiLAogICAgICAgICAgICAiQ29uZGl0aW9uIjogewogICAgICAgICAgICAgICAgIk51bGwiOiB7CiAgICAgICAgICAgICAgICAgICAgImF3czpSZXNvdXJjZVRhZy9lbGJ2Mi5rOHMuYXdzL2NsdXN0ZXIiOiAiZmFsc2UiCiAgICAgICAgICAgICAgICB9CiAgICAgICAgICAgIH0KICAgICAgICB9LAogICAgICAgIHsKICAgICAgICAgICAgIkVmZmVjdCI6ICJBbGxvdyIsCiAgICAgICAgICAgICJBY3Rpb24iOiBbCiAgICAgICAgICAgICAgICAiZWxhc3RpY2xvYWRiYWxhbmNpbmc6Q3JlYXRlTG9hZEJhbGFuY2VyIiwKICAgICAgICAgICAgICAgICJlbGFzdGljbG9hZGJhbGFuY2luZzpDcmVhdGVUYXJnZXRHcm91cCIKICAgICAgICAgICAgXSwKICAgICAgICAgICAgIlJlc291cmNlIjogIioiLAogICAgICAgICAgICAiQ29uZGl0aW9uIjogewogICAgICAgICAgICAgICAgIk51bGwiOiB7CiAgICAgICAgICAgICAgICAgICAgImF3czpSZXF1ZXN0VGFnL2VsYnYyLms4cy5hd3MvY2x1c3RlciI6ICJmYWxzZSIKICAgICAgICAgICAgICAgIH0KICAgICAgICAgICAgfQogICAgICAgIH0sCiAgICAgICAgewogICAgICAgICAgICAiRWZmZWN0IjogIkFsbG93IiwKICAgICAgICAgICAgIkFjdGlvbiI6IFsKICAgICAgICAgICAgICAgICJlbGFzdGljbG9hZGJhbGFuY2luZzpDcmVhdGVMaXN0ZW5lciIsCiAgICAgICAgICAgICAgICAiZWxhc3RpY2xvYWRiYWxhbmNpbmc6RGVsZXRlTGlzdGVuZXIiLAogICAgICAgICAgICAgICAgImVsYXN0aWNsb2FkYmFsYW5jaW5nOkNyZWF0ZVJ1bGUiLAogICAgICAgICAgICAgICAgImVsYXN0aWNsb2FkYmFsYW5jaW5nOkRlbGV0ZVJ1bGUiCiAgICAgICAgICAgIF0sCiAgICAgICAgICAgICJSZXNvdXJjZSI6ICIqIgogICAgICAgIH0sCiAgICAgICAgewogICAgICAgICAgICAiRWZmZWN0IjogIkFsbG93IiwKICAgICAgICAgICAgIkFjdGlvbiI6IFsKICAgICAgICAgICAgICAgICJlbGFzdGljbG9hZGJhbGFuY2luZzpBZGRUYWdzIiwKICAgICAgICAgICAgICAgICJlbGFzdGljbG9hZGJhbGFuY2luZzpSZW1vdmVUYWdzIgogICAgICAgICAgICBdLAogICAgICAgICAgICAiUmVzb3VyY2UiOiBbCiAgICAgICAgICAgICAgICAiYXJuOmF3czplbGFzdGljbG9hZGJhbGFuY2luZzoqOio6dGFyZ2V0Z3JvdXAvKi8qIiwKICAgICAgICAgICAgICAgICJhcm46YXdzOmVsYXN0aWNsb2FkYmFsYW5jaW5nOio6Kjpsb2FkYmFsYW5jZXIvbmV0LyovKiIsCiAgICAgICAgICAgICAgICAiYXJuOmF3czplbGFzdGljbG9hZGJhbGFuY2luZzoqOio6bG9hZGJhbGFuY2VyL2FwcC8qLyoiCiAgICAgICAgICAgIF0sCiAgICAgICAgICAgICJDb25kaXRpb24iOiB7CiAgICAgICAgICAgICAgICAiTnVsbCI6IHsKICAgICAgICAgICAgICAgICAgICAiYXdzOlJlcXVlc3RUYWcvZWxidjIuazhzLmF3cy9jbHVzdGVyIjogInRydWUiLAogICAgICAgICAgICAgICAgICAgICJhd3M6UmVzb3VyY2VUYWcvZWxidjIuazhzLmF3cy9jbHVzdGVyIjogImZhbHNlIgogICAgICAgICAgICAgICAgfQogICAgICAgICAgICB9CiAgICAgICAgfSwKICAgICAgICB7CiAgICAgICAgICAgICJFZmZlY3QiOiAiQWxsb3ciLAogICAgICAgICAgICAiQWN0aW9uIjogWwogICAgICAgICAgICAgICAgImVsYXN0aWNsb2FkYmFsYW5jaW5nOkFkZFRhZ3MiLAogICAgICAgICAgICAgICAgImVsYXN0aWNsb2FkYmFsYW5jaW5nOlJlbW92ZVRhZ3MiCiAgICAgICAgICAgIF0sCiAgICAgICAgICAgICJSZXNvdXJjZSI6IFsKICAgICAgICAgICAgICAgICJhcm46YXdzOmVsYXN0aWNsb2FkYmFsYW5jaW5nOio6KjpsaXN0ZW5lci9uZXQvKi8qLyoiLAogICAgICAgICAgICAgICAgImFybjphd3M6ZWxhc3RpY2xvYWRiYWxhbmNpbmc6KjoqOmxpc3RlbmVyL2FwcC8qLyovKiIsCiAgICAgICAgICAgICAgICAiYXJuOmF3czplbGFzdGljbG9hZGJhbGFuY2luZzoqOio6bGlzdGVuZXItcnVsZS9uZXQvKi8qLyoiLAogICAgICAgICAgICAgICAgImFybjphd3M6ZWxhc3RpY2xvYWRiYWxhbmNpbmc6KjoqOmxpc3RlbmVyLXJ1bGUvYXBwLyovKi8qIgogICAgICAgICAgICBdCiAgICAgICAgfSwKICAgICAgICB7CiAgICAgICAgICAgICJFZmZlY3QiOiAiQWxsb3ciLAogICAgICAgICAgICAiQWN0aW9uIjogWwogICAgICAgICAgICAgICAgImVsYXN0aWNsb2FkYmFsYW5jaW5nOk1vZGlmeUxvYWRCYWxhbmNlckF0dHJpYnV0ZXMiLAogICAgICAgICAgICAgICAgImVsYXN0aWNsb2FkYmFsYW5jaW5nOlNldElwQWRkcmVzc1R5cGUiLAogICAgICAgICAgICAgICAgImVsYXN0aWNsb2FkYmFsYW5jaW5nOlNldFNlY3VyaXR5R3JvdXBzIiwKICAgICAgICAgICAgICAgICJlbGFzdGljbG9hZGJhbGFuY2luZzpTZXRTdWJuZXRzIiwKICAgICAgICAgICAgICAgICJlbGFzdGljbG9hZGJhbGFuY2luZzpEZWxldGVMb2FkQmFsYW5jZXIiLAogICAgICAgICAgICAgICAgImVsYXN0aWNsb2FkYmFsYW5jaW5nOk1vZGlmeVRhcmdldEdyb3VwIiwKICAgICAgICAgICAgICAgICJlbGFzdGljbG9hZGJhbGFuY2luZzpNb2RpZnlUYXJnZXRHcm91cEF0dHJpYnV0ZXMiLAogICAgICAgICAgICAgICAgImVsYXN0aWNsb2FkYmFsYW5jaW5nOkRlbGV0ZVRhcmdldEdyb3VwIiwKICAgICAgICAgICAgICAgICJlbGFzdGljbG9hZGJhbGFuY2luZzpNb2RpZnlMaXN0ZW5lckF0dHJpYnV0ZXMiLAogICAgICAgICAgICAgICAgImVsYXN0aWNsb2FkYmFsYW5jaW5nOk1vZGlmeUNhcGFjaXR5UmVzZXJ2YXRpb24iLAogICAgICAgICAgICAgICAgImVsYXN0aWNsb2FkYmFsYW5jaW5nOk1vZGlmeUlwUG9vbHMiCiAgICAgICAgICAgIF0sCiAgICAgICAgICAgICJSZXNvdXJjZSI6ICIqIiwKICAgICAgICAgICAgIkNvbmRpdGlvbiI6IHsKICAgICAgICAgICAgICAgICJOdWxsIjogewogICAgICAgICAgICAgICAgICAgICJhd3M6UmVzb3VyY2VUYWcvZWxidjIuazhzLmF3cy9jbHVzdGVyIjogImZhbHNlIgogICAgICAgICAgICAgICAgfQogICAgICAgICAgICB9CiAgICAgICAgfSwKICAgICAgICB7CiAgICAgICAgICAgICJFZmZlY3QiOiAiQWxsb3ciLAogICAgICAgICAgICAiQWN0aW9uIjogWwogICAgICAgICAgICAgICAgImVsYXN0aWNsb2FkYmFsYW5jaW5nOkFkZFRhZ3MiCiAgICAgICAgICAgIF0sCiAgICAgICAgICAgICJSZXNvdXJjZSI6IFsKICAgICAgICAgICAgICAgICJhcm46YXdzOmVsYXN0aWNsb2FkYmFsYW5jaW5nOio6Kjp0YXJnZXRncm91cC8qLyoiLAogICAgICAgICAgICAgICAgImFybjphd3M6ZWxhc3RpY2xvYWRiYWxhbmNpbmc6KjoqOmxvYWRiYWxhbmNlci9uZXQvKi8qIiwKICAgICAgICAgICAgICAgICJhcm46YXdzOmVsYXN0aWNsb2FkYmFsYW5jaW5nOio6Kjpsb2FkYmFsYW5jZXIvYXBwLyovKiIKICAgICAgICAgICAgXSwKICAgICAgICAgICAgIkNvbmRpdGlvbiI6IHsKICAgICAgICAgICAgICAgICJTdHJpbmdFcXVhbHMiOiB7CiAgICAgICAgICAgICAgICAgICAgImVsYXN0aWNsb2FkYmFsYW5jaW5nOkNyZWF0ZUFjdGlvbiI6IFsKICAgICAgICAgICAgICAgICAgICAgICAgIkNyZWF0ZVRhcmdldEdyb3VwIiwKICAgICAgICAgICAgICAgICAgICAgICAgIkNyZWF0ZUxvYWRCYWxhbmNlciIKICAgICAgICAgICAgICAgICAgICBdCiAgICAgICAgICAgICAgICB9LAogICAgICAgICAgICAgICAgIk51bGwiOiB7CiAgICAgICAgICAgICAgICAgICAgImF3czpSZXF1ZXN0VGFnL2VsYnYyLms4cy5hd3MvY2x1c3RlciI6ICJmYWxzZSIKICAgICAgICAgICAgICAgIH0KICAgICAgICAgICAgfQogICAgICAgIH0sCiAgICAgICAgewogICAgICAgICAgICAiRWZmZWN0IjogIkFsbG93IiwKICAgICAgICAgICAgIkFjdGlvbiI6IFsKICAgICAgICAgICAgICAgICJlbGFzdGljbG9hZGJhbGFuY2luZzpSZWdpc3RlclRhcmdldHMiLAogICAgICAgICAgICAgICAgImVsYXN0aWNsb2FkYmFsYW5jaW5nOkRlcmVnaXN0ZXJUYXJnZXRzIgogICAgICAgICAgICBdLAogICAgICAgICAgICAiUmVzb3VyY2UiOiAiYXJuOmF3czplbGFzdGljbG9hZGJhbGFuY2luZzoqOio6dGFyZ2V0Z3JvdXAvKi8qIgogICAgICAgIH0sCiAgICAgICAgewogICAgICAgICAgICAiRWZmZWN0IjogIkFsbG93IiwKICAgICAgICAgICAgIkFjdGlvbiI6IFsKICAgICAgICAgICAgICAgICJlbGFzdGljbG9hZGJhbGFuY2luZzpTZXRXZWJBY2wiLAogICAgICAgICAgICAgICAgImVsYXN0aWNsb2FkYmFsYW5jaW5nOk1vZGlmeUxpc3RlbmVyIiwKICAgICAgICAgICAgICAgICJlbGFzdGljbG9hZGJhbGFuY2luZzpBZGRMaXN0ZW5lckNlcnRpZmljYXRlcyIsCiAgICAgICAgICAgICAgICAiZWxhc3RpY2xvYWRiYWxhbmNpbmc6UmVtb3ZlTGlzdGVuZXJDZXJ0aWZpY2F0ZXMiLAogICAgICAgICAgICAgICAgImVsYXN0aWNsb2FkYmFsYW5jaW5nOk1vZGlmeVJ1bGUiLAogICAgICAgICAgICAgICAgImVsYXN0aWNsb2FkYmFsYW5jaW5nOlNldFJ1bGVQcmlvcml0aWVzIgogICAgICAgICAgICBdLAogICAgICAgICAgICAiUmVzb3VyY2UiOiAiKiIKICAgICAgICB9CiAgICBdCn0K",
            "response_headers": {
              "Accept-Ranges": "bytes",
              "Access-Control-Allow-Origin": "*",
              "Cache-Control": "max-age=300",
              "Content-Security-Policy": "default-src 'none'; style-src 'unsafe-inline'; sandbox",
              "Content-Type": "text/plain; charset=utf-8",
              "Cross-Origin-Resource-Policy": "cross-origin",
              "Date": "Thu, 19 Mar 2026 20:22:40 GMT",
              "Etag": "W/\"fdd2b7ea9078f229b33fd62f6921a3fab5fcd8d6c460d019e744fcf7cacd075e\"",
              "Expires": "Thu, 19 Mar 2026 20:27:40 GMT",
              "Source-Age": "0",
              "Strict-Transport-Security": "max-age=31536000",
              "Vary": "Authorization,Accept-Encoding",
              "Via": "1.1 varnish",
              "X-Cache": "HIT",
              "X-Cache-Hits": "0",
              "X-Content-Type-Options": "nosniff",
              "X-Fastly-Request-Id": "71e0ea31617a297ff1d3822a38a60e9e8185fb66",
              "X-Frame-Options": "deny",
              "X-Github-Request-Id": "787C:391E38:46469F:6E507C:69BC475F",
              "X-Served-By": "cache-bom-vanm7210023-BOM",
              "X-Timer": "S1773951761.559876,VS0,VE218",
              "X-Xss-Protection": "1; mode=block"
            },
            "retry": null,
            "status_code": 200,
            "url": "https://raw.githubusercontent.com/kubernetes-sigs/aws-load-balancer-controller/main/docs/install/iam_policy.json"
          },
          "sensitive_attributes": [],
          "identity_schema_version": 0
        }
      ]
    },
    {
      "mode": "data",
      "type": "tls_certificate",
      "name": "eks",
      "provider": "provider[\"registry.terraform.io/hashicorp/tls\"]",
      "instances": [
        {
          "schema_version": 0,
          "attributes": {
            "certificates": [
              {
                "cert_pem": "-----BEGIN CERTIFICATE-----\nMIIEkjCCA3qgAwIBAgITBn+USionzfP6wq4rAfkI7rnExjANBgkqhkiG9w0BAQsF\nADCBmDELMAkGA1UEBhMCVVMxEDAOBgNVBAgTB0FyaXpvbmExEzARBgNVBAcTClNj\nb3R0c2RhbGUxJTAjBgNVBAoTHFN0YXJmaWVsZCBUZWNobm9sb2dpZXMsIEluYy4x\nOzA5BgNVBAMTMlN0YXJmaWVsZCBTZXJ2aWNlcyBSb290IENlcnRpZmljYXRlIEF1\ndGhvcml0eSAtIEcyMB4XDTE1MDUyNTEyMDAwMFoXDTM3MTIzMTAxMDAwMFowOTEL\nMAkGA1UEBhMCVVMxDzANBgNVBAoTBkFtYXpvbjEZMBcGA1UEAxMQQW1hem9uIFJv\nb3QgQ0EgMTCCASIwDQYJKoZIhvcNAQEBBQADggEPADCCAQoCggEBALJ4gHHKeNXj\nca9HgFB0fW7Y14h29Jlo91ghYPl0hAEvrAIthtOgQ3pOsqTQNroBvo3bSMgHFzZM\n9O6II8c+6zf1tRn4SWiw3te5djgdYZ6k/oI2peVKVuRF4fn9tBb6dNqcmzU5L/qw\nIFAGbHrQgLKm+a/sRxmPUDgH3KKHOVj4utWp+UhnMJbulHheb4mjUcAwhmahRWa6\nVOujw5H5SNz/0egwLX0tdHA114gk957EWW67c4cX8jJGKLhD+rcdqsq08p8kDi1L\n93FcXmn/6pUCyziKrlA4b9v7LWIbxcceVOF34GfID5yHI9Y/QCB/IIDEgEw+OyQm\njgSubJrIqg0CAwEAAaOCATEwggEtMA8GA1UdEwEB/wQFMAMBAf8wDgYDVR0PAQH/\nBAQDAgGGMB0GA1UdDgQWBBSEGMyFNOy8DJSULghZnMeyEE4KCDAfBgNVHSMEGDAW\ngBScXwDfqgHXMCs4iKK4bUqc8hGRgzB4BggrBgEFBQcBAQRsMGowLgYIKwYBBQUH\nMAGGImh0dHA6Ly9vY3NwLnJvb3RnMi5hbWF6b250cnVzdC5jb20wOAYIKwYBBQUH\nMAKGLGh0dHA6Ly9jcnQucm9vdGcyLmFtYXpvbnRydXN0LmNvbS9yb290ZzIuY2Vy\nMD0GA1UdHwQ2MDQwMqAwoC6GLGh0dHA6Ly9jcmwucm9vdGcyLmFtYXpvbnRydXN0\nLmNvbS9yb290ZzIuY3JsMBEGA1UdIAQKMAgwBgYEVR0gADANBgkqhkiG9w0BAQsF\nAAOCAQEAYjdCXLwQtT6LLOkMm2xF4gcAevnFWAu5CIw+7bMlPLVvUOTNNWqnkzSW\nMiGpSESrnO09tKpzbeR/FoCJbM8oAxiDR3mjEH4wW6w7sGDgd9QIpuEdfF7Au/ma\neyKdpwAJfqxGF4PcnCZXmTA5YpaP7dreqsXMGz7KQ2hsVxa81Q4gLv7/wmpdLqBK\nbRRYh5TmOTFffHPLkIhqhBGWJ6bt2YFGpn6jcgAKUj6DiAdjd4lpFw85hdKrCEVN\n0FE6/V1dN2RMfjCyVSRCnTawXZwXgWHxyvkQAiSr6w10kY17RSlQOYiypok1JR4U\nakcjMS9cmvqtmg5iUaQqqcT5NJ0hGA==\n-----END CERTIFICATE-----\n",
                "is_ca": true,
                "issuer": "CN=Starfield Services Root Certificate Authority - G2,O=Starfield Technologies\\, Inc.,L=Scottsdale,ST=Arizona,C=US",
                "not_after": "2037-12-31T01:00:00Z",
                "not_before": "2015-05-25T12:00:00Z",
                "public_key_algorithm": "RSA",
                "serial_number": "144918191876577076464031512351042010504348870",
                "sha1_fingerprint": "06b25927c42a721631c1efd9431e648fa62e1e39",
                "signature_algorithm": "SHA256-RSA",
                "subject": "CN=Amazon Root CA 1,O=Amazon,C=US",
                "version": 3
              },
              {
                "cert_pem": "-----BEGIN CERTIFICATE-----\nMIIEXjCCA0agAwIBAgITB3MSOAudZoijOx7Zv5zNpo4ODzANBgkqhkiG9w0BAQsF\nADA5MQswCQYDVQQGEwJVUzEPMA0GA1UEChMGQW1hem9uMRkwFwYDVQQDExBBbWF6\nb24gUm9vdCBDQSAxMB4XDTIyMDgyMzIyMjEyOFoXDTMwMDgyMzIyMjEyOFowPDEL\nMAkGA1UEBhMCVVMxDzANBgNVBAoTBkFtYXpvbjEcMBoGA1UEAxMTQW1hem9uIFJT\nQSAyMDQ4IE0wMTCCASIwDQYJKoZIhvcNAQEBBQADggEPADCCAQoCggEBAOtxLKnL\nH4gokjIwr4pXD3i3NyWVVYesZ1yX0yLI2qIUZ2t88Gfa4gMqs1YSXca1R/lnCKeT\nepWSGA+0+fkQNpp/L4C2T7oTTsddUx7g3ZYzByDTlrwS5HRQQqEFE3O1T5tEJP4t\nf+28IoXsNiEzl3UGzicYgtzj2cWCB41eJgEmJmcf2T8TzzK6a614ZPyq/w4CPAff\nnAV4coz96nW3AyiE2uhuB4zQUIXvgVSycW7sbWLvj5TDXunEpNCRwC4kkZjK7rol\njtT2cbb7W2s4Bkg3R42G3PLqBvt2N32e/0JOTViCk8/iccJ4sXqrS1uUN4iB5Nmv\nJK74csVl+0u0UecCAwEAAaOCAVowggFWMBIGA1UdEwEB/wQIMAYBAf8CAQAwDgYD\nVR0PAQH/BAQDAgGGMB0GA1UdJQQWMBQGCCsGAQUFBwMBBggrBgEFBQcDAjAdBgNV\nHQ4EFgQUgbgOY4qJEhjl+js7UJWf5uWQE4UwHwYDVR0jBBgwFoAUhBjMhTTsvAyU\nlC4IWZzHshBOCggwewYIKwYBBQUHAQEEbzBtMC8GCCsGAQUFBzABhiNodHRwOi8v\nb2NzcC5yb290Y2ExLmFtYXpvbnRydXN0LmNvbTA6BggrBgEFBQcwAoYuaHR0cDov\nL2NydC5yb290Y2ExLmFtYXpvbnRydXN0LmNvbS9yb290Y2ExLmNlcjA/BgNVHR8E\nODA2MDSgMqAwhi5odHRwOi8vY3JsLnJvb3RjYTEuYW1hem9udHJ1c3QuY29tL3Jv\nb3RjYTEuY3JsMBMGA1UdIAQMMAowCAYGZ4EMAQIBMA0GCSqGSIb3DQEBCwUAA4IB\nAQCtAN4CBSMuBjJitGuxlBbkEUDeK/pZwTXv4KqPK0G50fOHOQAd8j21p0cMBgbG\nkfMHVwLU7b0XwZCav0h1ogdPMN1KakK1DT0VwA/+hFvGPJnMV1Kx2G4S1ZaSk0uU\n5QfoiYIIano01J5k4T2HapKQmmOhS/iPtuo00wW+IMLeBuKMn3OLn005hcrOGTad\nhcmeyfhQP7Z+iKHvyoQGi1C0ClymHETx/chhQGDyYSWqB/THwnN15AwLQo0E5V9E\nSJlbe4mBlqeInUsNYugExNf+tOiybcrswBy8OFsd34XOW3rjSUtsuafd9AWySa3h\nxRRrwszrzX/WWGm6wyB+f7C4\n-----END CERTIFICATE-----\n",
                "is_ca": true,
                "issuer": "CN=Amazon Root CA 1,O=Amazon,C=US",
                "not_after": "2030-08-23T22:21:28Z",
                "not_before": "2022-08-23T22:21:28Z",
                "public_key_algorithm": "RSA",
                "serial_number": "166129328851546858514271303855646110030630415",
                "sha1_fingerprint": "2ad974a775f73cbdbbd8f5ac3a49255fa8fb1f8c",
                "signature_algorithm": "SHA256-RSA",
                "subject": "CN=Amazon RSA 2048 M01,O=Amazon,C=US",
                "version": 3
              },
              {
                "cert_pem": "-----BEGIN CERTIFICATE-----\nMIIF3TCCBMWgAwIBAgIQC4PYfnn7viYTJoWfANxTuTANBgkqhkiG9w0BAQsFADA8\nMQswCQYDVQQGEwJVUzEPMA0GA1UEChMGQW1hem9uMRwwGgYDVQQDExNBbWF6b24g\nUlNBIDIwNDggTTAxMB4XDTI2MDEyNzAwMDAwMFoXDTI3MDIyNTIzNTk1OVowKTEn\nMCUGA1UEAwweKi5la3MuYXAtc291dGgtMS5hbWF6b25hd3MuY29tMIIBIjANBgkq\nhkiG9w0BAQEFAAOCAQ8AMIIBCgKCAQEAhv5NQzOW57AibZtdURJXq/91G3oMa70K\no7Xrhq4XAD0nG6OiN/NImJ3lFP7uxWWSSnN5hAc9xcuDc/77ne9IjfxgNToosF8C\nUvHNnQ13y7pEqvYg0dosz6tM134cZkwyImGP8OeLaKV4FsHYVxIXEnQdI0bC3Qiv\nyjv5mcJuAaKpm+n3/m/qBUiyL4s82W4+LGHI1hCUum3iIGA2ip6Hp7BwVGMoKecs\njqAYiXKjdfBmN6FJIQ+RIxbEgPT+o1Kidfik/1PFH2im76CefXY0HXBoWDQmWZn5\nZ6WrQ3Fu+qI0R/HgHtEb1fa7KqcsWs07rOfnrJZaB5FQVeydUV1ElwIDAQABo4IC\n7DCCAugwHwYDVR0jBBgwFoAUgbgOY4qJEhjl+js7UJWf5uWQE4UwHQYDVR0OBBYE\nFFbaD6c98vgjLUjXSFaf8SPmFLeAMCkGA1UdEQQiMCCCHiouZWtzLmFwLXNvdXRo\nLTEuYW1hem9uYXdzLmNvbTATBgNVHSAEDDAKMAgGBmeBDAECATAOBgNVHQ8BAf8E\nBAMCBaAwEwYDVR0lBAwwCgYIKwYBBQUHAwEwOwYDVR0fBDQwMjAwoC6gLIYqaHR0\ncDovL2NybC5yMm0wMS5hbWF6b250cnVzdC5jb20vcjJtMDEuY3JsMHUGCCsGAQUF\nBwEBBGkwZzAtBggrBgEFBQcwAYYhaHR0cDovL29jc3AucjJtMDEuYW1hem9udHJ1\nc3QuY29tMDYGCCsGAQUFBzAChipodHRwOi8vY3J0LnIybTAxLmFtYXpvbnRydXN0\nLmNvbS9yMm0wMS5jZXIwDAYDVR0TAQH/BAIwADCCAX0GCisGAQQB1nkCBAIEggFt\nBIIBaQFnAHYATGPcmOWcHauI9h6KPd6uj6tEozd7X5uUw/uhnPzBviYAAAGb/M85\ngwAABAMARzBFAiEA1YKhCfg9RgldH6IFIowiYiRs1Addi8oMUCIQ2pBXG/QCIDQs\nuHxMlYyoJ8LFzGLKuDLeaCFypNISBk2B4qJMapD1AHUAHJ9oLOn68EVpUPgbloqH\n3dsyENhM5siy44JSSsTPWZ8AAAGb/M85mQAABAMARjBEAiB0syZumJQByPaA1tqz\nfyZqtCV1iIwQefAGuEHFV6wxcwIgRcOL6BTii+Y/9u/ZGQBOlfDxftwa/4Widc2t\nWDuVsUoAdgBgTJqven93XwHUBvySDciZ6wscffjJUhv6+hd3O5eLyQAAAZv8zzpe\nAAAEAwBHMEUCIHgL0hy9AdNqPvNbTd8wfUUWVAcVRLgTZNCPKX+9nBuaAiEAulm6\ngP+wgjr9cyefY98pksM9Yy19ZoCHaQXTZkQmkv4wDQYJKoZIhvcNAQELBQADggEB\nAKXbVJ9K5wYRv93nW9febVCXN4txei0vG1tsp+1RRtBlKb0n1QoxfY/QHY1aS+KS\n4iZWVqd/45PJBO6ETnGA26dBOzQEmIQaHXlzHmf7ChoQ/IAzGnv1b7zSz1WJ+dHI\nQCRcxud0g7zOsJLZ1E4w3tAIHCWnjBHheAPCPhoKm7ou2Uyg+lAb4R+mjMoAt+tI\nfIs1dL5XZzShQxP92SykI0R2CAuLpluRK+9xTm03tqu9zaVENWTwlLe6ZFXl/G5a\nCA8DoejDqXx5rhT/W3fQ/0wtLULz5253CN20wlNMY9M7rS0UABfxMnTj8tr21ikl\nXqThadIz4H6dg8PDUGq6xbg=\n-----END CERTIFICATE-----\n",
                "is_ca": false,
                "issuer": "CN=Amazon RSA 2048 M01,O=Amazon,C=US",
                "not_after": "2027-02-25T23:59:59Z",
                "not_before": "2026-01-27T00:00:00Z",
                "public_key_algorithm": "RSA",
                "serial_number": "15306089863077027100491464600926835641",
                "sha1_fingerprint": "9540116bb56e8ea19f0b4a08e845a17f827c131e",
                "signature_algorithm": "SHA256-RSA",
                "subject": "CN=*.eks.ap-south-1.amazonaws.com",
                "version": 3
              }
            ],
            "content": null,
            "id": "1c2e4bae499c4bb706383a349a1445a2d6f60e15",
            "url": "https://oidc.eks.ap-south-1.amazonaws.com/id/74EC2B262968E0D6F84BF2DA6FF8C014",
            "verify_chain": true
          },
          "sensitive_attributes": [],
          "identity_schema_version": 0
        }
      ]
    },
    {
      "mode": "managed",
      "type": "aws_ec2_instance_state",
      "name": "airflow_state",
      "provider": "provider[\"registry.terraform.io/hashicorp/aws\"].mumbai",
      "instances": [
        {
          "schema_version": 0,
          "attributes": {
            "force": false,
            "id": "i-04edb6ef6eb034b61",
            "instance_id": "i-04edb6ef6eb034b61",
            "state": "stopped",
            "timeouts": null
          },
          "sensitive_attributes": [],
          "identity_schema_version": 0,
          "private": "eyJlMmJmYjczMC1lY2FhLTExZTYtOGY4OC0zNDM2M2JjN2M0YzAiOnsiY3JlYXRlIjo2MDAwMDAwMDAwMDAsImRlbGV0ZSI6NjAwMDAwMDAwMDAsInVwZGF0ZSI6NjAwMDAwMDAwMDAwfX0=",
          "dependencies": [
            "aws_instance.airflow",
            "aws_key_pair.bastion_auth",
            "aws_security_group.bastion_sg",
            "aws_subnet.public",
            "aws_vpc.main",
            "data.aws_availability_zones.available",
            "tls_private_key.bastion_key"
          ]
        }
      ]
    },
    {
      "mode": "managed",
      "type": "aws_ec2_instance_state",
      "name": "athena_sit_state",
      "provider": "provider[\"registry.terraform.io/hashicorp/aws\"].mumbai",
      "instances": [
        {
          "schema_version": 0,
          "attributes": {
            "force": false,
            "id": "i-027bc99bc0a6862e7",
            "instance_id": "i-027bc99bc0a6862e7",
            "state": "running",
            "timeouts": null
          },
          "sensitive_attributes": [],
          "identity_schema_version": 0,
          "private": "eyJlMmJmYjczMC1lY2FhLTExZTYtOGY4OC0zNDM2M2JjN2M0YzAiOnsiY3JlYXRlIjo2MDAwMDAwMDAwMDAsImRlbGV0ZSI6NjAwMDAwMDAwMDAsInVwZGF0ZSI6NjAwMDAwMDAwMDAwfX0=",
          "dependencies": [
            "aws_instance.athena_sit",
            "aws_key_pair.bastion_auth",
            "aws_security_group.bastion_sg",
            "aws_subnet.public",
            "aws_vpc.main",
            "data.aws_availability_zones.available",
            "tls_private_key.bastion_key"
          ]
        }
      ]
    },
    {
      "mode": "managed",
      "type": "aws_ec2_instance_state",
      "name": "athena_uat_state",
      "provider": "provider[\"registry.terraform.io/hashicorp/aws\"].mumbai",
      "instances": [
        {
          "schema_version": 0,
          "attributes": {
            "force": false,
            "id": "i-06060970128e007d0",
            "instance_id": "i-06060970128e007d0",
            "state": "running",
            "timeouts": null
          },
          "sensitive_attributes": [],
          "identity_schema_version": 0,
          "private": "eyJlMmJmYjczMC1lY2FhLTExZTYtOGY4OC0zNDM2M2JjN2M0YzAiOnsiY3JlYXRlIjo2MDAwMDAwMDAwMDAsImRlbGV0ZSI6NjAwMDAwMDAwMDAsInVwZGF0ZSI6NjAwMDAwMDAwMDAwfX0=",
          "dependencies": [
            "aws_instance.athena_uat",
            "aws_key_pair.bastion_auth",
            "aws_security_group.bastion_sg",
            "aws_subnet.public",
            "aws_vpc.main",
            "data.aws_availability_zones.available",
            "tls_private_key.bastion_key"
          ]
        }
      ]
    },
    {
      "mode": "managed",
      "type": "aws_ec2_instance_state",
      "name": "bastion_state",
      "provider": "provider[\"registry.terraform.io/hashicorp/aws\"].mumbai",
      "instances": [
        {
          "schema_version": 0,
          "attributes": {
            "force": false,
            "id": "i-087b0e7189b7109e9",
            "instance_id": "i-087b0e7189b7109e9",
            "state": "running",
            "timeouts": null
          },
          "sensitive_attributes": [],
          "identity_schema_version": 0,
          "private": "eyJlMmJmYjczMC1lY2FhLTExZTYtOGY4OC0zNDM2M2JjN2M0YzAiOnsiY3JlYXRlIjo2MDAwMDAwMDAwMDAsImRlbGV0ZSI6NjAwMDAwMDAwMDAsInVwZGF0ZSI6NjAwMDAwMDAwMDAwfX0=",
          "dependencies": [
            "aws_instance.bastion",
            "aws_key_pair.bastion_auth",
            "aws_security_group.bastion_sg",
            "aws_subnet.public",
            "aws_vpc.main",
            "data.aws_availability_zones.available",
            "tls_private_key.bastion_key"
          ]
        }
      ]
    },
    {
      "mode": "managed",
      "type": "aws_ecr_lifecycle_policy",
      "name": "cleanup_policy",
      "provider": "provider[\"registry.terraform.io/hashicorp/aws\"]",
      "instances": [
        {
          "index_key": "airflow",
          "schema_version": 0,
          "attributes": {
            "id": "airflow",
            "policy": "{\"rules\":[{\"action\":{\"type\":\"expire\"},\"description\":\"Keep last 10 images\",\"rulePriority\":1,\"selection\":{\"countNumber\":50,\"countType\":\"imageCountMoreThan\",\"tagStatus\":\"any\"}}]}",
            "registry_id": "010438478476",
            "repository": "airflow"
          },
          "sensitive_attributes": [],
          "identity_schema_version": 0,
          "private": "bnVsbA==",
          "dependencies": [
            "aws_ecr_repository.app_repos"
          ]
        },
        {
          "index_key": "common-service",
          "schema_version": 0,
          "attributes": {
            "id": "common-service",
            "policy": "{\"rules\":[{\"action\":{\"type\":\"expire\"},\"description\":\"Keep last 10 images\",\"rulePriority\":1,\"selection\":{\"countNumber\":50,\"countType\":\"imageCountMoreThan\",\"tagStatus\":\"any\"}}]}",
            "registry_id": "010438478476",
            "repository": "common-service"
          },
          "sensitive_attributes": [],
          "identity_schema_version": 0,
          "private": "bnVsbA==",
          "dependencies": [
            "aws_ecr_repository.app_repos"
          ]
        },
        {
          "index_key": "document-classification",
          "schema_version": 0,
          "attributes": {
            "id": "document-classification",
            "policy": "{\"rules\":[{\"action\":{\"type\":\"expire\"},\"description\":\"Keep last 10 images\",\"rulePriority\":1,\"selection\":{\"countNumber\":50,\"countType\":\"imageCountMoreThan\",\"tagStatus\":\"any\"}}]}",
            "registry_id": "010438478476",
            "repository": "document-classification"
          },
          "sensitive_attributes": [],
          "identity_schema_version": 0,
          "private": "bnVsbA==",
          "dependencies": [
            "aws_ecr_repository.app_repos"
          ]
        },
        {
          "index_key": "etl",
          "schema_version": 0,
          "attributes": {
            "id": "etl",
            "policy": "{\"rules\":[{\"action\":{\"type\":\"expire\"},\"description\":\"Keep last 10 images\",\"rulePriority\":1,\"selection\":{\"countNumber\":50,\"countType\":\"imageCountMoreThan\",\"tagStatus\":\"any\"}}]}",
            "registry_id": "010438478476",
            "repository": "etl"
          },
          "sensitive_attributes": [],
          "identity_schema_version": 0,
          "private": "bnVsbA==",
          "dependencies": [
            "aws_ecr_repository.app_repos"
          ]
        },
        {
          "index_key": "field-extraction",
          "schema_version": 0,
          "attributes": {
            "id": "field-extraction",
            "policy": "{\"rules\":[{\"action\":{\"type\":\"expire\"},\"description\":\"Keep last 10 images\",\"rulePriority\":1,\"selection\":{\"countNumber\":50,\"countType\":\"imageCountMoreThan\",\"tagStatus\":\"any\"}}]}",
            "registry_id": "010438478476",
            "repository": "field-extraction"
          },
          "sensitive_attributes": [],
          "identity_schema_version": 0,
          "private": "bnVsbA==",
          "dependencies": [
            "aws_ecr_repository.app_repos"
          ]
        },
        {
          "index_key": "frame",
          "schema_version": 0,
          "attributes": {
            "id": "frame",
            "policy": "{\"rules\":[{\"action\":{\"type\":\"expire\"},\"description\":\"Keep last 10 images\",\"rulePriority\":1,\"selection\":{\"countNumber\":50,\"countType\":\"imageCountMoreThan\",\"tagStatus\":\"any\"}}]}",
            "registry_id": "010438478476",
            "repository": "frame"
          },
          "sensitive_attributes": [],
          "identity_schema_version": 0,
          "private": "bnVsbA==",
          "dependencies": [
            "aws_ecr_repository.app_repos"
          ]
        },
        {
          "index_key": "frontend",
          "schema_version": 0,
          "attributes": {
            "id": "frontend",
            "policy": "{\"rules\":[{\"action\":{\"type\":\"expire\"},\"description\":\"Keep last 10 images\",\"rulePriority\":1,\"selection\":{\"countNumber\":50,\"countType\":\"imageCountMoreThan\",\"tagStatus\":\"any\"}}]}",
            "registry_id": "010438478476",
            "repository": "frontend"
          },
          "sensitive_attributes": [],
          "identity_schema_version": 0,
          "private": "bnVsbA==",
          "dependencies": [
            "aws_ecr_repository.app_repos"
          ]
        },
        {
          "index_key": "gateway",
          "schema_version": 0,
          "attributes": {
            "id": "gateway",
            "policy": "{\"rules\":[{\"action\":{\"type\":\"expire\"},\"description\":\"Keep last 10 images\",\"rulePriority\":1,\"selection\":{\"countNumber\":50,\"countType\":\"imageCountMoreThan\",\"tagStatus\":\"any\"}}]}",
            "registry_id": "010438478476",
            "repository": "gateway"
          },
          "sensitive_attributes": [],
          "identity_schema_version": 0,
          "private": "bnVsbA==",
          "dependencies": [
            "aws_ecr_repository.app_repos"
          ]
        },
        {
          "index_key": "harvestingapi",
          "schema_version": 0,
          "attributes": {
            "id": "harvestingapi",
            "policy": "{\"rules\":[{\"action\":{\"type\":\"expire\"},\"description\":\"Keep last 10 images\",\"rulePriority\":1,\"selection\":{\"countNumber\":50,\"countType\":\"imageCountMoreThan\",\"tagStatus\":\"any\"}}]}",
            "registry_id": "010438478476",
            "repository": "harvestingapi"
          },
          "sensitive_attributes": [],
          "identity_schema_version": 0,
          "private": "bnVsbA==",
          "dependencies": [
            "aws_ecr_repository.app_repos"
          ]
        },
        {
          "index_key": "page-classification",
          "schema_version": 0,
          "attributes": {
            "id": "page-classification",
            "policy": "{\"rules\":[{\"action\":{\"type\":\"expire\"},\"description\":\"Keep last 10 images\",\"rulePriority\":1,\"selection\":{\"countNumber\":50,\"countType\":\"imageCountMoreThan\",\"tagStatus\":\"any\"}}]}",
            "registry_id": "010438478476",
            "repository": "page-classification"
          },
          "sensitive_attributes": [],
          "identity_schema_version": 0,
          "private": "bnVsbA==",
          "dependencies": [
            "aws_ecr_repository.app_repos"
          ]
        },
        {
          "index_key": "schedulerapi",
          "schema_version": 0,
          "attributes": {
            "id": "schedulerapi",
            "policy": "{\"rules\":[{\"action\":{\"type\":\"expire\"},\"description\":\"Keep last 10 images\",\"rulePriority\":1,\"selection\":{\"countNumber\":50,\"countType\":\"imageCountMoreThan\",\"tagStatus\":\"any\"}}]}",
            "registry_id": "010438478476",
            "repository": "schedulerapi"
          },
          "sensitive_attributes": [],
          "identity_schema_version": 0,
          "private": "bnVsbA==",
          "dependencies": [
            "aws_ecr_repository.app_repos"
          ]
        },
        {
          "index_key": "text-extraction",
          "schema_version": 0,
          "attributes": {
            "id": "text-extraction",
            "policy": "{\"rules\":[{\"action\":{\"type\":\"expire\"},\"description\":\"Keep last 10 images\",\"rulePriority\":1,\"selection\":{\"countNumber\":50,\"countType\":\"imageCountMoreThan\",\"tagStatus\":\"any\"}}]}",
            "registry_id": "010438478476",
            "repository": "text-extraction"
          },
          "sensitive_attributes": [],
          "identity_schema_version": 0,
          "private": "bnVsbA==",
          "dependencies": [
            "aws_ecr_repository.app_repos"
          ]
        },
        {
          "index_key": "validus",
          "schema_version": 0,
          "attributes": {
            "id": "validus",
            "policy": "{\"rules\":[{\"action\":{\"type\":\"expire\"},\"description\":\"Keep last 10 images\",\"rulePriority\":1,\"selection\":{\"countNumber\":50,\"countType\":\"imageCountMoreThan\",\"tagStatus\":\"any\"}}]}",
            "registry_id": "010438478476",
            "repository": "validus"
          },
          "sensitive_attributes": [],
          "identity_schema_version": 0,
          "private": "bnVsbA==",
          "dependencies": [
            "aws_ecr_repository.app_repos"
          ]
        },
        {
          "index_key": "validus-athena",
          "schema_version": 0,
          "attributes": {
            "id": "validus-athena",
            "policy": "{\"rules\":[{\"action\":{\"type\":\"expire\"},\"description\":\"Keep last 10 images\",\"rulePriority\":1,\"selection\":{\"countNumber\":50,\"countType\":\"imageCountMoreThan\",\"tagStatus\":\"any\"}}]}",
            "registry_id": "010438478476",
            "repository": "validus-athena"
          },
          "sensitive_attributes": [],
          "identity_schema_version": 0,
          "private": "bnVsbA==",
          "dependencies": [
            "aws_ecr_repository.app_repos"
          ]
        }
      ]
    },
    {
      "mode": "managed",
      "type": "aws_ecr_repository",
      "name": "app_repos",
      "provider": "provider[\"registry.terraform.io/hashicorp/aws\"]",
      "instances": [
        {
          "index_key": "airflow",
          "schema_version": 0,
          "attributes": {
            "arn": "arn:aws:ecr:ap-south-1:010438478476:repository/airflow",
            "encryption_configuration": [
              {
                "encryption_type": "AES256",
                "kms_key": ""
              }
            ],
            "force_delete": null,
            "id": "airflow",
            "image_scanning_configuration": [
              {
                "scan_on_push": true
              }
            ],
            "image_tag_mutability": "MUTABLE",
            "name": "airflow",
            "registry_id": "010438478476",
            "repository_url": "010438478476.dkr.ecr.ap-south-1.amazonaws.com/airflow",
            "tags": {
              "Environment": "Fvrk-dev",
              "Name": "airflow"
            },
            "tags_all": {
              "Environment": "Fvrk-dev",
              "Name": "airflow"
            },
            "timeouts": null
          },
          "sensitive_attributes": [],
          "identity_schema_version": 0,
          "private": "eyJlMmJmYjczMC1lY2FhLTExZTYtOGY4OC0zNDM2M2JjN2M0YzAiOnsiZGVsZXRlIjoxMjAwMDAwMDAwMDAwfX0="
        },
        {
          "index_key": "common-service",
          "schema_version": 0,
          "attributes": {
            "arn": "arn:aws:ecr:ap-south-1:010438478476:repository/common-service",
            "encryption_configuration": [
              {
                "encryption_type": "AES256",
                "kms_key": ""
              }
            ],
            "force_delete": null,
            "id": "common-service",
            "image_scanning_configuration": [
              {
                "scan_on_push": true
              }
            ],
            "image_tag_mutability": "MUTABLE",
            "name": "common-service",
            "registry_id": "010438478476",
            "repository_url": "010438478476.dkr.ecr.ap-south-1.amazonaws.com/common-service",
            "tags": {
              "Environment": "Fvrk-dev",
              "Name": "common-service"
            },
            "tags_all": {
              "Environment": "Fvrk-dev",
              "Name": "common-service"
            },
            "timeouts": null
          },
          "sensitive_attributes": [],
          "identity_schema_version": 0,
          "private": "eyJlMmJmYjczMC1lY2FhLTExZTYtOGY4OC0zNDM2M2JjN2M0YzAiOnsiZGVsZXRlIjoxMjAwMDAwMDAwMDAwfX0="
        },
        {
          "index_key": "document-classification",
          "schema_version": 0,
          "attributes": {
            "arn": "arn:aws:ecr:ap-south-1:010438478476:repository/document-classification",
            "encryption_configuration": [
              {
                "encryption_type": "AES256",
                "kms_key": ""
              }
            ],
            "force_delete": null,
            "id": "document-classification",
            "image_scanning_configuration": [
              {
                "scan_on_push": true
              }
            ],
            "image_tag_mutability": "MUTABLE",
            "name": "document-classification",
            "registry_id": "010438478476",
            "repository_url": "010438478476.dkr.ecr.ap-south-1.amazonaws.com/document-classification",
            "tags": {
              "Environment": "Fvrk-dev",
              "Name": "document-classification"
            },
            "tags_all": {
              "Environment": "Fvrk-dev",
              "Name": "document-classification"
            },
            "timeouts": null
          },
          "sensitive_attributes": [],
          "identity_schema_version": 0,
          "private": "eyJlMmJmYjczMC1lY2FhLTExZTYtOGY4OC0zNDM2M2JjN2M0YzAiOnsiZGVsZXRlIjoxMjAwMDAwMDAwMDAwfX0="
        },
        {
          "index_key": "etl",
          "schema_version": 0,
          "attributes": {
            "arn": "arn:aws:ecr:ap-south-1:010438478476:repository/etl",
            "encryption_configuration": [
              {
                "encryption_type": "AES256",
                "kms_key": ""
              }
            ],
            "force_delete": null,
            "id": "etl",
            "image_scanning_configuration": [
              {
                "scan_on_push": true
              }
            ],
            "image_tag_mutability": "MUTABLE",
            "name": "etl",
            "registry_id": "010438478476",
            "repository_url": "010438478476.dkr.ecr.ap-south-1.amazonaws.com/etl",
            "tags": {
              "Environment": "Fvrk-dev",
              "Name": "etl"
            },
            "tags_all": {
              "Environment": "Fvrk-dev",
              "Name": "etl"
            },
            "timeouts": null
          },
          "sensitive_attributes": [],
          "identity_schema_version": 0,
          "private": "eyJlMmJmYjczMC1lY2FhLTExZTYtOGY4OC0zNDM2M2JjN2M0YzAiOnsiZGVsZXRlIjoxMjAwMDAwMDAwMDAwfX0="
        },
        {
          "index_key": "field-extraction",
          "schema_version": 0,
          "attributes": {
            "arn": "arn:aws:ecr:ap-south-1:010438478476:repository/field-extraction",
            "encryption_configuration": [
              {
                "encryption_type": "AES256",
                "kms_key": ""
              }
            ],
            "force_delete": null,
            "id": "field-extraction",
            "image_scanning_configuration": [
              {
                "scan_on_push": true
              }
            ],
            "image_tag_mutability": "MUTABLE",
            "name": "field-extraction",
            "registry_id": "010438478476",
            "repository_url": "010438478476.dkr.ecr.ap-south-1.amazonaws.com/field-extraction",
            "tags": {
              "Environment": "Fvrk-dev",
              "Name": "field-extraction"
            },
            "tags_all": {
              "Environment": "Fvrk-dev",
              "Name": "field-extraction"
            },
            "timeouts": null
          },
          "sensitive_attributes": [],
          "identity_schema_version": 0,
          "private": "eyJlMmJmYjczMC1lY2FhLTExZTYtOGY4OC0zNDM2M2JjN2M0YzAiOnsiZGVsZXRlIjoxMjAwMDAwMDAwMDAwfX0="
        },
        {
          "index_key": "frame",
          "schema_version": 0,
          "attributes": {
            "arn": "arn:aws:ecr:ap-south-1:010438478476:repository/frame",
            "encryption_configuration": [
              {
                "encryption_type": "AES256",
                "kms_key": ""
              }
            ],
            "force_delete": null,
            "id": "frame",
            "image_scanning_configuration": [
              {
                "scan_on_push": true
              }
            ],
            "image_tag_mutability": "MUTABLE",
            "name": "frame",
            "registry_id": "010438478476",
            "repository_url": "010438478476.dkr.ecr.ap-south-1.amazonaws.com/frame",
            "tags": {
              "Environment": "Fvrk-dev",
              "Name": "frame"
            },
            "tags_all": {
              "Environment": "Fvrk-dev",
              "Name": "frame"
            },
            "timeouts": null
          },
          "sensitive_attributes": [],
          "identity_schema_version": 0,
          "private": "eyJlMmJmYjczMC1lY2FhLTExZTYtOGY4OC0zNDM2M2JjN2M0YzAiOnsiZGVsZXRlIjoxMjAwMDAwMDAwMDAwfX0="
        },
        {
          "index_key": "frontend",
          "schema_version": 0,
          "attributes": {
            "arn": "arn:aws:ecr:ap-south-1:010438478476:repository/frontend",
            "encryption_configuration": [
              {
                "encryption_type": "AES256",
                "kms_key": ""
              }
            ],
            "force_delete": null,
            "id": "frontend",
            "image_scanning_configuration": [
              {
                "scan_on_push": true
              }
            ],
            "image_tag_mutability": "MUTABLE",
            "name": "frontend",
            "registry_id": "010438478476",
            "repository_url": "010438478476.dkr.ecr.ap-south-1.amazonaws.com/frontend",
            "tags": {
              "Environment": "Fvrk-dev",
              "Name": "frontend"
            },
            "tags_all": {
              "Environment": "Fvrk-dev",
              "Name": "frontend"
            },
            "timeouts": null
          },
          "sensitive_attributes": [],
          "identity_schema_version": 0,
          "private": "eyJlMmJmYjczMC1lY2FhLTExZTYtOGY4OC0zNDM2M2JjN2M0YzAiOnsiZGVsZXRlIjoxMjAwMDAwMDAwMDAwfX0="
        },
        {
          "index_key": "gateway",
          "schema_version": 0,
          "attributes": {
            "arn": "arn:aws:ecr:ap-south-1:010438478476:repository/gateway",
            "encryption_configuration": [
              {
                "encryption_type": "AES256",
                "kms_key": ""
              }
            ],
            "force_delete": null,
            "id": "gateway",
            "image_scanning_configuration": [
              {
                "scan_on_push": true
              }
            ],
            "image_tag_mutability": "MUTABLE",
            "name": "gateway",
            "registry_id": "010438478476",
            "repository_url": "010438478476.dkr.ecr.ap-south-1.amazonaws.com/gateway",
            "tags": {
              "Environment": "Fvrk-dev",
              "Name": "gateway"
            },
            "tags_all": {
              "Environment": "Fvrk-dev",
              "Name": "gateway"
            },
            "timeouts": null
          },
          "sensitive_attributes": [],
          "identity_schema_version": 0,
          "private": "eyJlMmJmYjczMC1lY2FhLTExZTYtOGY4OC0zNDM2M2JjN2M0YzAiOnsiZGVsZXRlIjoxMjAwMDAwMDAwMDAwfX0="
        },
        {
          "index_key": "harvestingapi",
          "schema_version": 0,
          "attributes": {
            "arn": "arn:aws:ecr:ap-south-1:010438478476:repository/harvestingapi",
            "encryption_configuration": [
              {
                "encryption_type": "AES256",
                "kms_key": ""
              }
            ],
            "force_delete": null,
            "id": "harvestingapi",
            "image_scanning_configuration": [
              {
                "scan_on_push": true
              }
            ],
            "image_tag_mutability": "MUTABLE",
            "name": "harvestingapi",
            "registry_id": "010438478476",
            "repository_url": "010438478476.dkr.ecr.ap-south-1.amazonaws.com/harvestingapi",
            "tags": {
              "Environment": "Fvrk-dev",
              "Name": "harvestingapi"
            },
            "tags_all": {
              "Environment": "Fvrk-dev",
              "Name": "harvestingapi"
            },
            "timeouts": null
          },
          "sensitive_attributes": [],
          "identity_schema_version": 0,
          "private": "eyJlMmJmYjczMC1lY2FhLTExZTYtOGY4OC0zNDM2M2JjN2M0YzAiOnsiZGVsZXRlIjoxMjAwMDAwMDAwMDAwfX0="
        },
        {
          "index_key": "page-classification",
          "schema_version": 0,
          "attributes": {
            "arn": "arn:aws:ecr:ap-south-1:010438478476:repository/page-classification",
            "encryption_configuration": [
              {
                "encryption_type": "AES256",
                "kms_key": ""
              }
            ],
            "force_delete": null,
            "id": "page-classification",
            "image_scanning_configuration": [
              {
                "scan_on_push": true
              }
            ],
            "image_tag_mutability": "MUTABLE",
            "name": "page-classification",
            "registry_id": "010438478476",
            "repository_url": "010438478476.dkr.ecr.ap-south-1.amazonaws.com/page-classification",
            "tags": {
              "Environment": "Fvrk-dev",
              "Name": "page-classification"
            },
            "tags_all": {
              "Environment": "Fvrk-dev",
              "Name": "page-classification"
            },
            "timeouts": null
          },
          "sensitive_attributes": [],
          "identity_schema_version": 0,
          "private": "eyJlMmJmYjczMC1lY2FhLTExZTYtOGY4OC0zNDM2M2JjN2M0YzAiOnsiZGVsZXRlIjoxMjAwMDAwMDAwMDAwfX0="
        },
        {
          "index_key": "schedulerapi",
          "schema_version": 0,
          "attributes": {
            "arn": "arn:aws:ecr:ap-south-1:010438478476:repository/schedulerapi",
            "encryption_configuration": [
              {
                "encryption_type": "AES256",
                "kms_key": ""
              }
            ],
            "force_delete": null,
            "id": "schedulerapi",
            "image_scanning_configuration": [
              {
                "scan_on_push": true
              }
            ],
            "image_tag_mutability": "MUTABLE",
            "name": "schedulerapi",
            "registry_id": "010438478476",
            "repository_url": "010438478476.dkr.ecr.ap-south-1.amazonaws.com/schedulerapi",
            "tags": {
              "Environment": "Fvrk-dev",
              "Name": "schedulerapi"
            },
            "tags_all": {
              "Environment": "Fvrk-dev",
              "Name": "schedulerapi"
            },
            "timeouts": null
          },
          "sensitive_attributes": [],
          "identity_schema_version": 0,
          "private": "eyJlMmJmYjczMC1lY2FhLTExZTYtOGY4OC0zNDM2M2JjN2M0YzAiOnsiZGVsZXRlIjoxMjAwMDAwMDAwMDAwfX0="
        },
        {
          "index_key": "text-extraction",
          "schema_version": 0,
          "attributes": {
            "arn": "arn:aws:ecr:ap-south-1:010438478476:repository/text-extraction",
            "encryption_configuration": [
              {
                "encryption_type": "AES256",
                "kms_key": ""
              }
            ],
            "force_delete": null,
            "id": "text-extraction",
            "image_scanning_configuration": [
              {
                "scan_on_push": true
              }
            ],
            "image_tag_mutability": "MUTABLE",
            "name": "text-extraction",
            "registry_id": "010438478476",
            "repository_url": "010438478476.dkr.ecr.ap-south-1.amazonaws.com/text-extraction",
            "tags": {
              "Environment": "Fvrk-dev",
              "Name": "text-extraction"
            },
            "tags_all": {
              "Environment": "Fvrk-dev",
              "Name": "text-extraction"
            },
            "timeouts": null
          },
          "sensitive_attributes": [],
          "identity_schema_version": 0,
          "private": "eyJlMmJmYjczMC1lY2FhLTExZTYtOGY4OC0zNDM2M2JjN2M0YzAiOnsiZGVsZXRlIjoxMjAwMDAwMDAwMDAwfX0="
        },
        {
          "index_key": "validus",
          "schema_version": 0,
          "attributes": {
            "arn": "arn:aws:ecr:ap-south-1:010438478476:repository/validus",
            "encryption_configuration": [
              {
                "encryption_type": "AES256",
                "kms_key": ""
              }
            ],
            "force_delete": null,
            "id": "validus",
            "image_scanning_configuration": [
              {
                "scan_on_push": true
              }
            ],
            "image_tag_mutability": "MUTABLE",
            "name": "validus",
            "registry_id": "010438478476",
            "repository_url": "010438478476.dkr.ecr.ap-south-1.amazonaws.com/validus",
            "tags": {
              "Environment": "Fvrk-dev",
              "Name": "validus"
            },
            "tags_all": {
              "Environment": "Fvrk-dev",
              "Name": "validus"
            },
            "timeouts": null
          },
          "sensitive_attributes": [],
          "identity_schema_version": 0,
          "private": "eyJlMmJmYjczMC1lY2FhLTExZTYtOGY4OC0zNDM2M2JjN2M0YzAiOnsiZGVsZXRlIjoxMjAwMDAwMDAwMDAwfX0="
        },
        {
          "index_key": "validus-athena",
          "schema_version": 0,
          "attributes": {
            "arn": "arn:aws:ecr:ap-south-1:010438478476:repository/validus-athena",
            "encryption_configuration": [
              {
                "encryption_type": "AES256",
                "kms_key": ""
              }
            ],
            "force_delete": null,
            "id": "validus-athena",
            "image_scanning_configuration": [
              {
                "scan_on_push": true
              }
            ],
            "image_tag_mutability": "MUTABLE",
            "name": "validus-athena",
            "registry_id": "010438478476",
            "repository_url": "010438478476.dkr.ecr.ap-south-1.amazonaws.com/validus-athena",
            "tags": {
              "Environment": "Fvrk-dev",
              "Name": "validus-athena"
            },
            "tags_all": {
              "Environment": "Fvrk-dev",
              "Name": "validus-athena"
            },
            "timeouts": null
          },
          "sensitive_attributes": [],
          "identity_schema_version": 0,
          "private": "eyJlMmJmYjczMC1lY2FhLTExZTYtOGY4OC0zNDM2M2JjN2M0YzAiOnsiZGVsZXRlIjoxMjAwMDAwMDAwMDAwfX0="
        }
      ]
    },
    {
      "mode": "managed",
      "type": "aws_efs_file_system",
      "name": "airflow_efs",
      "provider": "provider[\"registry.terraform.io/hashicorp/aws\"]",
      "instances": [
        {
          "schema_version": 0,
          "attributes": {
            "arn": "arn:aws:elasticfilesystem:ap-south-1:010438478476:file-system/fs-009bc847ae54ca378",
            "availability_zone_id": "",
            "availability_zone_name": "",
            "creation_token": "airflow-data-fs",
            "dns_name": "fs-009bc847ae54ca378.efs.ap-south-1.amazonaws.com",
            "encrypted": true,
            "id": "fs-009bc847ae54ca378",
            "kms_key_id": "arn:aws:kms:ap-south-1:010438478476:key/d7c96efd-9445-4163-981d-747ce715e12d",
            "lifecycle_policy": [],
            "name": "Airflow-Data",
            "number_of_mount_targets": 3,
            "owner_id": "010438478476",
            "performance_mode": "generalPurpose",
            "protection": [
              {
                "replication_overwrite": "ENABLED"
              }
            ],
            "provisioned_throughput_in_mibps": 0,
            "size_in_bytes": [
              {
                "value": 3262464,
                "value_in_ia": 0,
                "value_in_standard": 3262464
              }
            ],
            "tags": {
              "Name": "Airflow-Data"
            },
            "tags_all": {
              "Name": "Airflow-Data"
            },
            "throughput_mode": "bursting"
          },
          "sensitive_attributes": [],
          "identity_schema_version": 0,
          "private": "bnVsbA=="
        }
      ]
    },
    {
      "mode": "managed",
      "type": "aws_efs_file_system",
      "name": "aithon_efs",
      "provider": "provider[\"registry.terraform.io/hashicorp/aws\"]",
      "instances": [
        {
          "schema_version": 0,
          "attributes": {
            "arn": "arn:aws:elasticfilesystem:ap-south-1:010438478476:file-system/fs-0b0c5cb6548acf03c",
            "availability_zone_id": "",
            "availability_zone_name": "",
            "creation_token": "aithon-general-data",
            "dns_name": "fs-0b0c5cb6548acf03c.efs.ap-south-1.amazonaws.com",
            "encrypted": true,
            "id": "fs-0b0c5cb6548acf03c",
            "kms_key_id": "arn:aws:kms:ap-south-1:010438478476:key/d7c96efd-9445-4163-981d-747ce715e12d",
            "lifecycle_policy": [],
            "name": "Aithon-General-Data",
            "number_of_mount_targets": 3,
            "owner_id": "010438478476",
            "performance_mode": "generalPurpose",
            "protection": [
              {
                "replication_overwrite": "ENABLED"
              }
            ],
            "provisioned_throughput_in_mibps": 0,
            "size_in_bytes": [
              {
                "value": 8344500224,
                "value_in_ia": 0,
                "value_in_standard": 8344500224
              }
            ],
            "tags": {
              "Name": "Aithon-General-Data"
            },
            "tags_all": {
              "Name": "Aithon-General-Data"
            },
            "throughput_mode": "bursting"
          },
          "sensitive_attributes": [],
          "identity_schema_version": 0,
          "private": "bnVsbA=="
        }
      ]
    },
    {
      "mode": "managed",
      "type": "aws_efs_file_system",
      "name": "text_extraction_efs",
      "provider": "provider[\"registry.terraform.io/hashicorp/aws\"]",
      "instances": [
        {
          "schema_version": 0,
          "attributes": {
            "arn": "arn:aws:elasticfilesystem:ap-south-1:010438478476:file-system/fs-01ca8e71edae45b66",
            "availability_zone_id": "",
            "availability_zone_name": "",
            "creation_token": "text-extraction-data",
            "dns_name": "fs-01ca8e71edae45b66.efs.ap-south-1.amazonaws.com",
            "encrypted": true,
            "id": "fs-01ca8e71edae45b66",
            "kms_key_id": "arn:aws:kms:ap-south-1:010438478476:key/d7c96efd-9445-4163-981d-747ce715e12d",
            "lifecycle_policy": [],
            "name": "Text-Extraction-Data",
            "number_of_mount_targets": 3,
            "owner_id": "010438478476",
            "performance_mode": "generalPurpose",
            "protection": [
              {
                "replication_overwrite": "ENABLED"
              }
            ],
            "provisioned_throughput_in_mibps": 0,
            "size_in_bytes": [
              {
                "value": 33732335616,
                "value_in_ia": 0,
                "value_in_standard": 33732335616
              }
            ],
            "tags": {
              "Name": "Text-Extraction-Data"
            },
            "tags_all": {
              "Name": "Text-Extraction-Data"
            },
            "throughput_mode": "bursting"
          },
          "sensitive_attributes": [],
          "identity_schema_version": 0,
          "private": "bnVsbA=="
        }
      ]
    },
    {
      "mode": "managed",
      "type": "aws_efs_mount_target",
      "name": "airflow_efs_mt",
      "provider": "provider[\"registry.terraform.io/hashicorp/aws\"]",
      "instances": [
        {
          "index_key": "ap-south-1a",
          "schema_version": 0,
          "attributes": {
            "availability_zone_id": "aps1-az1",
            "availability_zone_name": "ap-south-1a",
            "dns_name": "fs-009bc847ae54ca378.efs.ap-south-1.amazonaws.com",
            "file_system_arn": "arn:aws:elasticfilesystem:ap-south-1:010438478476:file-system/fs-009bc847ae54ca378",
            "file_system_id": "fs-009bc847ae54ca378",
            "id": "fsmt-018eab7adc88f5564",
            "ip_address": "10.11.8.49",
            "mount_target_dns_name": "ap-south-1a.fs-009bc847ae54ca378.efs.ap-south-1.amazonaws.com",
            "network_interface_id": "eni-073a0d34a4149cba5",
            "owner_id": "010438478476",
            "security_groups": [
              "sg-0a180ca2d4c194bbb"
            ],
            "subnet_id": "subnet-0676b17d05babe69f",
            "timeouts": null
          },
          "sensitive_attributes": [],
          "identity_schema_version": 0,
          "private": "eyJlMmJmYjczMC1lY2FhLTExZTYtOGY4OC0zNDM2M2JjN2M0YzAiOnsiY3JlYXRlIjoxODAwMDAwMDAwMDAwLCJkZWxldGUiOjYwMDAwMDAwMDAwMH19",
          "dependencies": [
            "aws_efs_file_system.airflow_efs",
            "aws_security_group.airflow_efs_sg",
            "aws_subnet.public",
            "aws_vpc.main",
            "data.aws_availability_zones.available"
          ]
        },
        {
          "index_key": "ap-south-1b",
          "schema_version": 0,
          "attributes": {
            "availability_zone_id": "aps1-az3",
            "availability_zone_name": "ap-south-1b",
            "dns_name": "fs-009bc847ae54ca378.efs.ap-south-1.amazonaws.com",
            "file_system_arn": "arn:aws:elasticfilesystem:ap-south-1:010438478476:file-system/fs-009bc847ae54ca378",
            "file_system_id": "fs-009bc847ae54ca378",
            "id": "fsmt-0a04c52b78c7c340d",
            "ip_address": "10.11.27.120",
            "mount_target_dns_name": "ap-south-1b.fs-009bc847ae54ca378.efs.ap-south-1.amazonaws.com",
            "network_interface_id": "eni-0fd84b18e7e410d50",
            "owner_id": "010438478476",
            "security_groups": [
              "sg-0a180ca2d4c194bbb"
            ],
            "subnet_id": "subnet-076ca5925fd436c79",
            "timeouts": null
          },
          "sensitive_attributes": [],
          "identity_schema_version": 0,
          "private": "eyJlMmJmYjczMC1lY2FhLTExZTYtOGY4OC0zNDM2M2JjN2M0YzAiOnsiY3JlYXRlIjoxODAwMDAwMDAwMDAwLCJkZWxldGUiOjYwMDAwMDAwMDAwMH19",
          "dependencies": [
            "aws_efs_file_system.airflow_efs",
            "aws_security_group.airflow_efs_sg",
            "aws_subnet.public",
            "aws_vpc.main",
            "data.aws_availability_zones.available"
          ]
        },
        {
          "index_key": "ap-south-1c",
          "schema_version": 0,
          "attributes": {
            "availability_zone_id": "aps1-az2",
            "availability_zone_name": "ap-south-1c",
            "dns_name": "fs-009bc847ae54ca378.efs.ap-south-1.amazonaws.com",
            "file_system_arn": "arn:aws:elasticfilesystem:ap-south-1:010438478476:file-system/fs-009bc847ae54ca378",
            "file_system_id": "fs-009bc847ae54ca378",
            "id": "fsmt-0a5f79ebf8db784c5",
            "ip_address": "10.11.40.198",
            "mount_target_dns_name": "ap-south-1c.fs-009bc847ae54ca378.efs.ap-south-1.amazonaws.com",
            "network_interface_id": "eni-0b024f9c127e5b1bb",
            "owner_id": "010438478476",
            "security_groups": [
              "sg-0a180ca2d4c194bbb"
            ],
            "subnet_id": "subnet-0d4bb787f2a8e82d7",
            "timeouts": null
          },
          "sensitive_attributes": [],
          "identity_schema_version": 0,
          "private": "eyJlMmJmYjczMC1lY2FhLTExZTYtOGY4OC0zNDM2M2JjN2M0YzAiOnsiY3JlYXRlIjoxODAwMDAwMDAwMDAwLCJkZWxldGUiOjYwMDAwMDAwMDAwMH19",
          "dependencies": [
            "aws_efs_file_system.airflow_efs",
            "aws_security_group.airflow_efs_sg",
            "aws_subnet.public",
            "aws_vpc.main",
            "data.aws_availability_zones.available"
          ]
        }
      ]
    },
    {
      "mode": "managed",
      "type": "aws_efs_mount_target",
      "name": "aithon_efs_mt",
      "provider": "provider[\"registry.terraform.io/hashicorp/aws\"]",
      "instances": [
        {
          "index_key": "ap-south-1a",
          "schema_version": 0,
          "attributes": {
            "availability_zone_id": "aps1-az1",
            "availability_zone_name": "ap-south-1a",
            "dns_name": "fs-0b0c5cb6548acf03c.efs.ap-south-1.amazonaws.com",
            "file_system_arn": "arn:aws:elasticfilesystem:ap-south-1:010438478476:file-system/fs-0b0c5cb6548acf03c",
            "file_system_id": "fs-0b0c5cb6548acf03c",
            "id": "fsmt-03517c1466a873192",
            "ip_address": "10.11.0.34",
            "mount_target_dns_name": "ap-south-1a.fs-0b0c5cb6548acf03c.efs.ap-south-1.amazonaws.com",
            "network_interface_id": "eni-0c220e2f2f827ea0f",
            "owner_id": "010438478476",
            "security_groups": [
              "sg-03e956c616a8d8121"
            ],
            "subnet_id": "subnet-0676b17d05babe69f",
            "timeouts": null
          },
          "sensitive_attributes": [],
          "identity_schema_version": 0,
          "private": "eyJlMmJmYjczMC1lY2FhLTExZTYtOGY4OC0zNDM2M2JjN2M0YzAiOnsiY3JlYXRlIjoxODAwMDAwMDAwMDAwLCJkZWxldGUiOjYwMDAwMDAwMDAwMH19",
          "dependencies": [
            "aws_efs_file_system.aithon_efs",
            "aws_security_group.aithon_efs_sg",
            "aws_subnet.public",
            "aws_vpc.main",
            "data.aws_availability_zones.available"
          ]
        },
        {
          "index_key": "ap-south-1b",
          "schema_version": 0,
          "attributes": {
            "availability_zone_id": "aps1-az3",
            "availability_zone_name": "ap-south-1b",
            "dns_name": "fs-0b0c5cb6548acf03c.efs.ap-south-1.amazonaws.com",
            "file_system_arn": "arn:aws:elasticfilesystem:ap-south-1:010438478476:file-system/fs-0b0c5cb6548acf03c",
            "file_system_id": "fs-0b0c5cb6548acf03c",
            "id": "fsmt-0c0de0752f240684f",
            "ip_address": "10.11.28.44",
            "mount_target_dns_name": "ap-south-1b.fs-0b0c5cb6548acf03c.efs.ap-south-1.amazonaws.com",
            "network_interface_id": "eni-0d4391519ed0bc592",
            "owner_id": "010438478476",
            "security_groups": [
              "sg-03e956c616a8d8121"
            ],
            "subnet_id": "subnet-076ca5925fd436c79",
            "timeouts": null
          },
          "sensitive_attributes": [],
          "identity_schema_version": 0,
          "private": "eyJlMmJmYjczMC1lY2FhLTExZTYtOGY4OC0zNDM2M2JjN2M0YzAiOnsiY3JlYXRlIjoxODAwMDAwMDAwMDAwLCJkZWxldGUiOjYwMDAwMDAwMDAwMH19",
          "dependencies": [
            "aws_efs_file_system.aithon_efs",
            "aws_security_group.aithon_efs_sg",
            "aws_subnet.public",
            "aws_vpc.main",
            "data.aws_availability_zones.available"
          ]
        },
        {
          "index_key": "ap-south-1c",
          "schema_version": 0,
          "attributes": {
            "availability_zone_id": "aps1-az2",
            "availability_zone_name": "ap-south-1c",
            "dns_name": "fs-0b0c5cb6548acf03c.efs.ap-south-1.amazonaws.com",
            "file_system_arn": "arn:aws:elasticfilesystem:ap-south-1:010438478476:file-system/fs-0b0c5cb6548acf03c",
            "file_system_id": "fs-0b0c5cb6548acf03c",
            "id": "fsmt-017a71c0a572e05eb",
            "ip_address": "10.11.39.245",
            "mount_target_dns_name": "ap-south-1c.fs-0b0c5cb6548acf03c.efs.ap-south-1.amazonaws.com",
            "network_interface_id": "eni-09bcd37cde5cceaf9",
            "owner_id": "010438478476",
            "security_groups": [
              "sg-03e956c616a8d8121"
            ],
            "subnet_id": "subnet-0d4bb787f2a8e82d7",
            "timeouts": null
          },
          "sensitive_attributes": [],
          "identity_schema_version": 0,
          "private": "eyJlMmJmYjczMC1lY2FhLTExZTYtOGY4OC0zNDM2M2JjN2M0YzAiOnsiY3JlYXRlIjoxODAwMDAwMDAwMDAwLCJkZWxldGUiOjYwMDAwMDAwMDAwMH19",
          "dependencies": [
            "aws_efs_file_system.aithon_efs",
            "aws_security_group.aithon_efs_sg",
            "aws_subnet.public",
            "aws_vpc.main",
            "data.aws_availability_zones.available"
          ]
        }
      ]
    },
    {
      "mode": "managed",
      "type": "aws_efs_mount_target",
      "name": "efs_mt",
      "provider": "provider[\"registry.terraform.io/hashicorp/aws\"]",
      "instances": [
        {
          "index_key": "ap-south-1a",
          "schema_version": 0,
          "attributes": {
            "availability_zone_id": "aps1-az1",
            "availability_zone_name": "ap-south-1a",
            "dns_name": "fs-01ca8e71edae45b66.efs.ap-south-1.amazonaws.com",
            "file_system_arn": "arn:aws:elasticfilesystem:ap-south-1:010438478476:file-system/fs-01ca8e71edae45b66",
            "file_system_id": "fs-01ca8e71edae45b66",
            "id": "fsmt-0cfe3653edf1757d2",
            "ip_address": "10.11.14.30",
            "mount_target_dns_name": "ap-south-1a.fs-01ca8e71edae45b66.efs.ap-south-1.amazonaws.com",
            "network_interface_id": "eni-0bd255d90074c8f39",
            "owner_id": "010438478476",
            "security_groups": [
              "sg-00f52ba2aaca6a61f"
            ],
            "subnet_id": "subnet-0676b17d05babe69f",
            "timeouts": null
          },
          "sensitive_attributes": [],
          "identity_schema_version": 0,
          "private": "eyJlMmJmYjczMC1lY2FhLTExZTYtOGY4OC0zNDM2M2JjN2M0YzAiOnsiY3JlYXRlIjoxODAwMDAwMDAwMDAwLCJkZWxldGUiOjYwMDAwMDAwMDAwMH19",
          "dependencies": [
            "aws_efs_file_system.text_extraction_efs",
            "aws_security_group.efs_sg",
            "aws_subnet.public",
            "aws_vpc.main",
            "data.aws_availability_zones.available"
          ]
        },
        {
          "index_key": "ap-south-1b",
          "schema_version": 0,
          "attributes": {
            "availability_zone_id": "aps1-az3",
            "availability_zone_name": "ap-south-1b",
            "dns_name": "fs-01ca8e71edae45b66.efs.ap-south-1.amazonaws.com",
            "file_system_arn": "arn:aws:elasticfilesystem:ap-south-1:010438478476:file-system/fs-01ca8e71edae45b66",
            "file_system_id": "fs-01ca8e71edae45b66",
            "id": "fsmt-062304d4f22e851ea",
            "ip_address": "10.11.27.110",
            "mount_target_dns_name": "ap-south-1b.fs-01ca8e71edae45b66.efs.ap-south-1.amazonaws.com",
            "network_interface_id": "eni-0115d2bc4e6ce3961",
            "owner_id": "010438478476",
            "security_groups": [
              "sg-00f52ba2aaca6a61f"
            ],
            "subnet_id": "subnet-076ca5925fd436c79",
            "timeouts": null
          },
          "sensitive_attributes": [],
          "identity_schema_version": 0,
          "private": "eyJlMmJmYjczMC1lY2FhLTExZTYtOGY4OC0zNDM2M2JjN2M0YzAiOnsiY3JlYXRlIjoxODAwMDAwMDAwMDAwLCJkZWxldGUiOjYwMDAwMDAwMDAwMH19",
          "dependencies": [
            "aws_efs_file_system.text_extraction_efs",
            "aws_security_group.efs_sg",
            "aws_subnet.public",
            "aws_vpc.main",
            "data.aws_availability_zones.available"
          ]
        },
        {
          "index_key": "ap-south-1c",
          "schema_version": 0,
          "attributes": {
            "availability_zone_id": "aps1-az2",
            "availability_zone_name": "ap-south-1c",
            "dns_name": "fs-01ca8e71edae45b66.efs.ap-south-1.amazonaws.com",
            "file_system_arn": "arn:aws:elasticfilesystem:ap-south-1:010438478476:file-system/fs-01ca8e71edae45b66",
            "file_system_id": "fs-01ca8e71edae45b66",
            "id": "fsmt-0de339bf37650da0d",
            "ip_address": "10.11.47.244",
            "mount_target_dns_name": "ap-south-1c.fs-01ca8e71edae45b66.efs.ap-south-1.amazonaws.com",
            "network_interface_id": "eni-0f607984341d660b0",
            "owner_id": "010438478476",
            "security_groups": [
              "sg-00f52ba2aaca6a61f"
            ],
            "subnet_id": "subnet-0d4bb787f2a8e82d7",
            "timeouts": null
          },
          "sensitive_attributes": [],
          "identity_schema_version": 0,
          "private": "eyJlMmJmYjczMC1lY2FhLTExZTYtOGY4OC0zNDM2M2JjN2M0YzAiOnsiY3JlYXRlIjoxODAwMDAwMDAwMDAwLCJkZWxldGUiOjYwMDAwMDAwMDAwMH19",
          "dependencies": [
            "aws_efs_file_system.text_extraction_efs",
            "aws_security_group.efs_sg",
            "aws_subnet.public",
            "aws_vpc.main",
            "data.aws_availability_zones.available"
          ]
        }
      ]
    },
    {
      "mode": "managed",
      "type": "aws_eip",
      "name": "athena_sit_eip",
      "provider": "provider[\"registry.terraform.io/hashicorp/aws\"].mumbai",
      "instances": [
        {
          "schema_version": 0,
          "attributes": {
            "address": null,
            "allocation_id": "eipalloc-0a3d0ecca123f4f12",
            "arn": "arn:aws:ec2:ap-south-1:010438478476:elastic-ip/eipalloc-0a3d0ecca123f4f12",
            "associate_with_private_ip": null,
            "association_id": "eipassoc-0bc1ee7a49e0e1110",
            "carrier_ip": "",
            "customer_owned_ip": "",
            "customer_owned_ipv4_pool": "",
            "domain": "vpc",
            "id": "eipalloc-0a3d0ecca123f4f12",
            "instance": "i-027bc99bc0a6862e7",
            "ipam_pool_id": null,
            "network_border_group": "ap-south-1",
            "network_interface": "eni-0011a8edcc0266a29",
            "private_dns": "ip-10-11-12-219.ap-south-1.compute.internal",
            "private_ip": "10.11.12.219",
            "ptr_record": "",
            "public_dns": "ec2-3-109-83-135.ap-south-1.compute.amazonaws.com",
            "public_ip": "3.109.83.135",
            "public_ipv4_pool": "amazon",
            "tags": {
              "Name": "athena-sit-eip"
            },
            "tags_all": {
              "Name": "athena-sit-eip"
            },
            "timeouts": null,
            "vpc": true
          },
          "sensitive_attributes": [],
          "identity_schema_version": 0,
          "private": "eyJlMmJmYjczMC1lY2FhLTExZTYtOGY4OC0zNDM2M2JjN2M0YzAiOnsiZGVsZXRlIjoxODAwMDAwMDAwMDAsInJlYWQiOjkwMDAwMDAwMDAwMCwidXBkYXRlIjozMDAwMDAwMDAwMDB9fQ=="
        }
      ]
    },
    {
      "mode": "managed",
      "type": "aws_eip",
      "name": "athena_uat_eip",
      "provider": "provider[\"registry.terraform.io/hashicorp/aws\"].mumbai",
      "instances": [
        {
          "schema_version": 0,
          "attributes": {
            "address": null,
            "allocation_id": "eipalloc-04bb883bcf4dca058",
            "arn": "arn:aws:ec2:ap-south-1:010438478476:elastic-ip/eipalloc-04bb883bcf4dca058",
            "associate_with_private_ip": null,
            "association_id": "eipassoc-01fb0cc61e00a6527",
            "carrier_ip": "",
            "customer_owned_ip": "",
            "customer_owned_ipv4_pool": "",
            "domain": "vpc",
            "id": "eipalloc-04bb883bcf4dca058",
            "instance": "i-0f1c3724dc8e75aa8",
            "ipam_pool_id": null,
            "network_border_group": "ap-south-1",
            "network_interface": "eni-0ae44a750dc276b5d",
            "private_dns": "ip-10-11-18-121.ap-south-1.compute.internal",
            "private_ip": "10.11.18.121",
            "ptr_record": "",
            "public_dns": "ec2-65-1-17-90.ap-south-1.compute.amazonaws.com",
            "public_ip": "65.1.17.90",
            "public_ipv4_pool": "amazon",
            "tags": {
              "Name": "athena-uat-eip"
            },
            "tags_all": {
              "Name": "athena-uat-eip"
            },
            "timeouts": null,
            "vpc": true
          },
          "sensitive_attributes": [],
          "identity_schema_version": 0,
          "private": "eyJlMmJmYjczMC1lY2FhLTExZTYtOGY4OC0zNDM2M2JjN2M0YzAiOnsiZGVsZXRlIjoxODAwMDAwMDAwMDAsInJlYWQiOjkwMDAwMDAwMDAwMCwidXBkYXRlIjozMDAwMDAwMDAwMDB9fQ=="
        }
      ]
    },
    {
      "mode": "managed",
      "type": "aws_eip",
      "name": "bastion_ip",
      "provider": "provider[\"registry.terraform.io/hashicorp/aws\"].mumbai",
      "instances": [
        {
          "schema_version": 0,
          "attributes": {
            "address": null,
            "allocation_id": "eipalloc-03273e55712e9cc74",
            "arn": "arn:aws:ec2:ap-south-1:010438478476:elastic-ip/eipalloc-03273e55712e9cc74",
            "associate_with_private_ip": null,
            "association_id": "eipassoc-036cc4bc3257b4e4f",
            "carrier_ip": "",
            "customer_owned_ip": "",
            "customer_owned_ipv4_pool": "",
            "domain": "vpc",
            "id": "eipalloc-03273e55712e9cc74",
            "instance": "i-087b0e7189b7109e9",
            "ipam_pool_id": null,
            "network_border_group": "ap-south-1",
            "network_interface": "eni-07dbf323b38e4f317",
            "private_dns": "ip-10-11-5-206.ap-south-1.compute.internal",
            "private_ip": "10.11.5.206",
            "ptr_record": "",
            "public_dns": "ec2-3-108-171-213.ap-south-1.compute.amazonaws.com",
            "public_ip": "3.108.171.213",
            "public_ipv4_pool": "amazon",
            "tags": {
              "Name": "bastionhost-ip"
            },
            "tags_all": {
              "Name": "bastionhost-ip"
            },
            "timeouts": null,
            "vpc": true
          },
          "sensitive_attributes": [],
          "identity_schema_version": 0,
          "private": "eyJlMmJmYjczMC1lY2FhLTExZTYtOGY4OC0zNDM2M2JjN2M0YzAiOnsiZGVsZXRlIjoxODAwMDAwMDAwMDAsInJlYWQiOjkwMDAwMDAwMDAwMCwidXBkYXRlIjozMDAwMDAwMDAwMDB9fQ=="
        }
      ]
    },
    {
      "mode": "managed",
      "type": "aws_eip_association",
      "name": "eip_assoc",
      "provider": "provider[\"registry.terraform.io/hashicorp/aws\"].mumbai",
      "instances": [
        {
          "schema_version": 0,
          "attributes": {
            "allocation_id": "eipalloc-03273e55712e9cc74",
            "allow_reassociation": null,
            "id": "eipassoc-036cc4bc3257b4e4f",
            "instance_id": "i-087b0e7189b7109e9",
            "network_interface_id": "eni-07dbf323b38e4f317",
            "private_ip_address": "10.11.5.206",
            "public_ip": "3.108.171.213"
          },
          "sensitive_attributes": [],
          "identity_schema_version": 0,
          "private": "bnVsbA==",
          "dependencies": [
            "aws_eip.bastion_ip",
            "aws_instance.bastion",
            "aws_key_pair.bastion_auth",
            "aws_security_group.bastion_sg",
            "aws_subnet.public",
            "aws_vpc.main",
            "data.aws_availability_zones.available",
            "tls_private_key.bastion_key"
          ]
        }
      ]
    },
    {
      "mode": "managed",
      "type": "aws_eip_association",
      "name": "sit_eip_assoc",
      "provider": "provider[\"registry.terraform.io/hashicorp/aws\"].mumbai",
      "instances": [
        {
          "schema_version": 0,
          "attributes": {
            "allocation_id": "eipalloc-0a3d0ecca123f4f12",
            "allow_reassociation": null,
            "id": "eipassoc-0bc1ee7a49e0e1110",
            "instance_id": "i-027bc99bc0a6862e7",
            "network_interface_id": "eni-0011a8edcc0266a29",
            "private_ip_address": "10.11.12.219",
            "public_ip": "3.109.83.135"
          },
          "sensitive_attributes": [],
          "identity_schema_version": 0,
          "private": "bnVsbA==",
          "dependencies": [
            "aws_eip.athena_sit_eip",
            "aws_instance.athena_sit",
            "aws_key_pair.bastion_auth",
            "aws_security_group.bastion_sg",
            "aws_subnet.public",
            "aws_vpc.main",
            "data.aws_availability_zones.available",
            "tls_private_key.bastion_key"
          ]
        }
      ]
    },
    {
      "mode": "managed",
      "type": "aws_eks_addon",
      "name": "coredns",
      "provider": "provider[\"registry.terraform.io/hashicorp/aws\"]",
      "instances": [
        {
          "schema_version": 0,
          "attributes": {
            "addon_name": "coredns",
            "addon_version": "v1.12.3-eksbuild.1",
            "arn": "arn:aws:eks:ap-south-1:010438478476:addon/FVKR-DEV/coredns/78cd6f50-bb6f-71d9-75b9-612b38a0daf0",
            "cluster_name": "FVKR-DEV",
            "configuration_values": "",
            "created_at": "2025-12-02T10:35:15Z",
            "id": "FVKR-DEV:coredns",
            "modified_at": "2026-03-05T03:32:18Z",
            "pod_identity_association": [],
            "preserve": null,
            "resolve_conflicts": null,
            "resolve_conflicts_on_create": null,
            "resolve_conflicts_on_update": null,
            "service_account_role_arn": "",
            "tags": {},
            "tags_all": {},
            "timeouts": null
          },
          "sensitive_attributes": [],
          "identity_schema_version": 0,
          "private": "eyJlMmJmYjczMC1lY2FhLTExZTYtOGY4OC0zNDM2M2JjN2M0YzAiOnsiY3JlYXRlIjoxMjAwMDAwMDAwMDAwLCJkZWxldGUiOjI0MDAwMDAwMDAwMDAsInVwZGF0ZSI6MTIwMDAwMDAwMDAwMH19",
          "dependencies": [
            "aws_eks_cluster.main",
            "aws_iam_role.eks_cluster_role",
            "aws_iam_role_policy_attachment.eks_cluster_policy",
            "aws_subnet.public",
            "aws_vpc.main",
            "data.aws_availability_zones.available"
          ]
        }
      ]
    },
    {
      "mode": "managed",
      "type": "aws_eks_addon",
      "name": "ebs_csi",
      "provider": "provider[\"registry.terraform.io/hashicorp/aws\"]",
      "instances": [
        {
          "schema_version": 0,
          "attributes": {
            "addon_name": "aws-ebs-csi-driver",
            "addon_version": "v1.54.0-eksbuild.1",
            "arn": "arn:aws:eks:ap-south-1:010438478476:addon/FVKR-DEV/aws-ebs-csi-driver/e0cdd61f-1275-d7cc-7e3c-b96fbfd2e74f",
            "cluster_name": "FVKR-DEV",
            "configuration_values": "",
            "created_at": "2026-01-11T08:48:32Z",
            "id": "FVKR-DEV:aws-ebs-csi-driver",
            "modified_at": "2026-03-05T03:36:59Z",
            "pod_identity_association": [],
            "preserve": null,
            "resolve_conflicts": null,
            "resolve_conflicts_on_create": null,
            "resolve_conflicts_on_update": null,
            "service_account_role_arn": "arn:aws:iam::010438478476:role/Fvrk-dev-ebs-csi-driver-role",
            "tags": {},
            "tags_all": {},
            "timeouts": null
          },
          "sensitive_attributes": [],
          "identity_schema_version": 0,
          "private": "eyJlMmJmYjczMC1lY2FhLTExZTYtOGY4OC0zNDM2M2JjN2M0YzAiOnsiY3JlYXRlIjoxMjAwMDAwMDAwMDAwLCJkZWxldGUiOjI0MDAwMDAwMDAwMDAsInVwZGF0ZSI6MTIwMDAwMDAwMDAwMH19",
          "dependencies": [
            "aws_eks_cluster.main",
            "aws_iam_openid_connect_provider.eks",
            "aws_iam_role.ebs_csi_role",
            "aws_iam_role.eks_cluster_role",
            "aws_iam_role_policy_attachment.ebs_csi_policy_attachment",
            "aws_iam_role_policy_attachment.eks_cluster_policy",
            "aws_subnet.public",
            "aws_vpc.main",
            "data.aws_availability_zones.available",
            "data.tls_certificate.eks"
          ]
        }
      ]
    },
    {
      "mode": "managed",
      "type": "aws_eks_addon",
      "name": "efs_csi_driver",
      "provider": "provider[\"registry.terraform.io/hashicorp/aws\"]",
      "instances": [
        {
          "schema_version": 0,
          "attributes": {
            "addon_name": "aws-efs-csi-driver",
            "addon_version": "v2.1.15-eksbuild.1",
            "arn": "arn:aws:eks:ap-south-1:010438478476:addon/FVKR-DEV/aws-efs-csi-driver/b8cd86c7-fdf3-0d09-a062-22a5003f18ec",
            "cluster_name": "FVKR-DEV",
            "configuration_values": "",
            "created_at": "2025-12-11T13:18:18Z",
            "id": "FVKR-DEV:aws-efs-csi-driver",
            "modified_at": "2026-03-05T03:35:35Z",
            "pod_identity_association": [],
            "preserve": null,
            "resolve_conflicts": null,
            "resolve_conflicts_on_create": "OVERWRITE",
            "resolve_conflicts_on_update": "OVERWRITE",
            "service_account_role_arn": "",
            "tags": {},
            "tags_all": {},
            "timeouts": null
          },
          "sensitive_attributes": [],
          "identity_schema_version": 0,
          "private": "eyJlMmJmYjczMC1lY2FhLTExZTYtOGY4OC0zNDM2M2JjN2M0YzAiOnsiY3JlYXRlIjoxMjAwMDAwMDAwMDAwLCJkZWxldGUiOjI0MDAwMDAwMDAwMDAsInVwZGF0ZSI6MTIwMDAwMDAwMDAwMH19",
          "dependencies": [
            "aws_eks_cluster.main",
            "aws_iam_role.eks_cluster_role",
            "aws_iam_role_policy_attachment.eks_cluster_policy",
            "aws_subnet.public",
            "aws_vpc.main",
            "data.aws_availability_zones.available"
          ]
        }
      ]
    },
    {
      "mode": "managed",
      "type": "aws_eks_addon",
      "name": "kube_proxy",
      "provider": "provider[\"registry.terraform.io/hashicorp/aws\"]",
      "instances": [
        {
          "schema_version": 0,
          "attributes": {
            "addon_name": "kube-proxy",
            "addon_version": "v1.34.0-eksbuild.2",
            "arn": "arn:aws:eks:ap-south-1:010438478476:addon/FVKR-DEV/kube-proxy/7ecd6f50-bb81-70c8-4676-269a6ac06668",
            "cluster_name": "FVKR-DEV",
            "configuration_values": "",
            "created_at": "2025-12-02T10:35:15Z",
            "id": "FVKR-DEV:kube-proxy",
            "modified_at": "2026-01-05T05:37:01Z",
            "pod_identity_association": [],
            "preserve": null,
            "resolve_conflicts": null,
            "resolve_conflicts_on_create": null,
            "resolve_conflicts_on_update": null,
            "service_account_role_arn": "",
            "tags": {},
            "tags_all": {},
            "timeouts": null
          },
          "sensitive_attributes": [],
          "identity_schema_version": 0,
          "private": "eyJlMmJmYjczMC1lY2FhLTExZTYtOGY4OC0zNDM2M2JjN2M0YzAiOnsiY3JlYXRlIjoxMjAwMDAwMDAwMDAwLCJkZWxldGUiOjI0MDAwMDAwMDAwMDAsInVwZGF0ZSI6MTIwMDAwMDAwMDAwMH19",
          "dependencies": [
            "aws_eks_cluster.main",
            "aws_iam_role.eks_cluster_role",
            "aws_iam_role_policy_attachment.eks_cluster_policy",
            "aws_subnet.public",
            "aws_vpc.main",
            "data.aws_availability_zones.available"
          ]
        }
      ]
    },
    {
      "mode": "managed",
      "type": "aws_eks_addon",
      "name": "vpc_cni",
      "provider": "provider[\"registry.terraform.io/hashicorp/aws\"]",
      "instances": [
        {
          "schema_version": 0,
          "attributes": {
            "addon_name": "vpc-cni",
            "addon_version": "v1.20.5-eksbuild.1",
            "arn": "arn:aws:eks:ap-south-1:010438478476:addon/FVKR-DEV/vpc-cni/78cd6f50-bb80-7622-72e4-acbb2d5318ac",
            "cluster_name": "FVKR-DEV",
            "configuration_values": "",
            "created_at": "2025-12-02T10:35:15Z",
            "id": "FVKR-DEV:vpc-cni",
            "modified_at": "2026-01-05T05:33:02Z",
            "pod_identity_association": [],
            "preserve": null,
            "resolve_conflicts": null,
            "resolve_conflicts_on_create": null,
            "resolve_conflicts_on_update": null,
            "service_account_role_arn": "",
            "tags": {},
            "tags_all": {},
            "timeouts": null
          },
          "sensitive_attributes": [],
          "identity_schema_version": 0,
          "private": "eyJlMmJmYjczMC1lY2FhLTExZTYtOGY4OC0zNDM2M2JjN2M0YzAiOnsiY3JlYXRlIjoxMjAwMDAwMDAwMDAwLCJkZWxldGUiOjI0MDAwMDAwMDAwMDAsInVwZGF0ZSI6MTIwMDAwMDAwMDAwMH19",
          "dependencies": [
            "aws_eks_cluster.main",
            "aws_iam_role.eks_cluster_role",
            "aws_iam_role_policy_attachment.eks_cluster_policy",
            "aws_subnet.public",
            "aws_vpc.main",
            "data.aws_availability_zones.available"
          ]
        }
      ]
    },
    {
      "mode": "managed",
      "type": "aws_eks_cluster",
      "name": "main",
      "provider": "provider[\"registry.terraform.io/hashicorp/aws\"]",
      "instances": [
        {
          "schema_version": 1,
          "attributes": {
            "access_config": [
              {
                "authentication_mode": "API_AND_CONFIG_MAP",
                "bootstrap_cluster_creator_admin_permissions": true
              }
            ],
            "arn": "arn:aws:eks:ap-south-1:010438478476:cluster/FVKR-DEV",
            "bootstrap_self_managed_addons": true,
            "certificate_authority": [
              {
                "data": "LS0tLS1CRUdJTiBDRVJUSUZJQ0FURS0tLS0tCk1JSURCVENDQWUyZ0F3SUJBZ0lJZW1EVEozTjgrb3N3RFFZSktvWklodmNOQVFFTEJRQXdGVEVUTUJFR0ExVUUKQXhNS2EzVmlaWEp1WlhSbGN6QWVGdzB5TlRFeU1ESXhNREk0TVRGYUZ3MHpOVEV4TXpBeE1ETXpNVEZhTUJVeApFekFSQmdOVkJBTVRDbXQxWW1WeWJtVjBaWE13Z2dFaU1BMEdDU3FHU0liM0RRRUJBUVVBQTRJQkR3QXdnZ0VLCkFvSUJBUUNoV1c1NUNtc0xabHRYVWQxb3dvcVMzd2VhMk50TVRYUDdleE1DcWtjZXY5SExUYmd1SXNOMGplaC8KbWRxOXdCYytGeFk2N21ZczNIMjk2Y0hYaGlSZmNER3Ixekl2WHVKbGdxamxHSWxVSDRtd09HdWlQOHRFRyt1QgpRQUtOVTdWd2V4aDZxRkZvS3V4L25GSTNSS08xanRrckRXZE84MzZ4ZkNHZUJMdGRRVUg2bTVVRE5pY1FWbEZSClVuRmRGSGNJS1pjZXdpN2FuYUkyVXpHRFNGSzJQZ2lWK2dka0k1MnFLVzVTTmphdWZTb0k1NGhUVWtxcVZqQVgKK0dLMEVOVVlmUmVWd2tBWGZjOEZ3UGpIVzRiK0ZBbTkvQUxDUFcwN2NsanYrdUxiN1lYYlFqajl6bm82ZGhDZgpHLzB5Y1BIQ2pGQ2cwR3k1ei9XckJIQXQ5THZSQWdNQkFBR2pXVEJYTUE0R0ExVWREd0VCL3dRRUF3SUNwREFQCkJnTlZIUk1CQWY4RUJUQURBUUgvTUIwR0ExVWREZ1FXQkJTVTdJanFlNFNhdTdVYXRiNUpVUmduV2V5cWRqQVYKQmdOVkhSRUVEakFNZ2dwcmRXSmxjbTVsZEdWek1BMEdDU3FHU0liM0RRRUJDd1VBQTRJQkFRQk1xS3pmOTJEYgowb212ellKVy9ROWdPTGsyZGgyRUh0T3I1cmJTYnZSRU5GcUl5ZCtEeC92Z1BqVUFqSDBkaE41blJhVmJvdlY1Clc5d0JKVXdPUENmVjVFSXZWM09LdHBESlhiNGFjVy9LSW83bFZlR3p2SHZRM0Z6b2pmaXJna2M4dFVBSXVxVDEKQ0hjdmF0SWIwSWJVOWYzQW1rcG5iQmN3N1YxVDR5dGJsVnhTVjBLaWJCOVJ5Z2taaWhFcFZwdmVNOEltK3cwbwpjeFhNTDMzZnJCTk1Fa1c4RjQ4UVpBRkxOeUl2TDQwelZVSnNjazNoSkhneGRoSGFQcGtHV2FqRTBvY3pnVnFrCkQrdW54eko2YzZPOHhDMjhNWHRZUTNRYmZlbWxOM2xmenZzTWkxQzdLWWZDNE1NRFluTzJ3V216MlJRSThoRFYKcmltT05TL3c5cmdlCi0tLS0tRU5EIENFUlRJRklDQVRFLS0tLS0K"
              }
            ],
            "cluster_id": null,
            "compute_config": [],
            "created_at": "2025-12-02T10:27:47Z",
            "enabled_cluster_log_types": [],
            "encryption_config": [],
            "endpoint": "https://74EC2B262968E0D6F84BF2DA6FF8C014.yl4.ap-south-1.eks.amazonaws.com",
            "force_update_version": null,
            "id": "FVKR-DEV",
            "identity": [
              {
                "oidc": [
                  {
                    "issuer": "https://oidc.eks.ap-south-1.amazonaws.com/id/74EC2B262968E0D6F84BF2DA6FF8C014"
                  }
                ]
              }
            ],
            "kubernetes_network_config": [
              {
                "elastic_load_balancing": [
                  {
                    "enabled": false
                  }
                ],
                "ip_family": "ipv4",
                "service_ipv4_cidr": "172.20.0.0/16",
                "service_ipv6_cidr": ""
              }
            ],
            "name": "FVKR-DEV",
            "outpost_config": [],
            "platform_version": "eks.15",
            "remote_network_config": [],
            "role_arn": "arn:aws:iam::010438478476:role/Fvrk-dev-eks-cluster-role",
            "status": "ACTIVE",
            "storage_config": [],
            "tags": {},
            "tags_all": {},
            "timeouts": null,
            "upgrade_policy": [
              {
                "support_type": "EXTENDED"
              }
            ],
            "version": "1.34",
            "vpc_config": [
              {
                "cluster_security_group_id": "sg-059a6990a8ee41e97",
                "endpoint_private_access": false,
                "endpoint_public_access": true,
                "public_access_cidrs": [
                  "0.0.0.0/0"
                ],
                "security_group_ids": [],
                "subnet_ids": [
                  "subnet-0676b17d05babe69f",
                  "subnet-076ca5925fd436c79",
                  "subnet-0d4bb787f2a8e82d7",
                  "subnet-0fc395105f822381b"
                ],
                "vpc_id": "vpc-01559cc551ee9ce1f"
              }
            ],
            "zonal_shift_config": []
          },
          "sensitive_attributes": [],
          "identity_schema_version": 0,
          "private": "eyJlMmJmYjczMC1lY2FhLTExZTYtOGY4OC0zNDM2M2JjN2M0YzAiOnsiY3JlYXRlIjoxODAwMDAwMDAwMDAwLCJkZWxldGUiOjkwMDAwMDAwMDAwMCwidXBkYXRlIjozNjAwMDAwMDAwMDAwfSwic2NoZW1hX3ZlcnNpb24iOiIxIn0=",
          "dependencies": [
            "aws_iam_role.eks_cluster_role",
            "aws_iam_role_policy_attachment.eks_cluster_policy",
            "aws_subnet.public",
            "aws_vpc.main",
            "data.aws_availability_zones.available"
          ]
        }
      ]
    },
    {
      "mode": "managed",
      "type": "aws_eks_node_group",
      "name": "main",
      "provider": "provider[\"registry.terraform.io/hashicorp/aws\"]",
      "instances": [
        {
          "schema_version": 0,
          "attributes": {
            "ami_type": "AL2023_x86_64_STANDARD",
            "arn": "arn:aws:eks:ap-south-1:010438478476:nodegroup/FVKR-DEV/Fvrk-dev-node-group/6ace3f19-b712-56b9-d94c-e9d43c40c48a",
            "capacity_type": "ON_DEMAND",
            "cluster_name": "FVKR-DEV",
            "disk_size": 0,
            "force_update_version": null,
            "id": "FVKR-DEV:Fvrk-dev-node-group",
            "instance_types": [
              "t3a.large"
            ],
            "labels": {},
            "launch_template": [
              {
                "id": "lt-0cd6dca01d9a4b675",
                "name": "eks-node-lt-20251211140617451500000001",
                "version": "1"
              }
            ],
            "node_group_name": "Fvrk-dev-node-group",
            "node_group_name_prefix": "",
            "node_repair_config": [],
            "node_role_arn": "arn:aws:iam::010438478476:role/Fvrk-dev-eks-node-role",
            "release_version": "1.34.3-20260209",
            "remote_access": [],
            "resources": [
              {
                "autoscaling_groups": [
                  {
                    "name": "eks-Fvrk-dev-node-group-6ace3f19-b712-56b9-d94c-e9d43c40c48a"
                  }
                ],
                "remote_access_security_group_id": ""
              }
            ],
            "scaling_config": [
              {
                "desired_size": 6,
                "max_size": 8,
                "min_size": 0
              }
            ],
            "status": "ACTIVE",
            "subnet_ids": [
              "subnet-0676b17d05babe69f",
              "subnet-076ca5925fd436c79",
              "subnet-0d4bb787f2a8e82d7",
              "subnet-0fc395105f822381b"
            ],
            "tags": {
              "Name": "Fvrk-dev-node"
            },
            "tags_all": {
              "Name": "Fvrk-dev-node"
            },
            "taint": [],
            "timeouts": null,
            "update_config": [
              {
                "max_unavailable": 1,
                "max_unavailable_percentage": 0
              }
            ],
            "version": "1.34"
          },
          "sensitive_attributes": [],
          "identity_schema_version": 0,
          "private": "eyJlMmJmYjczMC1lY2FhLTExZTYtOGY4OC0zNDM2M2JjN2M0YzAiOnsiY3JlYXRlIjozNjAwMDAwMDAwMDAwLCJkZWxldGUiOjM2MDAwMDAwMDAwMDAsInVwZGF0ZSI6MzYwMDAwMDAwMDAwMH19",
          "dependencies": [
            "aws_eks_cluster.main",
            "aws_iam_role.eks_cluster_role",
            "aws_iam_role.eks_node_role",
            "aws_iam_role_policy_attachment.ec2_container_registry_read_only",
            "aws_iam_role_policy_attachment.eks_cluster_policy",
            "aws_iam_role_policy_attachment.eks_cni_policy",
            "aws_iam_role_policy_attachment.eks_efs_csi_policy",
            "aws_iam_role_policy_attachment.eks_worker_node_policy",
            "aws_launch_template.eks_node_lt",
            "aws_subnet.public",
            "aws_vpc.main",
            "data.aws_availability_zones.available"
          ]
        }
      ]
    },
    {
      "mode": "managed",
      "type": "aws_iam_openid_connect_provider",
      "name": "eks",
      "provider": "provider[\"registry.terraform.io/hashicorp/aws\"]",
      "instances": [
        {
          "schema_version": 0,
          "attributes": {
            "arn": "arn:aws:iam::010438478476:oidc-provider/oidc.eks.ap-south-1.amazonaws.com/id/74EC2B262968E0D6F84BF2DA6FF8C014",
            "client_id_list": [
              "sts.amazonaws.com"
            ],
            "id": "arn:aws:iam::010438478476:oidc-provider/oidc.eks.ap-south-1.amazonaws.com/id/74EC2B262968E0D6F84BF2DA6FF8C014",
            "tags": {},
            "tags_all": {},
            "thumbprint_list": [
              "06b25927c42a721631c1efd9431e648fa62e1e39"
            ],
            "url": "oidc.eks.ap-south-1.amazonaws.com/id/74EC2B262968E0D6F84BF2DA6FF8C014"
          },
          "sensitive_attributes": [],
          "identity_schema_version": 0,
          "private": "bnVsbA==",
          "dependencies": [
            "aws_eks_cluster.main",
            "aws_iam_role.eks_cluster_role",
            "aws_iam_role_policy_attachment.eks_cluster_policy",
            "aws_subnet.public",
            "aws_vpc.main",
            "data.aws_availability_zones.available",
            "data.tls_certificate.eks"
          ]
        }
      ]
    },
    {
      "mode": "managed",
      "type": "aws_iam_policy",
      "name": "aws_lb_controller_policy",
      "provider": "provider[\"registry.terraform.io/hashicorp/aws\"]",
      "instances": [
        {
          "schema_version": 0,
          "attributes": {
            "arn": "arn:aws:iam::010438478476:policy/AWSLoadBalancerControllerIAMPolicy",
            "attachment_count": 2,
            "description": "Policy for AWS Load Balancer Controller",
            "id": "arn:aws:iam::010438478476:policy/AWSLoadBalancerControllerIAMPolicy",
            "name": "AWSLoadBalancerControllerIAMPolicy",
            "name_prefix": "",
            "path": "/",
            "policy": "{\"Statement\":[{\"Action\":[\"iam:CreateServiceLinkedRole\"],\"Condition\":{\"StringEquals\":{\"iam:AWSServiceName\":\"elasticloadbalancing.amazonaws.com\"}},\"Effect\":\"Allow\",\"Resource\":\"*\"},{\"Action\":[\"ec2:DescribeAccountAttributes\",\"ec2:DescribeAddresses\",\"ec2:DescribeAvailabilityZones\",\"ec2:DescribeInternetGateways\",\"ec2:DescribeVpcs\",\"ec2:DescribeVpcPeeringConnections\",\"ec2:DescribeSubnets\",\"ec2:DescribeSecurityGroups\",\"ec2:DescribeInstances\",\"ec2:DescribeNetworkInterfaces\",\"ec2:DescribeTags\",\"ec2:GetCoipPoolUsage\",\"ec2:DescribeCoipPools\",\"ec2:GetSecurityGroupsForVpc\",\"ec2:DescribeIpamPools\",\"ec2:DescribeRouteTables\",\"elasticloadbalancing:DescribeLoadBalancers\",\"elasticloadbalancing:DescribeLoadBalancerAttributes\",\"elasticloadbalancing:DescribeListeners\",\"elasticloadbalancing:DescribeListenerCertificates\",\"elasticloadbalancing:DescribeSSLPolicies\",\"elasticloadbalancing:DescribeRules\",\"elasticloadbalancing:DescribeTargetGroups\",\"elasticloadbalancing:DescribeTargetGroupAttributes\",\"elasticloadbalancing:DescribeTargetHealth\",\"elasticloadbalancing:DescribeTags\",\"elasticloadbalancing:DescribeTrustStores\",\"elasticloadbalancing:DescribeListenerAttributes\",\"elasticloadbalancing:DescribeCapacityReservation\"],\"Effect\":\"Allow\",\"Resource\":\"*\"},{\"Action\":[\"cognito-idp:DescribeUserPoolClient\",\"acm:ListCertificates\",\"acm:DescribeCertificate\",\"iam:ListServerCertificates\",\"iam:GetServerCertificate\",\"waf-regional:GetWebACL\",\"waf-regional:GetWebACLForResource\",\"waf-regional:AssociateWebACL\",\"waf-regional:DisassociateWebACL\",\"wafv2:GetWebACL\",\"wafv2:GetWebACLForResource\",\"wafv2:AssociateWebACL\",\"wafv2:DisassociateWebACL\",\"shield:GetSubscriptionState\",\"shield:DescribeProtection\",\"shield:CreateProtection\",\"shield:DeleteProtection\"],\"Effect\":\"Allow\",\"Resource\":\"*\"},{\"Action\":[\"ec2:AuthorizeSecurityGroupIngress\",\"ec2:RevokeSecurityGroupIngress\"],\"Effect\":\"Allow\",\"Resource\":\"*\"},{\"Action\":[\"ec2:CreateSecurityGroup\"],\"Effect\":\"Allow\",\"Resource\":\"*\"},{\"Action\":[\"ec2:CreateTags\"],\"Condition\":{\"Null\":{\"aws:RequestTag/elbv2.k8s.aws/cluster\":\"false\"},\"StringEquals\":{\"ec2:CreateAction\":\"CreateSecurityGroup\"}},\"Effect\":\"Allow\",\"Resource\":\"arn:aws:ec2:*:*:security-group/*\"},{\"Action\":[\"ec2:CreateTags\",\"ec2:DeleteTags\"],\"Condition\":{\"Null\":{\"aws:RequestTag/elbv2.k8s.aws/cluster\":\"true\",\"aws:ResourceTag/elbv2.k8s.aws/cluster\":\"false\"}},\"Effect\":\"Allow\",\"Resource\":\"arn:aws:ec2:*:*:security-group/*\"},{\"Action\":[\"ec2:AuthorizeSecurityGroupIngress\",\"ec2:RevokeSecurityGroupIngress\",\"ec2:DeleteSecurityGroup\"],\"Condition\":{\"Null\":{\"aws:ResourceTag/elbv2.k8s.aws/cluster\":\"false\"}},\"Effect\":\"Allow\",\"Resource\":\"*\"},{\"Action\":[\"elasticloadbalancing:CreateLoadBalancer\",\"elasticloadbalancing:CreateTargetGroup\"],\"Condition\":{\"Null\":{\"aws:RequestTag/elbv2.k8s.aws/cluster\":\"false\"}},\"Effect\":\"Allow\",\"Resource\":\"*\"},{\"Action\":[\"elasticloadbalancing:CreateListener\",\"elasticloadbalancing:DeleteListener\",\"elasticloadbalancing:CreateRule\",\"elasticloadbalancing:DeleteRule\"],\"Effect\":\"Allow\",\"Resource\":\"*\"},{\"Action\":[\"elasticloadbalancing:AddTags\",\"elasticloadbalancing:RemoveTags\"],\"Condition\":{\"Null\":{\"aws:RequestTag/elbv2.k8s.aws/cluster\":\"true\",\"aws:ResourceTag/elbv2.k8s.aws/cluster\":\"false\"}},\"Effect\":\"Allow\",\"Resource\":[\"arn:aws:elasticloadbalancing:*:*:targetgroup/*/*\",\"arn:aws:elasticloadbalancing:*:*:loadbalancer/net/*/*\",\"arn:aws:elasticloadbalancing:*:*:loadbalancer/app/*/*\"]},{\"Action\":[\"elasticloadbalancing:AddTags\",\"elasticloadbalancing:RemoveTags\"],\"Effect\":\"Allow\",\"Resource\":[\"arn:aws:elasticloadbalancing:*:*:listener/net/*/*/*\",\"arn:aws:elasticloadbalancing:*:*:listener/app/*/*/*\",\"arn:aws:elasticloadbalancing:*:*:listener-rule/net/*/*/*\",\"arn:aws:elasticloadbalancing:*:*:listener-rule/app/*/*/*\"]},{\"Action\":[\"elasticloadbalancing:ModifyLoadBalancerAttributes\",\"elasticloadbalancing:SetIpAddressType\",\"elasticloadbalancing:SetSecurityGroups\",\"elasticloadbalancing:SetSubnets\",\"elasticloadbalancing:DeleteLoadBalancer\",\"elasticloadbalancing:ModifyTargetGroup\",\"elasticloadbalancing:ModifyTargetGroupAttributes\",\"elasticloadbalancing:DeleteTargetGroup\",\"elasticloadbalancing:ModifyListenerAttributes\",\"elasticloadbalancing:ModifyCapacityReservation\",\"elasticloadbalancing:ModifyIpPools\"],\"Condition\":{\"Null\":{\"aws:ResourceTag/elbv2.k8s.aws/cluster\":\"false\"}},\"Effect\":\"Allow\",\"Resource\":\"*\"},{\"Action\":[\"elasticloadbalancing:AddTags\"],\"Condition\":{\"Null\":{\"aws:RequestTag/elbv2.k8s.aws/cluster\":\"false\"},\"StringEquals\":{\"elasticloadbalancing:CreateAction\":[\"CreateTargetGroup\",\"CreateLoadBalancer\"]}},\"Effect\":\"Allow\",\"Resource\":[\"arn:aws:elasticloadbalancing:*:*:targetgroup/*/*\",\"arn:aws:elasticloadbalancing:*:*:loadbalancer/net/*/*\",\"arn:aws:elasticloadbalancing:*:*:loadbalancer/app/*/*\"]},{\"Action\":[\"elasticloadbalancing:RegisterTargets\",\"elasticloadbalancing:DeregisterTargets\"],\"Effect\":\"Allow\",\"Resource\":\"arn:aws:elasticloadbalancing:*:*:targetgroup/*/*\"},{\"Action\":[\"elasticloadbalancing:SetWebAcl\",\"elasticloadbalancing:ModifyListener\",\"elasticloadbalancing:AddListenerCertificates\",\"elasticloadbalancing:RemoveListenerCertificates\",\"elasticloadbalancing:ModifyRule\",\"elasticloadbalancing:SetRulePriorities\"],\"Effect\":\"Allow\",\"Resource\":\"*\"}],\"Version\":\"2012-10-17\"}",
            "policy_id": "ANPAQE3RORKGHJI57NOZ7",
            "tags": {},
            "tags_all": {}
          },
          "sensitive_attributes": [],
          "identity_schema_version": 0,
          "private": "bnVsbA==",
          "dependencies": [
            "data.http.aws_lb_controller_policy"
          ]
        }
      ]
    },
    {
      "mode": "managed",
      "type": "aws_iam_role",
      "name": "aws_lb_controller_irsa",
      "provider": "provider[\"registry.terraform.io/hashicorp/aws\"]",
      "instances": [
        {
          "schema_version": 0,
          "attributes": {
            "arn": "arn:aws:iam::010438478476:role/Fvrk-dev-lb-controller-irsa",
            "assume_role_policy": "{\"Statement\":[{\"Action\":\"sts:AssumeRoleWithWebIdentity\",\"Condition\":{\"StringEquals\":{\"oidc.eks.ap-south-1.amazonaws.com/id/74EC2B262968E0D6F84BF2DA6FF8C014:sub\":\"system:serviceaccount:kube-system:aws-load-balancer-controller\"}},\"Effect\":\"Allow\",\"Principal\":{\"Federated\":\"arn:aws:iam::010438478476:oidc-provider/oidc.eks.ap-south-1.amazonaws.com/id/74EC2B262968E0D6F84BF2DA6FF8C014\"}}],\"Version\":\"2012-10-17\"}",
            "create_date": "2025-12-21T11:28:03Z",
            "description": "",
            "force_detach_policies": false,
            "id": "Fvrk-dev-lb-controller-irsa",
            "inline_policy": [],
            "managed_policy_arns": [
              "arn:aws:iam::010438478476:policy/AWSLoadBalancerControllerIAMPolicy"
            ],
            "max_session_duration": 3600,
            "name": "Fvrk-dev-lb-controller-irsa",
            "name_prefix": "",
            "path": "/",
            "permissions_boundary": "",
            "tags": {},
            "tags_all": {},
            "unique_id": "AROAQE3RORKGLXFWYE375"
          },
          "sensitive_attributes": [],
          "identity_schema_version": 0,
          "private": "bnVsbA==",
          "dependencies": [
            "aws_eks_cluster.main",
            "aws_iam_openid_connect_provider.eks",
            "aws_iam_role.eks_cluster_role",
            "aws_iam_role_policy_attachment.eks_cluster_policy",
            "aws_subnet.public",
            "aws_vpc.main",
            "data.aws_availability_zones.available",
            "data.tls_certificate.eks"
          ]
        }
      ]
    },
    {
      "mode": "managed",
      "type": "aws_iam_role",
      "name": "backup_restore_role",
      "provider": "provider[\"registry.terraform.io/hashicorp/aws\"]",
      "instances": [
        {
          "schema_version": 0,
          "attributes": {
            "arn": "arn:aws:iam::010438478476:role/EFS-Restore-Role",
            "assume_role_policy": "{\"Statement\":[{\"Action\":\"sts:AssumeRole\",\"Effect\":\"Allow\",\"Principal\":{\"Service\":\"backup.amazonaws.com\"}}],\"Version\":\"2012-10-17\"}",
            "create_date": "2026-01-12T11:05:39Z",
            "description": "",
            "force_detach_policies": false,
            "id": "EFS-Restore-Role",
            "inline_policy": [],
            "managed_policy_arns": [
              "arn:aws:iam::aws:policy/service-role/AWSBackupServiceRolePolicyForRestores"
            ],
            "max_session_duration": 3600,
            "name": "EFS-Restore-Role",
            "name_prefix": "",
            "path": "/",
            "permissions_boundary": "",
            "tags": {},
            "tags_all": {},
            "unique_id": "AROAQE3RORKGABI347CFA"
          },
          "sensitive_attributes": [],
          "identity_schema_version": 0,
          "private": "bnVsbA=="
        }
      ]
    },
    {
      "mode": "managed",
      "type": "aws_iam_role",
      "name": "ebs_csi_role",
      "provider": "provider[\"registry.terraform.io/hashicorp/aws\"]",
      "instances": [
        {
          "schema_version": 0,
          "attributes": {
            "arn": "arn:aws:iam::010438478476:role/Fvrk-dev-ebs-csi-driver-role",
            "assume_role_policy": "{\"Statement\":[{\"Action\":\"sts:AssumeRoleWithWebIdentity\",\"Condition\":{\"StringEquals\":{\"oidc.eks.ap-south-1.amazonaws.com/id/74EC2B262968E0D6F84BF2DA6FF8C014:aud\":\"sts.amazonaws.com\",\"oidc.eks.ap-south-1.amazonaws.com/id/74EC2B262968E0D6F84BF2DA6FF8C014:sub\":\"system:serviceaccount:kube-system:ebs-csi-controller-sa\"}},\"Effect\":\"Allow\",\"Principal\":{\"Federated\":\"arn:aws:iam::010438478476:oidc-provider/oidc.eks.ap-south-1.amazonaws.com/id/74EC2B262968E0D6F84BF2DA6FF8C014\"}}],\"Version\":\"2012-10-17\"}",
            "create_date": "2026-01-11T08:43:59Z",
            "description": "",
            "force_detach_policies": false,
            "id": "Fvrk-dev-ebs-csi-driver-role",
            "inline_policy": [],
            "managed_policy_arns": [
              "arn:aws:iam::aws:policy/service-role/AmazonEBSCSIDriverPolicy"
            ],
            "max_session_duration": 3600,
            "name": "Fvrk-dev-ebs-csi-driver-role",
            "name_prefix": "",
            "path": "/",
            "permissions_boundary": "",
            "tags": {},
            "tags_all": {},
            "unique_id": "AROAQE3RORKGC3JZKKTO4"
          },
          "sensitive_attributes": [],
          "identity_schema_version": 0,
          "private": "bnVsbA==",
          "dependencies": [
            "aws_eks_cluster.main",
            "aws_iam_openid_connect_provider.eks",
            "aws_iam_role.eks_cluster_role",
            "aws_iam_role_policy_attachment.eks_cluster_policy",
            "aws_subnet.public",
            "aws_vpc.main",
            "data.aws_availability_zones.available",
            "data.tls_certificate.eks"
          ]
        }
      ]
    },
    {
      "mode": "managed",
      "type": "aws_iam_role",
      "name": "eks_cluster_role",
      "provider": "provider[\"registry.terraform.io/hashicorp/aws\"]",
      "instances": [
        {
          "schema_version": 0,
          "attributes": {
            "arn": "arn:aws:iam::010438478476:role/Fvrk-dev-eks-cluster-role",
            "assume_role_policy": "{\"Statement\":[{\"Action\":[\"sts:AssumeRole\",\"sts:TagSession\"],\"Effect\":\"Allow\",\"Principal\":{\"Service\":\"eks.amazonaws.com\"}}],\"Version\":\"2012-10-17\"}",
            "create_date": "2025-12-02T09:20:43Z",
            "description": "",
            "force_detach_policies": false,
            "id": "Fvrk-dev-eks-cluster-role",
            "inline_policy": [],
            "managed_policy_arns": [
              "arn:aws:iam::aws:policy/AmazonEKSClusterPolicy",
              "arn:aws:iam::aws:policy/AmazonEKSLoadBalancingPolicy",
              "arn:aws:iam::aws:policy/AmazonEKSNetworkingPolicy"
            ],
            "max_session_duration": 3600,
            "name": "Fvrk-dev-eks-cluster-role",
            "name_prefix": "",
            "path": "/",
            "permissions_boundary": "",
            "tags": {},
            "tags_all": {},
            "unique_id": "AROAQE3RORKGE5DZQBDCO"
          },
          "sensitive_attributes": [],
          "identity_schema_version": 0,
          "private": "bnVsbA=="
        }
      ]
    },
    {
      "mode": "managed",
      "type": "aws_iam_role",
      "name": "eks_node_role",
      "provider": "provider[\"registry.terraform.io/hashicorp/aws\"]",
      "instances": [
        {
          "schema_version": 0,
          "attributes": {
            "arn": "arn:aws:iam::010438478476:role/Fvrk-dev-eks-node-role",
            "assume_role_policy": "{\"Statement\":[{\"Action\":\"sts:AssumeRole\",\"Effect\":\"Allow\",\"Principal\":{\"Service\":\"ec2.amazonaws.com\"}}],\"Version\":\"2012-10-17\"}",
            "create_date": "2025-12-02T09:20:43Z",
            "description": "",
            "force_detach_policies": false,
            "id": "Fvrk-dev-eks-node-role",
            "inline_policy": [],
            "managed_policy_arns": [
              "arn:aws:iam::010438478476:policy/AWSLoadBalancerControllerIAMPolicy",
              "arn:aws:iam::aws:policy/AmazonEC2ContainerRegistryReadOnly",
              "arn:aws:iam::aws:policy/AmazonEKSWorkerNodePolicy",
              "arn:aws:iam::aws:policy/AmazonEKS_CNI_Policy",
              "arn:aws:iam::aws:policy/AmazonS3FullAccess",
              "arn:aws:iam::aws:policy/service-role/AmazonEFSCSIDriverPolicy"
            ],
            "max_session_duration": 3600,
            "name": "Fvrk-dev-eks-node-role",
            "name_prefix": "",
            "path": "/",
            "permissions_boundary": "",
            "tags": {},
            "tags_all": {},
            "unique_id": "AROAQE3RORKGLDTHMOESW"
          },
          "sensitive_attributes": [],
          "identity_schema_version": 0,
          "private": "bnVsbA=="
        }
      ]
    },
    {
      "mode": "managed",
      "type": "aws_iam_role_policy_attachment",
      "name": "aws_lb_controller_attach",
      "provider": "provider[\"registry.terraform.io/hashicorp/aws\"]",
      "instances": [
        {
          "schema_version": 0,
          "attributes": {
            "id": "Fvrk-dev-lb-controller-irsa-20251221112804823900000003",
            "policy_arn": "arn:aws:iam::010438478476:policy/AWSLoadBalancerControllerIAMPolicy",
            "role": "Fvrk-dev-lb-controller-irsa"
          },
          "sensitive_attributes": [],
          "identity_schema_version": 0,
          "private": "bnVsbA==",
          "dependencies": [
            "aws_eks_cluster.main",
            "aws_iam_openid_connect_provider.eks",
            "aws_iam_policy.aws_lb_controller_policy",
            "aws_iam_role.aws_lb_controller_irsa",
            "aws_iam_role.eks_cluster_role",
            "aws_iam_role_policy_attachment.eks_cluster_policy",
            "aws_subnet.public",
            "aws_vpc.main",
            "data.aws_availability_zones.available",
            "data.http.aws_lb_controller_policy",
            "data.tls_certificate.eks"
          ]
        }
      ]
    },
    {
      "mode": "managed",
      "type": "aws_iam_role_policy_attachment",
      "name": "ebs_csi_policy_attachment",
      "provider": "provider[\"registry.terraform.io/hashicorp/aws\"]",
      "instances": [
        {
          "schema_version": 0,
          "attributes": {
            "id": "Fvrk-dev-ebs-csi-driver-role-20260111084401140400000001",
            "policy_arn": "arn:aws:iam::aws:policy/service-role/AmazonEBSCSIDriverPolicy",
            "role": "Fvrk-dev-ebs-csi-driver-role"
          },
          "sensitive_attributes": [],
          "identity_schema_version": 0,
          "private": "bnVsbA==",
          "dependencies": [
            "aws_eks_cluster.main",
            "aws_iam_openid_connect_provider.eks",
            "aws_iam_role.ebs_csi_role",
            "aws_iam_role.eks_cluster_role",
            "aws_iam_role_policy_attachment.eks_cluster_policy",
            "aws_subnet.public",
            "aws_vpc.main",
            "data.aws_availability_zones.available",
            "data.tls_certificate.eks"
          ]
        }
      ]
    },
    {
      "mode": "managed",
      "type": "aws_iam_role_policy_attachment",
      "name": "ec2_container_registry_read_only",
      "provider": "provider[\"registry.terraform.io/hashicorp/aws\"]",
      "instances": [
        {
          "schema_version": 0,
          "attributes": {
            "id": "Fvrk-dev-eks-node-role-20251202092045303600000003",
            "policy_arn": "arn:aws:iam::aws:policy/AmazonEC2ContainerRegistryReadOnly",
            "role": "Fvrk-dev-eks-node-role"
          },
          "sensitive_attributes": [],
          "identity_schema_version": 0,
          "private": "bnVsbA==",
          "dependencies": [
            "aws_iam_role.eks_node_role"
          ]
        }
      ]
    },
    {
      "mode": "managed",
      "type": "aws_iam_role_policy_attachment",
      "name": "eks_cluster_policy",
      "provider": "provider[\"registry.terraform.io/hashicorp/aws\"]",
      "instances": [
        {
          "schema_version": 0,
          "attributes": {
            "id": "Fvrk-dev-eks-cluster-role-20251202092044999700000001",
            "policy_arn": "arn:aws:iam::aws:policy/AmazonEKSClusterPolicy",
            "role": "Fvrk-dev-eks-cluster-role"
          },
          "sensitive_attributes": [],
          "identity_schema_version": 0,
          "private": "bnVsbA==",
          "dependencies": [
            "aws_iam_role.eks_cluster_role"
          ]
        }
      ]
    },
    {
      "mode": "managed",
      "type": "aws_iam_role_policy_attachment",
      "name": "eks_cni_policy",
      "provider": "provider[\"registry.terraform.io/hashicorp/aws\"]",
      "instances": [
        {
          "schema_version": 0,
          "attributes": {
            "id": "Fvrk-dev-eks-node-role-20251202092045054200000002",
            "policy_arn": "arn:aws:iam::aws:policy/AmazonEKS_CNI_Policy",
            "role": "Fvrk-dev-eks-node-role"
          },
          "sensitive_attributes": [],
          "identity_schema_version": 0,
          "private": "bnVsbA==",
          "dependencies": [
            "aws_iam_role.eks_node_role"
          ]
        }
      ]
    },
    {
      "mode": "managed",
      "type": "aws_iam_role_policy_attachment",
      "name": "eks_efs_csi_policy",
      "provider": "provider[\"registry.terraform.io/hashicorp/aws\"]",
      "instances": [
        {
          "schema_version": 0,
          "attributes": {
            "id": "Fvrk-dev-eks-node-role-20251211130903396800000001",
            "policy_arn": "arn:aws:iam::aws:policy/service-role/AmazonEFSCSIDriverPolicy",
            "role": "Fvrk-dev-eks-node-role"
          },
          "sensitive_attributes": [],
          "identity_schema_version": 0,
          "private": "bnVsbA==",
          "dependencies": [
            "aws_iam_role.eks_node_role"
          ]
        }
      ]
    },
    {
      "mode": "managed",
      "type": "aws_iam_role_policy_attachment",
      "name": "eks_elb_controller_policy_node",
      "provider": "provider[\"registry.terraform.io/hashicorp/aws\"]",
      "instances": [
        {
          "schema_version": 0,
          "attributes": {
            "id": "Fvrk-dev-eks-node-role-20251221112803126100000002",
            "policy_arn": "arn:aws:iam::010438478476:policy/AWSLoadBalancerControllerIAMPolicy",
            "role": "Fvrk-dev-eks-node-role"
          },
          "sensitive_attributes": [],
          "identity_schema_version": 0,
          "private": "bnVsbA==",
          "dependencies": [
            "aws_iam_policy.aws_lb_controller_policy",
            "aws_iam_role.eks_node_role",
            "data.http.aws_lb_controller_policy"
          ]
        }
      ]
    },
    {
      "mode": "managed",
      "type": "aws_iam_role_policy_attachment",
      "name": "eks_load_balancing",
      "provider": "provider[\"registry.terraform.io/hashicorp/aws\"]",
      "instances": [
        {
          "schema_version": 0,
          "attributes": {
            "id": "Fvrk-dev-eks-cluster-role-20251202094710251400000001",
            "policy_arn": "arn:aws:iam::aws:policy/AmazonEKSLoadBalancingPolicy",
            "role": "Fvrk-dev-eks-cluster-role"
          },
          "sensitive_attributes": [],
          "identity_schema_version": 0,
          "private": "bnVsbA==",
          "dependencies": [
            "aws_iam_role.eks_cluster_role"
          ]
        }
      ]
    },
    {
      "mode": "managed",
      "type": "aws_iam_role_policy_attachment",
      "name": "eks_networking",
      "provider": "provider[\"registry.terraform.io/hashicorp/aws\"]",
      "instances": [
        {
          "schema_version": 0,
          "attributes": {
            "id": "Fvrk-dev-eks-cluster-role-20251202094710892100000003",
            "policy_arn": "arn:aws:iam::aws:policy/AmazonEKSNetworkingPolicy",
            "role": "Fvrk-dev-eks-cluster-role"
          },
          "sensitive_attributes": [],
          "identity_schema_version": 0,
          "private": "bnVsbA==",
          "dependencies": [
            "aws_iam_role.eks_cluster_role"
          ]
        }
      ]
    },
    {
      "mode": "managed",
      "type": "aws_iam_role_policy_attachment",
      "name": "eks_s3_full_access",
      "provider": "provider[\"registry.terraform.io/hashicorp/aws\"]",
      "instances": [
        {
          "schema_version": 0,
          "attributes": {
            "id": "Fvrk-dev-eks-node-role-20251213100938193900000002",
            "policy_arn": "arn:aws:iam::aws:policy/AmazonS3FullAccess",
            "role": "Fvrk-dev-eks-node-role"
          },
          "sensitive_attributes": [],
          "identity_schema_version": 0,
          "private": "bnVsbA==",
          "dependencies": [
            "aws_iam_role.eks_node_role"
          ]
        }
      ]
    },
    {
      "mode": "managed",
      "type": "aws_iam_role_policy_attachment",
      "name": "eks_worker_node_policy",
      "provider": "provider[\"registry.terraform.io/hashicorp/aws\"]",
      "instances": [
        {
          "schema_version": 0,
          "attributes": {
            "id": "Fvrk-dev-eks-node-role-20251202092045416000000004",
            "policy_arn": "arn:aws:iam::aws:policy/AmazonEKSWorkerNodePolicy",
            "role": "Fvrk-dev-eks-node-role"
          },
          "sensitive_attributes": [],
          "identity_schema_version": 0,
          "private": "bnVsbA==",
          "dependencies": [
            "aws_iam_role.eks_node_role"
          ]
        }
      ]
    },
    {
      "mode": "managed",
      "type": "aws_iam_role_policy_attachment",
      "name": "restore_policy",
      "provider": "provider[\"registry.terraform.io/hashicorp/aws\"]",
      "instances": [
        {
          "schema_version": 0,
          "attributes": {
            "id": "EFS-Restore-Role-20260112110540491600000001",
            "policy_arn": "arn:aws:iam::aws:policy/service-role/AWSBackupServiceRolePolicyForRestores",
            "role": "EFS-Restore-Role"
          },
          "sensitive_attributes": [],
          "identity_schema_version": 0,
          "private": "bnVsbA==",
          "dependencies": [
            "aws_iam_role.backup_restore_role"
          ]
        }
      ]
    },
    {
      "mode": "managed",
      "type": "aws_instance",
      "name": "airflow",
      "provider": "provider[\"registry.terraform.io/hashicorp/aws\"].mumbai",
      "instances": [
        {
          "schema_version": 1,
          "attributes": {
            "ami": "ami-07216ac99dc46a187",
            "arn": "arn:aws:ec2:ap-south-1:010438478476:instance/i-04edb6ef6eb034b61",
            "associate_public_ip_address": false,
            "availability_zone": "ap-south-1a",
            "capacity_reservation_specification": [
              {
                "capacity_reservation_preference": "open",
                "capacity_reservation_target": []
              }
            ],
            "cpu_core_count": 1,
            "cpu_options": [
              {
                "amd_sev_snp": "",
                "core_count": 1,
                "threads_per_core": 2
              }
            ],
            "cpu_threads_per_core": 2,
            "credit_specification": [
              {
                "cpu_credits": "unlimited"
              }
            ],
            "disable_api_stop": false,
            "disable_api_termination": false,
            "ebs_block_device": [],
            "ebs_optimized": false,
            "enable_primary_ipv6": null,
            "enclave_options": [
              {
                "enabled": false
              }
            ],
            "ephemeral_block_device": [],
            "get_password_data": false,
            "hibernation": false,
            "host_id": "",
            "host_resource_group_arn": null,
            "iam_instance_profile": "",
            "id": "i-04edb6ef6eb034b61",
            "instance_initiated_shutdown_behavior": "stop",
            "instance_lifecycle": "",
            "instance_market_options": [],
            "instance_state": "stopped",
            "instance_type": "t3.large",
            "ipv6_address_count": 0,
            "ipv6_addresses": [],
            "key_name": "testkey",
            "launch_template": [],
            "maintenance_options": [
              {
                "auto_recovery": "default"
              }
            ],
            "metadata_options": [
              {
                "http_endpoint": "enabled",
                "http_protocol_ipv6": "disabled",
                "http_put_response_hop_limit": 1,
                "http_tokens": "optional",
                "instance_metadata_tags": "disabled"
              }
            ],
            "monitoring": false,
            "network_interface": [],
            "outpost_arn": "",
            "password_data": "",
            "placement_group": "",
            "placement_partition_number": 0,
            "primary_network_interface_id": "eni-0664ba9b304d35965",
            "private_dns": "ip-10-11-15-197.ap-south-1.compute.internal",
            "private_dns_name_options": [
              {
                "enable_resource_name_dns_a_record": false,
                "enable_resource_name_dns_aaaa_record": false,
                "hostname_type": "ip-name"
              }
            ],
            "private_ip": "10.11.15.197",
            "public_dns": "",
            "public_ip": "",
            "root_block_device": [
              {
                "delete_on_termination": true,
                "device_name": "/dev/sda1",
                "encrypted": false,
                "iops": 100,
                "kms_key_id": "",
                "tags": {},
                "tags_all": {},
                "throughput": 0,
                "volume_id": "vol-06709fed4b078039f",
                "volume_size": 8,
                "volume_type": "gp2"
              }
            ],
            "secondary_private_ips": [],
            "security_groups": [],
            "source_dest_check": true,
            "spot_instance_request_id": "",
            "subnet_id": "subnet-0676b17d05babe69f",
            "tags": {
              "Name": "Airflow-dev"
            },
            "tags_all": {
              "Name": "Airflow-dev"
            },
            "tenancy": "default",
            "timeouts": null,
            "user_data": null,
            "user_data_base64": null,
            "user_data_replace_on_change": false,
            "volume_tags": null,
            "vpc_security_group_ids": [
              "sg-0806eac4ea98b156a"
            ]
          },
          "sensitive_attributes": [],
          "identity_schema_version": 0,
          "private": "eyJlMmJmYjczMC1lY2FhLTExZTYtOGY4OC0zNDM2M2JjN2M0YzAiOnsiY3JlYXRlIjo2MDAwMDAwMDAwMDAsImRlbGV0ZSI6MTIwMDAwMDAwMDAwMCwicmVhZCI6OTAwMDAwMDAwMDAwLCJ1cGRhdGUiOjYwMDAwMDAwMDAwMH0sInNjaGVtYV92ZXJzaW9uIjoiMSJ9",
          "dependencies": [
            "aws_key_pair.bastion_auth",
            "aws_security_group.bastion_sg",
            "aws_subnet.public",
            "aws_vpc.main",
            "data.aws_availability_zones.available",
            "tls_private_key.bastion_key"
          ]
        }
      ]
    },
    {
      "mode": "managed",
      "type": "aws_instance",
      "name": "athena_sit",
      "provider": "provider[\"registry.terraform.io/hashicorp/aws\"].mumbai",
      "instances": [
        {
          "schema_version": 1,
          "attributes": {
            "ami": "ami-07216ac99dc46a187",
            "arn": "arn:aws:ec2:ap-south-1:010438478476:instance/i-027bc99bc0a6862e7",
            "associate_public_ip_address": true,
            "availability_zone": "ap-south-1a",
            "capacity_reservation_specification": [
              {
                "capacity_reservation_preference": "open",
                "capacity_reservation_target": []
              }
            ],
            "cpu_core_count": 1,
            "cpu_options": [
              {
                "amd_sev_snp": "",
                "core_count": 1,
                "threads_per_core": 2
              }
            ],
            "cpu_threads_per_core": 2,
            "credit_specification": [],
            "disable_api_stop": false,
            "disable_api_termination": false,
            "ebs_block_device": [],
            "ebs_optimized": false,
            "enable_primary_ipv6": null,
            "enclave_options": [
              {
                "enabled": false
              }
            ],
            "ephemeral_block_device": [],
            "get_password_data": false,
            "hibernation": false,
            "host_id": "",
            "host_resource_group_arn": null,
            "iam_instance_profile": "EC2-SSM-Access",
            "id": "i-027bc99bc0a6862e7",
            "instance_initiated_shutdown_behavior": "stop",
            "instance_lifecycle": "",
            "instance_market_options": [],
            "instance_state": "running",
            "instance_type": "c7i.large",
            "ipv6_address_count": 0,
            "ipv6_addresses": [],
            "key_name": "testkey",
            "launch_template": [],
            "maintenance_options": [
              {
                "auto_recovery": "default"
              }
            ],
            "metadata_options": [
              {
                "http_endpoint": "enabled",
                "http_protocol_ipv6": "disabled",
                "http_put_response_hop_limit": 1,
                "http_tokens": "optional",
                "instance_metadata_tags": "disabled"
              }
            ],
            "monitoring": false,
            "network_interface": [],
            "outpost_arn": "",
            "password_data": "",
            "placement_group": "",
            "placement_partition_number": 0,
            "primary_network_interface_id": "eni-0011a8edcc0266a29",
            "private_dns": "ip-10-11-12-219.ap-south-1.compute.internal",
            "private_dns_name_options": [
              {
                "enable_resource_name_dns_a_record": false,
                "enable_resource_name_dns_aaaa_record": false,
                "hostname_type": "ip-name"
              }
            ],
            "private_ip": "10.11.12.219",
            "public_dns": "ec2-3-109-83-135.ap-south-1.compute.amazonaws.com",
            "public_ip": "3.109.83.135",
            "root_block_device": [
              {
                "delete_on_termination": true,
                "device_name": "/dev/sda1",
                "encrypted": false,
                "iops": 3000,
                "kms_key_id": "",
                "tags": {},
                "tags_all": {},
                "throughput": 125,
                "volume_id": "vol-06f8b7bc1ef1e271c",
                "volume_size": 30,
                "volume_type": "gp3"
              }
            ],
            "secondary_private_ips": [],
            "security_groups": [],
            "source_dest_check": true,
            "spot_instance_request_id": "",
            "subnet_id": "subnet-0676b17d05babe69f",
            "tags": {
              "Name": "Athena-sit"
            },
            "tags_all": {
              "Name": "Athena-sit"
            },
            "tenancy": "default",
            "timeouts": null,
            "user_data": null,
            "user_data_base64": null,
            "user_data_replace_on_change": false,
            "volume_tags": null,
            "vpc_security_group_ids": [
              "sg-0806eac4ea98b156a"
            ]
          },
          "sensitive_attributes": [],
          "identity_schema_version": 0,
          "private": "eyJlMmJmYjczMC1lY2FhLTExZTYtOGY4OC0zNDM2M2JjN2M0YzAiOnsiY3JlYXRlIjo2MDAwMDAwMDAwMDAsImRlbGV0ZSI6MTIwMDAwMDAwMDAwMCwicmVhZCI6OTAwMDAwMDAwMDAwLCJ1cGRhdGUiOjYwMDAwMDAwMDAwMH0sInNjaGVtYV92ZXJzaW9uIjoiMSJ9",
          "dependencies": [
            "aws_key_pair.bastion_auth",
            "aws_security_group.bastion_sg",
            "aws_subnet.public",
            "aws_vpc.main",
            "data.aws_availability_zones.available",
            "tls_private_key.bastion_key"
          ]
        }
      ]
    },
    {
      "mode": "managed",
      "type": "aws_instance",
      "name": "athena_uat",
      "provider": "provider[\"registry.terraform.io/hashicorp/aws\"].mumbai",
      "instances": [
        {
          "schema_version": 1,
          "attributes": {
            "ami": "ami-07216ac99dc46a187",
            "arn": "arn:aws:ec2:ap-south-1:010438478476:instance/i-06060970128e007d0",
            "associate_public_ip_address": true,
            "availability_zone": "ap-south-1a",
            "capacity_reservation_specification": [
              {
                "capacity_reservation_preference": "open",
                "capacity_reservation_target": []
              }
            ],
            "cpu_core_count": 1,
            "cpu_options": [
              {
                "amd_sev_snp": "",
                "core_count": 1,
                "threads_per_core": 2
              }
            ],
            "cpu_threads_per_core": 2,
            "credit_specification": [],
            "disable_api_stop": false,
            "disable_api_termination": false,
            "ebs_block_device": [],
            "ebs_optimized": false,
            "enable_primary_ipv6": null,
            "enclave_options": [
              {
                "enabled": false
              }
            ],
            "ephemeral_block_device": [],
            "get_password_data": false,
            "hibernation": false,
            "host_id": "",
            "host_resource_group_arn": null,
            "iam_instance_profile": "EC2-SSM-Access",
            "id": "i-06060970128e007d0",
            "instance_initiated_shutdown_behavior": "stop",
            "instance_lifecycle": "",
            "instance_market_options": [],
            "instance_state": "running",
            "instance_type": "c7i.large",
            "ipv6_address_count": 0,
            "ipv6_addresses": [],
            "key_name": "testkey",
            "launch_template": [],
            "maintenance_options": [
              {
                "auto_recovery": "default"
              }
            ],
            "metadata_options": [
              {
                "http_endpoint": "enabled",
                "http_protocol_ipv6": "disabled",
                "http_put_response_hop_limit": 1,
                "http_tokens": "optional",
                "instance_metadata_tags": "disabled"
              }
            ],
            "monitoring": false,
            "network_interface": [],
            "outpost_arn": "",
            "password_data": "",
            "placement_group": "",
            "placement_partition_number": 0,
            "primary_network_interface_id": "eni-0219ff95a73b2aff1",
            "private_dns": "ip-10-11-0-131.ap-south-1.compute.internal",
            "private_dns_name_options": [
              {
                "enable_resource_name_dns_a_record": false,
                "enable_resource_name_dns_aaaa_record": false,
                "hostname_type": "ip-name"
              }
            ],
            "private_ip": "10.11.0.131",
            "public_dns": "ec2-65-2-129-177.ap-south-1.compute.amazonaws.com",
            "public_ip": "65.2.129.177",
            "root_block_device": [
              {
                "delete_on_termination": true,
                "device_name": "/dev/sda1",
                "encrypted": false,
                "iops": 3000,
                "kms_key_id": "",
                "tags": {},
                "tags_all": {},
                "throughput": 125,
                "volume_id": "vol-0cbbebb0b5e1d5326",
                "volume_size": 30,
                "volume_type": "gp3"
              }
            ],
            "secondary_private_ips": [],
            "security_groups": [],
            "source_dest_check": true,
            "spot_instance_request_id": "",
            "subnet_id": "subnet-0676b17d05babe69f",
            "tags": {
              "Name": "Athena-uat"
            },
            "tags_all": {
              "Name": "Athena-uat"
            },
            "tenancy": "default",
            "timeouts": null,
            "user_data": null,
            "user_data_base64": null,
            "user_data_replace_on_change": false,
            "volume_tags": null,
            "vpc_security_group_ids": [
              "sg-0806eac4ea98b156a"
            ]
          },
          "sensitive_attributes": [],
          "identity_schema_version": 0,
          "private": "eyJlMmJmYjczMC1lY2FhLTExZTYtOGY4OC0zNDM2M2JjN2M0YzAiOnsiY3JlYXRlIjo2MDAwMDAwMDAwMDAsImRlbGV0ZSI6MTIwMDAwMDAwMDAwMCwicmVhZCI6OTAwMDAwMDAwMDAwLCJ1cGRhdGUiOjYwMDAwMDAwMDAwMH0sInNjaGVtYV92ZXJzaW9uIjoiMSJ9",
          "dependencies": [
            "aws_key_pair.bastion_auth",
            "aws_security_group.bastion_sg",
            "aws_subnet.public",
            "aws_vpc.main",
            "data.aws_availability_zones.available",
            "tls_private_key.bastion_key"
          ]
        }
      ]
    },
    {
      "mode": "managed",
      "type": "aws_instance",
      "name": "bastion",
      "provider": "provider[\"registry.terraform.io/hashicorp/aws\"].mumbai",
      "instances": [
        {
          "schema_version": 1,
          "attributes": {
            "ami": "ami-0ade68f094cc81635",
            "arn": "arn:aws:ec2:ap-south-1:010438478476:instance/i-087b0e7189b7109e9",
            "associate_public_ip_address": true,
            "availability_zone": "ap-south-1a",
            "capacity_reservation_specification": [
              {
                "capacity_reservation_preference": "open",
                "capacity_reservation_target": []
              }
            ],
            "cpu_core_count": 1,
            "cpu_options": [
              {
                "amd_sev_snp": "",
                "core_count": 1,
                "threads_per_core": 2
              }
            ],
            "cpu_threads_per_core": 2,
            "credit_specification": [
              {
                "cpu_credits": "standard"
              }
            ],
            "disable_api_stop": false,
            "disable_api_termination": true,
            "ebs_block_device": [],
            "ebs_optimized": true,
            "enable_primary_ipv6": null,
            "enclave_options": [
              {
                "enabled": false
              }
            ],
            "ephemeral_block_device": [],
            "get_password_data": false,
            "hibernation": false,
            "host_id": "",
            "host_resource_group_arn": null,
            "iam_instance_profile": "ssm-ec2-instance",
            "id": "i-087b0e7189b7109e9",
            "instance_initiated_shutdown_behavior": "stop",
            "instance_lifecycle": "",
            "instance_market_options": [],
            "instance_state": "running",
            "instance_type": "t3a.large",
            "ipv6_address_count": 0,
            "ipv6_addresses": [],
            "key_name": "testkey",
            "launch_template": [],
            "maintenance_options": [
              {
                "auto_recovery": "default"
              }
            ],
            "metadata_options": [
              {
                "http_endpoint": "enabled",
                "http_protocol_ipv6": "disabled",
                "http_put_response_hop_limit": 1,
                "http_tokens": "optional",
                "instance_metadata_tags": "disabled"
              }
            ],
            "monitoring": false,
            "network_interface": [],
            "outpost_arn": "",
            "password_data": "",
            "placement_group": "",
            "placement_partition_number": 0,
            "primary_network_interface_id": "eni-07dbf323b38e4f317",
            "private_dns": "ip-10-11-5-206.ap-south-1.compute.internal",
            "private_dns_name_options": [
              {
                "enable_resource_name_dns_a_record": false,
                "enable_resource_name_dns_aaaa_record": false,
                "hostname_type": "ip-name"
              }
            ],
            "private_ip": "10.11.5.206",
            "public_dns": "ec2-3-108-171-213.ap-south-1.compute.amazonaws.com",
            "public_ip": "3.108.171.213",
            "root_block_device": [
              {
                "delete_on_termination": true,
                "device_name": "/dev/sda1",
                "encrypted": false,
                "iops": 150,
                "kms_key_id": "",
                "tags": {},
                "tags_all": {},
                "throughput": 0,
                "volume_id": "vol-0af85efde83a3c9ba",
                "volume_size": 50,
                "volume_type": "gp2"
              }
            ],
            "secondary_private_ips": [],
            "security_groups": [],
            "source_dest_check": true,
            "spot_instance_request_id": "",
            "subnet_id": "subnet-0676b17d05babe69f",
            "tags": {
              "Env": "Dev",
              "Name": "Fvrk-dev-bastion-host"
            },
            "tags_all": {
              "Env": "Dev",
              "Name": "Fvrk-dev-bastion-host"
            },
            "tenancy": "default",
            "timeouts": null,
            "user_data": null,
            "user_data_base64": null,
            "user_data_replace_on_change": false,
            "volume_tags": null,
            "vpc_security_group_ids": [
              "sg-0806eac4ea98b156a"
            ]
          },
          "sensitive_attributes": [],
          "identity_schema_version": 0,
          "private": "eyJlMmJmYjczMC1lY2FhLTExZTYtOGY4OC0zNDM2M2JjN2M0YzAiOnsiY3JlYXRlIjo2MDAwMDAwMDAwMDAsImRlbGV0ZSI6MTIwMDAwMDAwMDAwMCwicmVhZCI6OTAwMDAwMDAwMDAwLCJ1cGRhdGUiOjYwMDAwMDAwMDAwMH0sInNjaGVtYV92ZXJzaW9uIjoiMSJ9",
          "dependencies": [
            "aws_key_pair.bastion_auth",
            "aws_security_group.bastion_sg",
            "aws_subnet.public",
            "aws_vpc.main",
            "data.aws_availability_zones.available",
            "tls_private_key.bastion_key"
          ]
        }
      ]
    },
    {
      "mode": "managed",
      "type": "aws_internet_gateway",
      "name": "igw",
      "provider": "provider[\"registry.terraform.io/hashicorp/aws\"].mumbai",
      "instances": [
        {
          "schema_version": 0,
          "attributes": {
            "arn": "arn:aws:ec2:ap-south-1:010438478476:internet-gateway/igw-0b3b9f7a77adf26c6",
            "id": "igw-0b3b9f7a77adf26c6",
            "owner_id": "010438478476",
            "tags": {
              "Name": "FVRK-DEV-IGW"
            },
            "tags_all": {
              "Name": "FVRK-DEV-IGW"
            },
            "timeouts": null,
            "vpc_id": "vpc-01559cc551ee9ce1f"
          },
          "sensitive_attributes": [],
          "identity_schema_version": 0,
          "private": "eyJlMmJmYjczMC1lY2FhLTExZTYtOGY4OC0zNDM2M2JjN2M0YzAiOnsiY3JlYXRlIjoxMjAwMDAwMDAwMDAwLCJkZWxldGUiOjEyMDAwMDAwMDAwMDAsInVwZGF0ZSI6MTIwMDAwMDAwMDAwMH19",
          "dependencies": [
            "aws_vpc.main"
          ]
        }
      ]
    },
    {
      "mode": "managed",
      "type": "aws_key_pair",
      "name": "bastion_auth",
      "provider": "provider[\"registry.terraform.io/hashicorp/aws\"].mumbai",
      "instances": [
        {
          "schema_version": 1,
          "attributes": {
            "arn": "arn:aws:ec2:ap-south-1:010438478476:key-pair/testkey",
            "fingerprint": "4f:a2:0e:1c:7e:e2:ad:19:81:25:fe:0d:08:da:a3:da",
            "id": "testkey",
            "key_name": "testkey",
            "key_name_prefix": "",
            "key_pair_id": "key-07dde891a95d2bb70",
            "key_type": "rsa",
            "public_key": "ssh-rsa AAAAB3NzaC1yc2EAAAADAQABAAACAQC89ECtyWqpy6YdZm+6scDFJ3oWt3xeROAOw0muVOEe2y97QRTxWPPN5krAx52Jr5HmmLc76miTYr9TEWP7+5tHuHoYabh2FGWc33BuKYqf09H5GUCXIfIBTA9l8k2p8OUei1USGHL56OkjtzR5VkNZULtjQwHlmdkLg3KbypYYsMxeftSTO7gj/elOOs/1Cs3d+JYbBWl6i/kaCa0Gll8sJ8Xy6i5NTiSG+UcpHMK92jxfX4QUS3C8xUgRj3q/K3ONULKz4WURi0mLpMEgSfVe/bvDrCC/hpvMVJxFIm+PyHgNWEpraGycSR3DDHO4r538vmKhA8yW5SQt95Fp2PB4GYlVpbLg7LvaQelizUJjWphkUUa4fB6RHUmNIe8uEIjq2zDkdv6D+lcAn8PK05glbu6TIJJqg6s9ScqhL+Srf7GMu5+B9XaqwE1Av0eUCBSWgCxQvME/FVKwjxiKY518JPUerWcY6KsRWFy9Rujyy192UBxa9mOwHNPpKCKxTsrQuIKapt3EdolvOQCufDgOouMJpnuhSt0rIz4EXVsIPCwfvAJu917eGS1S7NfSkwKzobdWls/CrFpHjBuc2Nl94tGn/I3X/7FTSYPlnF9kuSGHj1XMl4Ci9LUe2r+sPQKBVJgeUh68tAjyDjuVNV/AaD1+4IzmQVi8yGjbZCNLXQ==",
            "tags": {},
            "tags_all": {}
          },
          "sensitive_attributes": [],
          "identity_schema_version": 0,
          "private": "eyJzY2hlbWFfdmVyc2lvbiI6IjEifQ==",
          "dependencies": [
            "tls_private_key.bastion_key"
          ]
        }
      ]
    },
    {
      "mode": "managed",
      "type": "aws_launch_template",
      "name": "eks_node_lt",
      "provider": "provider[\"registry.terraform.io/hashicorp/aws\"]",
      "instances": [
        {
          "schema_version": 0,
          "attributes": {
            "arn": "arn:aws:ec2:ap-south-1:010438478476:launch-template/lt-0cd6dca01d9a4b675",
            "block_device_mappings": [],
            "capacity_reservation_specification": [],
            "cpu_options": [],
            "credit_specification": [],
            "default_version": 1,
            "description": "Launch template for EKS nodes with Hop Limit 2",
            "disable_api_stop": false,
            "disable_api_termination": false,
            "ebs_optimized": "",
            "elastic_gpu_specifications": [],
            "elastic_inference_accelerator": [],
            "enclave_options": [],
            "hibernation_options": [],
            "iam_instance_profile": [],
            "id": "lt-0cd6dca01d9a4b675",
            "image_id": "",
            "instance_initiated_shutdown_behavior": "",
            "instance_market_options": [],
            "instance_requirements": [],
            "instance_type": "",
            "kernel_id": "",
            "key_name": "",
            "latest_version": 1,
            "license_specification": [],
            "maintenance_options": [],
            "metadata_options": [
              {
                "http_endpoint": "enabled",
                "http_protocol_ipv6": "",
                "http_put_response_hop_limit": 2,
                "http_tokens": "required",
                "instance_metadata_tags": "enabled"
              }
            ],
            "monitoring": [],
            "name": "eks-node-lt-20251211140617451500000001",
            "name_prefix": "eks-node-lt-",
            "network_interfaces": [],
            "placement": [],
            "private_dns_name_options": [],
            "ram_disk_id": "",
            "security_group_names": [],
            "tag_specifications": [],
            "tags": {},
            "tags_all": {},
            "update_default_version": null,
            "user_data": "",
            "vpc_security_group_ids": []
          },
          "sensitive_attributes": [],
          "identity_schema_version": 0,
          "private": "bnVsbA=="
        }
      ]
    },
    {
      "mode": "managed",
      "type": "aws_lb",
      "name": "main",
      "provider": "provider[\"registry.terraform.io/hashicorp/aws\"]",
      "instances": [
        {
          "schema_version": 0,
          "attributes": {
            "access_logs": [
              {
                "bucket": "",
                "enabled": false,
                "prefix": ""
              }
            ],
            "arn": "arn:aws:elasticloadbalancing:ap-south-1:010438478476:loadbalancer/app/Fvrk-dev-alb/67ed6ab2ef1a162a",
            "arn_suffix": "app/Fvrk-dev-alb/67ed6ab2ef1a162a",
            "client_keep_alive": 3600,
            "connection_logs": [
              {
                "bucket": "",
                "enabled": false,
                "prefix": ""
              }
            ],
            "customer_owned_ipv4_pool": "",
            "desync_mitigation_mode": "defensive",
            "dns_name": "Fvrk-dev-alb-1180618260.ap-south-1.elb.amazonaws.com",
            "dns_record_client_routing_policy": null,
            "drop_invalid_header_fields": false,
            "enable_cross_zone_load_balancing": true,
            "enable_deletion_protection": false,
            "enable_http2": true,
            "enable_tls_version_and_cipher_suite_headers": false,
            "enable_waf_fail_open": false,
            "enable_xff_client_port": false,
            "enable_zonal_shift": false,
            "enforce_security_group_inbound_rules_on_private_link_traffic": "",
            "id": "arn:aws:elasticloadbalancing:ap-south-1:010438478476:loadbalancer/app/Fvrk-dev-alb/67ed6ab2ef1a162a",
            "idle_timeout": 300,
            "internal": false,
            "ip_address_type": "ipv4",
            "ipam_pools": [],
            "load_balancer_type": "application",
            "minimum_load_balancer_capacity": [],
            "name": "Fvrk-dev-alb",
            "name_prefix": "",
            "preserve_host_header": false,
            "security_groups": [
              "sg-0b8a6bcbc4302994e"
            ],
            "subnet_mapping": [
              {
                "allocation_id": "",
                "ipv6_address": "",
                "outpost_id": "",
                "private_ipv4_address": "",
                "subnet_id": "subnet-0676b17d05babe69f"
              },
              {
                "allocation_id": "",
                "ipv6_address": "",
                "outpost_id": "",
                "private_ipv4_address": "",
                "subnet_id": "subnet-076ca5925fd436c79"
              },
              {
                "allocation_id": "",
                "ipv6_address": "",
                "outpost_id": "",
                "private_ipv4_address": "",
                "subnet_id": "subnet-0d4bb787f2a8e82d7"
              }
            ],
            "subnets": [
              "subnet-0676b17d05babe69f",
              "subnet-076ca5925fd436c79",
              "subnet-0d4bb787f2a8e82d7"
            ],
            "tags": {
              "Name": "Fvrk-dev-alb"
            },
            "tags_all": {
              "Name": "Fvrk-dev-alb"
            },
            "timeouts": null,
            "vpc_id": "vpc-01559cc551ee9ce1f",
            "xff_header_processing_mode": "append",
            "zone_id": "ZP97RAFLXTNZK"
          },
          "sensitive_attributes": [],
          "identity_schema_version": 0,
          "private": "eyJlMmJmYjczMC1lY2FhLTExZTYtOGY4OC0zNDM2M2JjN2M0YzAiOnsiY3JlYXRlIjo2MDAwMDAwMDAwMDAsImRlbGV0ZSI6NjAwMDAwMDAwMDAwLCJ1cGRhdGUiOjYwMDAwMDAwMDAwMH19",
          "dependencies": [
            "aws_security_group.alb_sg",
            "aws_subnet.public",
            "aws_vpc.main",
            "data.aws_availability_zones.available"
          ]
        }
      ]
    },
    {
      "mode": "managed",
      "type": "aws_lb",
      "name": "main_uat",
      "provider": "provider[\"registry.terraform.io/hashicorp/aws\"]",
      "instances": [
        {
          "schema_version": 0,
          "attributes": {
            "access_logs": [
              {
                "bucket": "",
                "enabled": false,
                "prefix": ""
              }
            ],
            "arn": "arn:aws:elasticloadbalancing:ap-south-1:010438478476:loadbalancer/app/Fvrk-uat-alb/9f5068f897ca72b4",
            "arn_suffix": "app/Fvrk-uat-alb/9f5068f897ca72b4",
            "client_keep_alive": 3600,
            "connection_logs": [
              {
                "bucket": "",
                "enabled": false,
                "prefix": ""
              }
            ],
            "customer_owned_ipv4_pool": "",
            "desync_mitigation_mode": "defensive",
            "dns_name": "Fvrk-uat-alb-1276156156.ap-south-1.elb.amazonaws.com",
            "dns_record_client_routing_policy": null,
            "drop_invalid_header_fields": false,
            "enable_cross_zone_load_balancing": true,
            "enable_deletion_protection": false,
            "enable_http2": true,
            "enable_tls_version_and_cipher_suite_headers": false,
            "enable_waf_fail_open": false,
            "enable_xff_client_port": false,
            "enable_zonal_shift": false,
            "enforce_security_group_inbound_rules_on_private_link_traffic": "",
            "id": "arn:aws:elasticloadbalancing:ap-south-1:010438478476:loadbalancer/app/Fvrk-uat-alb/9f5068f897ca72b4",
            "idle_timeout": 300,
            "internal": false,
            "ip_address_type": "ipv4",
            "ipam_pools": [],
            "load_balancer_type": "application",
            "minimum_load_balancer_capacity": [],
            "name": "Fvrk-uat-alb",
            "name_prefix": "",
            "preserve_host_header": false,
            "security_groups": [
              "sg-067df8f5840718d38"
            ],
            "subnet_mapping": [
              {
                "allocation_id": "",
                "ipv6_address": "",
                "outpost_id": "",
                "private_ipv4_address": "",
                "subnet_id": "subnet-0676b17d05babe69f"
              },
              {
                "allocation_id": "",
                "ipv6_address": "",
                "outpost_id": "",
                "private_ipv4_address": "",
                "subnet_id": "subnet-076ca5925fd436c79"
              },
              {
                "allocation_id": "",
                "ipv6_address": "",
                "outpost_id": "",
                "private_ipv4_address": "",
                "subnet_id": "subnet-0d4bb787f2a8e82d7"
              }
            ],
            "subnets": [
              "subnet-0676b17d05babe69f",
              "subnet-076ca5925fd436c79",
              "subnet-0d4bb787f2a8e82d7"
            ],
            "tags": {
              "Env": "uat",
              "Name": "fvrk-uat-alb"
            },
            "tags_all": {
              "Env": "uat",
              "Name": "fvrk-uat-alb"
            },
            "timeouts": null,
            "vpc_id": "vpc-01559cc551ee9ce1f",
            "xff_header_processing_mode": "append",
            "zone_id": "ZP97RAFLXTNZK"
          },
          "sensitive_attributes": [],
          "identity_schema_version": 0,
          "private": "eyJlMmJmYjczMC1lY2FhLTExZTYtOGY4OC0zNDM2M2JjN2M0YzAiOnsiY3JlYXRlIjo2MDAwMDAwMDAwMDAsImRlbGV0ZSI6NjAwMDAwMDAwMDAwLCJ1cGRhdGUiOjYwMDAwMDAwMDAwMH19",
          "dependencies": [
            "aws_security_group.alb_sg_uat",
            "aws_subnet.public",
            "aws_vpc.main",
            "data.aws_availability_zones.available"
          ]
        }
      ]
    },
    {
      "mode": "managed",
      "type": "aws_lb",
      "name": "nlb_rabbit",
      "provider": "provider[\"registry.terraform.io/hashicorp/aws\"]",
      "instances": [
        {
          "schema_version": 0,
          "attributes": {
            "access_logs": [
              {
                "bucket": "",
                "enabled": false,
                "prefix": ""
              }
            ],
            "arn": "arn:aws:elasticloadbalancing:ap-south-1:010438478476:loadbalancer/net/Fvrk-dev-nlb-front-door/fca2c7885497bd3f",
            "arn_suffix": "net/Fvrk-dev-nlb-front-door/fca2c7885497bd3f",
            "client_keep_alive": null,
            "connection_logs": [],
            "customer_owned_ipv4_pool": "",
            "desync_mitigation_mode": null,
            "dns_name": "Fvrk-dev-nlb-front-door-fca2c7885497bd3f.elb.ap-south-1.amazonaws.com",
            "dns_record_client_routing_policy": "any_availability_zone",
            "drop_invalid_header_fields": null,
            "enable_cross_zone_load_balancing": true,
            "enable_deletion_protection": false,
            "enable_http2": null,
            "enable_tls_version_and_cipher_suite_headers": null,
            "enable_waf_fail_open": null,
            "enable_xff_client_port": null,
            "enable_zonal_shift": false,
            "enforce_security_group_inbound_rules_on_private_link_traffic": "",
            "id": "arn:aws:elasticloadbalancing:ap-south-1:010438478476:loadbalancer/net/Fvrk-dev-nlb-front-door/fca2c7885497bd3f",
            "idle_timeout": null,
            "internal": false,
            "ip_address_type": "ipv4",
            "ipam_pools": [],
            "load_balancer_type": "network",
            "minimum_load_balancer_capacity": [],
            "name": "Fvrk-dev-nlb-front-door",
            "name_prefix": "",
            "preserve_host_header": null,
            "security_groups": [],
            "subnet_mapping": [
              {
                "allocation_id": "",
                "ipv6_address": "",
                "outpost_id": "",
                "private_ipv4_address": "",
                "subnet_id": "subnet-0676b17d05babe69f"
              },
              {
                "allocation_id": "",
                "ipv6_address": "",
                "outpost_id": "",
                "private_ipv4_address": "",
                "subnet_id": "subnet-076ca5925fd436c79"
              },
              {
                "allocation_id": "",
                "ipv6_address": "",
                "outpost_id": "",
                "private_ipv4_address": "",
                "subnet_id": "subnet-0d4bb787f2a8e82d7"
              }
            ],
            "subnets": [
              "subnet-0676b17d05babe69f",
              "subnet-076ca5925fd436c79",
              "subnet-0d4bb787f2a8e82d7"
            ],
            "tags": {
              "Name": "Fvrk-dev-nlb-front-door"
            },
            "tags_all": {
              "Name": "Fvrk-dev-nlb-front-door"
            },
            "timeouts": null,
            "vpc_id": "vpc-01559cc551ee9ce1f",
            "xff_header_processing_mode": null,
            "zone_id": "ZVDDRBQ08TROA"
          },
          "sensitive_attributes": [],
          "identity_schema_version": 0,
          "private": "eyJlMmJmYjczMC1lY2FhLTExZTYtOGY4OC0zNDM2M2JjN2M0YzAiOnsiY3JlYXRlIjo2MDAwMDAwMDAwMDAsImRlbGV0ZSI6NjAwMDAwMDAwMDAwLCJ1cGRhdGUiOjYwMDAwMDAwMDAwMH19",
          "dependencies": [
            "aws_subnet.public",
            "aws_vpc.main",
            "data.aws_availability_zones.available"
          ]
        }
      ]
    },
    {
      "mode": "managed",
      "type": "aws_lb_listener",
      "name": "http",
      "provider": "provider[\"registry.terraform.io/hashicorp/aws\"]",
      "instances": [
        {
          "schema_version": 0,
          "attributes": {
            "alpn_policy": null,
            "arn": "arn:aws:elasticloadbalancing:ap-south-1:010438478476:listener/app/Fvrk-dev-alb/67ed6ab2ef1a162a/085f778884fb313f",
            "certificate_arn": null,
            "default_action": [
              {
                "authenticate_cognito": [],
                "authenticate_oidc": [],
                "fixed_response": [],
                "forward": [],
                "order": 1,
                "redirect": [
                  {
                    "host": "#{host}",
                    "path": "/#{path}",
                    "port": "443",
                    "protocol": "HTTPS",
                    "query": "#{query}",
                    "status_code": "HTTP_301"
                  }
                ],
                "target_group_arn": "",
                "type": "redirect"
              }
            ],
            "id": "arn:aws:elasticloadbalancing:ap-south-1:010438478476:listener/app/Fvrk-dev-alb/67ed6ab2ef1a162a/085f778884fb313f",
            "load_balancer_arn": "arn:aws:elasticloadbalancing:ap-south-1:010438478476:loadbalancer/app/Fvrk-dev-alb/67ed6ab2ef1a162a",
            "mutual_authentication": [],
            "port": 80,
            "protocol": "HTTP",
            "routing_http_request_x_amzn_mtls_clientcert_header_name": null,
            "routing_http_request_x_amzn_mtls_clientcert_issuer_header_name": null,
            "routing_http_request_x_amzn_mtls_clientcert_leaf_header_name": null,
            "routing_http_request_x_amzn_mtls_clientcert_serial_number_header_name": null,
            "routing_http_request_x_amzn_mtls_clientcert_subject_header_name": null,
            "routing_http_request_x_amzn_mtls_clientcert_validity_header_name": null,
            "routing_http_request_x_amzn_tls_cipher_suite_header_name": null,
            "routing_http_request_x_amzn_tls_version_header_name": null,
            "routing_http_response_access_control_allow_credentials_header_value": "",
            "routing_http_response_access_control_allow_headers_header_value": "",
            "routing_http_response_access_control_allow_methods_header_value": "",
            "routing_http_response_access_control_allow_origin_header_value": "",
            "routing_http_response_access_control_expose_headers_header_value": "",
            "routing_http_response_access_control_max_age_header_value": "",
            "routing_http_response_content_security_policy_header_value": "",
            "routing_http_response_server_enabled": true,
            "routing_http_response_strict_transport_security_header_value": "",
            "routing_http_response_x_content_type_options_header_value": "",
            "routing_http_response_x_frame_options_header_value": "",
            "ssl_policy": "",
            "tags": {},
            "tags_all": {},
            "tcp_idle_timeout_seconds": null,
            "timeouts": null
          },
          "sensitive_attributes": [],
          "identity_schema_version": 0,
          "private": "eyJlMmJmYjczMC1lY2FhLTExZTYtOGY4OC0zNDM2M2JjN2M0YzAiOnsiY3JlYXRlIjozMDAwMDAwMDAwMDAsInVwZGF0ZSI6MzAwMDAwMDAwMDAwfX0=",
          "dependencies": [
            "aws_lb.main",
            "aws_security_group.alb_sg",
            "aws_subnet.public",
            "aws_vpc.main",
            "data.aws_availability_zones.available"
          ]
        }
      ]
    },
    {
      "mode": "managed",
      "type": "aws_lb_listener",
      "name": "http_uat",
      "provider": "provider[\"registry.terraform.io/hashicorp/aws\"]",
      "instances": [
        {
          "schema_version": 0,
          "attributes": {
            "alpn_policy": null,
            "arn": "arn:aws:elasticloadbalancing:ap-south-1:010438478476:listener/app/Fvrk-uat-alb/9f5068f897ca72b4/14ab896066f08b57",
            "certificate_arn": null,
            "default_action": [
              {
                "authenticate_cognito": [],
                "authenticate_oidc": [],
                "fixed_response": [],
                "forward": [],
                "order": 1,
                "redirect": [
                  {
                    "host": "#{host}",
                    "path": "/#{path}",
                    "port": "443",
                    "protocol": "HTTPS",
                    "query": "#{query}",
                    "status_code": "HTTP_301"
                  }
                ],
                "target_group_arn": "",
                "type": "redirect"
              }
            ],
            "id": "arn:aws:elasticloadbalancing:ap-south-1:010438478476:listener/app/Fvrk-uat-alb/9f5068f897ca72b4/14ab896066f08b57",
            "load_balancer_arn": "arn:aws:elasticloadbalancing:ap-south-1:010438478476:loadbalancer/app/Fvrk-uat-alb/9f5068f897ca72b4",
            "mutual_authentication": [],
            "port": 80,
            "protocol": "HTTP",
            "routing_http_request_x_amzn_mtls_clientcert_header_name": null,
            "routing_http_request_x_amzn_mtls_clientcert_issuer_header_name": null,
            "routing_http_request_x_amzn_mtls_clientcert_leaf_header_name": null,
            "routing_http_request_x_amzn_mtls_clientcert_serial_number_header_name": null,
            "routing_http_request_x_amzn_mtls_clientcert_subject_header_name": null,
            "routing_http_request_x_amzn_mtls_clientcert_validity_header_name": null,
            "routing_http_request_x_amzn_tls_cipher_suite_header_name": null,
            "routing_http_request_x_amzn_tls_version_header_name": null,
            "routing_http_response_access_control_allow_credentials_header_value": "",
            "routing_http_response_access_control_allow_headers_header_value": "",
            "routing_http_response_access_control_allow_methods_header_value": "",
            "routing_http_response_access_control_allow_origin_header_value": "",
            "routing_http_response_access_control_expose_headers_header_value": "",
            "routing_http_response_access_control_max_age_header_value": "",
            "routing_http_response_content_security_policy_header_value": "",
            "routing_http_response_server_enabled": true,
            "routing_http_response_strict_transport_security_header_value": "",
            "routing_http_response_x_content_type_options_header_value": "",
            "routing_http_response_x_frame_options_header_value": "",
            "ssl_policy": "",
            "tags": {},
            "tags_all": {},
            "tcp_idle_timeout_seconds": null,
            "timeouts": null
          },
          "sensitive_attributes": [],
          "identity_schema_version": 0,
          "private": "eyJlMmJmYjczMC1lY2FhLTExZTYtOGY4OC0zNDM2M2JjN2M0YzAiOnsiY3JlYXRlIjozMDAwMDAwMDAwMDAsInVwZGF0ZSI6MzAwMDAwMDAwMDAwfX0=",
          "dependencies": [
            "aws_lb.main_uat",
            "aws_security_group.alb_sg_uat",
            "aws_subnet.public",
            "aws_vpc.main",
            "data.aws_availability_zones.available"
          ]
        }
      ]
    },
    {
      "mode": "managed",
      "type": "aws_lb_listener",
      "name": "https",
      "provider": "provider[\"registry.terraform.io/hashicorp/aws\"]",
      "instances": [
        {
          "schema_version": 0,
          "attributes": {
            "alpn_policy": null,
            "arn": "arn:aws:elasticloadbalancing:ap-south-1:010438478476:listener/app/Fvrk-dev-alb/67ed6ab2ef1a162a/eeb313d174bdb2d6",
            "certificate_arn": "arn:aws:acm:ap-south-1:010438478476:certificate/027daaa8-4c47-41d3-ad8c-b7828d332752",
            "default_action": [
              {
                "authenticate_cognito": [],
                "authenticate_oidc": [],
                "fixed_response": [],
                "forward": [],
                "order": 1,
                "redirect": [],
                "target_group_arn": "arn:aws:elasticloadbalancing:ap-south-1:010438478476:targetgroup/ip-tg-2026031920150663000000000b/ebc72cdca00943f8",
                "type": "forward"
              }
            ],
            "id": "arn:aws:elasticloadbalancing:ap-south-1:010438478476:listener/app/Fvrk-dev-alb/67ed6ab2ef1a162a/eeb313d174bdb2d6",
            "load_balancer_arn": "arn:aws:elasticloadbalancing:ap-south-1:010438478476:loadbalancer/app/Fvrk-dev-alb/67ed6ab2ef1a162a",
            "mutual_authentication": [
              {
                "advertise_trust_store_ca_names": "",
                "ignore_client_certificate_expiry": false,
                "mode": "off",
                "trust_store_arn": ""
              }
            ],
            "port": 443,
            "protocol": "HTTPS",
            "routing_http_request_x_amzn_mtls_clientcert_header_name": "",
            "routing_http_request_x_amzn_mtls_clientcert_issuer_header_name": "",
            "routing_http_request_x_amzn_mtls_clientcert_leaf_header_name": "",
            "routing_http_request_x_amzn_mtls_clientcert_serial_number_header_name": "",
            "routing_http_request_x_amzn_mtls_clientcert_subject_header_name": "",
            "routing_http_request_x_amzn_mtls_clientcert_validity_header_name": "",
            "routing_http_request_x_amzn_tls_cipher_suite_header_name": "",
            "routing_http_request_x_amzn_tls_version_header_name": "",
            "routing_http_response_access_control_allow_credentials_header_value": "",
            "routing_http_response_access_control_allow_headers_header_value": "",
            "routing_http_response_access_control_allow_methods_header_value": "",
            "routing_http_response_access_control_allow_origin_header_value": "",
            "routing_http_response_access_control_expose_headers_header_value": "",
            "routing_http_response_access_control_max_age_header_value": "",
            "routing_http_response_content_security_policy_header_value": "",
            "routing_http_response_server_enabled": true,
            "routing_http_response_strict_transport_security_header_value": "",
            "routing_http_response_x_content_type_options_header_value": "",
            "routing_http_response_x_frame_options_header_value": "",
            "ssl_policy": "ELBSecurityPolicy-2016-08",
            "tags": {},
            "tags_all": {},
            "tcp_idle_timeout_seconds": null,
            "timeouts": null
          },
          "sensitive_attributes": [],
          "identity_schema_version": 0,
          "private": "eyJlMmJmYjczMC1lY2FhLTExZTYtOGY4OC0zNDM2M2JjN2M0YzAiOnsiY3JlYXRlIjozMDAwMDAwMDAwMDAsInVwZGF0ZSI6MzAwMDAwMDAwMDAwfX0=",
          "dependencies": [
            "aws_lb.main",
            "aws_lb_target_group.main",
            "aws_security_group.alb_sg",
            "aws_subnet.public",
            "aws_vpc.main",
            "data.aws_availability_zones.available",
            "data.aws_eks_cluster.cluster"
          ]
        }
      ]
    },
    {
      "mode": "managed",
      "type": "aws_lb_listener",
      "name": "https_uat",
      "provider": "provider[\"registry.terraform.io/hashicorp/aws\"]",
      "instances": [
        {
          "schema_version": 0,
          "attributes": {
            "alpn_policy": null,
            "arn": "arn:aws:elasticloadbalancing:ap-south-1:010438478476:listener/app/Fvrk-uat-alb/9f5068f897ca72b4/b67ac321c98cc087",
            "certificate_arn": "arn:aws:acm:ap-south-1:010438478476:certificate/027daaa8-4c47-41d3-ad8c-b7828d332752",
            "default_action": [
              {
                "authenticate_cognito": [],
                "authenticate_oidc": [],
                "fixed_response": [],
                "forward": [],
                "order": 1,
                "redirect": [],
                "target_group_arn": "arn:aws:elasticloadbalancing:ap-south-1:010438478476:targetgroup/k8s-fvrk-uat-tg/92e5fe6e967ce241",
                "type": "forward"
              }
            ],
            "id": "arn:aws:elasticloadbalancing:ap-south-1:010438478476:listener/app/Fvrk-uat-alb/9f5068f897ca72b4/b67ac321c98cc087",
            "load_balancer_arn": "arn:aws:elasticloadbalancing:ap-south-1:010438478476:loadbalancer/app/Fvrk-uat-alb/9f5068f897ca72b4",
            "mutual_authentication": [
              {
                "advertise_trust_store_ca_names": "",
                "ignore_client_certificate_expiry": false,
                "mode": "off",
                "trust_store_arn": ""
              }
            ],
            "port": 443,
            "protocol": "HTTPS",
            "routing_http_request_x_amzn_mtls_clientcert_header_name": "",
            "routing_http_request_x_amzn_mtls_clientcert_issuer_header_name": "",
            "routing_http_request_x_amzn_mtls_clientcert_leaf_header_name": "",
            "routing_http_request_x_amzn_mtls_clientcert_serial_number_header_name": "",
            "routing_http_request_x_amzn_mtls_clientcert_subject_header_name": "",
            "routing_http_request_x_amzn_mtls_clientcert_validity_header_name": "",
            "routing_http_request_x_amzn_tls_cipher_suite_header_name": "",
            "routing_http_request_x_amzn_tls_version_header_name": "",
            "routing_http_response_access_control_allow_credentials_header_value": "",
            "routing_http_response_access_control_allow_headers_header_value": "",
            "routing_http_response_access_control_allow_methods_header_value": "",
            "routing_http_response_access_control_allow_origin_header_value": "",
            "routing_http_response_access_control_expose_headers_header_value": "",
            "routing_http_response_access_control_max_age_header_value": "",
            "routing_http_response_content_security_policy_header_value": "",
            "routing_http_response_server_enabled": true,
            "routing_http_response_strict_transport_security_header_value": "",
            "routing_http_response_x_content_type_options_header_value": "",
            "routing_http_response_x_frame_options_header_value": "",
            "ssl_policy": "ELBSecurityPolicy-2016-08",
            "tags": {},
            "tags_all": {},
            "tcp_idle_timeout_seconds": null,
            "timeouts": null
          },
          "sensitive_attributes": [],
          "identity_schema_version": 0,
          "private": "eyJlMmJmYjczMC1lY2FhLTExZTYtOGY4OC0zNDM2M2JjN2M0YzAiOnsiY3JlYXRlIjozMDAwMDAwMDAwMDAsInVwZGF0ZSI6MzAwMDAwMDAwMDAwfX0=",
          "dependencies": [
            "aws_lb.main_uat",
            "aws_lb_target_group.main_uat",
            "aws_security_group.alb_sg_uat",
            "aws_subnet.public",
            "aws_vpc.main",
            "data.aws_availability_zones.available",
            "data.aws_eks_cluster.cluster"
          ]
        }
      ]
    },
    {
      "mode": "managed",
      "type": "aws_lb_listener",
      "name": "nlb_https_listener",
      "provider": "provider[\"registry.terraform.io/hashicorp/aws\"]",
      "instances": [
        {
          "schema_version": 0,
          "attributes": {
            "alpn_policy": null,
            "arn": "arn:aws:elasticloadbalancing:ap-south-1:010438478476:listener/net/Fvrk-dev-nlb-front-door/fca2c7885497bd3f/cccf7b18cb699955",
            "certificate_arn": null,
            "default_action": [
              {
                "authenticate_cognito": [],
                "authenticate_oidc": [],
                "fixed_response": [],
                "forward": [],
                "order": 1,
                "redirect": [],
                "target_group_arn": "arn:aws:elasticloadbalancing:ap-south-1:010438478476:targetgroup/nlb-to-alb-bridge/10a8764692528099",
                "type": "forward"
              }
            ],
            "id": "arn:aws:elasticloadbalancing:ap-south-1:010438478476:listener/net/Fvrk-dev-nlb-front-door/fca2c7885497bd3f/cccf7b18cb699955",
            "load_balancer_arn": "arn:aws:elasticloadbalancing:ap-south-1:010438478476:loadbalancer/net/Fvrk-dev-nlb-front-door/fca2c7885497bd3f",
            "mutual_authentication": [],
            "port": 443,
            "protocol": "TCP",
            "routing_http_request_x_amzn_mtls_clientcert_header_name": null,
            "routing_http_request_x_amzn_mtls_clientcert_issuer_header_name": null,
            "routing_http_request_x_amzn_mtls_clientcert_leaf_header_name": null,
            "routing_http_request_x_amzn_mtls_clientcert_serial_number_header_name": null,
            "routing_http_request_x_amzn_mtls_clientcert_subject_header_name": null,
            "routing_http_request_x_amzn_mtls_clientcert_validity_header_name": null,
            "routing_http_request_x_amzn_tls_cipher_suite_header_name": null,
            "routing_http_request_x_amzn_tls_version_header_name": null,
            "routing_http_response_access_control_allow_credentials_header_value": null,
            "routing_http_response_access_control_allow_headers_header_value": null,
            "routing_http_response_access_control_allow_methods_header_value": null,
            "routing_http_response_access_control_allow_origin_header_value": null,
            "routing_http_response_access_control_expose_headers_header_value": null,
            "routing_http_response_access_control_max_age_header_value": null,
            "routing_http_response_content_security_policy_header_value": null,
            "routing_http_response_server_enabled": null,
            "routing_http_response_strict_transport_security_header_value": null,
            "routing_http_response_x_content_type_options_header_value": null,
            "routing_http_response_x_frame_options_header_value": null,
            "ssl_policy": "",
            "tags": {},
            "tags_all": {},
            "tcp_idle_timeout_seconds": 350,
            "timeouts": null
          },
          "sensitive_attributes": [],
          "identity_schema_version": 0,
          "private": "eyJlMmJmYjczMC1lY2FhLTExZTYtOGY4OC0zNDM2M2JjN2M0YzAiOnsiY3JlYXRlIjozMDAwMDAwMDAwMDAsInVwZGF0ZSI6MzAwMDAwMDAwMDAwfX0=",
          "dependencies": [
            "aws_lb.nlb_rabbit",
            "aws_lb_target_group.alb_bridge",
            "aws_subnet.public",
            "aws_vpc.main",
            "data.aws_availability_zones.available",
            "data.aws_eks_cluster.cluster"
          ]
        }
      ]
    },
    {
      "mode": "managed",
      "type": "aws_lb_listener",
      "name": "rabbit_messaging_listener",
      "provider": "provider[\"registry.terraform.io/hashicorp/aws\"]",
      "instances": [
        {
          "schema_version": 0,
          "attributes": {
            "alpn_policy": null,
            "arn": "arn:aws:elasticloadbalancing:ap-south-1:010438478476:listener/net/Fvrk-dev-nlb-front-door/fca2c7885497bd3f/77a37cb74e783c79",
            "certificate_arn": null,
            "default_action": [
              {
                "authenticate_cognito": [],
                "authenticate_oidc": [],
                "fixed_response": [],
                "forward": [],
                "order": 1,
                "redirect": [],
                "target_group_arn": "arn:aws:elasticloadbalancing:ap-south-1:010438478476:targetgroup/k8s-rabbit-mq-messaging/bd5508037167e194",
                "type": "forward"
              }
            ],
            "id": "arn:aws:elasticloadbalancing:ap-south-1:010438478476:listener/net/Fvrk-dev-nlb-front-door/fca2c7885497bd3f/77a37cb74e783c79",
            "load_balancer_arn": "arn:aws:elasticloadbalancing:ap-south-1:010438478476:loadbalancer/net/Fvrk-dev-nlb-front-door/fca2c7885497bd3f",
            "mutual_authentication": [],
            "port": 5672,
            "protocol": "TCP",
            "routing_http_request_x_amzn_mtls_clientcert_header_name": null,
            "routing_http_request_x_amzn_mtls_clientcert_issuer_header_name": null,
            "routing_http_request_x_amzn_mtls_clientcert_leaf_header_name": null,
            "routing_http_request_x_amzn_mtls_clientcert_serial_number_header_name": null,
            "routing_http_request_x_amzn_mtls_clientcert_subject_header_name": null,
            "routing_http_request_x_amzn_mtls_clientcert_validity_header_name": null,
            "routing_http_request_x_amzn_tls_cipher_suite_header_name": null,
            "routing_http_request_x_amzn_tls_version_header_name": null,
            "routing_http_response_access_control_allow_credentials_header_value": null,
            "routing_http_response_access_control_allow_headers_header_value": null,
            "routing_http_response_access_control_allow_methods_header_value": null,
            "routing_http_response_access_control_allow_origin_header_value": null,
            "routing_http_response_access_control_expose_headers_header_value": null,
            "routing_http_response_access_control_max_age_header_value": null,
            "routing_http_response_content_security_policy_header_value": null,
            "routing_http_response_server_enabled": null,
            "routing_http_response_strict_transport_security_header_value": null,
            "routing_http_response_x_content_type_options_header_value": null,
            "routing_http_response_x_frame_options_header_value": null,
            "ssl_policy": "",
            "tags": {},
            "tags_all": {},
            "tcp_idle_timeout_seconds": 350,
            "timeouts": null
          },
          "sensitive_attributes": [],
          "identity_schema_version": 0,
          "private": "eyJlMmJmYjczMC1lY2FhLTExZTYtOGY4OC0zNDM2M2JjN2M0YzAiOnsiY3JlYXRlIjozMDAwMDAwMDAwMDAsInVwZGF0ZSI6MzAwMDAwMDAwMDAwfX0=",
          "dependencies": [
            "aws_lb.nlb_rabbit",
            "aws_lb_target_group.rabbit_messaging",
            "aws_subnet.public",
            "aws_vpc.main",
            "data.aws_availability_zones.available",
            "data.aws_eks_cluster.cluster"
          ]
        }
      ]
    },
    {
      "mode": "managed",
      "type": "aws_lb_listener_rule",
      "name": "rule_1",
      "provider": "provider[\"registry.terraform.io/hashicorp/aws\"]",
      "instances": [
        {
          "schema_version": 0,
          "attributes": {
            "action": [
              {
                "authenticate_cognito": [],
                "authenticate_oidc": [],
                "fixed_response": [],
                "forward": [],
                "order": 1,
                "redirect": [],
                "target_group_arn": "arn:aws:elasticloadbalancing:ap-south-1:010438478476:targetgroup/ip-tg-2026031920150605220000000a/452a2ae3e038251b",
                "type": "forward"
              }
            ],
            "arn": "arn:aws:elasticloadbalancing:ap-south-1:010438478476:listener-rule/app/Fvrk-dev-alb/67ed6ab2ef1a162a/eeb313d174bdb2d6/03492a8af61aad9f",
            "condition": [
              {
                "host_header": [],
                "http_header": [],
                "http_request_method": [],
                "path_pattern": [
                  {
                    "values": [
                      "/api/document-embedding-classification/*"
                    ]
                  }
                ],
                "query_string": [],
                "source_ip": []
              }
            ],
            "id": "arn:aws:elasticloadbalancing:ap-south-1:010438478476:listener-rule/app/Fvrk-dev-alb/67ed6ab2ef1a162a/eeb313d174bdb2d6/03492a8af61aad9f",
            "listener_arn": "arn:aws:elasticloadbalancing:ap-south-1:010438478476:listener/app/Fvrk-dev-alb/67ed6ab2ef1a162a/eeb313d174bdb2d6",
            "priority": 1,
            "tags": {},
            "tags_all": {}
          },
          "sensitive_attributes": [],
          "identity_schema_version": 0,
          "private": "bnVsbA==",
          "dependencies": [
            "aws_lb.main",
            "aws_lb_listener.https",
            "aws_lb_target_group.main",
            "aws_security_group.alb_sg",
            "aws_subnet.public",
            "aws_vpc.main",
            "data.aws_availability_zones.available",
            "data.aws_eks_cluster.cluster"
          ]
        }
      ]
    },
    {
      "mode": "managed",
      "type": "aws_lb_listener_rule",
      "name": "rule_10",
      "provider": "provider[\"registry.terraform.io/hashicorp/aws\"]",
      "instances": [
        {
          "schema_version": 0,
          "attributes": {
            "action": [
              {
                "authenticate_cognito": [],
                "authenticate_oidc": [],
                "fixed_response": [],
                "forward": [],
                "order": 1,
                "redirect": [],
                "target_group_arn": "arn:aws:elasticloadbalancing:ap-south-1:010438478476:targetgroup/ip-tg-20260319201506049800000001/f5e1e1c7270c4ebe",
                "type": "forward"
              }
            ],
            "arn": "arn:aws:elasticloadbalancing:ap-south-1:010438478476:listener-rule/app/Fvrk-dev-alb/67ed6ab2ef1a162a/eeb313d174bdb2d6/dac1bc0d14051128",
            "condition": [
              {
                "host_header": [],
                "http_header": [],
                "http_request_method": [],
                "path_pattern": [
                  {
                    "values": [
                      "/api/document-text-extraction/*",
                      "/api/framev3/document-text-extraction/*"
                    ]
                  }
                ],
                "query_string": [],
                "source_ip": []
              }
            ],
            "id": "arn:aws:elasticloadbalancing:ap-south-1:010438478476:listener-rule/app/Fvrk-dev-alb/67ed6ab2ef1a162a/eeb313d174bdb2d6/dac1bc0d14051128",
            "listener_arn": "arn:aws:elasticloadbalancing:ap-south-1:010438478476:listener/app/Fvrk-dev-alb/67ed6ab2ef1a162a/eeb313d174bdb2d6",
            "priority": 10,
            "tags": {},
            "tags_all": {}
          },
          "sensitive_attributes": [],
          "identity_schema_version": 0,
          "private": "bnVsbA==",
          "dependencies": [
            "aws_lb.main",
            "aws_lb_listener.https",
            "aws_lb_target_group.main",
            "aws_security_group.alb_sg",
            "aws_subnet.public",
            "aws_vpc.main",
            "data.aws_availability_zones.available",
            "data.aws_eks_cluster.cluster"
          ]
        }
      ]
    },
    {
      "mode": "managed",
      "type": "aws_lb_listener_rule",
      "name": "rule_11",
      "provider": "provider[\"registry.terraform.io/hashicorp/aws\"]",
      "instances": [
        {
          "schema_version": 0,
          "attributes": {
            "action": [
              {
                "authenticate_cognito": [],
                "authenticate_oidc": [],
                "fixed_response": [],
                "forward": [],
                "order": 1,
                "redirect": [],
                "target_group_arn": "arn:aws:elasticloadbalancing:ap-south-1:010438478476:targetgroup/ip-tg-20260319201506050500000006/76e8ec0ca764bd60",
                "type": "forward"
              }
            ],
            "arn": "arn:aws:elasticloadbalancing:ap-south-1:010438478476:listener-rule/app/Fvrk-dev-alb/67ed6ab2ef1a162a/eeb313d174bdb2d6/ad7a0a95a12b6424",
            "condition": [
              {
                "host_header": [
                  {
                    "values": [
                      "sit-gateway.aithondev.com"
                    ]
                  }
                ],
                "http_header": [],
                "http_request_method": [],
                "path_pattern": [],
                "query_string": [],
                "source_ip": []
              }
            ],
            "id": "arn:aws:elasticloadbalancing:ap-south-1:010438478476:listener-rule/app/Fvrk-dev-alb/67ed6ab2ef1a162a/eeb313d174bdb2d6/ad7a0a95a12b6424",
            "listener_arn": "arn:aws:elasticloadbalancing:ap-south-1:010438478476:listener/app/Fvrk-dev-alb/67ed6ab2ef1a162a/eeb313d174bdb2d6",
            "priority": 11,
            "tags": {},
            "tags_all": {}
          },
          "sensitive_attributes": [],
          "identity_schema_version": 0,
          "private": "bnVsbA==",
          "dependencies": [
            "aws_lb.main",
            "aws_lb_listener.https",
            "aws_lb_target_group.main",
            "aws_security_group.alb_sg",
            "aws_subnet.public",
            "aws_vpc.main",
            "data.aws_availability_zones.available",
            "data.aws_eks_cluster.cluster"
          ]
        }
      ]
    },
    {
      "mode": "managed",
      "type": "aws_lb_listener_rule",
      "name": "rule_12",
      "provider": "provider[\"registry.terraform.io/hashicorp/aws\"]",
      "instances": [
        {
          "schema_version": 0,
          "attributes": {
            "action": [
              {
                "authenticate_cognito": [],
                "authenticate_oidc": [],
                "fixed_response": [],
                "forward": [],
                "order": 1,
                "redirect": [],
                "target_group_arn": "arn:aws:elasticloadbalancing:ap-south-1:010438478476:targetgroup/ip-tg-20260319201506051800000007/b17ce2621b62967c",
                "type": "forward"
              }
            ],
            "arn": "arn:aws:elasticloadbalancing:ap-south-1:010438478476:listener-rule/app/Fvrk-dev-alb/67ed6ab2ef1a162a/eeb313d174bdb2d6/ce5e5d81a4b0643f",
            "condition": [
              {
                "host_header": [],
                "http_header": [],
                "http_request_method": [],
                "path_pattern": [
                  {
                    "values": [
                      "/api/frame/*"
                    ]
                  }
                ],
                "query_string": [],
                "source_ip": []
              }
            ],
            "id": "arn:aws:elasticloadbalancing:ap-south-1:010438478476:listener-rule/app/Fvrk-dev-alb/67ed6ab2ef1a162a/eeb313d174bdb2d6/ce5e5d81a4b0643f",
            "listener_arn": "arn:aws:elasticloadbalancing:ap-south-1:010438478476:listener/app/Fvrk-dev-alb/67ed6ab2ef1a162a/eeb313d174bdb2d6",
            "priority": 12,
            "tags": {},
            "tags_all": {}
          },
          "sensitive_attributes": [],
          "identity_schema_version": 0,
          "private": "bnVsbA==",
          "dependencies": [
            "aws_lb.main",
            "aws_lb_listener.https",
            "aws_lb_target_group.main",
            "aws_security_group.alb_sg",
            "aws_subnet.public",
            "aws_vpc.main",
            "data.aws_availability_zones.available",
            "data.aws_eks_cluster.cluster"
          ]
        }
      ]
    },
    {
      "mode": "managed",
      "type": "aws_lb_listener_rule",
      "name": "rule_13",
      "provider": "provider[\"registry.terraform.io/hashicorp/aws\"]",
      "instances": [
        {
          "schema_version": 0,
          "attributes": {
            "action": [
              {
                "authenticate_cognito": [],
                "authenticate_oidc": [],
                "fixed_response": [],
                "forward": [],
                "order": 1,
                "redirect": [],
                "target_group_arn": "arn:aws:elasticloadbalancing:ap-south-1:010438478476:targetgroup/ip-tg-20260319201506050400000004/7236b3f31449f718",
                "type": "forward"
              }
            ],
            "arn": "arn:aws:elasticloadbalancing:ap-south-1:010438478476:listener-rule/app/Fvrk-dev-alb/67ed6ab2ef1a162a/eeb313d174bdb2d6/2be70f9c4842ffd2",
            "condition": [
              {
                "host_header": [],
                "http_header": [],
                "http_request_method": [],
                "path_pattern": [
                  {
                    "values": [
                      "/api/common/*"
                    ]
                  }
                ],
                "query_string": [],
                "source_ip": []
              }
            ],
            "id": "arn:aws:elasticloadbalancing:ap-south-1:010438478476:listener-rule/app/Fvrk-dev-alb/67ed6ab2ef1a162a/eeb313d174bdb2d6/2be70f9c4842ffd2",
            "listener_arn": "arn:aws:elasticloadbalancing:ap-south-1:010438478476:listener/app/Fvrk-dev-alb/67ed6ab2ef1a162a/eeb313d174bdb2d6",
            "priority": 13,
            "tags": {},
            "tags_all": {}
          },
          "sensitive_attributes": [],
          "identity_schema_version": 0,
          "private": "bnVsbA==",
          "dependencies": [
            "aws_lb.main",
            "aws_lb_listener.https",
            "aws_lb_target_group.main",
            "aws_security_group.alb_sg",
            "aws_subnet.public",
            "aws_vpc.main",
            "data.aws_availability_zones.available",
            "data.aws_eks_cluster.cluster"
          ]
        }
      ]
    },
    {
      "mode": "managed",
      "type": "aws_lb_listener_rule",
      "name": "rule_15",
      "provider": "provider[\"registry.terraform.io/hashicorp/aws\"]",
      "instances": [
        {
          "schema_version": 0,
          "attributes": {
            "action": [
              {
                "authenticate_cognito": [],
                "authenticate_oidc": [],
                "fixed_response": [],
                "forward": [],
                "order": 1,
                "redirect": [],
                "target_group_arn": "arn:aws:elasticloadbalancing:ap-south-1:010438478476:targetgroup/ip-tg-2026031920150672570000000f/60aa7b77a6ba7856",
                "type": "forward"
              }
            ],
            "arn": "arn:aws:elasticloadbalancing:ap-south-1:010438478476:listener-rule/app/Fvrk-dev-alb/67ed6ab2ef1a162a/eeb313d174bdb2d6/26981e9926c909a1",
            "condition": [
              {
                "host_header": [
                  {
                    "values": [
                      "airflow.aithondev.com"
                    ]
                  }
                ],
                "http_header": [],
                "http_request_method": [],
                "path_pattern": [],
                "query_string": [],
                "source_ip": []
              }
            ],
            "id": "arn:aws:elasticloadbalancing:ap-south-1:010438478476:listener-rule/app/Fvrk-dev-alb/67ed6ab2ef1a162a/eeb313d174bdb2d6/26981e9926c909a1",
            "listener_arn": "arn:aws:elasticloadbalancing:ap-south-1:010438478476:listener/app/Fvrk-dev-alb/67ed6ab2ef1a162a/eeb313d174bdb2d6",
            "priority": 15,
            "tags": {},
            "tags_all": {}
          },
          "sensitive_attributes": [],
          "identity_schema_version": 0,
          "private": "bnVsbA==",
          "dependencies": [
            "aws_lb.main",
            "aws_lb_listener.https",
            "aws_lb_target_group.main",
            "aws_security_group.alb_sg",
            "aws_subnet.public",
            "aws_vpc.main",
            "data.aws_availability_zones.available",
            "data.aws_eks_cluster.cluster"
          ]
        }
      ]
    },
    {
      "mode": "managed",
      "type": "aws_lb_listener_rule",
      "name": "rule_16",
      "provider": "provider[\"registry.terraform.io/hashicorp/aws\"]",
      "instances": [
        {
          "schema_version": 0,
          "attributes": {
            "action": [
              {
                "authenticate_cognito": [],
                "authenticate_oidc": [],
                "fixed_response": [],
                "forward": [],
                "order": 1,
                "redirect": [],
                "target_group_arn": "arn:aws:elasticloadbalancing:ap-south-1:010438478476:targetgroup/ip-tg-20260319201506051800000008/3174b272cba8f6f4",
                "type": "forward"
              }
            ],
            "arn": "arn:aws:elasticloadbalancing:ap-south-1:010438478476:listener-rule/app/Fvrk-dev-alb/67ed6ab2ef1a162a/eeb313d174bdb2d6/a744948f2be2dbb1",
            "condition": [
              {
                "host_header": [
                  {
                    "values": [
                      "etl-dev.aithondev.com"
                    ]
                  }
                ],
                "http_header": [],
                "http_request_method": [],
                "path_pattern": [],
                "query_string": [],
                "source_ip": []
              }
            ],
            "id": "arn:aws:elasticloadbalancing:ap-south-1:010438478476:listener-rule/app/Fvrk-dev-alb/67ed6ab2ef1a162a/eeb313d174bdb2d6/a744948f2be2dbb1",
            "listener_arn": "arn:aws:elasticloadbalancing:ap-south-1:010438478476:listener/app/Fvrk-dev-alb/67ed6ab2ef1a162a/eeb313d174bdb2d6",
            "priority": 16,
            "tags": {},
            "tags_all": {}
          },
          "sensitive_attributes": [],
          "identity_schema_version": 0,
          "private": "bnVsbA==",
          "dependencies": [
            "aws_lb.main",
            "aws_lb_listener.https",
            "aws_lb_target_group.main",
            "aws_security_group.alb_sg",
            "aws_subnet.public",
            "aws_vpc.main",
            "data.aws_availability_zones.available",
            "data.aws_eks_cluster.cluster"
          ]
        }
      ]
    },
    {
      "mode": "managed",
      "type": "aws_lb_listener_rule",
      "name": "rule_17",
      "provider": "provider[\"registry.terraform.io/hashicorp/aws\"]",
      "instances": [
        {
          "schema_version": 0,
          "attributes": {
            "action": [
              {
                "authenticate_cognito": [],
                "authenticate_oidc": [],
                "fixed_response": [],
                "forward": [],
                "order": 1,
                "redirect": [],
                "target_group_arn": "arn:aws:elasticloadbalancing:ap-south-1:010438478476:targetgroup/ip-tg-20260319201506861200000013/e615ae5a6239c596",
                "type": "forward"
              }
            ],
            "arn": "arn:aws:elasticloadbalancing:ap-south-1:010438478476:listener-rule/app/Fvrk-dev-alb/67ed6ab2ef1a162a/eeb313d174bdb2d6/40374813732c5ed6",
            "condition": [
              {
                "host_header": [
                  {
                    "values": [
                      "monitoring.aithondev.com"
                    ]
                  }
                ],
                "http_header": [],
                "http_request_method": [],
                "path_pattern": [],
                "query_string": [],
                "source_ip": []
              }
            ],
            "id": "arn:aws:elasticloadbalancing:ap-south-1:010438478476:listener-rule/app/Fvrk-dev-alb/67ed6ab2ef1a162a/eeb313d174bdb2d6/40374813732c5ed6",
            "listener_arn": "arn:aws:elasticloadbalancing:ap-south-1:010438478476:listener/app/Fvrk-dev-alb/67ed6ab2ef1a162a/eeb313d174bdb2d6",
            "priority": 17,
            "tags": {},
            "tags_all": {}
          },
          "sensitive_attributes": [],
          "identity_schema_version": 0,
          "private": "bnVsbA==",
          "dependencies": [
            "aws_lb.main",
            "aws_lb_listener.https",
            "aws_lb_target_group.main",
            "aws_security_group.alb_sg",
            "aws_subnet.public",
            "aws_vpc.main",
            "data.aws_availability_zones.available",
            "data.aws_eks_cluster.cluster"
          ]
        }
      ]
    },
    {
      "mode": "managed",
      "type": "aws_lb_listener_rule",
      "name": "rule_18",
      "provider": "provider[\"registry.terraform.io/hashicorp/aws\"]",
      "instances": [
        {
          "schema_version": 0,
          "attributes": {
            "action": [
              {
                "authenticate_cognito": [],
                "authenticate_oidc": [],
                "fixed_response": [],
                "forward": [],
                "order": 1,
                "redirect": [],
                "target_group_arn": "arn:aws:elasticloadbalancing:ap-south-1:010438478476:targetgroup/ip-tg-2026031920150670900000000e/dcdd824815bca68f",
                "type": "forward"
              }
            ],
            "arn": "arn:aws:elasticloadbalancing:ap-south-1:010438478476:listener-rule/app/Fvrk-dev-alb/67ed6ab2ef1a162a/eeb313d174bdb2d6/c4289514fe4651d0",
            "condition": [
              {
                "host_header": [],
                "http_header": [],
                "http_request_method": [],
                "path_pattern": [
                  {
                    "values": [
                      "/api/scheduler/*"
                    ]
                  }
                ],
                "query_string": [],
                "source_ip": []
              }
            ],
            "id": "arn:aws:elasticloadbalancing:ap-south-1:010438478476:listener-rule/app/Fvrk-dev-alb/67ed6ab2ef1a162a/eeb313d174bdb2d6/c4289514fe4651d0",
            "listener_arn": "arn:aws:elasticloadbalancing:ap-south-1:010438478476:listener/app/Fvrk-dev-alb/67ed6ab2ef1a162a/eeb313d174bdb2d6",
            "priority": 18,
            "tags": {},
            "tags_all": {}
          },
          "sensitive_attributes": [],
          "identity_schema_version": 0,
          "private": "bnVsbA==",
          "dependencies": [
            "aws_lb.main",
            "aws_lb_listener.https",
            "aws_lb_target_group.main",
            "aws_security_group.alb_sg",
            "aws_subnet.public",
            "aws_vpc.main",
            "data.aws_availability_zones.available",
            "data.aws_eks_cluster.cluster"
          ]
        }
      ]
    },
    {
      "mode": "managed",
      "type": "aws_lb_listener_rule",
      "name": "rule_19",
      "provider": "provider[\"registry.terraform.io/hashicorp/aws\"]",
      "instances": [
        {
          "schema_version": 0,
          "attributes": {
            "action": [
              {
                "authenticate_cognito": [],
                "authenticate_oidc": [],
                "fixed_response": [],
                "forward": [],
                "order": 1,
                "redirect": [],
                "target_group_arn": "arn:aws:elasticloadbalancing:ap-south-1:010438478476:targetgroup/ip-tg-20260319201506051800000008/3174b272cba8f6f4",
                "type": "forward"
              }
            ],
            "arn": "arn:aws:elasticloadbalancing:ap-south-1:010438478476:listener-rule/app/Fvrk-dev-alb/67ed6ab2ef1a162a/eeb313d174bdb2d6/a531f489acd6f74b",
            "condition": [
              {
                "host_header": [],
                "http_header": [],
                "http_request_method": [],
                "path_pattern": [
                  {
                    "values": [
                      "/api/etl/*"
                    ]
                  }
                ],
                "query_string": [],
                "source_ip": []
              }
            ],
            "id": "arn:aws:elasticloadbalancing:ap-south-1:010438478476:listener-rule/app/Fvrk-dev-alb/67ed6ab2ef1a162a/eeb313d174bdb2d6/a531f489acd6f74b",
            "listener_arn": "arn:aws:elasticloadbalancing:ap-south-1:010438478476:listener/app/Fvrk-dev-alb/67ed6ab2ef1a162a/eeb313d174bdb2d6",
            "priority": 19,
            "tags": {},
            "tags_all": {}
          },
          "sensitive_attributes": [],
          "identity_schema_version": 0,
          "private": "bnVsbA==",
          "dependencies": [
            "aws_lb.main",
            "aws_lb_listener.https",
            "aws_lb_target_group.main",
            "aws_security_group.alb_sg",
            "aws_subnet.public",
            "aws_vpc.main",
            "data.aws_availability_zones.available",
            "data.aws_eks_cluster.cluster"
          ]
        }
      ]
    },
    {
      "mode": "managed",
      "type": "aws_lb_listener_rule",
      "name": "rule_2",
      "provider": "provider[\"registry.terraform.io/hashicorp/aws\"]",
      "instances": [
        {
          "schema_version": 0,
          "attributes": {
            "action": [
              {
                "authenticate_cognito": [],
                "authenticate_oidc": [],
                "fixed_response": [],
                "forward": [],
                "order": 1,
                "redirect": [],
                "target_group_arn": "arn:aws:elasticloadbalancing:ap-south-1:010438478476:targetgroup/ip-tg-20260319201506050200000002/4d71efabcc31052c",
                "type": "forward"
              }
            ],
            "arn": "arn:aws:elasticloadbalancing:ap-south-1:010438478476:listener-rule/app/Fvrk-dev-alb/67ed6ab2ef1a162a/eeb313d174bdb2d6/1b8370afb3ce74f3",
            "condition": [
              {
                "host_header": [],
                "http_header": [],
                "http_request_method": [],
                "path_pattern": [
                  {
                    "values": [
                      "/api/validus/*"
                    ]
                  }
                ],
                "query_string": [],
                "source_ip": []
              }
            ],
            "id": "arn:aws:elasticloadbalancing:ap-south-1:010438478476:listener-rule/app/Fvrk-dev-alb/67ed6ab2ef1a162a/eeb313d174bdb2d6/1b8370afb3ce74f3",
            "listener_arn": "arn:aws:elasticloadbalancing:ap-south-1:010438478476:listener/app/Fvrk-dev-alb/67ed6ab2ef1a162a/eeb313d174bdb2d6",
            "priority": 2,
            "tags": {},
            "tags_all": {}
          },
          "sensitive_attributes": [],
          "identity_schema_version": 0,
          "private": "bnVsbA==",
          "dependencies": [
            "aws_lb.main",
            "aws_lb_listener.https",
            "aws_lb_target_group.main",
            "aws_security_group.alb_sg",
            "aws_subnet.public",
            "aws_vpc.main",
            "data.aws_availability_zones.available",
            "data.aws_eks_cluster.cluster"
          ]
        }
      ]
    },
    {
      "mode": "managed",
      "type": "aws_lb_listener_rule",
      "name": "rule_3",
      "provider": "provider[\"registry.terraform.io/hashicorp/aws\"]",
      "instances": [
        {
          "schema_version": 0,
          "attributes": {
            "action": [
              {
                "authenticate_cognito": [],
                "authenticate_oidc": [],
                "fixed_response": [],
                "forward": [],
                "order": 1,
                "redirect": [],
                "target_group_arn": "arn:aws:elasticloadbalancing:ap-south-1:010438478476:targetgroup/ip-tg-2026031920150667490000000c/4be4172dda5acc44",
                "type": "forward"
              }
            ],
            "arn": "arn:aws:elasticloadbalancing:ap-south-1:010438478476:listener-rule/app/Fvrk-dev-alb/67ed6ab2ef1a162a/eeb313d174bdb2d6/c175ec3a703b26a4",
            "condition": [
              {
                "host_header": [
                  {
                    "values": [
                      "jenkins.aithondev.com"
                    ]
                  }
                ],
                "http_header": [],
                "http_request_method": [],
                "path_pattern": [],
                "query_string": [],
                "source_ip": []
              }
            ],
            "id": "arn:aws:elasticloadbalancing:ap-south-1:010438478476:listener-rule/app/Fvrk-dev-alb/67ed6ab2ef1a162a/eeb313d174bdb2d6/c175ec3a703b26a4",
            "listener_arn": "arn:aws:elasticloadbalancing:ap-south-1:010438478476:listener/app/Fvrk-dev-alb/67ed6ab2ef1a162a/eeb313d174bdb2d6",
            "priority": 3,
            "tags": {},
            "tags_all": {}
          },
          "sensitive_attributes": [],
          "identity_schema_version": 0,
          "private": "bnVsbA==",
          "dependencies": [
            "aws_lb.main",
            "aws_lb_listener.https",
            "aws_lb_target_group.main",
            "aws_security_group.alb_sg",
            "aws_subnet.public",
            "aws_vpc.main",
            "data.aws_availability_zones.available",
            "data.aws_eks_cluster.cluster"
          ]
        }
      ]
    },
    {
      "mode": "managed",
      "type": "aws_lb_listener_rule",
      "name": "rule_4",
      "provider": "provider[\"registry.terraform.io/hashicorp/aws\"]",
      "instances": [
        {
          "schema_version": 0,
          "attributes": {
            "action": [
              {
                "authenticate_cognito": [],
                "authenticate_oidc": [],
                "fixed_response": [],
                "forward": [],
                "order": 1,
                "redirect": [],
                "target_group_arn": "arn:aws:elasticloadbalancing:ap-south-1:010438478476:targetgroup/ip-tg-2026031920150667490000000d/a512a5d8a1a25a1b",
                "type": "forward"
              }
            ],
            "arn": "arn:aws:elasticloadbalancing:ap-south-1:010438478476:listener-rule/app/Fvrk-dev-alb/67ed6ab2ef1a162a/eeb313d174bdb2d6/cd0649014672364d",
            "condition": [
              {
                "host_header": [
                  {
                    "values": [
                      "argocd.aithondev.com"
                    ]
                  }
                ],
                "http_header": [],
                "http_request_method": [],
                "path_pattern": [],
                "query_string": [],
                "source_ip": []
              }
            ],
            "id": "arn:aws:elasticloadbalancing:ap-south-1:010438478476:listener-rule/app/Fvrk-dev-alb/67ed6ab2ef1a162a/eeb313d174bdb2d6/cd0649014672364d",
            "listener_arn": "arn:aws:elasticloadbalancing:ap-south-1:010438478476:listener/app/Fvrk-dev-alb/67ed6ab2ef1a162a/eeb313d174bdb2d6",
            "priority": 4,
            "tags": {},
            "tags_all": {}
          },
          "sensitive_attributes": [],
          "identity_schema_version": 0,
          "private": "bnVsbA==",
          "dependencies": [
            "aws_lb.main",
            "aws_lb_listener.https",
            "aws_lb_target_group.main",
            "aws_security_group.alb_sg",
            "aws_subnet.public",
            "aws_vpc.main",
            "data.aws_availability_zones.available",
            "data.aws_eks_cluster.cluster"
          ]
        }
      ]
    },
    {
      "mode": "managed",
      "type": "aws_lb_listener_rule",
      "name": "rule_5",
      "provider": "provider[\"registry.terraform.io/hashicorp/aws\"]",
      "instances": [
        {
          "schema_version": 0,
          "attributes": {
            "action": [
              {
                "authenticate_cognito": [],
                "authenticate_oidc": [],
                "fixed_response": [],
                "forward": [],
                "order": 1,
                "redirect": [],
                "target_group_arn": "arn:aws:elasticloadbalancing:ap-south-1:010438478476:targetgroup/ip-tg-20260319201506728200000012/d8926b24adecafcf",
                "type": "forward"
              }
            ],
            "arn": "arn:aws:elasticloadbalancing:ap-south-1:010438478476:listener-rule/app/Fvrk-dev-alb/67ed6ab2ef1a162a/eeb313d174bdb2d6/ee47dc865bcd4d17",
            "condition": [
              {
                "host_header": [],
                "http_header": [],
                "http_request_method": [],
                "path_pattern": [
                  {
                    "values": [
                      "/api/page-classification/*"
                    ]
                  }
                ],
                "query_string": [],
                "source_ip": []
              }
            ],
            "id": "arn:aws:elasticloadbalancing:ap-south-1:010438478476:listener-rule/app/Fvrk-dev-alb/67ed6ab2ef1a162a/eeb313d174bdb2d6/ee47dc865bcd4d17",
            "listener_arn": "arn:aws:elasticloadbalancing:ap-south-1:010438478476:listener/app/Fvrk-dev-alb/67ed6ab2ef1a162a/eeb313d174bdb2d6",
            "priority": 5,
            "tags": {},
            "tags_all": {}
          },
          "sensitive_attributes": [],
          "identity_schema_version": 0,
          "private": "bnVsbA==",
          "dependencies": [
            "aws_lb.main",
            "aws_lb_listener.https",
            "aws_lb_target_group.main",
            "aws_security_group.alb_sg",
            "aws_subnet.public",
            "aws_vpc.main",
            "data.aws_availability_zones.available",
            "data.aws_eks_cluster.cluster"
          ]
        }
      ]
    },
    {
      "mode": "managed",
      "type": "aws_lb_listener_rule",
      "name": "rule_6",
      "provider": "provider[\"registry.terraform.io/hashicorp/aws\"]",
      "instances": [
        {
          "schema_version": 0,
          "attributes": {
            "action": [
              {
                "authenticate_cognito": [],
                "authenticate_oidc": [],
                "fixed_response": [],
                "forward": [],
                "order": 1,
                "redirect": [],
                "target_group_arn": "arn:aws:elasticloadbalancing:ap-south-1:010438478476:targetgroup/ip-tg-20260319201506050300000003/3fcde3ba9ccf5036",
                "type": "forward"
              }
            ],
            "arn": "arn:aws:elasticloadbalancing:ap-south-1:010438478476:listener-rule/app/Fvrk-dev-alb/67ed6ab2ef1a162a/eeb313d174bdb2d6/572e1bc9618cbc57",
            "condition": [
              {
                "host_header": [],
                "http_header": [],
                "http_request_method": [],
                "path_pattern": [
                  {
                    "values": [
                      "/api/field-extraction/*"
                    ]
                  }
                ],
                "query_string": [],
                "source_ip": []
              }
            ],
            "id": "arn:aws:elasticloadbalancing:ap-south-1:010438478476:listener-rule/app/Fvrk-dev-alb/67ed6ab2ef1a162a/eeb313d174bdb2d6/572e1bc9618cbc57",
            "listener_arn": "arn:aws:elasticloadbalancing:ap-south-1:010438478476:listener/app/Fvrk-dev-alb/67ed6ab2ef1a162a/eeb313d174bdb2d6",
            "priority": 6,
            "tags": {},
            "tags_all": {}
          },
          "sensitive_attributes": [],
          "identity_schema_version": 0,
          "private": "bnVsbA==",
          "dependencies": [
            "aws_lb.main",
            "aws_lb_listener.https",
            "aws_lb_target_group.main",
            "aws_security_group.alb_sg",
            "aws_subnet.public",
            "aws_vpc.main",
            "data.aws_availability_zones.available",
            "data.aws_eks_cluster.cluster"
          ]
        }
      ]
    },
    {
      "mode": "managed",
      "type": "aws_lb_listener_rule",
      "name": "rule_7",
      "provider": "provider[\"registry.terraform.io/hashicorp/aws\"]",
      "instances": [
        {
          "schema_version": 0,
          "attributes": {
            "action": [
              {
                "authenticate_cognito": [],
                "authenticate_oidc": [],
                "fixed_response": [],
                "forward": [],
                "order": 1,
                "redirect": [],
                "target_group_arn": "arn:aws:elasticloadbalancing:ap-south-1:010438478476:targetgroup/ip-tg-20260319201506728100000011/8f9713ec9b3cd878",
                "type": "forward"
              }
            ],
            "arn": "arn:aws:elasticloadbalancing:ap-south-1:010438478476:listener-rule/app/Fvrk-dev-alb/67ed6ab2ef1a162a/eeb313d174bdb2d6/46b75a73645eff5f",
            "condition": [
              {
                "host_header": [
                  {
                    "values": [
                      "konga.aithondev.com"
                    ]
                  }
                ],
                "http_header": [],
                "http_request_method": [],
                "path_pattern": [],
                "query_string": [],
                "source_ip": []
              }
            ],
            "id": "arn:aws:elasticloadbalancing:ap-south-1:010438478476:listener-rule/app/Fvrk-dev-alb/67ed6ab2ef1a162a/eeb313d174bdb2d6/46b75a73645eff5f",
            "listener_arn": "arn:aws:elasticloadbalancing:ap-south-1:010438478476:listener/app/Fvrk-dev-alb/67ed6ab2ef1a162a/eeb313d174bdb2d6",
            "priority": 7,
            "tags": {},
            "tags_all": {}
          },
          "sensitive_attributes": [],
          "identity_schema_version": 0,
          "private": "bnVsbA==",
          "dependencies": [
            "aws_lb.main",
            "aws_lb_listener.https",
            "aws_lb_target_group.main",
            "aws_security_group.alb_sg",
            "aws_subnet.public",
            "aws_vpc.main",
            "data.aws_availability_zones.available",
            "data.aws_eks_cluster.cluster"
          ]
        }
      ]
    },
    {
      "mode": "managed",
      "type": "aws_lb_listener_rule",
      "name": "rule_8",
      "provider": "provider[\"registry.terraform.io/hashicorp/aws\"]",
      "instances": [
        {
          "schema_version": 0,
          "attributes": {
            "action": [
              {
                "authenticate_cognito": [],
                "authenticate_oidc": [],
                "fixed_response": [],
                "forward": [],
                "order": 1,
                "redirect": [],
                "target_group_arn": "arn:aws:elasticloadbalancing:ap-south-1:010438478476:targetgroup/ip-tg-20260319201506727900000010/57fd6711eb9502e9",
                "type": "forward"
              }
            ],
            "arn": "arn:aws:elasticloadbalancing:ap-south-1:010438478476:listener-rule/app/Fvrk-dev-alb/67ed6ab2ef1a162a/eeb313d174bdb2d6/7d6d3dfe306de522",
            "condition": [
              {
                "host_header": [
                  {
                    "values": [
                      "keycloak.aithondev.com"
                    ]
                  }
                ],
                "http_header": [],
                "http_request_method": [],
                "path_pattern": [],
                "query_string": [],
                "source_ip": []
              }
            ],
            "id": "arn:aws:elasticloadbalancing:ap-south-1:010438478476:listener-rule/app/Fvrk-dev-alb/67ed6ab2ef1a162a/eeb313d174bdb2d6/7d6d3dfe306de522",
            "listener_arn": "arn:aws:elasticloadbalancing:ap-south-1:010438478476:listener/app/Fvrk-dev-alb/67ed6ab2ef1a162a/eeb313d174bdb2d6",
            "priority": 8,
            "tags": {},
            "tags_all": {}
          },
          "sensitive_attributes": [],
          "identity_schema_version": 0,
          "private": "bnVsbA==",
          "dependencies": [
            "aws_lb.main",
            "aws_lb_listener.https",
            "aws_lb_target_group.main",
            "aws_security_group.alb_sg",
            "aws_subnet.public",
            "aws_vpc.main",
            "data.aws_availability_zones.available",
            "data.aws_eks_cluster.cluster"
          ]
        }
      ]
    },
    {
      "mode": "managed",
      "type": "aws_lb_listener_rule",
      "name": "rule_9",
      "provider": "provider[\"registry.terraform.io/hashicorp/aws\"]",
      "instances": [
        {
          "schema_version": 0,
          "attributes": {
            "action": [
              {
                "authenticate_cognito": [],
                "authenticate_oidc": [],
                "fixed_response": [],
                "forward": [],
                "order": 1,
                "redirect": [],
                "target_group_arn": "arn:aws:elasticloadbalancing:ap-south-1:010438478476:targetgroup/ip-tg-20260319201506052100000009/b3028bd68c5d34ed",
                "type": "forward"
              }
            ],
            "arn": "arn:aws:elasticloadbalancing:ap-south-1:010438478476:listener-rule/app/Fvrk-dev-alb/67ed6ab2ef1a162a/eeb313d174bdb2d6/d4a40714823811c3",
            "condition": [
              {
                "host_header": [
                  {
                    "values": [
                      "rabbitmq.aithondev.com"
                    ]
                  }
                ],
                "http_header": [],
                "http_request_method": [],
                "path_pattern": [],
                "query_string": [],
                "source_ip": []
              }
            ],
            "id": "arn:aws:elasticloadbalancing:ap-south-1:010438478476:listener-rule/app/Fvrk-dev-alb/67ed6ab2ef1a162a/eeb313d174bdb2d6/d4a40714823811c3",
            "listener_arn": "arn:aws:elasticloadbalancing:ap-south-1:010438478476:listener/app/Fvrk-dev-alb/67ed6ab2ef1a162a/eeb313d174bdb2d6",
            "priority": 9,
            "tags": {},
            "tags_all": {}
          },
          "sensitive_attributes": [],
          "identity_schema_version": 0,
          "private": "bnVsbA==",
          "dependencies": [
            "aws_lb.main",
            "aws_lb_listener.https",
            "aws_lb_target_group.main",
            "aws_security_group.alb_sg",
            "aws_subnet.public",
            "aws_vpc.main",
            "data.aws_availability_zones.available",
            "data.aws_eks_cluster.cluster"
          ]
        }
      ]
    },
    {
      "mode": "managed",
      "type": "aws_lb_listener_rule",
      "name": "uat_rule_1",
      "provider": "provider[\"registry.terraform.io/hashicorp/aws\"]",
      "instances": [
        {
          "schema_version": 0,
          "attributes": {
            "action": [
              {
                "authenticate_cognito": [],
                "authenticate_oidc": [],
                "fixed_response": [],
                "forward": [],
                "order": 1,
                "redirect": [],
                "target_group_arn": "arn:aws:elasticloadbalancing:ap-south-1:010438478476:targetgroup/k8s-doc-classification-uat/c3b699822ea398c6",
                "type": "forward"
              }
            ],
            "arn": "arn:aws:elasticloadbalancing:ap-south-1:010438478476:listener-rule/app/Fvrk-uat-alb/9f5068f897ca72b4/b67ac321c98cc087/af58a4532637f70a",
            "condition": [
              {
                "host_header": [],
                "http_header": [],
                "http_request_method": [],
                "path_pattern": [
                  {
                    "values": [
                      "/api/document-embedding-classification/*"
                    ]
                  }
                ],
                "query_string": [],
                "source_ip": []
              }
            ],
            "id": "arn:aws:elasticloadbalancing:ap-south-1:010438478476:listener-rule/app/Fvrk-uat-alb/9f5068f897ca72b4/b67ac321c98cc087/af58a4532637f70a",
            "listener_arn": "arn:aws:elasticloadbalancing:ap-south-1:010438478476:listener/app/Fvrk-uat-alb/9f5068f897ca72b4/b67ac321c98cc087",
            "priority": 1,
            "tags": {},
            "tags_all": {}
          },
          "sensitive_attributes": [],
          "identity_schema_version": 0,
          "private": "bnVsbA==",
          "dependencies": [
            "aws_lb.main_uat",
            "aws_lb_listener.https_uat",
            "aws_lb_target_group.main_uat",
            "aws_security_group.alb_sg_uat",
            "aws_subnet.public",
            "aws_vpc.main",
            "data.aws_availability_zones.available",
            "data.aws_eks_cluster.cluster"
          ]
        }
      ]
    },
    {
      "mode": "managed",
      "type": "aws_lb_listener_rule",
      "name": "uat_rule_10",
      "provider": "provider[\"registry.terraform.io/hashicorp/aws\"]",
      "instances": [
        {
          "schema_version": 0,
          "attributes": {
            "action": [
              {
                "authenticate_cognito": [],
                "authenticate_oidc": [],
                "fixed_response": [],
                "forward": [],
                "order": 1,
                "redirect": [],
                "target_group_arn": "arn:aws:elasticloadbalancing:ap-south-1:010438478476:targetgroup/k8s-airflow-uat/2a0d9520d0a738ec",
                "type": "forward"
              }
            ],
            "arn": "arn:aws:elasticloadbalancing:ap-south-1:010438478476:listener-rule/app/Fvrk-uat-alb/9f5068f897ca72b4/b67ac321c98cc087/341683d4baec00ba",
            "condition": [
              {
                "host_header": [
                  {
                    "values": [
                      "airflow-uat.aithondev.com"
                    ]
                  }
                ],
                "http_header": [],
                "http_request_method": [],
                "path_pattern": [],
                "query_string": [],
                "source_ip": []
              }
            ],
            "id": "arn:aws:elasticloadbalancing:ap-south-1:010438478476:listener-rule/app/Fvrk-uat-alb/9f5068f897ca72b4/b67ac321c98cc087/341683d4baec00ba",
            "listener_arn": "arn:aws:elasticloadbalancing:ap-south-1:010438478476:listener/app/Fvrk-uat-alb/9f5068f897ca72b4/b67ac321c98cc087",
            "priority": 10,
            "tags": {},
            "tags_all": {}
          },
          "sensitive_attributes": [],
          "identity_schema_version": 0,
          "private": "bnVsbA==",
          "dependencies": [
            "aws_lb.main_uat",
            "aws_lb_listener.https_uat",
            "aws_lb_target_group.main_uat",
            "aws_security_group.alb_sg_uat",
            "aws_subnet.public",
            "aws_vpc.main",
            "data.aws_availability_zones.available",
            "data.aws_eks_cluster.cluster"
          ]
        }
      ]
    },
    {
      "mode": "managed",
      "type": "aws_lb_listener_rule",
      "name": "uat_rule_11",
      "provider": "provider[\"registry.terraform.io/hashicorp/aws\"]",
      "instances": [
        {
          "schema_version": 0,
          "attributes": {
            "action": [
              {
                "authenticate_cognito": [],
                "authenticate_oidc": [],
                "fixed_response": [],
                "forward": [],
                "order": 1,
                "redirect": [],
                "target_group_arn": "arn:aws:elasticloadbalancing:ap-south-1:010438478476:targetgroup/k8s-keycloak-uat/2e8921d87decc77a",
                "type": "forward"
              }
            ],
            "arn": "arn:aws:elasticloadbalancing:ap-south-1:010438478476:listener-rule/app/Fvrk-uat-alb/9f5068f897ca72b4/b67ac321c98cc087/7aa231d110f6edbc",
            "condition": [
              {
                "host_header": [
                  {
                    "values": [
                      "keycloak-uat.aithondev.com"
                    ]
                  }
                ],
                "http_header": [],
                "http_request_method": [],
                "path_pattern": [],
                "query_string": [],
                "source_ip": []
              }
            ],
            "id": "arn:aws:elasticloadbalancing:ap-south-1:010438478476:listener-rule/app/Fvrk-uat-alb/9f5068f897ca72b4/b67ac321c98cc087/7aa231d110f6edbc",
            "listener_arn": "arn:aws:elasticloadbalancing:ap-south-1:010438478476:listener/app/Fvrk-uat-alb/9f5068f897ca72b4/b67ac321c98cc087",
            "priority": 11,
            "tags": {},
            "tags_all": {}
          },
          "sensitive_attributes": [],
          "identity_schema_version": 0,
          "private": "bnVsbA==",
          "dependencies": [
            "aws_lb.main_uat",
            "aws_lb_listener.https_uat",
            "aws_lb_target_group.main_uat",
            "aws_security_group.alb_sg_uat",
            "aws_subnet.public",
            "aws_vpc.main",
            "data.aws_availability_zones.available",
            "data.aws_eks_cluster.cluster"
          ]
        }
      ]
    },
    {
      "mode": "managed",
      "type": "aws_lb_listener_rule",
      "name": "uat_rule_12",
      "provider": "provider[\"registry.terraform.io/hashicorp/aws\"]",
      "instances": [
        {
          "schema_version": 0,
          "attributes": {
            "action": [
              {
                "authenticate_cognito": [],
                "authenticate_oidc": [],
                "fixed_response": [],
                "forward": [],
                "order": 1,
                "redirect": [],
                "target_group_arn": "arn:aws:elasticloadbalancing:ap-south-1:010438478476:targetgroup/k8s-konga-uat/e952c1bf4ce94964",
                "type": "forward"
              }
            ],
            "arn": "arn:aws:elasticloadbalancing:ap-south-1:010438478476:listener-rule/app/Fvrk-uat-alb/9f5068f897ca72b4/b67ac321c98cc087/977181abbef94f2d",
            "condition": [
              {
                "host_header": [
                  {
                    "values": [
                      "konga-uat.aithondev.com"
                    ]
                  }
                ],
                "http_header": [],
                "http_request_method": [],
                "path_pattern": [],
                "query_string": [],
                "source_ip": []
              }
            ],
            "id": "arn:aws:elasticloadbalancing:ap-south-1:010438478476:listener-rule/app/Fvrk-uat-alb/9f5068f897ca72b4/b67ac321c98cc087/977181abbef94f2d",
            "listener_arn": "arn:aws:elasticloadbalancing:ap-south-1:010438478476:listener/app/Fvrk-uat-alb/9f5068f897ca72b4/b67ac321c98cc087",
            "priority": 12,
            "tags": {},
            "tags_all": {}
          },
          "sensitive_attributes": [],
          "identity_schema_version": 0,
          "private": "bnVsbA==",
          "dependencies": [
            "aws_lb.main_uat",
            "aws_lb_listener.https_uat",
            "aws_lb_target_group.main_uat",
            "aws_security_group.alb_sg_uat",
            "aws_subnet.public",
            "aws_vpc.main",
            "data.aws_availability_zones.available",
            "data.aws_eks_cluster.cluster"
          ]
        }
      ]
    },
    {
      "mode": "managed",
      "type": "aws_lb_listener_rule",
      "name": "uat_rule_13",
      "provider": "provider[\"registry.terraform.io/hashicorp/aws\"]",
      "instances": [
        {
          "schema_version": 0,
          "attributes": {
            "action": [
              {
                "authenticate_cognito": [],
                "authenticate_oidc": [],
                "fixed_response": [],
                "forward": [],
                "order": 1,
                "redirect": [],
                "target_group_arn": "arn:aws:elasticloadbalancing:ap-south-1:010438478476:targetgroup/k8s-etl-uat/3dddadaebb494c21",
                "type": "forward"
              }
            ],
            "arn": "arn:aws:elasticloadbalancing:ap-south-1:010438478476:listener-rule/app/Fvrk-uat-alb/9f5068f897ca72b4/b67ac321c98cc087/9d9abcdc80dcb3ce",
            "condition": [
              {
                "host_header": [
                  {
                    "values": [
                      "etl-uat.aithondev.com"
                    ]
                  }
                ],
                "http_header": [],
                "http_request_method": [],
                "path_pattern": [],
                "query_string": [],
                "source_ip": []
              }
            ],
            "id": "arn:aws:elasticloadbalancing:ap-south-1:010438478476:listener-rule/app/Fvrk-uat-alb/9f5068f897ca72b4/b67ac321c98cc087/9d9abcdc80dcb3ce",
            "listener_arn": "arn:aws:elasticloadbalancing:ap-south-1:010438478476:listener/app/Fvrk-uat-alb/9f5068f897ca72b4/b67ac321c98cc087",
            "priority": 13,
            "tags": {},
            "tags_all": {}
          },
          "sensitive_attributes": [],
          "identity_schema_version": 0,
          "private": "bnVsbA==",
          "dependencies": [
            "aws_lb.main_uat",
            "aws_lb_listener.https_uat",
            "aws_lb_target_group.main_uat",
            "aws_security_group.alb_sg_uat",
            "aws_subnet.public",
            "aws_vpc.main",
            "data.aws_availability_zones.available",
            "data.aws_eks_cluster.cluster"
          ]
        }
      ]
    },
    {
      "mode": "managed",
      "type": "aws_lb_listener_rule",
      "name": "uat_rule_2",
      "provider": "provider[\"registry.terraform.io/hashicorp/aws\"]",
      "instances": [
        {
          "schema_version": 0,
          "attributes": {
            "action": [
              {
                "authenticate_cognito": [],
                "authenticate_oidc": [],
                "fixed_response": [],
                "forward": [],
                "order": 1,
                "redirect": [],
                "target_group_arn": "arn:aws:elasticloadbalancing:ap-south-1:010438478476:targetgroup/k8s-validus-uat/c2a38f7cbe3a388a",
                "type": "forward"
              }
            ],
            "arn": "arn:aws:elasticloadbalancing:ap-south-1:010438478476:listener-rule/app/Fvrk-uat-alb/9f5068f897ca72b4/b67ac321c98cc087/be8028532e634ee7",
            "condition": [
              {
                "host_header": [],
                "http_header": [],
                "http_request_method": [],
                "path_pattern": [
                  {
                    "values": [
                      "/api/validus/*"
                    ]
                  }
                ],
                "query_string": [],
                "source_ip": []
              }
            ],
            "id": "arn:aws:elasticloadbalancing:ap-south-1:010438478476:listener-rule/app/Fvrk-uat-alb/9f5068f897ca72b4/b67ac321c98cc087/be8028532e634ee7",
            "listener_arn": "arn:aws:elasticloadbalancing:ap-south-1:010438478476:listener/app/Fvrk-uat-alb/9f5068f897ca72b4/b67ac321c98cc087",
            "priority": 2,
            "tags": {},
            "tags_all": {}
          },
          "sensitive_attributes": [],
          "identity_schema_version": 0,
          "private": "bnVsbA==",
          "dependencies": [
            "aws_lb.main_uat",
            "aws_lb_listener.https_uat",
            "aws_lb_target_group.main_uat",
            "aws_security_group.alb_sg_uat",
            "aws_subnet.public",
            "aws_vpc.main",
            "data.aws_availability_zones.available",
            "data.aws_eks_cluster.cluster"
          ]
        }
      ]
    },
    {
      "mode": "managed",
      "type": "aws_lb_listener_rule",
      "name": "uat_rule_3",
      "provider": "provider[\"registry.terraform.io/hashicorp/aws\"]",
      "instances": [
        {
          "schema_version": 0,
          "attributes": {
            "action": [
              {
                "authenticate_cognito": [],
                "authenticate_oidc": [],
                "fixed_response": [],
                "forward": [],
                "order": 1,
                "redirect": [],
                "target_group_arn": "arn:aws:elasticloadbalancing:ap-south-1:010438478476:targetgroup/k8s-doc-page-classification-uat/ee93c6da24a1a2cb",
                "type": "forward"
              }
            ],
            "arn": "arn:aws:elasticloadbalancing:ap-south-1:010438478476:listener-rule/app/Fvrk-uat-alb/9f5068f897ca72b4/b67ac321c98cc087/fd90f5a365442940",
            "condition": [
              {
                "host_header": [],
                "http_header": [],
                "http_request_method": [],
                "path_pattern": [
                  {
                    "values": [
                      "/api/page-classification/*"
                    ]
                  }
                ],
                "query_string": [],
                "source_ip": []
              }
            ],
            "id": "arn:aws:elasticloadbalancing:ap-south-1:010438478476:listener-rule/app/Fvrk-uat-alb/9f5068f897ca72b4/b67ac321c98cc087/fd90f5a365442940",
            "listener_arn": "arn:aws:elasticloadbalancing:ap-south-1:010438478476:listener/app/Fvrk-uat-alb/9f5068f897ca72b4/b67ac321c98cc087",
            "priority": 3,
            "tags": {},
            "tags_all": {}
          },
          "sensitive_attributes": [],
          "identity_schema_version": 0,
          "private": "bnVsbA==",
          "dependencies": [
            "aws_lb.main_uat",
            "aws_lb_listener.https_uat",
            "aws_lb_target_group.main_uat",
            "aws_security_group.alb_sg_uat",
            "aws_subnet.public",
            "aws_vpc.main",
            "data.aws_availability_zones.available",
            "data.aws_eks_cluster.cluster"
          ]
        }
      ]
    },
    {
      "mode": "managed",
      "type": "aws_lb_listener_rule",
      "name": "uat_rule_4",
      "provider": "provider[\"registry.terraform.io/hashicorp/aws\"]",
      "instances": [
        {
          "schema_version": 0,
          "attributes": {
            "action": [
              {
                "authenticate_cognito": [],
                "authenticate_oidc": [],
                "fixed_response": [],
                "forward": [],
                "order": 1,
                "redirect": [],
                "target_group_arn": "arn:aws:elasticloadbalancing:ap-south-1:010438478476:targetgroup/k8s-doc-field-extraction-uat/552b1960951454f8",
                "type": "forward"
              }
            ],
            "arn": "arn:aws:elasticloadbalancing:ap-south-1:010438478476:listener-rule/app/Fvrk-uat-alb/9f5068f897ca72b4/b67ac321c98cc087/1d8e208e88bb5872",
            "condition": [
              {
                "host_header": [],
                "http_header": [],
                "http_request_method": [],
                "path_pattern": [
                  {
                    "values": [
                      "/api/field-extraction/*"
                    ]
                  }
                ],
                "query_string": [],
                "source_ip": []
              }
            ],
            "id": "arn:aws:elasticloadbalancing:ap-south-1:010438478476:listener-rule/app/Fvrk-uat-alb/9f5068f897ca72b4/b67ac321c98cc087/1d8e208e88bb5872",
            "listener_arn": "arn:aws:elasticloadbalancing:ap-south-1:010438478476:listener/app/Fvrk-uat-alb/9f5068f897ca72b4/b67ac321c98cc087",
            "priority": 4,
            "tags": {},
            "tags_all": {}
          },
          "sensitive_attributes": [],
          "identity_schema_version": 0,
          "private": "bnVsbA==",
          "dependencies": [
            "aws_lb.main_uat",
            "aws_lb_listener.https_uat",
            "aws_lb_target_group.main_uat",
            "aws_security_group.alb_sg_uat",
            "aws_subnet.public",
            "aws_vpc.main",
            "data.aws_availability_zones.available",
            "data.aws_eks_cluster.cluster"
          ]
        }
      ]
    },
    {
      "mode": "managed",
      "type": "aws_lb_listener_rule",
      "name": "uat_rule_5",
      "provider": "provider[\"registry.terraform.io/hashicorp/aws\"]",
      "instances": [
        {
          "schema_version": 0,
          "attributes": {
            "action": [
              {
                "authenticate_cognito": [],
                "authenticate_oidc": [],
                "fixed_response": [],
                "forward": [],
                "order": 1,
                "redirect": [],
                "target_group_arn": "arn:aws:elasticloadbalancing:ap-south-1:010438478476:targetgroup/k8s-text-extraction-uat/ee8ad23d6f96fe36",
                "type": "forward"
              }
            ],
            "arn": "arn:aws:elasticloadbalancing:ap-south-1:010438478476:listener-rule/app/Fvrk-uat-alb/9f5068f897ca72b4/b67ac321c98cc087/a37ea7467f925414",
            "condition": [
              {
                "host_header": [],
                "http_header": [],
                "http_request_method": [],
                "path_pattern": [
                  {
                    "values": [
                      "/api/framev3/document-text-extraction/*"
                    ]
                  }
                ],
                "query_string": [],
                "source_ip": []
              }
            ],
            "id": "arn:aws:elasticloadbalancing:ap-south-1:010438478476:listener-rule/app/Fvrk-uat-alb/9f5068f897ca72b4/b67ac321c98cc087/a37ea7467f925414",
            "listener_arn": "arn:aws:elasticloadbalancing:ap-south-1:010438478476:listener/app/Fvrk-uat-alb/9f5068f897ca72b4/b67ac321c98cc087",
            "priority": 5,
            "tags": {},
            "tags_all": {}
          },
          "sensitive_attributes": [],
          "identity_schema_version": 0,
          "private": "bnVsbA==",
          "dependencies": [
            "aws_lb.main_uat",
            "aws_lb_listener.https_uat",
            "aws_lb_target_group.main_uat",
            "aws_security_group.alb_sg_uat",
            "aws_subnet.public",
            "aws_vpc.main",
            "data.aws_availability_zones.available",
            "data.aws_eks_cluster.cluster"
          ]
        }
      ]
    },
    {
      "mode": "managed",
      "type": "aws_lb_listener_rule",
      "name": "uat_rule_6",
      "provider": "provider[\"registry.terraform.io/hashicorp/aws\"]",
      "instances": [
        {
          "schema_version": 0,
          "attributes": {
            "action": [
              {
                "authenticate_cognito": [],
                "authenticate_oidc": [],
                "fixed_response": [],
                "forward": [],
                "order": 1,
                "redirect": [],
                "target_group_arn": "arn:aws:elasticloadbalancing:ap-south-1:010438478476:targetgroup/k8s-frame-uat/d62638844752ae9d",
                "type": "forward"
              }
            ],
            "arn": "arn:aws:elasticloadbalancing:ap-south-1:010438478476:listener-rule/app/Fvrk-uat-alb/9f5068f897ca72b4/b67ac321c98cc087/e3640c0ff71a2e42",
            "condition": [
              {
                "host_header": [],
                "http_header": [],
                "http_request_method": [],
                "path_pattern": [
                  {
                    "values": [
                      "/api/frame/*"
                    ]
                  }
                ],
                "query_string": [],
                "source_ip": []
              }
            ],
            "id": "arn:aws:elasticloadbalancing:ap-south-1:010438478476:listener-rule/app/Fvrk-uat-alb/9f5068f897ca72b4/b67ac321c98cc087/e3640c0ff71a2e42",
            "listener_arn": "arn:aws:elasticloadbalancing:ap-south-1:010438478476:listener/app/Fvrk-uat-alb/9f5068f897ca72b4/b67ac321c98cc087",
            "priority": 6,
            "tags": {},
            "tags_all": {}
          },
          "sensitive_attributes": [],
          "identity_schema_version": 0,
          "private": "bnVsbA==",
          "dependencies": [
            "aws_lb.main_uat",
            "aws_lb_listener.https_uat",
            "aws_lb_target_group.main_uat",
            "aws_security_group.alb_sg_uat",
            "aws_subnet.public",
            "aws_vpc.main",
            "data.aws_availability_zones.available",
            "data.aws_eks_cluster.cluster"
          ]
        }
      ]
    },
    {
      "mode": "managed",
      "type": "aws_lb_listener_rule",
      "name": "uat_rule_7",
      "provider": "provider[\"registry.terraform.io/hashicorp/aws\"]",
      "instances": [
        {
          "schema_version": 0,
          "attributes": {
            "action": [
              {
                "authenticate_cognito": [],
                "authenticate_oidc": [],
                "fixed_response": [],
                "forward": [],
                "order": 1,
                "redirect": [],
                "target_group_arn": "arn:aws:elasticloadbalancing:ap-south-1:010438478476:targetgroup/k8s-common-service-uat/5e966d25abdb5f1f",
                "type": "forward"
              }
            ],
            "arn": "arn:aws:elasticloadbalancing:ap-south-1:010438478476:listener-rule/app/Fvrk-uat-alb/9f5068f897ca72b4/b67ac321c98cc087/2130f9fe2811ae0f",
            "condition": [
              {
                "host_header": [],
                "http_header": [],
                "http_request_method": [],
                "path_pattern": [
                  {
                    "values": [
                      "/api/common/*"
                    ]
                  }
                ],
                "query_string": [],
                "source_ip": []
              }
            ],
            "id": "arn:aws:elasticloadbalancing:ap-south-1:010438478476:listener-rule/app/Fvrk-uat-alb/9f5068f897ca72b4/b67ac321c98cc087/2130f9fe2811ae0f",
            "listener_arn": "arn:aws:elasticloadbalancing:ap-south-1:010438478476:listener/app/Fvrk-uat-alb/9f5068f897ca72b4/b67ac321c98cc087",
            "priority": 7,
            "tags": {},
            "tags_all": {}
          },
          "sensitive_attributes": [],
          "identity_schema_version": 0,
          "private": "bnVsbA==",
          "dependencies": [
            "aws_lb.main_uat",
            "aws_lb_listener.https_uat",
            "aws_lb_target_group.main_uat",
            "aws_security_group.alb_sg_uat",
            "aws_subnet.public",
            "aws_vpc.main",
            "data.aws_availability_zones.available",
            "data.aws_eks_cluster.cluster"
          ]
        }
      ]
    },
    {
      "mode": "managed",
      "type": "aws_lb_listener_rule",
      "name": "uat_rule_8",
      "provider": "provider[\"registry.terraform.io/hashicorp/aws\"]",
      "instances": [
        {
          "schema_version": 0,
          "attributes": {
            "action": [
              {
                "authenticate_cognito": [],
                "authenticate_oidc": [],
                "fixed_response": [],
                "forward": [],
                "order": 1,
                "redirect": [],
                "target_group_arn": "arn:aws:elasticloadbalancing:ap-south-1:010438478476:targetgroup/k8s-kong-gateway-uat/2d0789b497586ccc",
                "type": "forward"
              }
            ],
            "arn": "arn:aws:elasticloadbalancing:ap-south-1:010438478476:listener-rule/app/Fvrk-uat-alb/9f5068f897ca72b4/b67ac321c98cc087/43969c9be9f0a242",
            "condition": [
              {
                "host_header": [
                  {
                    "values": [
                      "uat-gateway.aithondev.com"
                    ]
                  }
                ],
                "http_header": [],
                "http_request_method": [],
                "path_pattern": [],
                "query_string": [],
                "source_ip": []
              }
            ],
            "id": "arn:aws:elasticloadbalancing:ap-south-1:010438478476:listener-rule/app/Fvrk-uat-alb/9f5068f897ca72b4/b67ac321c98cc087/43969c9be9f0a242",
            "listener_arn": "arn:aws:elasticloadbalancing:ap-south-1:010438478476:listener/app/Fvrk-uat-alb/9f5068f897ca72b4/b67ac321c98cc087",
            "priority": 8,
            "tags": {},
            "tags_all": {}
          },
          "sensitive_attributes": [],
          "identity_schema_version": 0,
          "private": "bnVsbA==",
          "dependencies": [
            "aws_lb.main_uat",
            "aws_lb_listener.https_uat",
            "aws_lb_target_group.main_uat",
            "aws_security_group.alb_sg_uat",
            "aws_subnet.public",
            "aws_vpc.main",
            "data.aws_availability_zones.available",
            "data.aws_eks_cluster.cluster"
          ]
        }
      ]
    },
    {
      "mode": "managed",
      "type": "aws_lb_listener_rule",
      "name": "uat_rule_9",
      "provider": "provider[\"registry.terraform.io/hashicorp/aws\"]",
      "instances": [
        {
          "schema_version": 0,
          "attributes": {
            "action": [
              {
                "authenticate_cognito": [],
                "authenticate_oidc": [],
                "fixed_response": [],
                "forward": [],
                "order": 1,
                "redirect": [],
                "target_group_arn": "arn:aws:elasticloadbalancing:ap-south-1:010438478476:targetgroup/k8s-rabbitmq-uat/029c6e3b456e5bc9",
                "type": "forward"
              }
            ],
            "arn": "arn:aws:elasticloadbalancing:ap-south-1:010438478476:listener-rule/app/Fvrk-uat-alb/9f5068f897ca72b4/b67ac321c98cc087/b1b35ed1177a75ae",
            "condition": [
              {
                "host_header": [
                  {
                    "values": [
                      "rabbitmq-uat.aithondev.com"
                    ]
                  }
                ],
                "http_header": [],
                "http_request_method": [],
                "path_pattern": [],
                "query_string": [],
                "source_ip": []
              }
            ],
            "id": "arn:aws:elasticloadbalancing:ap-south-1:010438478476:listener-rule/app/Fvrk-uat-alb/9f5068f897ca72b4/b67ac321c98cc087/b1b35ed1177a75ae",
            "listener_arn": "arn:aws:elasticloadbalancing:ap-south-1:010438478476:listener/app/Fvrk-uat-alb/9f5068f897ca72b4/b67ac321c98cc087",
            "priority": 9,
            "tags": {},
            "tags_all": {}
          },
          "sensitive_attributes": [],
          "identity_schema_version": 0,
          "private": "bnVsbA==",
          "dependencies": [
            "aws_lb.main_uat",
            "aws_lb_listener.https_uat",
            "aws_lb_target_group.main_uat",
            "aws_security_group.alb_sg_uat",
            "aws_subnet.public",
            "aws_vpc.main",
            "data.aws_availability_zones.available",
            "data.aws_eks_cluster.cluster"
          ]
        }
      ]
    },
    {
      "mode": "managed",
      "type": "aws_lb_target_group",
      "name": "alb_bridge",
      "provider": "provider[\"registry.terraform.io/hashicorp/aws\"]",
      "instances": [
        {
          "schema_version": 0,
          "attributes": {
            "arn": "arn:aws:elasticloadbalancing:ap-south-1:010438478476:targetgroup/nlb-to-alb-bridge/10a8764692528099",
            "arn_suffix": "targetgroup/nlb-to-alb-bridge/10a8764692528099",
            "connection_termination": null,
            "deregistration_delay": "300",
            "health_check": [
              {
                "enabled": true,
                "healthy_threshold": 3,
                "interval": 30,
                "matcher": "200-499",
                "path": "/health",
                "port": "traffic-port",
                "protocol": "HTTPS",
                "timeout": 10,
                "unhealthy_threshold": 3
              }
            ],
            "id": "arn:aws:elasticloadbalancing:ap-south-1:010438478476:targetgroup/nlb-to-alb-bridge/10a8764692528099",
            "ip_address_type": "ipv4",
            "lambda_multi_value_headers_enabled": false,
            "load_balancer_arns": [
              "arn:aws:elasticloadbalancing:ap-south-1:010438478476:loadbalancer/net/Fvrk-dev-nlb-front-door/fca2c7885497bd3f"
            ],
            "load_balancing_algorithm_type": null,
            "load_balancing_anomaly_mitigation": null,
            "load_balancing_cross_zone_enabled": null,
            "name": "nlb-to-alb-bridge",
            "name_prefix": "",
            "port": 443,
            "preserve_client_ip": null,
            "protocol": "TCP",
            "protocol_version": null,
            "proxy_protocol_v2": false,
            "slow_start": 0,
            "stickiness": [
              {
                "cookie_duration": 0,
                "cookie_name": "",
                "enabled": false,
                "type": "source_ip"
              }
            ],
            "tags": {},
            "tags_all": {},
            "target_failover": [
              {
                "on_deregistration": null,
                "on_unhealthy": null
              }
            ],
            "target_group_health": [
              {
                "dns_failover": [
                  {
                    "minimum_healthy_targets_count": "1",
                    "minimum_healthy_targets_percentage": "off"
                  }
                ],
                "unhealthy_state_routing": [
                  {
                    "minimum_healthy_targets_count": 1,
                    "minimum_healthy_targets_percentage": "off"
                  }
                ]
              }
            ],
            "target_health_state": [
              {
                "enable_unhealthy_connection_termination": null,
                "unhealthy_draining_interval": null
              }
            ],
            "target_type": "alb",
            "vpc_id": "vpc-01559cc551ee9ce1f"
          },
          "sensitive_attributes": [],
          "identity_schema_version": 0,
          "private": "bnVsbA==",
          "dependencies": [
            "data.aws_eks_cluster.cluster"
          ]
        }
      ]
    },
    {
      "mode": "managed",
      "type": "aws_lb_target_group",
      "name": "main",
      "provider": "provider[\"registry.terraform.io/hashicorp/aws\"]",
      "instances": [
        {
          "index_key": "airflow",
          "schema_version": 0,
          "attributes": {
            "arn": "arn:aws:elasticloadbalancing:ap-south-1:010438478476:targetgroup/ip-tg-2026031920150672570000000f/60aa7b77a6ba7856",
            "arn_suffix": "targetgroup/ip-tg-2026031920150672570000000f/60aa7b77a6ba7856",
            "connection_termination": null,
            "deregistration_delay": "300",
            "health_check": [
              {
                "enabled": true,
                "healthy_threshold": 3,
                "interval": 30,
                "matcher": "200-499",
                "path": "/",
                "port": "traffic-port",
                "protocol": "HTTP",
                "timeout": 5,
                "unhealthy_threshold": 3
              }
            ],
            "id": "arn:aws:elasticloadbalancing:ap-south-1:010438478476:targetgroup/ip-tg-2026031920150672570000000f/60aa7b77a6ba7856",
            "ip_address_type": "ipv4",
            "lambda_multi_value_headers_enabled": false,
            "load_balancer_arns": [
              "arn:aws:elasticloadbalancing:ap-south-1:010438478476:loadbalancer/app/Fvrk-dev-alb/67ed6ab2ef1a162a"
            ],
            "load_balancing_algorithm_type": "round_robin",
            "load_balancing_anomaly_mitigation": "off",
            "load_balancing_cross_zone_enabled": "use_load_balancer_configuration",
            "name": "ip-tg-2026031920150672570000000f",
            "name_prefix": "ip-tg-",
            "port": 8080,
            "preserve_client_ip": null,
            "protocol": "HTTP",
            "protocol_version": "HTTP1",
            "proxy_protocol_v2": false,
            "slow_start": 0,
            "stickiness": [
              {
                "cookie_duration": 86400,
                "cookie_name": "",
                "enabled": false,
                "type": "lb_cookie"
              }
            ],
            "tags": {
              "App": "airflow",
              "ManagedBy": "Terraform"
            },
            "tags_all": {
              "App": "airflow",
              "ManagedBy": "Terraform"
            },
            "target_failover": [
              {
                "on_deregistration": null,
                "on_unhealthy": null
              }
            ],
            "target_group_health": [
              {
                "dns_failover": [
                  {
                    "minimum_healthy_targets_count": "1",
                    "minimum_healthy_targets_percentage": "off"
                  }
                ],
                "unhealthy_state_routing": [
                  {
                    "minimum_healthy_targets_count": 1,
                    "minimum_healthy_targets_percentage": "off"
                  }
                ]
              }
            ],
            "target_health_state": [
              {
                "enable_unhealthy_connection_termination": null,
                "unhealthy_draining_interval": null
              }
            ],
            "target_type": "ip",
            "vpc_id": "vpc-01559cc551ee9ce1f"
          },
          "sensitive_attributes": [],
          "identity_schema_version": 0,
          "private": "bnVsbA==",
          "dependencies": [
            "data.aws_eks_cluster.cluster"
          ],
          "create_before_destroy": true
        },
        {
          "index_key": "argocd",
          "schema_version": 0,
          "attributes": {
            "arn": "arn:aws:elasticloadbalancing:ap-south-1:010438478476:targetgroup/ip-tg-2026031920150667490000000d/a512a5d8a1a25a1b",
            "arn_suffix": "targetgroup/ip-tg-2026031920150667490000000d/a512a5d8a1a25a1b",
            "connection_termination": null,
            "deregistration_delay": "300",
            "health_check": [
              {
                "enabled": true,
                "healthy_threshold": 3,
                "interval": 30,
                "matcher": "200-499",
                "path": "/healthz",
                "port": "traffic-port",
                "protocol": "HTTP",
                "timeout": 5,
                "unhealthy_threshold": 3
              }
            ],
            "id": "arn:aws:elasticloadbalancing:ap-south-1:010438478476:targetgroup/ip-tg-2026031920150667490000000d/a512a5d8a1a25a1b",
            "ip_address_type": "ipv4",
            "lambda_multi_value_headers_enabled": false,
            "load_balancer_arns": [
              "arn:aws:elasticloadbalancing:ap-south-1:010438478476:loadbalancer/app/Fvrk-dev-alb/67ed6ab2ef1a162a"
            ],
            "load_balancing_algorithm_type": "round_robin",
            "load_balancing_anomaly_mitigation": "off",
            "load_balancing_cross_zone_enabled": "use_load_balancer_configuration",
            "name": "ip-tg-2026031920150667490000000d",
            "name_prefix": "ip-tg-",
            "port": 80,
            "preserve_client_ip": null,
            "protocol": "HTTP",
            "protocol_version": "HTTP1",
            "proxy_protocol_v2": false,
            "slow_start": 0,
            "stickiness": [
              {
                "cookie_duration": 86400,
                "cookie_name": "",
                "enabled": false,
                "type": "lb_cookie"
              }
            ],
            "tags": {
              "App": "argocd",
              "ManagedBy": "Terraform"
            },
            "tags_all": {
              "App": "argocd",
              "ManagedBy": "Terraform"
            },
            "target_failover": [
              {
                "on_deregistration": null,
                "on_unhealthy": null
              }
            ],
            "target_group_health": [
              {
                "dns_failover": [
                  {
                    "minimum_healthy_targets_count": "1",
                    "minimum_healthy_targets_percentage": "off"
                  }
                ],
                "unhealthy_state_routing": [
                  {
                    "minimum_healthy_targets_count": 1,
                    "minimum_healthy_targets_percentage": "off"
                  }
                ]
              }
            ],
            "target_health_state": [
              {
                "enable_unhealthy_connection_termination": null,
                "unhealthy_draining_interval": null
              }
            ],
            "target_type": "ip",
            "vpc_id": "vpc-01559cc551ee9ce1f"
          },
          "sensitive_attributes": [],
          "identity_schema_version": 0,
          "private": "bnVsbA==",
          "dependencies": [
            "data.aws_eks_cluster.cluster"
          ],
          "create_before_destroy": true
        },
        {
          "index_key": "common-service",
          "schema_version": 0,
          "attributes": {
            "arn": "arn:aws:elasticloadbalancing:ap-south-1:010438478476:targetgroup/ip-tg-20260319201506050400000004/7236b3f31449f718",
            "arn_suffix": "targetgroup/ip-tg-20260319201506050400000004/7236b3f31449f718",
            "connection_termination": null,
            "deregistration_delay": "300",
            "health_check": [
              {
                "enabled": true,
                "healthy_threshold": 3,
                "interval": 30,
                "matcher": "200-499",
                "path": "/api/common/health",
                "port": "traffic-port",
                "protocol": "HTTP",
                "timeout": 5,
                "unhealthy_threshold": 3
              }
            ],
            "id": "arn:aws:elasticloadbalancing:ap-south-1:010438478476:targetgroup/ip-tg-20260319201506050400000004/7236b3f31449f718",
            "ip_address_type": "ipv4",
            "lambda_multi_value_headers_enabled": false,
            "load_balancer_arns": [
              "arn:aws:elasticloadbalancing:ap-south-1:010438478476:loadbalancer/app/Fvrk-dev-alb/67ed6ab2ef1a162a"
            ],
            "load_balancing_algorithm_type": "round_robin",
            "load_balancing_anomaly_mitigation": "off",
            "load_balancing_cross_zone_enabled": "use_load_balancer_configuration",
            "name": "ip-tg-20260319201506050400000004",
            "name_prefix": "ip-tg-",
            "port": 8000,
            "preserve_client_ip": null,
            "protocol": "HTTP",
            "protocol_version": "HTTP1",
            "proxy_protocol_v2": false,
            "slow_start": 0,
            "stickiness": [
              {
                "cookie_duration": 86400,
                "cookie_name": "",
                "enabled": false,
                "type": "lb_cookie"
              }
            ],
            "tags": {
              "App": "common-service",
              "ManagedBy": "Terraform"
            },
            "tags_all": {
              "App": "common-service",
              "ManagedBy": "Terraform"
            },
            "target_failover": [
              {
                "on_deregistration": null,
                "on_unhealthy": null
              }
            ],
            "target_group_health": [
              {
                "dns_failover": [
                  {
                    "minimum_healthy_targets_count": "1",
                    "minimum_healthy_targets_percentage": "off"
                  }
                ],
                "unhealthy_state_routing": [
                  {
                    "minimum_healthy_targets_count": 1,
                    "minimum_healthy_targets_percentage": "off"
                  }
                ]
              }
            ],
            "target_health_state": [
              {
                "enable_unhealthy_connection_termination": null,
                "unhealthy_draining_interval": null
              }
            ],
            "target_type": "ip",
            "vpc_id": "vpc-01559cc551ee9ce1f"
          },
          "sensitive_attributes": [],
          "identity_schema_version": 0,
          "private": "bnVsbA==",
          "dependencies": [
            "data.aws_eks_cluster.cluster"
          ],
          "create_before_destroy": true
        },
        {
          "index_key": "document-classification",
          "schema_version": 0,
          "attributes": {
            "arn": "arn:aws:elasticloadbalancing:ap-south-1:010438478476:targetgroup/ip-tg-2026031920150605220000000a/452a2ae3e038251b",
            "arn_suffix": "targetgroup/ip-tg-2026031920150605220000000a/452a2ae3e038251b",
            "connection_termination": null,
            "deregistration_delay": "300",
            "health_check": [
              {
                "enabled": true,
                "healthy_threshold": 3,
                "interval": 30,
                "matcher": "200-499",
                "path": "/",
                "port": "traffic-port",
                "protocol": "HTTP",
                "timeout": 5,
                "unhealthy_threshold": 3
              }
            ],
            "id": "arn:aws:elasticloadbalancing:ap-south-1:010438478476:targetgroup/ip-tg-2026031920150605220000000a/452a2ae3e038251b",
            "ip_address_type": "ipv4",
            "lambda_multi_value_headers_enabled": false,
            "load_balancer_arns": [
              "arn:aws:elasticloadbalancing:ap-south-1:010438478476:loadbalancer/app/Fvrk-dev-alb/67ed6ab2ef1a162a"
            ],
            "load_balancing_algorithm_type": "round_robin",
            "load_balancing_anomaly_mitigation": "off",
            "load_balancing_cross_zone_enabled": "use_load_balancer_configuration",
            "name": "ip-tg-2026031920150605220000000a",
            "name_prefix": "ip-tg-",
            "port": 8006,
            "preserve_client_ip": null,
            "protocol": "HTTP",
            "protocol_version": "HTTP1",
            "proxy_protocol_v2": false,
            "slow_start": 0,
            "stickiness": [
              {
                "cookie_duration": 86400,
                "cookie_name": "",
                "enabled": false,
                "type": "lb_cookie"
              }
            ],
            "tags": {
              "App": "document-classification",
              "ManagedBy": "Terraform"
            },
            "tags_all": {
              "App": "document-classification",
              "ManagedBy": "Terraform"
            },
            "target_failover": [
              {
                "on_deregistration": null,
                "on_unhealthy": null
              }
            ],
            "target_group_health": [
              {
                "dns_failover": [
                  {
                    "minimum_healthy_targets_count": "1",
                    "minimum_healthy_targets_percentage": "off"
                  }
                ],
                "unhealthy_state_routing": [
                  {
                    "minimum_healthy_targets_count": 1,
                    "minimum_healthy_targets_percentage": "off"
                  }
                ]
              }
            ],
            "target_health_state": [
              {
                "enable_unhealthy_connection_termination": null,
                "unhealthy_draining_interval": null
              }
            ],
            "target_type": "ip",
            "vpc_id": "vpc-01559cc551ee9ce1f"
          },
          "sensitive_attributes": [],
          "identity_schema_version": 0,
          "private": "bnVsbA==",
          "dependencies": [
            "data.aws_eks_cluster.cluster"
          ],
          "create_before_destroy": true
        },
        {
          "index_key": "document-field-extraction",
          "schema_version": 0,
          "attributes": {
            "arn": "arn:aws:elasticloadbalancing:ap-south-1:010438478476:targetgroup/ip-tg-20260319201506050300000003/3fcde3ba9ccf5036",
            "arn_suffix": "targetgroup/ip-tg-20260319201506050300000003/3fcde3ba9ccf5036",
            "connection_termination": null,
            "deregistration_delay": "300",
            "health_check": [
              {
                "enabled": true,
                "healthy_threshold": 3,
                "interval": 30,
                "matcher": "200-499",
                "path": "/api/field-extraction/health",
                "port": "traffic-port",
                "protocol": "HTTP",
                "timeout": 5,
                "unhealthy_threshold": 3
              }
            ],
            "id": "arn:aws:elasticloadbalancing:ap-south-1:010438478476:targetgroup/ip-tg-20260319201506050300000003/3fcde3ba9ccf5036",
            "ip_address_type": "ipv4",
            "lambda_multi_value_headers_enabled": false,
            "load_balancer_arns": [
              "arn:aws:elasticloadbalancing:ap-south-1:010438478476:loadbalancer/app/Fvrk-dev-alb/67ed6ab2ef1a162a"
            ],
            "load_balancing_algorithm_type": "round_robin",
            "load_balancing_anomaly_mitigation": "off",
            "load_balancing_cross_zone_enabled": "use_load_balancer_configuration",
            "name": "ip-tg-20260319201506050300000003",
            "name_prefix": "ip-tg-",
            "port": 8004,
            "preserve_client_ip": null,
            "protocol": "HTTP",
            "protocol_version": "HTTP1",
            "proxy_protocol_v2": false,
            "slow_start": 0,
            "stickiness": [
              {
                "cookie_duration": 86400,
                "cookie_name": "",
                "enabled": false,
                "type": "lb_cookie"
              }
            ],
            "tags": {
              "App": "document-field-extraction",
              "ManagedBy": "Terraform"
            },
            "tags_all": {
              "App": "document-field-extraction",
              "ManagedBy": "Terraform"
            },
            "target_failover": [
              {
                "on_deregistration": null,
                "on_unhealthy": null
              }
            ],
            "target_group_health": [
              {
                "dns_failover": [
                  {
                    "minimum_healthy_targets_count": "1",
                    "minimum_healthy_targets_percentage": "off"
                  }
                ],
                "unhealthy_state_routing": [
                  {
                    "minimum_healthy_targets_count": 1,
                    "minimum_healthy_targets_percentage": "off"
                  }
                ]
              }
            ],
            "target_health_state": [
              {
                "enable_unhealthy_connection_termination": null,
                "unhealthy_draining_interval": null
              }
            ],
            "target_type": "ip",
            "vpc_id": "vpc-01559cc551ee9ce1f"
          },
          "sensitive_attributes": [],
          "identity_schema_version": 0,
          "private": "bnVsbA==",
          "dependencies": [
            "data.aws_eks_cluster.cluster"
          ],
          "create_before_destroy": true
        },
        {
          "index_key": "document-page-classification",
          "schema_version": 0,
          "attributes": {
            "arn": "arn:aws:elasticloadbalancing:ap-south-1:010438478476:targetgroup/ip-tg-20260319201506728200000012/d8926b24adecafcf",
            "arn_suffix": "targetgroup/ip-tg-20260319201506728200000012/d8926b24adecafcf",
            "connection_termination": null,
            "deregistration_delay": "300",
            "health_check": [
              {
                "enabled": true,
                "healthy_threshold": 3,
                "interval": 30,
                "matcher": "200-499",
                "path": "/health",
                "port": "traffic-port",
                "protocol": "HTTP",
                "timeout": 5,
                "unhealthy_threshold": 3
              }
            ],
            "id": "arn:aws:elasticloadbalancing:ap-south-1:010438478476:targetgroup/ip-tg-20260319201506728200000012/d8926b24adecafcf",
            "ip_address_type": "ipv4",
            "lambda_multi_value_headers_enabled": false,
            "load_balancer_arns": [
              "arn:aws:elasticloadbalancing:ap-south-1:010438478476:loadbalancer/app/Fvrk-dev-alb/67ed6ab2ef1a162a"
            ],
            "load_balancing_algorithm_type": "round_robin",
            "load_balancing_anomaly_mitigation": "off",
            "load_balancing_cross_zone_enabled": "use_load_balancer_configuration",
            "name": "ip-tg-20260319201506728200000012",
            "name_prefix": "ip-tg-",
            "port": 8003,
            "preserve_client_ip": null,
            "protocol": "HTTP",
            "protocol_version": "HTTP1",
            "proxy_protocol_v2": false,
            "slow_start": 0,
            "stickiness": [
              {
                "cookie_duration": 86400,
                "cookie_name": "",
                "enabled": false,
                "type": "lb_cookie"
              }
            ],
            "tags": {
              "App": "document-page-classification",
              "ManagedBy": "Terraform"
            },
            "tags_all": {
              "App": "document-page-classification",
              "ManagedBy": "Terraform"
            },
            "target_failover": [
              {
                "on_deregistration": null,
                "on_unhealthy": null
              }
            ],
            "target_group_health": [
              {
                "dns_failover": [
                  {
                    "minimum_healthy_targets_count": "1",
                    "minimum_healthy_targets_percentage": "off"
                  }
                ],
                "unhealthy_state_routing": [
                  {
                    "minimum_healthy_targets_count": 1,
                    "minimum_healthy_targets_percentage": "off"
                  }
                ]
              }
            ],
            "target_health_state": [
              {
                "enable_unhealthy_connection_termination": null,
                "unhealthy_draining_interval": null
              }
            ],
            "target_type": "ip",
            "vpc_id": "vpc-01559cc551ee9ce1f"
          },
          "sensitive_attributes": [],
          "identity_schema_version": 0,
          "private": "bnVsbA==",
          "dependencies": [
            "data.aws_eks_cluster.cluster"
          ],
          "create_before_destroy": true
        },
        {
          "index_key": "etl-dev",
          "schema_version": 0,
          "attributes": {
            "arn": "arn:aws:elasticloadbalancing:ap-south-1:010438478476:targetgroup/ip-tg-20260319201506051800000008/3174b272cba8f6f4",
            "arn_suffix": "targetgroup/ip-tg-20260319201506051800000008/3174b272cba8f6f4",
            "connection_termination": null,
            "deregistration_delay": "300",
            "health_check": [
              {
                "enabled": true,
                "healthy_threshold": 3,
                "interval": 30,
                "matcher": "200-499",
                "path": "/",
                "port": "traffic-port",
                "protocol": "HTTP",
                "timeout": 5,
                "unhealthy_threshold": 3
              }
            ],
            "id": "arn:aws:elasticloadbalancing:ap-south-1:010438478476:targetgroup/ip-tg-20260319201506051800000008/3174b272cba8f6f4",
            "ip_address_type": "ipv4",
            "lambda_multi_value_headers_enabled": false,
            "load_balancer_arns": [
              "arn:aws:elasticloadbalancing:ap-south-1:010438478476:loadbalancer/app/Fvrk-dev-alb/67ed6ab2ef1a162a"
            ],
            "load_balancing_algorithm_type": "round_robin",
            "load_balancing_anomaly_mitigation": "off",
            "load_balancing_cross_zone_enabled": "use_load_balancer_configuration",
            "name": "ip-tg-20260319201506051800000008",
            "name_prefix": "ip-tg-",
            "port": 5000,
            "preserve_client_ip": null,
            "protocol": "HTTP",
            "protocol_version": "HTTP1",
            "proxy_protocol_v2": false,
            "slow_start": 0,
            "stickiness": [
              {
                "cookie_duration": 86400,
                "cookie_name": "",
                "enabled": false,
                "type": "lb_cookie"
              }
            ],
            "tags": {
              "App": "etl-dev",
              "ManagedBy": "Terraform"
            },
            "tags_all": {
              "App": "etl-dev",
              "ManagedBy": "Terraform"
            },
            "target_failover": [
              {
                "on_deregistration": null,
                "on_unhealthy": null
              }
            ],
            "target_group_health": [
              {
                "dns_failover": [
                  {
                    "minimum_healthy_targets_count": "1",
                    "minimum_healthy_targets_percentage": "off"
                  }
                ],
                "unhealthy_state_routing": [
                  {
                    "minimum_healthy_targets_count": 1,
                    "minimum_healthy_targets_percentage": "off"
                  }
                ]
              }
            ],
            "target_health_state": [
              {
                "enable_unhealthy_connection_termination": null,
                "unhealthy_draining_interval": null
              }
            ],
            "target_type": "ip",
            "vpc_id": "vpc-01559cc551ee9ce1f"
          },
          "sensitive_attributes": [],
          "identity_schema_version": 0,
          "private": "bnVsbA==",
          "dependencies": [
            "data.aws_eks_cluster.cluster"
          ],
          "create_before_destroy": true
        },
        {
          "index_key": "frame",
          "schema_version": 0,
          "attributes": {
            "arn": "arn:aws:elasticloadbalancing:ap-south-1:010438478476:targetgroup/ip-tg-20260319201506051800000007/b17ce2621b62967c",
            "arn_suffix": "targetgroup/ip-tg-20260319201506051800000007/b17ce2621b62967c",
            "connection_termination": null,
            "deregistration_delay": "300",
            "health_check": [
              {
                "enabled": true,
                "healthy_threshold": 3,
                "interval": 30,
                "matcher": "200-499",
                "path": "/health",
                "port": "traffic-port",
                "protocol": "HTTP",
                "timeout": 5,
                "unhealthy_threshold": 3
              }
            ],
            "id": "arn:aws:elasticloadbalancing:ap-south-1:010438478476:targetgroup/ip-tg-20260319201506051800000007/b17ce2621b62967c",
            "ip_address_type": "ipv4",
            "lambda_multi_value_headers_enabled": false,
            "load_balancer_arns": [
              "arn:aws:elasticloadbalancing:ap-south-1:010438478476:loadbalancer/app/Fvrk-dev-alb/67ed6ab2ef1a162a"
            ],
            "load_balancing_algorithm_type": "round_robin",
            "load_balancing_anomaly_mitigation": "off",
            "load_balancing_cross_zone_enabled": "use_load_balancer_configuration",
            "name": "ip-tg-20260319201506051800000007",
            "name_prefix": "ip-tg-",
            "port": 8040,
            "preserve_client_ip": null,
            "protocol": "HTTP",
            "protocol_version": "HTTP1",
            "proxy_protocol_v2": false,
            "slow_start": 0,
            "stickiness": [
              {
                "cookie_duration": 86400,
                "cookie_name": "",
                "enabled": false,
                "type": "lb_cookie"
              }
            ],
            "tags": {
              "App": "frame",
              "ManagedBy": "Terraform"
            },
            "tags_all": {
              "App": "frame",
              "ManagedBy": "Terraform"
            },
            "target_failover": [
              {
                "on_deregistration": null,
                "on_unhealthy": null
              }
            ],
            "target_group_health": [
              {
                "dns_failover": [
                  {
                    "minimum_healthy_targets_count": "1",
                    "minimum_healthy_targets_percentage": "off"
                  }
                ],
                "unhealthy_state_routing": [
                  {
                    "minimum_healthy_targets_count": 1,
                    "minimum_healthy_targets_percentage": "off"
                  }
                ]
              }
            ],
            "target_health_state": [
              {
                "enable_unhealthy_connection_termination": null,
                "unhealthy_draining_interval": null
              }
            ],
            "target_type": "ip",
            "vpc_id": "vpc-01559cc551ee9ce1f"
          },
          "sensitive_attributes": [],
          "identity_schema_version": 0,
          "private": "bnVsbA==",
          "dependencies": [
            "data.aws_eks_cluster.cluster"
          ],
          "create_before_destroy": true
        },
        {
          "index_key": "fvrk-dev-tg",
          "schema_version": 0,
          "attributes": {
            "arn": "arn:aws:elasticloadbalancing:ap-south-1:010438478476:targetgroup/ip-tg-2026031920150663000000000b/ebc72cdca00943f8",
            "arn_suffix": "targetgroup/ip-tg-2026031920150663000000000b/ebc72cdca00943f8",
            "connection_termination": null,
            "deregistration_delay": "300",
            "health_check": [
              {
                "enabled": true,
                "healthy_threshold": 3,
                "interval": 30,
                "matcher": "200-499",
                "path": "/",
                "port": "traffic-port",
                "protocol": "HTTP",
                "timeout": 5,
                "unhealthy_threshold": 3
              }
            ],
            "id": "arn:aws:elasticloadbalancing:ap-south-1:010438478476:targetgroup/ip-tg-2026031920150663000000000b/ebc72cdca00943f8",
            "ip_address_type": "ipv4",
            "lambda_multi_value_headers_enabled": false,
            "load_balancer_arns": [
              "arn:aws:elasticloadbalancing:ap-south-1:010438478476:loadbalancer/app/Fvrk-dev-alb/67ed6ab2ef1a162a"
            ],
            "load_balancing_algorithm_type": "round_robin",
            "load_balancing_anomaly_mitigation": "off",
            "load_balancing_cross_zone_enabled": "use_load_balancer_configuration",
            "name": "ip-tg-2026031920150663000000000b",
            "name_prefix": "ip-tg-",
            "port": 80,
            "preserve_client_ip": null,
            "protocol": "HTTP",
            "protocol_version": "HTTP1",
            "proxy_protocol_v2": false,
            "slow_start": 0,
            "stickiness": [
              {
                "cookie_duration": 86400,
                "cookie_name": "",
                "enabled": false,
                "type": "lb_cookie"
              }
            ],
            "tags": {
              "App": "fvrk-dev-tg",
              "ManagedBy": "Terraform"
            },
            "tags_all": {
              "App": "fvrk-dev-tg",
              "ManagedBy": "Terraform"
            },
            "target_failover": [
              {
                "on_deregistration": null,
                "on_unhealthy": null
              }
            ],
            "target_group_health": [
              {
                "dns_failover": [
                  {
                    "minimum_healthy_targets_count": "1",
                    "minimum_healthy_targets_percentage": "off"
                  }
                ],
                "unhealthy_state_routing": [
                  {
                    "minimum_healthy_targets_count": 1,
                    "minimum_healthy_targets_percentage": "off"
                  }
                ]
              }
            ],
            "target_health_state": [
              {
                "enable_unhealthy_connection_termination": null,
                "unhealthy_draining_interval": null
              }
            ],
            "target_type": "ip",
            "vpc_id": "vpc-01559cc551ee9ce1f"
          },
          "sensitive_attributes": [],
          "identity_schema_version": 0,
          "private": "bnVsbA==",
          "dependencies": [
            "data.aws_eks_cluster.cluster"
          ],
          "create_before_destroy": true
        },
        {
          "index_key": "grafana-k8s",
          "schema_version": 0,
          "attributes": {
            "arn": "arn:aws:elasticloadbalancing:ap-south-1:010438478476:targetgroup/ip-tg-20260319201506861200000013/e615ae5a6239c596",
            "arn_suffix": "targetgroup/ip-tg-20260319201506861200000013/e615ae5a6239c596",
            "connection_termination": null,
            "deregistration_delay": "300",
            "health_check": [
              {
                "enabled": true,
                "healthy_threshold": 3,
                "interval": 30,
                "matcher": "200-499",
                "path": "/api/health",
                "port": "traffic-port",
                "protocol": "HTTP",
                "timeout": 5,
                "unhealthy_threshold": 3
              }
            ],
            "id": "arn:aws:elasticloadbalancing:ap-south-1:010438478476:targetgroup/ip-tg-20260319201506861200000013/e615ae5a6239c596",
            "ip_address_type": "ipv4",
            "lambda_multi_value_headers_enabled": false,
            "load_balancer_arns": [
              "arn:aws:elasticloadbalancing:ap-south-1:010438478476:loadbalancer/app/Fvrk-dev-alb/67ed6ab2ef1a162a"
            ],
            "load_balancing_algorithm_type": "round_robin",
            "load_balancing_anomaly_mitigation": "off",
            "load_balancing_cross_zone_enabled": "use_load_balancer_configuration",
            "name": "ip-tg-20260319201506861200000013",
            "name_prefix": "ip-tg-",
            "port": 80,
            "preserve_client_ip": null,
            "protocol": "HTTP",
            "protocol_version": "HTTP1",
            "proxy_protocol_v2": false,
            "slow_start": 0,
            "stickiness": [
              {
                "cookie_duration": 86400,
                "cookie_name": "",
                "enabled": false,
                "type": "lb_cookie"
              }
            ],
            "tags": {
              "App": "grafana-k8s",
              "ManagedBy": "Terraform"
            },
            "tags_all": {
              "App": "grafana-k8s",
              "ManagedBy": "Terraform"
            },
            "target_failover": [
              {
                "on_deregistration": null,
                "on_unhealthy": null
              }
            ],
            "target_group_health": [
              {
                "dns_failover": [
                  {
                    "minimum_healthy_targets_count": "1",
                    "minimum_healthy_targets_percentage": "off"
                  }
                ],
                "unhealthy_state_routing": [
                  {
                    "minimum_healthy_targets_count": 1,
                    "minimum_healthy_targets_percentage": "off"
                  }
                ]
              }
            ],
            "target_health_state": [
              {
                "enable_unhealthy_connection_termination": null,
                "unhealthy_draining_interval": null
              }
            ],
            "target_type": "ip",
            "vpc_id": "vpc-01559cc551ee9ce1f"
          },
          "sensitive_attributes": [],
          "identity_schema_version": 0,
          "private": "bnVsbA==",
          "dependencies": [
            "data.aws_eks_cluster.cluster"
          ],
          "create_before_destroy": true
        },
        {
          "index_key": "jenkins-tg",
          "schema_version": 0,
          "attributes": {
            "arn": "arn:aws:elasticloadbalancing:ap-south-1:010438478476:targetgroup/ip-tg-2026031920150667490000000c/4be4172dda5acc44",
            "arn_suffix": "targetgroup/ip-tg-2026031920150667490000000c/4be4172dda5acc44",
            "connection_termination": null,
            "deregistration_delay": "300",
            "health_check": [
              {
                "enabled": true,
                "healthy_threshold": 3,
                "interval": 30,
                "matcher": "200-499",
                "path": "/login",
                "port": "traffic-port",
                "protocol": "HTTP",
                "timeout": 5,
                "unhealthy_threshold": 3
              }
            ],
            "id": "arn:aws:elasticloadbalancing:ap-south-1:010438478476:targetgroup/ip-tg-2026031920150667490000000c/4be4172dda5acc44",
            "ip_address_type": "ipv4",
            "lambda_multi_value_headers_enabled": false,
            "load_balancer_arns": [
              "arn:aws:elasticloadbalancing:ap-south-1:010438478476:loadbalancer/app/Fvrk-dev-alb/67ed6ab2ef1a162a"
            ],
            "load_balancing_algorithm_type": "round_robin",
            "load_balancing_anomaly_mitigation": "off",
            "load_balancing_cross_zone_enabled": "use_load_balancer_configuration",
            "name": "ip-tg-2026031920150667490000000c",
            "name_prefix": "ip-tg-",
            "port": 8080,
            "preserve_client_ip": null,
            "protocol": "HTTP",
            "protocol_version": "HTTP1",
            "proxy_protocol_v2": false,
            "slow_start": 0,
            "stickiness": [
              {
                "cookie_duration": 86400,
                "cookie_name": "",
                "enabled": false,
                "type": "lb_cookie"
              }
            ],
            "tags": {
              "App": "jenkins-tg",
              "ManagedBy": "Terraform"
            },
            "tags_all": {
              "App": "jenkins-tg",
              "ManagedBy": "Terraform"
            },
            "target_failover": [
              {
                "on_deregistration": null,
                "on_unhealthy": null
              }
            ],
            "target_group_health": [
              {
                "dns_failover": [
                  {
                    "minimum_healthy_targets_count": "1",
                    "minimum_healthy_targets_percentage": "off"
                  }
                ],
                "unhealthy_state_routing": [
                  {
                    "minimum_healthy_targets_count": 1,
                    "minimum_healthy_targets_percentage": "off"
                  }
                ]
              }
            ],
            "target_health_state": [
              {
                "enable_unhealthy_connection_termination": null,
                "unhealthy_draining_interval": null
              }
            ],
            "target_type": "ip",
            "vpc_id": "vpc-01559cc551ee9ce1f"
          },
          "sensitive_attributes": [],
          "identity_schema_version": 0,
          "private": "bnVsbA==",
          "dependencies": [
            "data.aws_eks_cluster.cluster"
          ],
          "create_before_destroy": true
        },
        {
          "index_key": "keycloak",
          "schema_version": 0,
          "attributes": {
            "arn": "arn:aws:elasticloadbalancing:ap-south-1:010438478476:targetgroup/ip-tg-20260319201506727900000010/57fd6711eb9502e9",
            "arn_suffix": "targetgroup/ip-tg-20260319201506727900000010/57fd6711eb9502e9",
            "connection_termination": null,
            "deregistration_delay": "300",
            "health_check": [
              {
                "enabled": true,
                "healthy_threshold": 3,
                "interval": 30,
                "matcher": "200-499",
                "path": "/health/live",
                "port": "traffic-port",
                "protocol": "HTTP",
                "timeout": 5,
                "unhealthy_threshold": 3
              }
            ],
            "id": "arn:aws:elasticloadbalancing:ap-south-1:010438478476:targetgroup/ip-tg-20260319201506727900000010/57fd6711eb9502e9",
            "ip_address_type": "ipv4",
            "lambda_multi_value_headers_enabled": false,
            "load_balancer_arns": [
              "arn:aws:elasticloadbalancing:ap-south-1:010438478476:loadbalancer/app/Fvrk-dev-alb/67ed6ab2ef1a162a"
            ],
            "load_balancing_algorithm_type": "round_robin",
            "load_balancing_anomaly_mitigation": "off",
            "load_balancing_cross_zone_enabled": "use_load_balancer_configuration",
            "name": "ip-tg-20260319201506727900000010",
            "name_prefix": "ip-tg-",
            "port": 8080,
            "preserve_client_ip": null,
            "protocol": "HTTP",
            "protocol_version": "HTTP1",
            "proxy_protocol_v2": false,
            "slow_start": 0,
            "stickiness": [
              {
                "cookie_duration": 86400,
                "cookie_name": "",
                "enabled": false,
                "type": "lb_cookie"
              }
            ],
            "tags": {
              "App": "keycloak",
              "ManagedBy": "Terraform"
            },
            "tags_all": {
              "App": "keycloak",
              "ManagedBy": "Terraform"
            },
            "target_failover": [
              {
                "on_deregistration": null,
                "on_unhealthy": null
              }
            ],
            "target_group_health": [
              {
                "dns_failover": [
                  {
                    "minimum_healthy_targets_count": "1",
                    "minimum_healthy_targets_percentage": "off"
                  }
                ],
                "unhealthy_state_routing": [
                  {
                    "minimum_healthy_targets_count": 1,
                    "minimum_healthy_targets_percentage": "off"
                  }
                ]
              }
            ],
            "target_health_state": [
              {
                "enable_unhealthy_connection_termination": null,
                "unhealthy_draining_interval": null
              }
            ],
            "target_type": "ip",
            "vpc_id": "vpc-01559cc551ee9ce1f"
          },
          "sensitive_attributes": [],
          "identity_schema_version": 0,
          "private": "bnVsbA==",
          "dependencies": [
            "data.aws_eks_cluster.cluster"
          ],
          "create_before_destroy": true
        },
        {
          "index_key": "kong-gateway",
          "schema_version": 0,
          "attributes": {
            "arn": "arn:aws:elasticloadbalancing:ap-south-1:010438478476:targetgroup/ip-tg-20260319201506050500000006/76e8ec0ca764bd60",
            "arn_suffix": "targetgroup/ip-tg-20260319201506050500000006/76e8ec0ca764bd60",
            "connection_termination": null,
            "deregistration_delay": "300",
            "health_check": [
              {
                "enabled": true,
                "healthy_threshold": 3,
                "interval": 30,
                "matcher": "200-499",
                "path": "/api/common/health",
                "port": "traffic-port",
                "protocol": "HTTP",
                "timeout": 5,
                "unhealthy_threshold": 3
              }
            ],
            "id": "arn:aws:elasticloadbalancing:ap-south-1:010438478476:targetgroup/ip-tg-20260319201506050500000006/76e8ec0ca764bd60",
            "ip_address_type": "ipv4",
            "lambda_multi_value_headers_enabled": false,
            "load_balancer_arns": [
              "arn:aws:elasticloadbalancing:ap-south-1:010438478476:loadbalancer/app/Fvrk-dev-alb/67ed6ab2ef1a162a"
            ],
            "load_balancing_algorithm_type": "round_robin",
            "load_balancing_anomaly_mitigation": "off",
            "load_balancing_cross_zone_enabled": "use_load_balancer_configuration",
            "name": "ip-tg-20260319201506050500000006",
            "name_prefix": "ip-tg-",
            "port": 8000,
            "preserve_client_ip": null,
            "protocol": "HTTP",
            "protocol_version": "HTTP1",
            "proxy_protocol_v2": false,
            "slow_start": 0,
            "stickiness": [
              {
                "cookie_duration": 86400,
                "cookie_name": "",
                "enabled": false,
                "type": "lb_cookie"
              }
            ],
            "tags": {
              "App": "kong-gateway",
              "ManagedBy": "Terraform"
            },
            "tags_all": {
              "App": "kong-gateway",
              "ManagedBy": "Terraform"
            },
            "target_failover": [
              {
                "on_deregistration": null,
                "on_unhealthy": null
              }
            ],
            "target_group_health": [
              {
                "dns_failover": [
                  {
                    "minimum_healthy_targets_count": "1",
                    "minimum_healthy_targets_percentage": "off"
                  }
                ],
                "unhealthy_state_routing": [
                  {
                    "minimum_healthy_targets_count": 1,
                    "minimum_healthy_targets_percentage": "off"
                  }
                ]
              }
            ],
            "target_health_state": [
              {
                "enable_unhealthy_connection_termination": null,
                "unhealthy_draining_interval": null
              }
            ],
            "target_type": "ip",
            "vpc_id": "vpc-01559cc551ee9ce1f"
          },
          "sensitive_attributes": [],
          "identity_schema_version": 0,
          "private": "bnVsbA==",
          "dependencies": [
            "data.aws_eks_cluster.cluster"
          ],
          "create_before_destroy": true
        },
        {
          "index_key": "konga-service",
          "schema_version": 0,
          "attributes": {
            "arn": "arn:aws:elasticloadbalancing:ap-south-1:010438478476:targetgroup/ip-tg-20260319201506728100000011/8f9713ec9b3cd878",
            "arn_suffix": "targetgroup/ip-tg-20260319201506728100000011/8f9713ec9b3cd878",
            "connection_termination": null,
            "deregistration_delay": "300",
            "health_check": [
              {
                "enabled": true,
                "healthy_threshold": 3,
                "interval": 30,
                "matcher": "200-499",
                "path": "/status",
                "port": "traffic-port",
                "protocol": "HTTP",
                "timeout": 5,
                "unhealthy_threshold": 3
              }
            ],
            "id": "arn:aws:elasticloadbalancing:ap-south-1:010438478476:targetgroup/ip-tg-20260319201506728100000011/8f9713ec9b3cd878",
            "ip_address_type": "ipv4",
            "lambda_multi_value_headers_enabled": false,
            "load_balancer_arns": [
              "arn:aws:elasticloadbalancing:ap-south-1:010438478476:loadbalancer/app/Fvrk-dev-alb/67ed6ab2ef1a162a"
            ],
            "load_balancing_algorithm_type": "round_robin",
            "load_balancing_anomaly_mitigation": "off",
            "load_balancing_cross_zone_enabled": "use_load_balancer_configuration",
            "name": "ip-tg-20260319201506728100000011",
            "name_prefix": "ip-tg-",
            "port": 1337,
            "preserve_client_ip": null,
            "protocol": "HTTP",
            "protocol_version": "HTTP1",
            "proxy_protocol_v2": false,
            "slow_start": 0,
            "stickiness": [
              {
                "cookie_duration": 86400,
                "cookie_name": "",
                "enabled": false,
                "type": "lb_cookie"
              }
            ],
            "tags": {
              "App": "konga-service",
              "ManagedBy": "Terraform"
            },
            "tags_all": {
              "App": "konga-service",
              "ManagedBy": "Terraform"
            },
            "target_failover": [
              {
                "on_deregistration": null,
                "on_unhealthy": null
              }
            ],
            "target_group_health": [
              {
                "dns_failover": [
                  {
                    "minimum_healthy_targets_count": "1",
                    "minimum_healthy_targets_percentage": "off"
                  }
                ],
                "unhealthy_state_routing": [
                  {
                    "minimum_healthy_targets_count": 1,
                    "minimum_healthy_targets_percentage": "off"
                  }
                ]
              }
            ],
            "target_health_state": [
              {
                "enable_unhealthy_connection_termination": null,
                "unhealthy_draining_interval": null
              }
            ],
            "target_type": "ip",
            "vpc_id": "vpc-01559cc551ee9ce1f"
          },
          "sensitive_attributes": [],
          "identity_schema_version": 0,
          "private": "bnVsbA==",
          "dependencies": [
            "data.aws_eks_cluster.cluster"
          ],
          "create_before_destroy": true
        },
        {
          "index_key": "rabbit-mq",
          "schema_version": 0,
          "attributes": {
            "arn": "arn:aws:elasticloadbalancing:ap-south-1:010438478476:targetgroup/ip-tg-20260319201506052100000009/b3028bd68c5d34ed",
            "arn_suffix": "targetgroup/ip-tg-20260319201506052100000009/b3028bd68c5d34ed",
            "connection_termination": null,
            "deregistration_delay": "300",
            "health_check": [
              {
                "enabled": true,
                "healthy_threshold": 3,
                "interval": 30,
                "matcher": "200-499",
                "path": "/api/health/checks/virtual-hosts",
                "port": "traffic-port",
                "protocol": "HTTP",
                "timeout": 5,
                "unhealthy_threshold": 3
              }
            ],
            "id": "arn:aws:elasticloadbalancing:ap-south-1:010438478476:targetgroup/ip-tg-20260319201506052100000009/b3028bd68c5d34ed",
            "ip_address_type": "ipv4",
            "lambda_multi_value_headers_enabled": false,
            "load_balancer_arns": [
              "arn:aws:elasticloadbalancing:ap-south-1:010438478476:loadbalancer/app/Fvrk-dev-alb/67ed6ab2ef1a162a"
            ],
            "load_balancing_algorithm_type": "round_robin",
            "load_balancing_anomaly_mitigation": "off",
            "load_balancing_cross_zone_enabled": "use_load_balancer_configuration",
            "name": "ip-tg-20260319201506052100000009",
            "name_prefix": "ip-tg-",
            "port": 15672,
            "preserve_client_ip": null,
            "protocol": "HTTP",
            "protocol_version": "HTTP1",
            "proxy_protocol_v2": false,
            "slow_start": 0,
            "stickiness": [
              {
                "cookie_duration": 86400,
                "cookie_name": "",
                "enabled": false,
                "type": "lb_cookie"
              }
            ],
            "tags": {
              "App": "rabbit-mq",
              "ManagedBy": "Terraform"
            },
            "tags_all": {
              "App": "rabbit-mq",
              "ManagedBy": "Terraform"
            },
            "target_failover": [
              {
                "on_deregistration": null,
                "on_unhealthy": null
              }
            ],
            "target_group_health": [
              {
                "dns_failover": [
                  {
                    "minimum_healthy_targets_count": "1",
                    "minimum_healthy_targets_percentage": "off"
                  }
                ],
                "unhealthy_state_routing": [
                  {
                    "minimum_healthy_targets_count": 1,
                    "minimum_healthy_targets_percentage": "off"
                  }
                ]
              }
            ],
            "target_health_state": [
              {
                "enable_unhealthy_connection_termination": null,
                "unhealthy_draining_interval": null
              }
            ],
            "target_type": "ip",
            "vpc_id": "vpc-01559cc551ee9ce1f"
          },
          "sensitive_attributes": [],
          "identity_schema_version": 0,
          "private": "bnVsbA==",
          "dependencies": [
            "data.aws_eks_cluster.cluster"
          ],
          "create_before_destroy": true
        },
        {
          "index_key": "rabbit-mq-m",
          "schema_version": 0,
          "attributes": {
            "arn": "arn:aws:elasticloadbalancing:ap-south-1:010438478476:targetgroup/ip-tg-20260319201506050500000005/fbedfcdbd96b9d75",
            "arn_suffix": "targetgroup/ip-tg-20260319201506050500000005/fbedfcdbd96b9d75",
            "connection_termination": null,
            "deregistration_delay": "300",
            "health_check": [
              {
                "enabled": true,
                "healthy_threshold": 3,
                "interval": 30,
                "matcher": "200-499",
                "path": "/",
                "port": "traffic-port",
                "protocol": "HTTP",
                "timeout": 5,
                "unhealthy_threshold": 3
              }
            ],
            "id": "arn:aws:elasticloadbalancing:ap-south-1:010438478476:targetgroup/ip-tg-20260319201506050500000005/fbedfcdbd96b9d75",
            "ip_address_type": "ipv4",
            "lambda_multi_value_headers_enabled": false,
            "load_balancer_arns": [],
            "load_balancing_algorithm_type": "round_robin",
            "load_balancing_anomaly_mitigation": "off",
            "load_balancing_cross_zone_enabled": "use_load_balancer_configuration",
            "name": "ip-tg-20260319201506050500000005",
            "name_prefix": "ip-tg-",
            "port": 5672,
            "preserve_client_ip": null,
            "protocol": "HTTP",
            "protocol_version": "HTTP1",
            "proxy_protocol_v2": false,
            "slow_start": 0,
            "stickiness": [
              {
                "cookie_duration": 86400,
                "cookie_name": "",
                "enabled": false,
                "type": "lb_cookie"
              }
            ],
            "tags": {
              "App": "rabbit-mq-m",
              "ManagedBy": "Terraform"
            },
            "tags_all": {
              "App": "rabbit-mq-m",
              "ManagedBy": "Terraform"
            },
            "target_failover": [
              {
                "on_deregistration": null,
                "on_unhealthy": null
              }
            ],
            "target_group_health": [
              {
                "dns_failover": [
                  {
                    "minimum_healthy_targets_count": "1",
                    "minimum_healthy_targets_percentage": "off"
                  }
                ],
                "unhealthy_state_routing": [
                  {
                    "minimum_healthy_targets_count": 1,
                    "minimum_healthy_targets_percentage": "off"
                  }
                ]
              }
            ],
            "target_health_state": [
              {
                "enable_unhealthy_connection_termination": null,
                "unhealthy_draining_interval": null
              }
            ],
            "target_type": "ip",
            "vpc_id": "vpc-01559cc551ee9ce1f"
          },
          "sensitive_attributes": [],
          "identity_schema_version": 0,
          "private": "bnVsbA==",
          "dependencies": [
            "data.aws_eks_cluster.cluster"
          ],
          "create_before_destroy": true
        },
        {
          "index_key": "schedulerapi-dev",
          "schema_version": 0,
          "attributes": {
            "arn": "arn:aws:elasticloadbalancing:ap-south-1:010438478476:targetgroup/ip-tg-2026031920150670900000000e/dcdd824815bca68f",
            "arn_suffix": "targetgroup/ip-tg-2026031920150670900000000e/dcdd824815bca68f",
            "connection_termination": null,
            "deregistration_delay": "300",
            "health_check": [
              {
                "enabled": true,
                "healthy_threshold": 3,
                "interval": 30,
                "matcher": "200-499",
                "path": "/",
                "port": "traffic-port",
                "protocol": "HTTP",
                "timeout": 5,
                "unhealthy_threshold": 3
              }
            ],
            "id": "arn:aws:elasticloadbalancing:ap-south-1:010438478476:targetgroup/ip-tg-2026031920150670900000000e/dcdd824815bca68f",
            "ip_address_type": "ipv4",
            "lambda_multi_value_headers_enabled": false,
            "load_balancer_arns": [
              "arn:aws:elasticloadbalancing:ap-south-1:010438478476:loadbalancer/app/Fvrk-dev-alb/67ed6ab2ef1a162a"
            ],
            "load_balancing_algorithm_type": "round_robin",
            "load_balancing_anomaly_mitigation": "off",
            "load_balancing_cross_zone_enabled": "use_load_balancer_configuration",
            "name": "ip-tg-2026031920150670900000000e",
            "name_prefix": "ip-tg-",
            "port": 5000,
            "preserve_client_ip": null,
            "protocol": "HTTP",
            "protocol_version": "HTTP1",
            "proxy_protocol_v2": false,
            "slow_start": 0,
            "stickiness": [
              {
                "cookie_duration": 86400,
                "cookie_name": "",
                "enabled": false,
                "type": "lb_cookie"
              }
            ],
            "tags": {
              "App": "schedulerapi-dev",
              "ManagedBy": "Terraform"
            },
            "tags_all": {
              "App": "schedulerapi-dev",
              "ManagedBy": "Terraform"
            },
            "target_failover": [
              {
                "on_deregistration": null,
                "on_unhealthy": null
              }
            ],
            "target_group_health": [
              {
                "dns_failover": [
                  {
                    "minimum_healthy_targets_count": "1",
                    "minimum_healthy_targets_percentage": "off"
                  }
                ],
                "unhealthy_state_routing": [
                  {
                    "minimum_healthy_targets_count": 1,
                    "minimum_healthy_targets_percentage": "off"
                  }
                ]
              }
            ],
            "target_health_state": [
              {
                "enable_unhealthy_connection_termination": null,
                "unhealthy_draining_interval": null
              }
            ],
            "target_type": "ip",
            "vpc_id": "vpc-01559cc551ee9ce1f"
          },
          "sensitive_attributes": [],
          "identity_schema_version": 0,
          "private": "bnVsbA==",
          "dependencies": [
            "data.aws_eks_cluster.cluster"
          ],
          "create_before_destroy": true
        },
        {
          "index_key": "text-extraction",
          "schema_version": 0,
          "attributes": {
            "arn": "arn:aws:elasticloadbalancing:ap-south-1:010438478476:targetgroup/ip-tg-20260319201506049800000001/f5e1e1c7270c4ebe",
            "arn_suffix": "targetgroup/ip-tg-20260319201506049800000001/f5e1e1c7270c4ebe",
            "connection_termination": null,
            "deregistration_delay": "300",
            "health_check": [
              {
                "enabled": true,
                "healthy_threshold": 3,
                "interval": 30,
                "matcher": "200-499",
                "path": "/api/document-text-extraction/health",
                "port": "traffic-port",
                "protocol": "HTTP",
                "timeout": 5,
                "unhealthy_threshold": 3
              }
            ],
            "id": "arn:aws:elasticloadbalancing:ap-south-1:010438478476:targetgroup/ip-tg-20260319201506049800000001/f5e1e1c7270c4ebe",
            "ip_address_type": "ipv4",
            "lambda_multi_value_headers_enabled": false,
            "load_balancer_arns": [
              "arn:aws:elasticloadbalancing:ap-south-1:010438478476:loadbalancer/app/Fvrk-dev-alb/67ed6ab2ef1a162a"
            ],
            "load_balancing_algorithm_type": "round_robin",
            "load_balancing_anomaly_mitigation": "off",
            "load_balancing_cross_zone_enabled": "use_load_balancer_configuration",
            "name": "ip-tg-20260319201506049800000001",
            "name_prefix": "ip-tg-",
            "port": 8015,
            "preserve_client_ip": null,
            "protocol": "HTTP",
            "protocol_version": "HTTP1",
            "proxy_protocol_v2": false,
            "slow_start": 0,
            "stickiness": [
              {
                "cookie_duration": 86400,
                "cookie_name": "",
                "enabled": false,
                "type": "lb_cookie"
              }
            ],
            "tags": {
              "App": "text-extraction",
              "ManagedBy": "Terraform"
            },
            "tags_all": {
              "App": "text-extraction",
              "ManagedBy": "Terraform"
            },
            "target_failover": [
              {
                "on_deregistration": null,
                "on_unhealthy": null
              }
            ],
            "target_group_health": [
              {
                "dns_failover": [
                  {
                    "minimum_healthy_targets_count": "1",
                    "minimum_healthy_targets_percentage": "off"
                  }
                ],
                "unhealthy_state_routing": [
                  {
                    "minimum_healthy_targets_count": 1,
                    "minimum_healthy_targets_percentage": "off"
                  }
                ]
              }
            ],
            "target_health_state": [
              {
                "enable_unhealthy_connection_termination": null,
                "unhealthy_draining_interval": null
              }
            ],
            "target_type": "ip",
            "vpc_id": "vpc-01559cc551ee9ce1f"
          },
          "sensitive_attributes": [],
          "identity_schema_version": 0,
          "private": "bnVsbA==",
          "dependencies": [
            "data.aws_eks_cluster.cluster"
          ],
          "create_before_destroy": true
        },
        {
          "index_key": "validus",
          "schema_version": 0,
          "attributes": {
            "arn": "arn:aws:elasticloadbalancing:ap-south-1:010438478476:targetgroup/ip-tg-20260319201506050200000002/4d71efabcc31052c",
            "arn_suffix": "targetgroup/ip-tg-20260319201506050200000002/4d71efabcc31052c",
            "connection_termination": null,
            "deregistration_delay": "300",
            "health_check": [
              {
                "enabled": true,
                "healthy_threshold": 3,
                "interval": 30,
                "matcher": "200-499",
                "path": "/health",
                "port": "traffic-port",
                "protocol": "HTTP",
                "timeout": 5,
                "unhealthy_threshold": 3
              }
            ],
            "id": "arn:aws:elasticloadbalancing:ap-south-1:010438478476:targetgroup/ip-tg-20260319201506050200000002/4d71efabcc31052c",
            "ip_address_type": "ipv4",
            "lambda_multi_value_headers_enabled": false,
            "load_balancer_arns": [
              "arn:aws:elasticloadbalancing:ap-south-1:010438478476:loadbalancer/app/Fvrk-dev-alb/67ed6ab2ef1a162a"
            ],
            "load_balancing_algorithm_type": "round_robin",
            "load_balancing_anomaly_mitigation": "off",
            "load_balancing_cross_zone_enabled": "use_load_balancer_configuration",
            "name": "ip-tg-20260319201506050200000002",
            "name_prefix": "ip-tg-",
            "port": 8020,
            "preserve_client_ip": null,
            "protocol": "HTTP",
            "protocol_version": "HTTP1",
            "proxy_protocol_v2": false,
            "slow_start": 0,
            "stickiness": [
              {
                "cookie_duration": 86400,
                "cookie_name": "",
                "enabled": false,
                "type": "lb_cookie"
              }
            ],
            "tags": {
              "App": "validus",
              "ManagedBy": "Terraform"
            },
            "tags_all": {
              "App": "validus",
              "ManagedBy": "Terraform"
            },
            "target_failover": [
              {
                "on_deregistration": null,
                "on_unhealthy": null
              }
            ],
            "target_group_health": [
              {
                "dns_failover": [
                  {
                    "minimum_healthy_targets_count": "1",
                    "minimum_healthy_targets_percentage": "off"
                  }
                ],
                "unhealthy_state_routing": [
                  {
                    "minimum_healthy_targets_count": 1,
                    "minimum_healthy_targets_percentage": "off"
                  }
                ]
              }
            ],
            "target_health_state": [
              {
                "enable_unhealthy_connection_termination": null,
                "unhealthy_draining_interval": null
              }
            ],
            "target_type": "ip",
            "vpc_id": "vpc-01559cc551ee9ce1f"
          },
          "sensitive_attributes": [],
          "identity_schema_version": 0,
          "private": "bnVsbA==",
          "dependencies": [
            "data.aws_eks_cluster.cluster"
          ],
          "create_before_destroy": true
        }
      ]
    },
    {
      "mode": "managed",
      "type": "aws_lb_target_group",
      "name": "main_uat",
      "provider": "provider[\"registry.terraform.io/hashicorp/aws\"]",
      "instances": [
        {
          "index_key": "airflow-uat",
          "schema_version": 0,
          "attributes": {
            "arn": "arn:aws:elasticloadbalancing:ap-south-1:010438478476:targetgroup/k8s-airflow-uat/2a0d9520d0a738ec",
            "arn_suffix": "targetgroup/k8s-airflow-uat/2a0d9520d0a738ec",
            "connection_termination": null,
            "deregistration_delay": "300",
            "health_check": [
              {
                "enabled": true,
                "healthy_threshold": 3,
                "interval": 30,
                "matcher": "200-499",
                "path": "/health",
                "port": "traffic-port",
                "protocol": "HTTP",
                "timeout": 5,
                "unhealthy_threshold": 3
              }
            ],
            "id": "arn:aws:elasticloadbalancing:ap-south-1:010438478476:targetgroup/k8s-airflow-uat/2a0d9520d0a738ec",
            "ip_address_type": "ipv4",
            "lambda_multi_value_headers_enabled": false,
            "load_balancer_arns": [
              "arn:aws:elasticloadbalancing:ap-south-1:010438478476:loadbalancer/app/Fvrk-uat-alb/9f5068f897ca72b4"
            ],
            "load_balancing_algorithm_type": "round_robin",
            "load_balancing_anomaly_mitigation": "off",
            "load_balancing_cross_zone_enabled": "use_load_balancer_configuration",
            "name": "k8s-airflow-uat",
            "name_prefix": "",
            "port": 30061,
            "preserve_client_ip": null,
            "protocol": "HTTP",
            "protocol_version": "HTTP1",
            "proxy_protocol_v2": false,
            "slow_start": 0,
            "stickiness": [
              {
                "cookie_duration": 86400,
                "cookie_name": "",
                "enabled": false,
                "type": "lb_cookie"
              }
            ],
            "tags": {
              "Environment": "uat",
              "ManagedBy": "Terraform"
            },
            "tags_all": {
              "Environment": "uat",
              "ManagedBy": "Terraform"
            },
            "target_failover": [
              {
                "on_deregistration": null,
                "on_unhealthy": null
              }
            ],
            "target_group_health": [
              {
                "dns_failover": [
                  {
                    "minimum_healthy_targets_count": "1",
                    "minimum_healthy_targets_percentage": "off"
                  }
                ],
                "unhealthy_state_routing": [
                  {
                    "minimum_healthy_targets_count": 1,
                    "minimum_healthy_targets_percentage": "off"
                  }
                ]
              }
            ],
            "target_health_state": [
              {
                "enable_unhealthy_connection_termination": null,
                "unhealthy_draining_interval": null
              }
            ],
            "target_type": "instance",
            "vpc_id": "vpc-01559cc551ee9ce1f"
          },
          "sensitive_attributes": [],
          "identity_schema_version": 0,
          "private": "bnVsbA==",
          "dependencies": [
            "data.aws_eks_cluster.cluster"
          ]
        },
        {
          "index_key": "common-service-uat",
          "schema_version": 0,
          "attributes": {
            "arn": "arn:aws:elasticloadbalancing:ap-south-1:010438478476:targetgroup/k8s-common-service-uat/5e966d25abdb5f1f",
            "arn_suffix": "targetgroup/k8s-common-service-uat/5e966d25abdb5f1f",
            "connection_termination": null,
            "deregistration_delay": "300",
            "health_check": [
              {
                "enabled": true,
                "healthy_threshold": 3,
                "interval": 30,
                "matcher": "200-499",
                "path": "/api/common/health",
                "port": "traffic-port",
                "protocol": "HTTP",
                "timeout": 5,
                "unhealthy_threshold": 3
              }
            ],
            "id": "arn:aws:elasticloadbalancing:ap-south-1:010438478476:targetgroup/k8s-common-service-uat/5e966d25abdb5f1f",
            "ip_address_type": "ipv4",
            "lambda_multi_value_headers_enabled": false,
            "load_balancer_arns": [
              "arn:aws:elasticloadbalancing:ap-south-1:010438478476:loadbalancer/app/Fvrk-uat-alb/9f5068f897ca72b4"
            ],
            "load_balancing_algorithm_type": "round_robin",
            "load_balancing_anomaly_mitigation": "off",
            "load_balancing_cross_zone_enabled": "use_load_balancer_configuration",
            "name": "k8s-common-service-uat",
            "name_prefix": "",
            "port": 30038,
            "preserve_client_ip": null,
            "protocol": "HTTP",
            "protocol_version": "HTTP1",
            "proxy_protocol_v2": false,
            "slow_start": 0,
            "stickiness": [
              {
                "cookie_duration": 86400,
                "cookie_name": "",
                "enabled": false,
                "type": "lb_cookie"
              }
            ],
            "tags": {
              "Environment": "uat",
              "ManagedBy": "Terraform"
            },
            "tags_all": {
              "Environment": "uat",
              "ManagedBy": "Terraform"
            },
            "target_failover": [
              {
                "on_deregistration": null,
                "on_unhealthy": null
              }
            ],
            "target_group_health": [
              {
                "dns_failover": [
                  {
                    "minimum_healthy_targets_count": "1",
                    "minimum_healthy_targets_percentage": "off"
                  }
                ],
                "unhealthy_state_routing": [
                  {
                    "minimum_healthy_targets_count": 1,
                    "minimum_healthy_targets_percentage": "off"
                  }
                ]
              }
            ],
            "target_health_state": [
              {
                "enable_unhealthy_connection_termination": null,
                "unhealthy_draining_interval": null
              }
            ],
            "target_type": "instance",
            "vpc_id": "vpc-01559cc551ee9ce1f"
          },
          "sensitive_attributes": [],
          "identity_schema_version": 0,
          "private": "bnVsbA==",
          "dependencies": [
            "data.aws_eks_cluster.cluster"
          ]
        },
        {
          "index_key": "doc-classification-uat",
          "schema_version": 0,
          "attributes": {
            "arn": "arn:aws:elasticloadbalancing:ap-south-1:010438478476:targetgroup/k8s-doc-classification-uat/c3b699822ea398c6",
            "arn_suffix": "targetgroup/k8s-doc-classification-uat/c3b699822ea398c6",
            "connection_termination": null,
            "deregistration_delay": "300",
            "health_check": [
              {
                "enabled": true,
                "healthy_threshold": 3,
                "interval": 30,
                "matcher": "200-499",
                "path": "/",
                "port": "traffic-port",
                "protocol": "HTTP",
                "timeout": 5,
                "unhealthy_threshold": 3
              }
            ],
            "id": "arn:aws:elasticloadbalancing:ap-south-1:010438478476:targetgroup/k8s-doc-classification-uat/c3b699822ea398c6",
            "ip_address_type": "ipv4",
            "lambda_multi_value_headers_enabled": false,
            "load_balancer_arns": [
              "arn:aws:elasticloadbalancing:ap-south-1:010438478476:loadbalancer/app/Fvrk-uat-alb/9f5068f897ca72b4"
            ],
            "load_balancing_algorithm_type": "round_robin",
            "load_balancing_anomaly_mitigation": "off",
            "load_balancing_cross_zone_enabled": "use_load_balancer_configuration",
            "name": "k8s-doc-classification-uat",
            "name_prefix": "",
            "port": 30037,
            "preserve_client_ip": null,
            "protocol": "HTTP",
            "protocol_version": "HTTP1",
            "proxy_protocol_v2": false,
            "slow_start": 0,
            "stickiness": [
              {
                "cookie_duration": 86400,
                "cookie_name": "",
                "enabled": false,
                "type": "lb_cookie"
              }
            ],
            "tags": {
              "Environment": "uat",
              "ManagedBy": "Terraform"
            },
            "tags_all": {
              "Environment": "uat",
              "ManagedBy": "Terraform"
            },
            "target_failover": [
              {
                "on_deregistration": null,
                "on_unhealthy": null
              }
            ],
            "target_group_health": [
              {
                "dns_failover": [
                  {
                    "minimum_healthy_targets_count": "1",
                    "minimum_healthy_targets_percentage": "off"
                  }
                ],
                "unhealthy_state_routing": [
                  {
                    "minimum_healthy_targets_count": 1,
                    "minimum_healthy_targets_percentage": "off"
                  }
                ]
              }
            ],
            "target_health_state": [
              {
                "enable_unhealthy_connection_termination": null,
                "unhealthy_draining_interval": null
              }
            ],
            "target_type": "instance",
            "vpc_id": "vpc-01559cc551ee9ce1f"
          },
          "sensitive_attributes": [],
          "identity_schema_version": 0,
          "private": "bnVsbA==",
          "dependencies": [
            "data.aws_eks_cluster.cluster"
          ]
        },
        {
          "index_key": "doc-field-extraction-uat",
          "schema_version": 0,
          "attributes": {
            "arn": "arn:aws:elasticloadbalancing:ap-south-1:010438478476:targetgroup/k8s-doc-field-extraction-uat/552b1960951454f8",
            "arn_suffix": "targetgroup/k8s-doc-field-extraction-uat/552b1960951454f8",
            "connection_termination": null,
            "deregistration_delay": "300",
            "health_check": [
              {
                "enabled": true,
                "healthy_threshold": 3,
                "interval": 30,
                "matcher": "200-499",
                "path": "/api/field-extraction/health",
                "port": "traffic-port",
                "protocol": "HTTP",
                "timeout": 5,
                "unhealthy_threshold": 3
              }
            ],
            "id": "arn:aws:elasticloadbalancing:ap-south-1:010438478476:targetgroup/k8s-doc-field-extraction-uat/552b1960951454f8",
            "ip_address_type": "ipv4",
            "lambda_multi_value_headers_enabled": false,
            "load_balancer_arns": [
              "arn:aws:elasticloadbalancing:ap-south-1:010438478476:loadbalancer/app/Fvrk-uat-alb/9f5068f897ca72b4"
            ],
            "load_balancing_algorithm_type": "round_robin",
            "load_balancing_anomaly_mitigation": "off",
            "load_balancing_cross_zone_enabled": "use_load_balancer_configuration",
            "name": "k8s-doc-field-extraction-uat",
            "name_prefix": "",
            "port": 30036,
            "preserve_client_ip": null,
            "protocol": "HTTP",
            "protocol_version": "HTTP1",
            "proxy_protocol_v2": false,
            "slow_start": 0,
            "stickiness": [
              {
                "cookie_duration": 86400,
                "cookie_name": "",
                "enabled": false,
                "type": "lb_cookie"
              }
            ],
            "tags": {
              "Environment": "uat",
              "ManagedBy": "Terraform"
            },
            "tags_all": {
              "Environment": "uat",
              "ManagedBy": "Terraform"
            },
            "target_failover": [
              {
                "on_deregistration": null,
                "on_unhealthy": null
              }
            ],
            "target_group_health": [
              {
                "dns_failover": [
                  {
                    "minimum_healthy_targets_count": "1",
                    "minimum_healthy_targets_percentage": "off"
                  }
                ],
                "unhealthy_state_routing": [
                  {
                    "minimum_healthy_targets_count": 1,
                    "minimum_healthy_targets_percentage": "off"
                  }
                ]
              }
            ],
            "target_health_state": [
              {
                "enable_unhealthy_connection_termination": null,
                "unhealthy_draining_interval": null
              }
            ],
            "target_type": "instance",
            "vpc_id": "vpc-01559cc551ee9ce1f"
          },
          "sensitive_attributes": [],
          "identity_schema_version": 0,
          "private": "bnVsbA==",
          "dependencies": [
            "data.aws_eks_cluster.cluster"
          ]
        },
        {
          "index_key": "doc-page-classification-uat",
          "schema_version": 0,
          "attributes": {
            "arn": "arn:aws:elasticloadbalancing:ap-south-1:010438478476:targetgroup/k8s-doc-page-classification-uat/ee93c6da24a1a2cb",
            "arn_suffix": "targetgroup/k8s-doc-page-classification-uat/ee93c6da24a1a2cb",
            "connection_termination": null,
            "deregistration_delay": "300",
            "health_check": [
              {
                "enabled": true,
                "healthy_threshold": 3,
                "interval": 30,
                "matcher": "200-499",
                "path": "/health",
                "port": "traffic-port",
                "protocol": "HTTP",
                "timeout": 5,
                "unhealthy_threshold": 3
              }
            ],
            "id": "arn:aws:elasticloadbalancing:ap-south-1:010438478476:targetgroup/k8s-doc-page-classification-uat/ee93c6da24a1a2cb",
            "ip_address_type": "ipv4",
            "lambda_multi_value_headers_enabled": false,
            "load_balancer_arns": [
              "arn:aws:elasticloadbalancing:ap-south-1:010438478476:loadbalancer/app/Fvrk-uat-alb/9f5068f897ca72b4"
            ],
            "load_balancing_algorithm_type": "round_robin",
            "load_balancing_anomaly_mitigation": "off",
            "load_balancing_cross_zone_enabled": "use_load_balancer_configuration",
            "name": "k8s-doc-page-classification-uat",
            "name_prefix": "",
            "port": 30035,
            "preserve_client_ip": null,
            "protocol": "HTTP",
            "protocol_version": "HTTP1",
            "proxy_protocol_v2": false,
            "slow_start": 0,
            "stickiness": [
              {
                "cookie_duration": 86400,
                "cookie_name": "",
                "enabled": false,
                "type": "lb_cookie"
              }
            ],
            "tags": {
              "Environment": "uat",
              "ManagedBy": "Terraform"
            },
            "tags_all": {
              "Environment": "uat",
              "ManagedBy": "Terraform"
            },
            "target_failover": [
              {
                "on_deregistration": null,
                "on_unhealthy": null
              }
            ],
            "target_group_health": [
              {
                "dns_failover": [
                  {
                    "minimum_healthy_targets_count": "1",
                    "minimum_healthy_targets_percentage": "off"
                  }
                ],
                "unhealthy_state_routing": [
                  {
                    "minimum_healthy_targets_count": 1,
                    "minimum_healthy_targets_percentage": "off"
                  }
                ]
              }
            ],
            "target_health_state": [
              {
                "enable_unhealthy_connection_termination": null,
                "unhealthy_draining_interval": null
              }
            ],
            "target_type": "instance",
            "vpc_id": "vpc-01559cc551ee9ce1f"
          },
          "sensitive_attributes": [],
          "identity_schema_version": 0,
          "private": "bnVsbA==",
          "dependencies": [
            "data.aws_eks_cluster.cluster"
          ]
        },
        {
          "index_key": "etl-uat",
          "schema_version": 0,
          "attributes": {
            "arn": "arn:aws:elasticloadbalancing:ap-south-1:010438478476:targetgroup/k8s-etl-uat/3dddadaebb494c21",
            "arn_suffix": "targetgroup/k8s-etl-uat/3dddadaebb494c21",
            "connection_termination": null,
            "deregistration_delay": "300",
            "health_check": [
              {
                "enabled": true,
                "healthy_threshold": 3,
                "interval": 30,
                "matcher": "200-499",
                "path": "/",
                "port": "traffic-port",
                "protocol": "HTTP",
                "timeout": 5,
                "unhealthy_threshold": 3
              }
            ],
            "id": "arn:aws:elasticloadbalancing:ap-south-1:010438478476:targetgroup/k8s-etl-uat/3dddadaebb494c21",
            "ip_address_type": "ipv4",
            "lambda_multi_value_headers_enabled": false,
            "load_balancer_arns": [
              "arn:aws:elasticloadbalancing:ap-south-1:010438478476:loadbalancer/app/Fvrk-uat-alb/9f5068f897ca72b4"
            ],
            "load_balancing_algorithm_type": "round_robin",
            "load_balancing_anomaly_mitigation": "off",
            "load_balancing_cross_zone_enabled": "use_load_balancer_configuration",
            "name": "k8s-etl-uat",
            "name_prefix": "",
            "port": 30042,
            "preserve_client_ip": null,
            "protocol": "HTTP",
            "protocol_version": "HTTP1",
            "proxy_protocol_v2": false,
            "slow_start": 0,
            "stickiness": [
              {
                "cookie_duration": 86400,
                "cookie_name": "",
                "enabled": false,
                "type": "lb_cookie"
              }
            ],
            "tags": {
              "Environment": "uat",
              "ManagedBy": "Terraform"
            },
            "tags_all": {
              "Environment": "uat",
              "ManagedBy": "Terraform"
            },
            "target_failover": [
              {
                "on_deregistration": null,
                "on_unhealthy": null
              }
            ],
            "target_group_health": [
              {
                "dns_failover": [
                  {
                    "minimum_healthy_targets_count": "1",
                    "minimum_healthy_targets_percentage": "off"
                  }
                ],
                "unhealthy_state_routing": [
                  {
                    "minimum_healthy_targets_count": 1,
                    "minimum_healthy_targets_percentage": "off"
                  }
                ]
              }
            ],
            "target_health_state": [
              {
                "enable_unhealthy_connection_termination": null,
                "unhealthy_draining_interval": null
              }
            ],
            "target_type": "instance",
            "vpc_id": "vpc-01559cc551ee9ce1f"
          },
          "sensitive_attributes": [],
          "identity_schema_version": 0,
          "private": "bnVsbA==",
          "dependencies": [
            "data.aws_eks_cluster.cluster"
          ]
        },
        {
          "index_key": "frame-uat",
          "schema_version": 0,
          "attributes": {
            "arn": "arn:aws:elasticloadbalancing:ap-south-1:010438478476:targetgroup/k8s-frame-uat/d62638844752ae9d",
            "arn_suffix": "targetgroup/k8s-frame-uat/d62638844752ae9d",
            "connection_termination": null,
            "deregistration_delay": "300",
            "health_check": [
              {
                "enabled": true,
                "healthy_threshold": 3,
                "interval": 30,
                "matcher": "200-499",
                "path": "/health",
                "port": "traffic-port",
                "protocol": "HTTP",
                "timeout": 5,
                "unhealthy_threshold": 3
              }
            ],
            "id": "arn:aws:elasticloadbalancing:ap-south-1:010438478476:targetgroup/k8s-frame-uat/d62638844752ae9d",
            "ip_address_type": "ipv4",
            "lambda_multi_value_headers_enabled": false,
            "load_balancer_arns": [
              "arn:aws:elasticloadbalancing:ap-south-1:010438478476:loadbalancer/app/Fvrk-uat-alb/9f5068f897ca72b4"
            ],
            "load_balancing_algorithm_type": "round_robin",
            "load_balancing_anomaly_mitigation": "off",
            "load_balancing_cross_zone_enabled": "use_load_balancer_configuration",
            "name": "k8s-frame-uat",
            "name_prefix": "",
            "port": 30041,
            "preserve_client_ip": null,
            "protocol": "HTTP",
            "protocol_version": "HTTP1",
            "proxy_protocol_v2": false,
            "slow_start": 0,
            "stickiness": [
              {
                "cookie_duration": 86400,
                "cookie_name": "",
                "enabled": false,
                "type": "lb_cookie"
              }
            ],
            "tags": {
              "Environment": "uat",
              "ManagedBy": "Terraform"
            },
            "tags_all": {
              "Environment": "uat",
              "ManagedBy": "Terraform"
            },
            "target_failover": [
              {
                "on_deregistration": null,
                "on_unhealthy": null
              }
            ],
            "target_group_health": [
              {
                "dns_failover": [
                  {
                    "minimum_healthy_targets_count": "1",
                    "minimum_healthy_targets_percentage": "off"
                  }
                ],
                "unhealthy_state_routing": [
                  {
                    "minimum_healthy_targets_count": 1,
                    "minimum_healthy_targets_percentage": "off"
                  }
                ]
              }
            ],
            "target_health_state": [
              {
                "enable_unhealthy_connection_termination": null,
                "unhealthy_draining_interval": null
              }
            ],
            "target_type": "instance",
            "vpc_id": "vpc-01559cc551ee9ce1f"
          },
          "sensitive_attributes": [],
          "identity_schema_version": 0,
          "private": "bnVsbA==",
          "dependencies": [
            "data.aws_eks_cluster.cluster"
          ]
        },
        {
          "index_key": "fvrk-uat-tg",
          "schema_version": 0,
          "attributes": {
            "arn": "arn:aws:elasticloadbalancing:ap-south-1:010438478476:targetgroup/k8s-fvrk-uat-tg/92e5fe6e967ce241",
            "arn_suffix": "targetgroup/k8s-fvrk-uat-tg/92e5fe6e967ce241",
            "connection_termination": null,
            "deregistration_delay": "300",
            "health_check": [
              {
                "enabled": true,
                "healthy_threshold": 3,
                "interval": 30,
                "matcher": "200-499",
                "path": "/",
                "port": "traffic-port",
                "protocol": "HTTP",
                "timeout": 5,
                "unhealthy_threshold": 3
              }
            ],
            "id": "arn:aws:elasticloadbalancing:ap-south-1:010438478476:targetgroup/k8s-fvrk-uat-tg/92e5fe6e967ce241",
            "ip_address_type": "ipv4",
            "lambda_multi_value_headers_enabled": false,
            "load_balancer_arns": [
              "arn:aws:elasticloadbalancing:ap-south-1:010438478476:loadbalancer/app/Fvrk-uat-alb/9f5068f897ca72b4"
            ],
            "load_balancing_algorithm_type": "round_robin",
            "load_balancing_anomaly_mitigation": "off",
            "load_balancing_cross_zone_enabled": "use_load_balancer_configuration",
            "name": "k8s-fvrk-uat-tg",
            "name_prefix": "",
            "port": 30034,
            "preserve_client_ip": null,
            "protocol": "HTTP",
            "protocol_version": "HTTP1",
            "proxy_protocol_v2": false,
            "slow_start": 0,
            "stickiness": [
              {
                "cookie_duration": 86400,
                "cookie_name": "",
                "enabled": false,
                "type": "lb_cookie"
              }
            ],
            "tags": {
              "Environment": "uat",
              "ManagedBy": "Terraform"
            },
            "tags_all": {
              "Environment": "uat",
              "ManagedBy": "Terraform"
            },
            "target_failover": [
              {
                "on_deregistration": null,
                "on_unhealthy": null
              }
            ],
            "target_group_health": [
              {
                "dns_failover": [
                  {
                    "minimum_healthy_targets_count": "1",
                    "minimum_healthy_targets_percentage": "off"
                  }
                ],
                "unhealthy_state_routing": [
                  {
                    "minimum_healthy_targets_count": 1,
                    "minimum_healthy_targets_percentage": "off"
                  }
                ]
              }
            ],
            "target_health_state": [
              {
                "enable_unhealthy_connection_termination": null,
                "unhealthy_draining_interval": null
              }
            ],
            "target_type": "instance",
            "vpc_id": "vpc-01559cc551ee9ce1f"
          },
          "sensitive_attributes": [],
          "identity_schema_version": 0,
          "private": "bnVsbA==",
          "dependencies": [
            "data.aws_eks_cluster.cluster"
          ]
        },
        {
          "index_key": "keycloak-uat",
          "schema_version": 0,
          "attributes": {
            "arn": "arn:aws:elasticloadbalancing:ap-south-1:010438478476:targetgroup/k8s-keycloak-uat/2e8921d87decc77a",
            "arn_suffix": "targetgroup/k8s-keycloak-uat/2e8921d87decc77a",
            "connection_termination": null,
            "deregistration_delay": "300",
            "health_check": [
              {
                "enabled": true,
                "healthy_threshold": 3,
                "interval": 30,
                "matcher": "200-499",
                "path": "/health/live",
                "port": "traffic-port",
                "protocol": "HTTP",
                "timeout": 5,
                "unhealthy_threshold": 3
              }
            ],
            "id": "arn:aws:elasticloadbalancing:ap-south-1:010438478476:targetgroup/k8s-keycloak-uat/2e8921d87decc77a",
            "ip_address_type": "ipv4",
            "lambda_multi_value_headers_enabled": false,
            "load_balancer_arns": [
              "arn:aws:elasticloadbalancing:ap-south-1:010438478476:loadbalancer/app/Fvrk-uat-alb/9f5068f897ca72b4"
            ],
            "load_balancing_algorithm_type": "round_robin",
            "load_balancing_anomaly_mitigation": "off",
            "load_balancing_cross_zone_enabled": "use_load_balancer_configuration",
            "name": "k8s-keycloak-uat",
            "name_prefix": "",
            "port": 30131,
            "preserve_client_ip": null,
            "protocol": "HTTP",
            "protocol_version": "HTTP1",
            "proxy_protocol_v2": false,
            "slow_start": 0,
            "stickiness": [
              {
                "cookie_duration": 86400,
                "cookie_name": "",
                "enabled": false,
                "type": "lb_cookie"
              }
            ],
            "tags": {
              "Environment": "uat",
              "ManagedBy": "Terraform"
            },
            "tags_all": {
              "Environment": "uat",
              "ManagedBy": "Terraform"
            },
            "target_failover": [
              {
                "on_deregistration": null,
                "on_unhealthy": null
              }
            ],
            "target_group_health": [
              {
                "dns_failover": [
                  {
                    "minimum_healthy_targets_count": "1",
                    "minimum_healthy_targets_percentage": "off"
                  }
                ],
                "unhealthy_state_routing": [
                  {
                    "minimum_healthy_targets_count": 1,
                    "minimum_healthy_targets_percentage": "off"
                  }
                ]
              }
            ],
            "target_health_state": [
              {
                "enable_unhealthy_connection_termination": null,
                "unhealthy_draining_interval": null
              }
            ],
            "target_type": "instance",
            "vpc_id": "vpc-01559cc551ee9ce1f"
          },
          "sensitive_attributes": [],
          "identity_schema_version": 0,
          "private": "bnVsbA==",
          "dependencies": [
            "data.aws_eks_cluster.cluster"
          ]
        },
        {
          "index_key": "kong-gateway-uat",
          "schema_version": 0,
          "attributes": {
            "arn": "arn:aws:elasticloadbalancing:ap-south-1:010438478476:targetgroup/k8s-kong-gateway-uat/2d0789b497586ccc",
            "arn_suffix": "targetgroup/k8s-kong-gateway-uat/2d0789b497586ccc",
            "connection_termination": null,
            "deregistration_delay": "300",
            "health_check": [
              {
                "enabled": true,
                "healthy_threshold": 3,
                "interval": 30,
                "matcher": "200-499",
                "path": "/api/common/health",
                "port": "traffic-port",
                "protocol": "HTTP",
                "timeout": 5,
                "unhealthy_threshold": 3
              }
            ],
            "id": "arn:aws:elasticloadbalancing:ap-south-1:010438478476:targetgroup/k8s-kong-gateway-uat/2d0789b497586ccc",
            "ip_address_type": "ipv4",
            "lambda_multi_value_headers_enabled": false,
            "load_balancer_arns": [
              "arn:aws:elasticloadbalancing:ap-south-1:010438478476:loadbalancer/app/Fvrk-uat-alb/9f5068f897ca72b4"
            ],
            "load_balancing_algorithm_type": "round_robin",
            "load_balancing_anomaly_mitigation": "off",
            "load_balancing_cross_zone_enabled": "use_load_balancer_configuration",
            "name": "k8s-kong-gateway-uat",
            "name_prefix": "",
            "port": 30107,
            "preserve_client_ip": null,
            "protocol": "HTTP",
            "protocol_version": "HTTP1",
            "proxy_protocol_v2": false,
            "slow_start": 0,
            "stickiness": [
              {
                "cookie_duration": 86400,
                "cookie_name": "",
                "enabled": false,
                "type": "lb_cookie"
              }
            ],
            "tags": {
              "Environment": "uat",
              "ManagedBy": "Terraform"
            },
            "tags_all": {
              "Environment": "uat",
              "ManagedBy": "Terraform"
            },
            "target_failover": [
              {
                "on_deregistration": null,
                "on_unhealthy": null
              }
            ],
            "target_group_health": [
              {
                "dns_failover": [
                  {
                    "minimum_healthy_targets_count": "1",
                    "minimum_healthy_targets_percentage": "off"
                  }
                ],
                "unhealthy_state_routing": [
                  {
                    "minimum_healthy_targets_count": 1,
                    "minimum_healthy_targets_percentage": "off"
                  }
                ]
              }
            ],
            "target_health_state": [
              {
                "enable_unhealthy_connection_termination": null,
                "unhealthy_draining_interval": null
              }
            ],
            "target_type": "instance",
            "vpc_id": "vpc-01559cc551ee9ce1f"
          },
          "sensitive_attributes": [],
          "identity_schema_version": 0,
          "private": "bnVsbA==",
          "dependencies": [
            "data.aws_eks_cluster.cluster"
          ]
        },
        {
          "index_key": "kong-uat-admin",
          "schema_version": 0,
          "attributes": {
            "arn": "arn:aws:elasticloadbalancing:ap-south-1:010438478476:targetgroup/k8s-kong-uat-admin/54377cc09458cc8a",
            "arn_suffix": "targetgroup/k8s-kong-uat-admin/54377cc09458cc8a",
            "connection_termination": null,
            "deregistration_delay": "300",
            "health_check": [
              {
                "enabled": true,
                "healthy_threshold": 3,
                "interval": 30,
                "matcher": "200-499",
                "path": "/status",
                "port": "traffic-port",
                "protocol": "HTTP",
                "timeout": 5,
                "unhealthy_threshold": 3
              }
            ],
            "id": "arn:aws:elasticloadbalancing:ap-south-1:010438478476:targetgroup/k8s-kong-uat-admin/54377cc09458cc8a",
            "ip_address_type": "ipv4",
            "lambda_multi_value_headers_enabled": false,
            "load_balancer_arns": [],
            "load_balancing_algorithm_type": "round_robin",
            "load_balancing_anomaly_mitigation": "off",
            "load_balancing_cross_zone_enabled": "use_load_balancer_configuration",
            "name": "k8s-kong-uat-admin",
            "name_prefix": "",
            "port": 30133,
            "preserve_client_ip": null,
            "protocol": "HTTP",
            "protocol_version": "HTTP1",
            "proxy_protocol_v2": false,
            "slow_start": 0,
            "stickiness": [
              {
                "cookie_duration": 86400,
                "cookie_name": "",
                "enabled": false,
                "type": "lb_cookie"
              }
            ],
            "tags": {
              "Environment": "uat",
              "ManagedBy": "Terraform"
            },
            "tags_all": {
              "Environment": "uat",
              "ManagedBy": "Terraform"
            },
            "target_failover": [
              {
                "on_deregistration": null,
                "on_unhealthy": null
              }
            ],
            "target_group_health": [
              {
                "dns_failover": [
                  {
                    "minimum_healthy_targets_count": "1",
                    "minimum_healthy_targets_percentage": "off"
                  }
                ],
                "unhealthy_state_routing": [
                  {
                    "minimum_healthy_targets_count": 1,
                    "minimum_healthy_targets_percentage": "off"
                  }
                ]
              }
            ],
            "target_health_state": [
              {
                "enable_unhealthy_connection_termination": null,
                "unhealthy_draining_interval": null
              }
            ],
            "target_type": "instance",
            "vpc_id": "vpc-01559cc551ee9ce1f"
          },
          "sensitive_attributes": [],
          "identity_schema_version": 0,
          "private": "bnVsbA==",
          "dependencies": [
            "data.aws_eks_cluster.cluster"
          ]
        },
        {
          "index_key": "konga-uat",
          "schema_version": 0,
          "attributes": {
            "arn": "arn:aws:elasticloadbalancing:ap-south-1:010438478476:targetgroup/k8s-konga-uat/e952c1bf4ce94964",
            "arn_suffix": "targetgroup/k8s-konga-uat/e952c1bf4ce94964",
            "connection_termination": null,
            "deregistration_delay": "300",
            "health_check": [
              {
                "enabled": true,
                "healthy_threshold": 3,
                "interval": 30,
                "matcher": "200-499",
                "path": "/status",
                "port": "traffic-port",
                "protocol": "HTTP",
                "timeout": 5,
                "unhealthy_threshold": 3
              }
            ],
            "id": "arn:aws:elasticloadbalancing:ap-south-1:010438478476:targetgroup/k8s-konga-uat/e952c1bf4ce94964",
            "ip_address_type": "ipv4",
            "lambda_multi_value_headers_enabled": false,
            "load_balancer_arns": [
              "arn:aws:elasticloadbalancing:ap-south-1:010438478476:loadbalancer/app/Fvrk-uat-alb/9f5068f897ca72b4"
            ],
            "load_balancing_algorithm_type": "round_robin",
            "load_balancing_anomaly_mitigation": "off",
            "load_balancing_cross_zone_enabled": "use_load_balancer_configuration",
            "name": "k8s-konga-uat",
            "name_prefix": "",
            "port": 30134,
            "preserve_client_ip": null,
            "protocol": "HTTP",
            "protocol_version": "HTTP1",
            "proxy_protocol_v2": false,
            "slow_start": 0,
            "stickiness": [
              {
                "cookie_duration": 86400,
                "cookie_name": "",
                "enabled": false,
                "type": "lb_cookie"
              }
            ],
            "tags": {
              "Environment": "uat",
              "ManagedBy": "Terraform"
            },
            "tags_all": {
              "Environment": "uat",
              "ManagedBy": "Terraform"
            },
            "target_failover": [
              {
                "on_deregistration": null,
                "on_unhealthy": null
              }
            ],
            "target_group_health": [
              {
                "dns_failover": [
                  {
                    "minimum_healthy_targets_count": "1",
                    "minimum_healthy_targets_percentage": "off"
                  }
                ],
                "unhealthy_state_routing": [
                  {
                    "minimum_healthy_targets_count": 1,
                    "minimum_healthy_targets_percentage": "off"
                  }
                ]
              }
            ],
            "target_health_state": [
              {
                "enable_unhealthy_connection_termination": null,
                "unhealthy_draining_interval": null
              }
            ],
            "target_type": "instance",
            "vpc_id": "vpc-01559cc551ee9ce1f"
          },
          "sensitive_attributes": [],
          "identity_schema_version": 0,
          "private": "bnVsbA==",
          "dependencies": [
            "data.aws_eks_cluster.cluster"
          ]
        },
        {
          "index_key": "rabbitmq-uat",
          "schema_version": 0,
          "attributes": {
            "arn": "arn:aws:elasticloadbalancing:ap-south-1:010438478476:targetgroup/k8s-rabbitmq-uat/029c6e3b456e5bc9",
            "arn_suffix": "targetgroup/k8s-rabbitmq-uat/029c6e3b456e5bc9",
            "connection_termination": null,
            "deregistration_delay": "300",
            "health_check": [
              {
                "enabled": true,
                "healthy_threshold": 3,
                "interval": 30,
                "matcher": "200-499",
                "path": "/api/health/checks/virtual-hosts",
                "port": "traffic-port",
                "protocol": "HTTP",
                "timeout": 5,
                "unhealthy_threshold": 3
              }
            ],
            "id": "arn:aws:elasticloadbalancing:ap-south-1:010438478476:targetgroup/k8s-rabbitmq-uat/029c6e3b456e5bc9",
            "ip_address_type": "ipv4",
            "lambda_multi_value_headers_enabled": false,
            "load_balancer_arns": [
              "arn:aws:elasticloadbalancing:ap-south-1:010438478476:loadbalancer/app/Fvrk-uat-alb/9f5068f897ca72b4"
            ],
            "load_balancing_algorithm_type": "round_robin",
            "load_balancing_anomaly_mitigation": "off",
            "load_balancing_cross_zone_enabled": "use_load_balancer_configuration",
            "name": "k8s-rabbitmq-uat",
            "name_prefix": "",
            "port": 30039,
            "preserve_client_ip": null,
            "protocol": "HTTP",
            "protocol_version": "HTTP1",
            "proxy_protocol_v2": false,
            "slow_start": 0,
            "stickiness": [
              {
                "cookie_duration": 86400,
                "cookie_name": "",
                "enabled": false,
                "type": "lb_cookie"
              }
            ],
            "tags": {
              "Environment": "uat",
              "ManagedBy": "Terraform"
            },
            "tags_all": {
              "Environment": "uat",
              "ManagedBy": "Terraform"
            },
            "target_failover": [
              {
                "on_deregistration": null,
                "on_unhealthy": null
              }
            ],
            "target_group_health": [
              {
                "dns_failover": [
                  {
                    "minimum_healthy_targets_count": "1",
                    "minimum_healthy_targets_percentage": "off"
                  }
                ],
                "unhealthy_state_routing": [
                  {
                    "minimum_healthy_targets_count": 1,
                    "minimum_healthy_targets_percentage": "off"
                  }
                ]
              }
            ],
            "target_health_state": [
              {
                "enable_unhealthy_connection_termination": null,
                "unhealthy_draining_interval": null
              }
            ],
            "target_type": "instance",
            "vpc_id": "vpc-01559cc551ee9ce1f"
          },
          "sensitive_attributes": [],
          "identity_schema_version": 0,
          "private": "bnVsbA==",
          "dependencies": [
            "data.aws_eks_cluster.cluster"
          ]
        },
        {
          "index_key": "text-extraction-uat",
          "schema_version": 0,
          "attributes": {
            "arn": "arn:aws:elasticloadbalancing:ap-south-1:010438478476:targetgroup/k8s-text-extraction-uat/ee8ad23d6f96fe36",
            "arn_suffix": "targetgroup/k8s-text-extraction-uat/ee8ad23d6f96fe36",
            "connection_termination": null,
            "deregistration_delay": "300",
            "health_check": [
              {
                "enabled": true,
                "healthy_threshold": 3,
                "interval": 30,
                "matcher": "200-499",
                "path": "/api/framev3/document-text-extraction/health",
                "port": "traffic-port",
                "protocol": "HTTP",
                "timeout": 5,
                "unhealthy_threshold": 3
              }
            ],
            "id": "arn:aws:elasticloadbalancing:ap-south-1:010438478476:targetgroup/k8s-text-extraction-uat/ee8ad23d6f96fe36",
            "ip_address_type": "ipv4",
            "lambda_multi_value_headers_enabled": false,
            "load_balancer_arns": [
              "arn:aws:elasticloadbalancing:ap-south-1:010438478476:loadbalancer/app/Fvrk-uat-alb/9f5068f897ca72b4"
            ],
            "load_balancing_algorithm_type": "round_robin",
            "load_balancing_anomaly_mitigation": "off",
            "load_balancing_cross_zone_enabled": "use_load_balancer_configuration",
            "name": "k8s-text-extraction-uat",
            "name_prefix": "",
            "port": 30032,
            "preserve_client_ip": null,
            "protocol": "HTTP",
            "protocol_version": "HTTP1",
            "proxy_protocol_v2": false,
            "slow_start": 0,
            "stickiness": [
              {
                "cookie_duration": 86400,
                "cookie_name": "",
                "enabled": false,
                "type": "lb_cookie"
              }
            ],
            "tags": {
              "Environment": "uat",
              "ManagedBy": "Terraform"
            },
            "tags_all": {
              "Environment": "uat",
              "ManagedBy": "Terraform"
            },
            "target_failover": [
              {
                "on_deregistration": null,
                "on_unhealthy": null
              }
            ],
            "target_group_health": [
              {
                "dns_failover": [
                  {
                    "minimum_healthy_targets_count": "1",
                    "minimum_healthy_targets_percentage": "off"
                  }
                ],
                "unhealthy_state_routing": [
                  {
                    "minimum_healthy_targets_count": 1,
                    "minimum_healthy_targets_percentage": "off"
                  }
                ]
              }
            ],
            "target_health_state": [
              {
                "enable_unhealthy_connection_termination": null,
                "unhealthy_draining_interval": null
              }
            ],
            "target_type": "instance",
            "vpc_id": "vpc-01559cc551ee9ce1f"
          },
          "sensitive_attributes": [],
          "identity_schema_version": 0,
          "private": "bnVsbA==",
          "dependencies": [
            "data.aws_eks_cluster.cluster"
          ]
        },
        {
          "index_key": "validus-uat",
          "schema_version": 0,
          "attributes": {
            "arn": "arn:aws:elasticloadbalancing:ap-south-1:010438478476:targetgroup/k8s-validus-uat/c2a38f7cbe3a388a",
            "arn_suffix": "targetgroup/k8s-validus-uat/c2a38f7cbe3a388a",
            "connection_termination": null,
            "deregistration_delay": "300",
            "health_check": [
              {
                "enabled": true,
                "healthy_threshold": 3,
                "interval": 30,
                "matcher": "200-499",
                "path": "/health",
                "port": "traffic-port",
                "protocol": "HTTP",
                "timeout": 5,
                "unhealthy_threshold": 3
              }
            ],
            "id": "arn:aws:elasticloadbalancing:ap-south-1:010438478476:targetgroup/k8s-validus-uat/c2a38f7cbe3a388a",
            "ip_address_type": "ipv4",
            "lambda_multi_value_headers_enabled": false,
            "load_balancer_arns": [
              "arn:aws:elasticloadbalancing:ap-south-1:010438478476:loadbalancer/app/Fvrk-uat-alb/9f5068f897ca72b4"
            ],
            "load_balancing_algorithm_type": "round_robin",
            "load_balancing_anomaly_mitigation": "off",
            "load_balancing_cross_zone_enabled": "use_load_balancer_configuration",
            "name": "k8s-validus-uat",
            "name_prefix": "",
            "port": 30031,
            "preserve_client_ip": null,
            "protocol": "HTTP",
            "protocol_version": "HTTP1",
            "proxy_protocol_v2": false,
            "slow_start": 0,
            "stickiness": [
              {
                "cookie_duration": 86400,
                "cookie_name": "",
                "enabled": false,
                "type": "lb_cookie"
              }
            ],
            "tags": {
              "Environment": "uat",
              "ManagedBy": "Terraform"
            },
            "tags_all": {
              "Environment": "uat",
              "ManagedBy": "Terraform"
            },
            "target_failover": [
              {
                "on_deregistration": null,
                "on_unhealthy": null
              }
            ],
            "target_group_health": [
              {
                "dns_failover": [
                  {
                    "minimum_healthy_targets_count": "1",
                    "minimum_healthy_targets_percentage": "off"
                  }
                ],
                "unhealthy_state_routing": [
                  {
                    "minimum_healthy_targets_count": 1,
                    "minimum_healthy_targets_percentage": "off"
                  }
                ]
              }
            ],
            "target_health_state": [
              {
                "enable_unhealthy_connection_termination": null,
                "unhealthy_draining_interval": null
              }
            ],
            "target_type": "instance",
            "vpc_id": "vpc-01559cc551ee9ce1f"
          },
          "sensitive_attributes": [],
          "identity_schema_version": 0,
          "private": "bnVsbA==",
          "dependencies": [
            "data.aws_eks_cluster.cluster"
          ]
        }
      ]
    },
    {
      "mode": "managed",
      "type": "aws_lb_target_group",
      "name": "rabbit_messaging",
      "provider": "provider[\"registry.terraform.io/hashicorp/aws\"]",
      "instances": [
        {
          "schema_version": 0,
          "attributes": {
            "arn": "arn:aws:elasticloadbalancing:ap-south-1:010438478476:targetgroup/k8s-rabbit-mq-messaging/bd5508037167e194",
            "arn_suffix": "targetgroup/k8s-rabbit-mq-messaging/bd5508037167e194",
            "connection_termination": false,
            "deregistration_delay": "300",
            "health_check": [
              {
                "enabled": true,
                "healthy_threshold": 3,
                "interval": 10,
                "matcher": "",
                "path": "",
                "port": "traffic-port",
                "protocol": "TCP",
                "timeout": 10,
                "unhealthy_threshold": 3
              }
            ],
            "id": "arn:aws:elasticloadbalancing:ap-south-1:010438478476:targetgroup/k8s-rabbit-mq-messaging/bd5508037167e194",
            "ip_address_type": "ipv4",
            "lambda_multi_value_headers_enabled": false,
            "load_balancer_arns": [
              "arn:aws:elasticloadbalancing:ap-south-1:010438478476:loadbalancer/net/Fvrk-dev-nlb-front-door/fca2c7885497bd3f"
            ],
            "load_balancing_algorithm_type": null,
            "load_balancing_anomaly_mitigation": null,
            "load_balancing_cross_zone_enabled": "use_load_balancer_configuration",
            "name": "k8s-rabbit-mq-messaging",
            "name_prefix": "",
            "port": 32525,
            "preserve_client_ip": "true",
            "protocol": "TCP",
            "protocol_version": null,
            "proxy_protocol_v2": false,
            "slow_start": 0,
            "stickiness": [
              {
                "cookie_duration": 0,
                "cookie_name": "",
                "enabled": false,
                "type": "source_ip"
              }
            ],
            "tags": {},
            "tags_all": {},
            "target_failover": [
              {
                "on_deregistration": null,
                "on_unhealthy": null
              }
            ],
            "target_group_health": [
              {
                "dns_failover": [
                  {
                    "minimum_healthy_targets_count": "1",
                    "minimum_healthy_targets_percentage": "off"
                  }
                ],
                "unhealthy_state_routing": [
                  {
                    "minimum_healthy_targets_count": 1,
                    "minimum_healthy_targets_percentage": "off"
                  }
                ]
              }
            ],
            "target_health_state": [
              {
                "enable_unhealthy_connection_termination": true,
                "unhealthy_draining_interval": 0
              }
            ],
            "target_type": "instance",
            "vpc_id": "vpc-01559cc551ee9ce1f"
          },
          "sensitive_attributes": [],
          "identity_schema_version": 0,
          "private": "bnVsbA==",
          "dependencies": [
            "data.aws_eks_cluster.cluster"
          ]
        }
      ]
    },
    {
      "mode": "managed",
      "type": "aws_lb_target_group_attachment",
      "name": "alb_attachment",
      "provider": "provider[\"registry.terraform.io/hashicorp/aws\"]",
      "instances": [
        {
          "schema_version": 0,
          "attributes": {
            "availability_zone": null,
            "id": "arn:aws:elasticloadbalancing:ap-south-1:010438478476:targetgroup/nlb-to-alb-bridge/10a8764692528099-20260108194507332700000001",
            "port": 443,
            "target_group_arn": "arn:aws:elasticloadbalancing:ap-south-1:010438478476:targetgroup/nlb-to-alb-bridge/10a8764692528099",
            "target_id": "arn:aws:elasticloadbalancing:ap-south-1:010438478476:loadbalancer/app/Fvrk-dev-alb/67ed6ab2ef1a162a"
          },
          "sensitive_attributes": [],
          "identity_schema_version": 0,
          "private": "bnVsbA==",
          "dependencies": [
            "aws_lb.main",
            "aws_lb_target_group.alb_bridge",
            "aws_security_group.alb_sg",
            "aws_subnet.public",
            "aws_vpc.main",
            "data.aws_availability_zones.available",
            "data.aws_eks_cluster.cluster"
          ]
        }
      ]
    },
    {
      "mode": "managed",
      "type": "aws_route_table",
      "name": "private",
      "provider": "provider[\"registry.terraform.io/hashicorp/aws\"].mumbai",
      "instances": [
        {
          "schema_version": 0,
          "attributes": {
            "arn": "arn:aws:ec2:ap-south-1:010438478476:route-table/rtb-020ef3ad3dd61e100",
            "id": "rtb-020ef3ad3dd61e100",
            "owner_id": "010438478476",
            "propagating_vgws": [],
            "route": [
              {
                "carrier_gateway_id": "",
                "cidr_block": "10.10.0.0/16",
                "core_network_arn": "",
                "destination_prefix_list_id": "",
                "egress_only_gateway_id": "",
                "gateway_id": "",
                "ipv6_cidr_block": "",
                "local_gateway_id": "",
                "nat_gateway_id": "",
                "network_interface_id": "",
                "transit_gateway_id": "",
                "vpc_endpoint_id": "",
                "vpc_peering_connection_id": "pcx-01ed878be2b7d044c"
              },
              {
                "carrier_gateway_id": "",
                "cidr_block": "192.168.0.0/20",
                "core_network_arn": "",
                "destination_prefix_list_id": "",
                "egress_only_gateway_id": "",
                "gateway_id": "",
                "ipv6_cidr_block": "",
                "local_gateway_id": "",
                "nat_gateway_id": "",
                "network_interface_id": "",
                "transit_gateway_id": "",
                "vpc_endpoint_id": "",
                "vpc_peering_connection_id": "pcx-01ed878be2b7d044c"
              }
            ],
            "tags": {
              "Name": "FVRK-DEV-private-route-table"
            },
            "tags_all": {
              "Name": "FVRK-DEV-private-route-table"
            },
            "timeouts": null,
            "vpc_id": "vpc-01559cc551ee9ce1f"
          },
          "sensitive_attributes": [],
          "identity_schema_version": 0,
          "private": "eyJlMmJmYjczMC1lY2FhLTExZTYtOGY4OC0zNDM2M2JjN2M0YzAiOnsiY3JlYXRlIjozMDAwMDAwMDAwMDAsImRlbGV0ZSI6MzAwMDAwMDAwMDAwLCJ1cGRhdGUiOjEyMDAwMDAwMDAwMH19",
          "dependencies": [
            "aws_vpc.main"
          ]
        }
      ]
    },
    {
      "mode": "managed",
      "type": "aws_route_table",
      "name": "public",
      "provider": "provider[\"registry.terraform.io/hashicorp/aws\"].mumbai",
      "instances": [
        {
          "schema_version": 0,
          "attributes": {
            "arn": "arn:aws:ec2:ap-south-1:010438478476:route-table/rtb-09a94c1924f915fb6",
            "id": "rtb-09a94c1924f915fb6",
            "owner_id": "010438478476",
            "propagating_vgws": [],
            "route": [
              {
                "carrier_gateway_id": "",
                "cidr_block": "0.0.0.0/0",
                "core_network_arn": "",
                "destination_prefix_list_id": "",
                "egress_only_gateway_id": "",
                "gateway_id": "igw-0b3b9f7a77adf26c6",
                "ipv6_cidr_block": "",
                "local_gateway_id": "",
                "nat_gateway_id": "",
                "network_interface_id": "",
                "transit_gateway_id": "",
                "vpc_endpoint_id": "",
                "vpc_peering_connection_id": ""
              },
              {
                "carrier_gateway_id": "",
                "cidr_block": "10.10.0.0/16",
                "core_network_arn": "",
                "destination_prefix_list_id": "",
                "egress_only_gateway_id": "",
                "gateway_id": "",
                "ipv6_cidr_block": "",
                "local_gateway_id": "",
                "nat_gateway_id": "",
                "network_interface_id": "",
                "transit_gateway_id": "",
                "vpc_endpoint_id": "",
                "vpc_peering_connection_id": "pcx-01ed878be2b7d044c"
              }
            ],
            "tags": {
              "Name": "FVRK-DEV-public-route-table"
            },
            "tags_all": {
              "Name": "FVRK-DEV-public-route-table"
            },
            "timeouts": null,
            "vpc_id": "vpc-01559cc551ee9ce1f"
          },
          "sensitive_attributes": [],
          "identity_schema_version": 0,
          "private": "eyJlMmJmYjczMC1lY2FhLTExZTYtOGY4OC0zNDM2M2JjN2M0YzAiOnsiY3JlYXRlIjozMDAwMDAwMDAwMDAsImRlbGV0ZSI6MzAwMDAwMDAwMDAwLCJ1cGRhdGUiOjEyMDAwMDAwMDAwMH19",
          "dependencies": [
            "aws_internet_gateway.igw",
            "aws_vpc.main"
          ]
        }
      ]
    },
    {
      "mode": "managed",
      "type": "aws_route_table_association",
      "name": "private",
      "provider": "provider[\"registry.terraform.io/hashicorp/aws\"].mumbai",
      "instances": [
        {
          "index_key": 0,
          "schema_version": 0,
          "attributes": {
            "gateway_id": "",
            "id": "rtbassoc-0679e61fd260db452",
            "route_table_id": "rtb-020ef3ad3dd61e100",
            "subnet_id": "subnet-0eaa3b1eb0fd9b5c5",
            "timeouts": null
          },
          "sensitive_attributes": [],
          "identity_schema_version": 0,
          "private": "eyJlMmJmYjczMC1lY2FhLTExZTYtOGY4OC0zNDM2M2JjN2M0YzAiOnsiY3JlYXRlIjozMDAwMDAwMDAwMDAsImRlbGV0ZSI6MzAwMDAwMDAwMDAwLCJ1cGRhdGUiOjEyMDAwMDAwMDAwMH19",
          "dependencies": [
            "aws_route_table.private",
            "aws_subnet.private",
            "aws_vpc.main",
            "data.aws_availability_zones.available"
          ]
        },
        {
          "index_key": 1,
          "schema_version": 0,
          "attributes": {
            "gateway_id": "",
            "id": "rtbassoc-041c91e4e8ec8eea7",
            "route_table_id": "rtb-020ef3ad3dd61e100",
            "subnet_id": "subnet-0fe84ca2cd6516780",
            "timeouts": null
          },
          "sensitive_attributes": [],
          "identity_schema_version": 0,
          "private": "eyJlMmJmYjczMC1lY2FhLTExZTYtOGY4OC0zNDM2M2JjN2M0YzAiOnsiY3JlYXRlIjozMDAwMDAwMDAwMDAsImRlbGV0ZSI6MzAwMDAwMDAwMDAwLCJ1cGRhdGUiOjEyMDAwMDAwMDAwMH19",
          "dependencies": [
            "aws_route_table.private",
            "aws_subnet.private",
            "aws_vpc.main",
            "data.aws_availability_zones.available"
          ]
        },
        {
          "index_key": 2,
          "schema_version": 0,
          "attributes": {
            "gateway_id": "",
            "id": "rtbassoc-07ae5538eda8250d6",
            "route_table_id": "rtb-020ef3ad3dd61e100",
            "subnet_id": "subnet-0197f48fef1fcf6bd",
            "timeouts": null
          },
          "sensitive_attributes": [],
          "identity_schema_version": 0,
          "private": "eyJlMmJmYjczMC1lY2FhLTExZTYtOGY4OC0zNDM2M2JjN2M0YzAiOnsiY3JlYXRlIjozMDAwMDAwMDAwMDAsImRlbGV0ZSI6MzAwMDAwMDAwMDAwLCJ1cGRhdGUiOjEyMDAwMDAwMDAwMH19",
          "dependencies": [
            "aws_route_table.private",
            "aws_subnet.private",
            "aws_vpc.main",
            "data.aws_availability_zones.available"
          ]
        },
        {
          "index_key": 3,
          "schema_version": 0,
          "attributes": {
            "gateway_id": "",
            "id": "rtbassoc-03c420f0b289825ec",
            "route_table_id": "rtb-020ef3ad3dd61e100",
            "subnet_id": "subnet-0740b38de02c34649",
            "timeouts": null
          },
          "sensitive_attributes": [],
          "identity_schema_version": 0,
          "private": "eyJlMmJmYjczMC1lY2FhLTExZTYtOGY4OC0zNDM2M2JjN2M0YzAiOnsiY3JlYXRlIjozMDAwMDAwMDAwMDAsImRlbGV0ZSI6MzAwMDAwMDAwMDAwLCJ1cGRhdGUiOjEyMDAwMDAwMDAwMH19",
          "dependencies": [
            "aws_route_table.private",
            "aws_subnet.private",
            "aws_vpc.main",
            "data.aws_availability_zones.available"
          ]
        }
      ]
    },
    {
      "mode": "managed",
      "type": "aws_route_table_association",
      "name": "public",
      "provider": "provider[\"registry.terraform.io/hashicorp/aws\"].mumbai",
      "instances": [
        {
          "index_key": 0,
          "schema_version": 0,
          "attributes": {
            "gateway_id": "",
            "id": "rtbassoc-0b431b9dedb581e5a",
            "route_table_id": "rtb-09a94c1924f915fb6",
            "subnet_id": "subnet-0676b17d05babe69f",
            "timeouts": null
          },
          "sensitive_attributes": [],
          "identity_schema_version": 0,
          "private": "eyJlMmJmYjczMC1lY2FhLTExZTYtOGY4OC0zNDM2M2JjN2M0YzAiOnsiY3JlYXRlIjozMDAwMDAwMDAwMDAsImRlbGV0ZSI6MzAwMDAwMDAwMDAwLCJ1cGRhdGUiOjEyMDAwMDAwMDAwMH19",
          "dependencies": [
            "aws_internet_gateway.igw",
            "aws_route_table.public",
            "aws_subnet.public",
            "aws_vpc.main",
            "data.aws_availability_zones.available"
          ]
        },
        {
          "index_key": 1,
          "schema_version": 0,
          "attributes": {
            "gateway_id": "",
            "id": "rtbassoc-01375dac03b2942b1",
            "route_table_id": "rtb-09a94c1924f915fb6",
            "subnet_id": "subnet-076ca5925fd436c79",
            "timeouts": null
          },
          "sensitive_attributes": [],
          "identity_schema_version": 0,
          "private": "eyJlMmJmYjczMC1lY2FhLTExZTYtOGY4OC0zNDM2M2JjN2M0YzAiOnsiY3JlYXRlIjozMDAwMDAwMDAwMDAsImRlbGV0ZSI6MzAwMDAwMDAwMDAwLCJ1cGRhdGUiOjEyMDAwMDAwMDAwMH19",
          "dependencies": [
            "aws_internet_gateway.igw",
            "aws_route_table.public",
            "aws_subnet.public",
            "aws_vpc.main",
            "data.aws_availability_zones.available"
          ]
        },
        {
          "index_key": 2,
          "schema_version": 0,
          "attributes": {
            "gateway_id": "",
            "id": "rtbassoc-0111c9edfb54c3b78",
            "route_table_id": "rtb-09a94c1924f915fb6",
            "subnet_id": "subnet-0d4bb787f2a8e82d7",
            "timeouts": null
          },
          "sensitive_attributes": [],
          "identity_schema_version": 0,
          "private": "eyJlMmJmYjczMC1lY2FhLTExZTYtOGY4OC0zNDM2M2JjN2M0YzAiOnsiY3JlYXRlIjozMDAwMDAwMDAwMDAsImRlbGV0ZSI6MzAwMDAwMDAwMDAwLCJ1cGRhdGUiOjEyMDAwMDAwMDAwMH19",
          "dependencies": [
            "aws_internet_gateway.igw",
            "aws_route_table.public",
            "aws_subnet.public",
            "aws_vpc.main",
            "data.aws_availability_zones.available"
          ]
        },
        {
          "index_key": 3,
          "schema_version": 0,
          "attributes": {
            "gateway_id": "",
            "id": "rtbassoc-0930c68ac0c763512",
            "route_table_id": "rtb-09a94c1924f915fb6",
            "subnet_id": "subnet-0fc395105f822381b",
            "timeouts": null
          },
          "sensitive_attributes": [],
          "identity_schema_version": 0,
          "private": "eyJlMmJmYjczMC1lY2FhLTExZTYtOGY4OC0zNDM2M2JjN2M0YzAiOnsiY3JlYXRlIjozMDAwMDAwMDAwMDAsImRlbGV0ZSI6MzAwMDAwMDAwMDAwLCJ1cGRhdGUiOjEyMDAwMDAwMDAwMH19",
          "dependencies": [
            "aws_internet_gateway.igw",
            "aws_route_table.public",
            "aws_subnet.public",
            "aws_vpc.main",
            "data.aws_availability_zones.available"
          ]
        }
      ]
    },
    {
      "mode": "managed",
      "type": "aws_security_group",
      "name": "airflow_efs_sg",
      "provider": "provider[\"registry.terraform.io/hashicorp/aws\"]",
      "instances": [
        {
          "schema_version": 1,
          "attributes": {
            "arn": "arn:aws:ec2:ap-south-1:010438478476:security-group/sg-0a180ca2d4c194bbb",
            "description": "Allow NFS traffic for Airflow EFS",
            "egress": [
              {
                "cidr_blocks": [
                  "0.0.0.0/0"
                ],
                "description": "",
                "from_port": 0,
                "ipv6_cidr_blocks": [],
                "prefix_list_ids": [],
                "protocol": "-1",
                "security_groups": [],
                "self": false,
                "to_port": 0
              }
            ],
            "id": "sg-0a180ca2d4c194bbb",
            "ingress": [
              {
                "cidr_blocks": [
                  "10.11.0.0/16"
                ],
                "description": "NFS from VPC",
                "from_port": 2049,
                "ipv6_cidr_blocks": [],
                "prefix_list_ids": [],
                "protocol": "tcp",
                "security_groups": [],
                "self": false,
                "to_port": 2049
              }
            ],
            "name": "airflow-efs-sg",
            "name_prefix": "",
            "owner_id": "010438478476",
            "revoke_rules_on_delete": false,
            "tags": {},
            "tags_all": {},
            "timeouts": null,
            "vpc_id": "vpc-01559cc551ee9ce1f"
          },
          "sensitive_attributes": [],
          "identity_schema_version": 0,
          "private": "eyJlMmJmYjczMC1lY2FhLTExZTYtOGY4OC0zNDM2M2JjN2M0YzAiOnsiY3JlYXRlIjo2MDAwMDAwMDAwMDAsImRlbGV0ZSI6OTAwMDAwMDAwMDAwfSwic2NoZW1hX3ZlcnNpb24iOiIxIn0=",
          "dependencies": [
            "aws_vpc.main"
          ]
        }
      ]
    },
    {
      "mode": "managed",
      "type": "aws_security_group",
      "name": "aithon_efs_sg",
      "provider": "provider[\"registry.terraform.io/hashicorp/aws\"]",
      "instances": [
        {
          "schema_version": 1,
          "attributes": {
            "arn": "arn:aws:ec2:ap-south-1:010438478476:security-group/sg-03e956c616a8d8121",
            "description": "Allow NFS traffic for Aithon Data EFS",
            "egress": [
              {
                "cidr_blocks": [
                  "0.0.0.0/0"
                ],
                "description": "",
                "from_port": 0,
                "ipv6_cidr_blocks": [],
                "prefix_list_ids": [],
                "protocol": "-1",
                "security_groups": [],
                "self": false,
                "to_port": 0
              }
            ],
            "id": "sg-03e956c616a8d8121",
            "ingress": [
              {
                "cidr_blocks": [
                  "10.11.0.0/16"
                ],
                "description": "NFS from VPC",
                "from_port": 2049,
                "ipv6_cidr_blocks": [],
                "prefix_list_ids": [],
                "protocol": "tcp",
                "security_groups": [],
                "self": false,
                "to_port": 2049
              }
            ],
            "name": "aithon-data-efs-sg",
            "name_prefix": "",
            "owner_id": "010438478476",
            "revoke_rules_on_delete": false,
            "tags": {},
            "tags_all": {},
            "timeouts": null,
            "vpc_id": "vpc-01559cc551ee9ce1f"
          },
          "sensitive_attributes": [],
          "identity_schema_version": 0,
          "private": "eyJlMmJmYjczMC1lY2FhLTExZTYtOGY4OC0zNDM2M2JjN2M0YzAiOnsiY3JlYXRlIjo2MDAwMDAwMDAwMDAsImRlbGV0ZSI6OTAwMDAwMDAwMDAwfSwic2NoZW1hX3ZlcnNpb24iOiIxIn0=",
          "dependencies": [
            "aws_vpc.main"
          ]
        }
      ]
    },
    {
      "mode": "managed",
      "type": "aws_security_group",
      "name": "alb_sg",
      "provider": "provider[\"registry.terraform.io/hashicorp/aws\"]",
      "instances": [
        {
          "schema_version": 1,
          "attributes": {
            "arn": "arn:aws:ec2:ap-south-1:010438478476:security-group/sg-0b8a6bcbc4302994e",
            "description": "Allow HTTP and HTTPS from anywhere",
            "egress": [
              {
                "cidr_blocks": [
                  "0.0.0.0/0"
                ],
                "description": "",
                "from_port": 0,
                "ipv6_cidr_blocks": [],
                "prefix_list_ids": [],
                "protocol": "-1",
                "security_groups": [],
                "self": false,
                "to_port": 0
              }
            ],
            "id": "sg-0b8a6bcbc4302994e",
            "ingress": [
              {
                "cidr_blocks": [
                  "0.0.0.0/0"
                ],
                "description": "",
                "from_port": 8001,
                "ipv6_cidr_blocks": [],
                "prefix_list_ids": [],
                "protocol": "tcp",
                "security_groups": [],
                "self": false,
                "to_port": 8001
              },
              {
                "cidr_blocks": [
                  "0.0.0.0/0"
                ],
                "description": "Allow HTTP",
                "from_port": 80,
                "ipv6_cidr_blocks": [],
                "prefix_list_ids": [],
                "protocol": "tcp",
                "security_groups": [],
                "self": false,
                "to_port": 80
              },
              {
                "cidr_blocks": [
                  "0.0.0.0/0"
                ],
                "description": "Allow HTTPS",
                "from_port": 443,
                "ipv6_cidr_blocks": [],
                "prefix_list_ids": [],
                "protocol": "tcp",
                "security_groups": [],
                "self": false,
                "to_port": 443
              }
            ],
            "name": "Fvrk-dev-alb-sg",
            "name_prefix": "",
            "owner_id": "010438478476",
            "revoke_rules_on_delete": false,
            "tags": {
              "Name": "Fvrk-dev-alb-sg"
            },
            "tags_all": {
              "Name": "Fvrk-dev-alb-sg"
            },
            "timeouts": null,
            "vpc_id": "vpc-01559cc551ee9ce1f"
          },
          "sensitive_attributes": [],
          "identity_schema_version": 0,
          "private": "eyJlMmJmYjczMC1lY2FhLTExZTYtOGY4OC0zNDM2M2JjN2M0YzAiOnsiY3JlYXRlIjo2MDAwMDAwMDAwMDAsImRlbGV0ZSI6OTAwMDAwMDAwMDAwfSwic2NoZW1hX3ZlcnNpb24iOiIxIn0=",
          "dependencies": [
            "aws_vpc.main"
          ]
        }
      ]
    },
    {
      "mode": "managed",
      "type": "aws_security_group",
      "name": "alb_sg_uat",
      "provider": "provider[\"registry.terraform.io/hashicorp/aws\"]",
      "instances": [
        {
          "schema_version": 1,
          "attributes": {
            "arn": "arn:aws:ec2:ap-south-1:010438478476:security-group/sg-067df8f5840718d38",
            "description": "Allow HTTP and HTTPS from anywhere - UAT",
            "egress": [
              {
                "cidr_blocks": [
                  "0.0.0.0/0"
                ],
                "description": "",
                "from_port": 0,
                "ipv6_cidr_blocks": [],
                "prefix_list_ids": [],
                "protocol": "-1",
                "security_groups": [],
                "self": false,
                "to_port": 0
              }
            ],
            "id": "sg-067df8f5840718d38",
            "ingress": [
              {
                "cidr_blocks": [
                  "0.0.0.0/0"
                ],
                "description": "Allow HTTP",
                "from_port": 80,
                "ipv6_cidr_blocks": [],
                "prefix_list_ids": [],
                "protocol": "tcp",
                "security_groups": [],
                "self": false,
                "to_port": 80
              },
              {
                "cidr_blocks": [
                  "0.0.0.0/0"
                ],
                "description": "Allow HTTPS",
                "from_port": 443,
                "ipv6_cidr_blocks": [],
                "prefix_list_ids": [],
                "protocol": "tcp",
                "security_groups": [],
                "self": false,
                "to_port": 443
              }
            ],
            "name": "Fvrk-uat-alb-sg",
            "name_prefix": "",
            "owner_id": "010438478476",
            "revoke_rules_on_delete": false,
            "tags": {
              "Env": "uat",
              "Name": "Fvrk-uat-alb-sg"
            },
            "tags_all": {
              "Env": "uat",
              "Name": "Fvrk-uat-alb-sg"
            },
            "timeouts": null,
            "vpc_id": "vpc-01559cc551ee9ce1f"
          },
          "sensitive_attributes": [],
          "identity_schema_version": 0,
          "private": "eyJlMmJmYjczMC1lY2FhLTExZTYtOGY4OC0zNDM2M2JjN2M0YzAiOnsiY3JlYXRlIjo2MDAwMDAwMDAwMDAsImRlbGV0ZSI6OTAwMDAwMDAwMDAwfSwic2NoZW1hX3ZlcnNpb24iOiIxIn0=",
          "dependencies": [
            "aws_vpc.main"
          ]
        }
      ]
    },
    {
      "mode": "managed",
      "type": "aws_security_group",
      "name": "bastion_sg",
      "provider": "provider[\"registry.terraform.io/hashicorp/aws\"].mumbai",
      "instances": [
        {
          "schema_version": 1,
          "attributes": {
            "arn": "arn:aws:ec2:ap-south-1:010438478476:security-group/sg-0806eac4ea98b156a",
            "description": "Allow SSH inbound traffic",
            "egress": [
              {
                "cidr_blocks": [
                  "0.0.0.0/0"
                ],
                "description": "",
                "from_port": 0,
                "ipv6_cidr_blocks": [],
                "prefix_list_ids": [],
                "protocol": "-1",
                "security_groups": [],
                "self": false,
                "to_port": 0
              }
            ],
            "id": "sg-0806eac4ea98b156a",
            "ingress": [
              {
                "cidr_blocks": [
                  "0.0.0.0/0"
                ],
                "description": "OLlama from everywhere",
                "from_port": 11434,
                "ipv6_cidr_blocks": [],
                "prefix_list_ids": [],
                "protocol": "tcp",
                "security_groups": [],
                "self": false,
                "to_port": 11434
              },
              {
                "cidr_blocks": [
                  "10.10.0.0/16"
                ],
                "description": "",
                "from_port": 17912,
                "ipv6_cidr_blocks": [],
                "prefix_list_ids": [],
                "protocol": "tcp",
                "security_groups": [],
                "self": false,
                "to_port": 17912
              },
              {
                "cidr_blocks": [
                  "10.10.0.0/16"
                ],
                "description": "PostgreSQL from anywhere",
                "from_port": 5432,
                "ipv6_cidr_blocks": [],
                "prefix_list_ids": [],
                "protocol": "tcp",
                "security_groups": [],
                "self": false,
                "to_port": 5432
              },
              {
                "cidr_blocks": [
                  "10.11.0.0/16",
                  "192.168.0.0/16",
                  "0.0.0.0/0"
                ],
                "description": "",
                "from_port": -1,
                "ipv6_cidr_blocks": [],
                "prefix_list_ids": [],
                "protocol": "icmp",
                "security_groups": [],
                "self": false,
                "to_port": -1
              },
              {
                "cidr_blocks": [
                  "10.11.0.0/16",
                  "192.168.0.0/16"
                ],
                "description": "",
                "from_port": 0,
                "ipv6_cidr_blocks": [],
                "prefix_list_ids": [],
                "protocol": "-1",
                "security_groups": [],
                "self": false,
                "to_port": 0
              },
              {
                "cidr_blocks": [
                  "10.11.0.0/16"
                ],
                "description": "",
                "from_port": 6379,
                "ipv6_cidr_blocks": [],
                "prefix_list_ids": [],
                "protocol": "tcp",
                "security_groups": [],
                "self": false,
                "to_port": 6379
              },
              {
                "cidr_blocks": [
                  "10.11.0.0/16"
                ],
                "description": "",
                "from_port": 8123,
                "ipv6_cidr_blocks": [],
                "prefix_list_ids": [],
                "protocol": "tcp",
                "security_groups": [],
                "self": false,
                "to_port": 8123
              },
              {
                "cidr_blocks": [
                  "10.11.0.0/16"
                ],
                "description": "",
                "from_port": 9000,
                "ipv6_cidr_blocks": [],
                "prefix_list_ids": [],
                "protocol": "tcp",
                "security_groups": [],
                "self": false,
                "to_port": 9000
              },
              {
                "cidr_blocks": [
                  "10.11.0.0/16"
                ],
                "description": "SSH from anywhere",
                "from_port": 17912,
                "ipv6_cidr_blocks": [],
                "prefix_list_ids": [],
                "protocol": "tcp",
                "security_groups": [],
                "self": false,
                "to_port": 17912
              }
            ],
            "name": "Fvrk-dev-bastion-sg",
            "name_prefix": "",
            "owner_id": "010438478476",
            "revoke_rules_on_delete": false,
            "tags": {
              "Name": "Fvrk-dev-bastion-sg"
            },
            "tags_all": {
              "Name": "Fvrk-dev-bastion-sg"
            },
            "timeouts": null,
            "vpc_id": "vpc-01559cc551ee9ce1f"
          },
          "sensitive_attributes": [],
          "identity_schema_version": 0,
          "private": "eyJlMmJmYjczMC1lY2FhLTExZTYtOGY4OC0zNDM2M2JjN2M0YzAiOnsiY3JlYXRlIjo2MDAwMDAwMDAwMDAsImRlbGV0ZSI6OTAwMDAwMDAwMDAwfSwic2NoZW1hX3ZlcnNpb24iOiIxIn0=",
          "dependencies": [
            "aws_vpc.main"
          ]
        }
      ]
    },
    {
      "mode": "managed",
      "type": "aws_security_group",
      "name": "efs_sg",
      "provider": "provider[\"registry.terraform.io/hashicorp/aws\"]",
      "instances": [
        {
          "schema_version": 1,
          "attributes": {
            "arn": "arn:aws:ec2:ap-south-1:010438478476:security-group/sg-00f52ba2aaca6a61f",
            "description": "Allow NFS traffic for Text Extraction EFS",
            "egress": [
              {
                "cidr_blocks": [
                  "0.0.0.0/0"
                ],
                "description": "",
                "from_port": 0,
                "ipv6_cidr_blocks": [],
                "prefix_list_ids": [],
                "protocol": "-1",
                "security_groups": [],
                "self": false,
                "to_port": 0
              }
            ],
            "id": "sg-00f52ba2aaca6a61f",
            "ingress": [
              {
                "cidr_blocks": [
                  "10.11.0.0/16"
                ],
                "description": "NFS from VPC",
                "from_port": 2049,
                "ipv6_cidr_blocks": [],
                "prefix_list_ids": [],
                "protocol": "tcp",
                "security_groups": [],
                "self": false,
                "to_port": 2049
              }
            ],
            "name": "text-extraction-efs-sg",
            "name_prefix": "",
            "owner_id": "010438478476",
            "revoke_rules_on_delete": false,
            "tags": {},
            "tags_all": {},
            "timeouts": null,
            "vpc_id": "vpc-01559cc551ee9ce1f"
          },
          "sensitive_attributes": [],
          "identity_schema_version": 0,
          "private": "eyJlMmJmYjczMC1lY2FhLTExZTYtOGY4OC0zNDM2M2JjN2M0YzAiOnsiY3JlYXRlIjo2MDAwMDAwMDAwMDAsImRlbGV0ZSI6OTAwMDAwMDAwMDAwfSwic2NoZW1hX3ZlcnNpb24iOiIxIn0=",
          "dependencies": [
            "aws_vpc.main"
          ]
        }
      ]
    },
    {
      "mode": "managed",
      "type": "aws_subnet",
      "name": "private",
      "provider": "provider[\"registry.terraform.io/hashicorp/aws\"].mumbai",
      "instances": [
        {
          "index_key": 0,
          "schema_version": 1,
          "attributes": {
            "arn": "arn:aws:ec2:ap-south-1:010438478476:subnet/subnet-0eaa3b1eb0fd9b5c5",
            "assign_ipv6_address_on_creation": false,
            "availability_zone": "ap-south-1a",
            "availability_zone_id": "aps1-az1",
            "cidr_block": "10.11.64.0/20",
            "customer_owned_ipv4_pool": "",
            "enable_dns64": false,
            "enable_lni_at_device_index": 0,
            "enable_resource_name_dns_a_record_on_launch": false,
            "enable_resource_name_dns_aaaa_record_on_launch": false,
            "id": "subnet-0eaa3b1eb0fd9b5c5",
            "ipv6_cidr_block": "",
            "ipv6_cidr_block_association_id": "",
            "ipv6_native": false,
            "map_customer_owned_ip_on_launch": false,
            "map_public_ip_on_launch": false,
            "outpost_arn": "",
            "owner_id": "010438478476",
            "private_dns_hostname_type_on_launch": "ip-name",
            "tags": {
              "Name": "FVRK-DEV-private-subnet-1"
            },
            "tags_all": {
              "Name": "FVRK-DEV-private-subnet-1"
            },
            "timeouts": null,
            "vpc_id": "vpc-01559cc551ee9ce1f"
          },
          "sensitive_attributes": [],
          "identity_schema_version": 0,
          "private": "eyJlMmJmYjczMC1lY2FhLTExZTYtOGY4OC0zNDM2M2JjN2M0YzAiOnsiY3JlYXRlIjo2MDAwMDAwMDAwMDAsImRlbGV0ZSI6MTIwMDAwMDAwMDAwMH0sInNjaGVtYV92ZXJzaW9uIjoiMSJ9",
          "dependencies": [
            "aws_vpc.main",
            "data.aws_availability_zones.available"
          ]
        },
        {
          "index_key": 1,
          "schema_version": 1,
          "attributes": {
            "arn": "arn:aws:ec2:ap-south-1:010438478476:subnet/subnet-0fe84ca2cd6516780",
            "assign_ipv6_address_on_creation": false,
            "availability_zone": "ap-south-1b",
            "availability_zone_id": "aps1-az3",
            "cidr_block": "10.11.80.0/20",
            "customer_owned_ipv4_pool": "",
            "enable_dns64": false,
            "enable_lni_at_device_index": 0,
            "enable_resource_name_dns_a_record_on_launch": false,
            "enable_resource_name_dns_aaaa_record_on_launch": false,
            "id": "subnet-0fe84ca2cd6516780",
            "ipv6_cidr_block": "",
            "ipv6_cidr_block_association_id": "",
            "ipv6_native": false,
            "map_customer_owned_ip_on_launch": false,
            "map_public_ip_on_launch": false,
            "outpost_arn": "",
            "owner_id": "010438478476",
            "private_dns_hostname_type_on_launch": "ip-name",
            "tags": {
              "Name": "FVRK-DEV-private-subnet-2"
            },
            "tags_all": {
              "Name": "FVRK-DEV-private-subnet-2"
            },
            "timeouts": null,
            "vpc_id": "vpc-01559cc551ee9ce1f"
          },
          "sensitive_attributes": [],
          "identity_schema_version": 0,
          "private": "eyJlMmJmYjczMC1lY2FhLTExZTYtOGY4OC0zNDM2M2JjN2M0YzAiOnsiY3JlYXRlIjo2MDAwMDAwMDAwMDAsImRlbGV0ZSI6MTIwMDAwMDAwMDAwMH0sInNjaGVtYV92ZXJzaW9uIjoiMSJ9",
          "dependencies": [
            "aws_vpc.main",
            "data.aws_availability_zones.available"
          ]
        },
        {
          "index_key": 2,
          "schema_version": 1,
          "attributes": {
            "arn": "arn:aws:ec2:ap-south-1:010438478476:subnet/subnet-0197f48fef1fcf6bd",
            "assign_ipv6_address_on_creation": false,
            "availability_zone": "ap-south-1c",
            "availability_zone_id": "aps1-az2",
            "cidr_block": "10.11.96.0/20",
            "customer_owned_ipv4_pool": "",
            "enable_dns64": false,
            "enable_lni_at_device_index": 0,
            "enable_resource_name_dns_a_record_on_launch": false,
            "enable_resource_name_dns_aaaa_record_on_launch": false,
            "id": "subnet-0197f48fef1fcf6bd",
            "ipv6_cidr_block": "",
            "ipv6_cidr_block_association_id": "",
            "ipv6_native": false,
            "map_customer_owned_ip_on_launch": false,
            "map_public_ip_on_launch": false,
            "outpost_arn": "",
            "owner_id": "010438478476",
            "private_dns_hostname_type_on_launch": "ip-name",
            "tags": {
              "Name": "FVRK-DEV-private-subnet-3"
            },
            "tags_all": {
              "Name": "FVRK-DEV-private-subnet-3"
            },
            "timeouts": null,
            "vpc_id": "vpc-01559cc551ee9ce1f"
          },
          "sensitive_attributes": [],
          "identity_schema_version": 0,
          "private": "eyJlMmJmYjczMC1lY2FhLTExZTYtOGY4OC0zNDM2M2JjN2M0YzAiOnsiY3JlYXRlIjo2MDAwMDAwMDAwMDAsImRlbGV0ZSI6MTIwMDAwMDAwMDAwMH0sInNjaGVtYV92ZXJzaW9uIjoiMSJ9",
          "dependencies": [
            "aws_vpc.main",
            "data.aws_availability_zones.available"
          ]
        },
        {
          "index_key": 3,
          "schema_version": 1,
          "attributes": {
            "arn": "arn:aws:ec2:ap-south-1:010438478476:subnet/subnet-0740b38de02c34649",
            "assign_ipv6_address_on_creation": false,
            "availability_zone": "ap-south-1a",
            "availability_zone_id": "aps1-az1",
            "cidr_block": "10.11.112.0/20",
            "customer_owned_ipv4_pool": "",
            "enable_dns64": false,
            "enable_lni_at_device_index": 0,
            "enable_resource_name_dns_a_record_on_launch": false,
            "enable_resource_name_dns_aaaa_record_on_launch": false,
            "id": "subnet-0740b38de02c34649",
            "ipv6_cidr_block": "",
            "ipv6_cidr_block_association_id": "",
            "ipv6_native": false,
            "map_customer_owned_ip_on_launch": false,
            "map_public_ip_on_launch": false,
            "outpost_arn": "",
            "owner_id": "010438478476",
            "private_dns_hostname_type_on_launch": "ip-name",
            "tags": {
              "Name": "FVRK-DEV-private-subnet-4"
            },
            "tags_all": {
              "Name": "FVRK-DEV-private-subnet-4"
            },
            "timeouts": null,
            "vpc_id": "vpc-01559cc551ee9ce1f"
          },
          "sensitive_attributes": [],
          "identity_schema_version": 0,
          "private": "eyJlMmJmYjczMC1lY2FhLTExZTYtOGY4OC0zNDM2M2JjN2M0YzAiOnsiY3JlYXRlIjo2MDAwMDAwMDAwMDAsImRlbGV0ZSI6MTIwMDAwMDAwMDAwMH0sInNjaGVtYV92ZXJzaW9uIjoiMSJ9",
          "dependencies": [
            "aws_vpc.main",
            "data.aws_availability_zones.available"
          ]
        }
      ]
    },
    {
      "mode": "managed",
      "type": "aws_subnet",
      "name": "public",
      "provider": "provider[\"registry.terraform.io/hashicorp/aws\"].mumbai",
      "instances": [
        {
          "index_key": 0,
          "schema_version": 1,
          "attributes": {
            "arn": "arn:aws:ec2:ap-south-1:010438478476:subnet/subnet-0676b17d05babe69f",
            "assign_ipv6_address_on_creation": false,
            "availability_zone": "ap-south-1a",
            "availability_zone_id": "aps1-az1",
            "cidr_block": "10.11.0.0/20",
            "customer_owned_ipv4_pool": "",
            "enable_dns64": false,
            "enable_lni_at_device_index": 0,
            "enable_resource_name_dns_a_record_on_launch": false,
            "enable_resource_name_dns_aaaa_record_on_launch": false,
            "id": "subnet-0676b17d05babe69f",
            "ipv6_cidr_block": "",
            "ipv6_cidr_block_association_id": "",
            "ipv6_native": false,
            "map_customer_owned_ip_on_launch": false,
            "map_public_ip_on_launch": true,
            "outpost_arn": "",
            "owner_id": "010438478476",
            "private_dns_hostname_type_on_launch": "ip-name",
            "tags": {
              "Name": "FVRK-DEV-public-subnet-1"
            },
            "tags_all": {
              "Name": "FVRK-DEV-public-subnet-1"
            },
            "timeouts": null,
            "vpc_id": "vpc-01559cc551ee9ce1f"
          },
          "sensitive_attributes": [],
          "identity_schema_version": 0,
          "private": "eyJlMmJmYjczMC1lY2FhLTExZTYtOGY4OC0zNDM2M2JjN2M0YzAiOnsiY3JlYXRlIjo2MDAwMDAwMDAwMDAsImRlbGV0ZSI6MTIwMDAwMDAwMDAwMH0sInNjaGVtYV92ZXJzaW9uIjoiMSJ9",
          "dependencies": [
            "aws_vpc.main",
            "data.aws_availability_zones.available"
          ]
        },
        {
          "index_key": 1,
          "schema_version": 1,
          "attributes": {
            "arn": "arn:aws:ec2:ap-south-1:010438478476:subnet/subnet-076ca5925fd436c79",
            "assign_ipv6_address_on_creation": false,
            "availability_zone": "ap-south-1b",
            "availability_zone_id": "aps1-az3",
            "cidr_block": "10.11.16.0/20",
            "customer_owned_ipv4_pool": "",
            "enable_dns64": false,
            "enable_lni_at_device_index": 0,
            "enable_resource_name_dns_a_record_on_launch": false,
            "enable_resource_name_dns_aaaa_record_on_launch": false,
            "id": "subnet-076ca5925fd436c79",
            "ipv6_cidr_block": "",
            "ipv6_cidr_block_association_id": "",
            "ipv6_native": false,
            "map_customer_owned_ip_on_launch": false,
            "map_public_ip_on_launch": true,
            "outpost_arn": "",
            "owner_id": "010438478476",
            "private_dns_hostname_type_on_launch": "ip-name",
            "tags": {
              "Name": "FVRK-DEV-public-subnet-2"
            },
            "tags_all": {
              "Name": "FVRK-DEV-public-subnet-2"
            },
            "timeouts": null,
            "vpc_id": "vpc-01559cc551ee9ce1f"
          },
          "sensitive_attributes": [],
          "identity_schema_version": 0,
          "private": "eyJlMmJmYjczMC1lY2FhLTExZTYtOGY4OC0zNDM2M2JjN2M0YzAiOnsiY3JlYXRlIjo2MDAwMDAwMDAwMDAsImRlbGV0ZSI6MTIwMDAwMDAwMDAwMH0sInNjaGVtYV92ZXJzaW9uIjoiMSJ9",
          "dependencies": [
            "aws_vpc.main",
            "data.aws_availability_zones.available"
          ]
        },
        {
          "index_key": 2,
          "schema_version": 1,
          "attributes": {
            "arn": "arn:aws:ec2:ap-south-1:010438478476:subnet/subnet-0d4bb787f2a8e82d7",
            "assign_ipv6_address_on_creation": false,
            "availability_zone": "ap-south-1c",
            "availability_zone_id": "aps1-az2",
            "cidr_block": "10.11.32.0/20",
            "customer_owned_ipv4_pool": "",
            "enable_dns64": false,
            "enable_lni_at_device_index": 0,
            "enable_resource_name_dns_a_record_on_launch": false,
            "enable_resource_name_dns_aaaa_record_on_launch": false,
            "id": "subnet-0d4bb787f2a8e82d7",
            "ipv6_cidr_block": "",
            "ipv6_cidr_block_association_id": "",
            "ipv6_native": false,
            "map_customer_owned_ip_on_launch": false,
            "map_public_ip_on_launch": true,
            "outpost_arn": "",
            "owner_id": "010438478476",
            "private_dns_hostname_type_on_launch": "ip-name",
            "tags": {
              "Name": "FVRK-DEV-public-subnet-3"
            },
            "tags_all": {
              "Name": "FVRK-DEV-public-subnet-3"
            },
            "timeouts": null,
            "vpc_id": "vpc-01559cc551ee9ce1f"
          },
          "sensitive_attributes": [],
          "identity_schema_version": 0,
          "private": "eyJlMmJmYjczMC1lY2FhLTExZTYtOGY4OC0zNDM2M2JjN2M0YzAiOnsiY3JlYXRlIjo2MDAwMDAwMDAwMDAsImRlbGV0ZSI6MTIwMDAwMDAwMDAwMH0sInNjaGVtYV92ZXJzaW9uIjoiMSJ9",
          "dependencies": [
            "aws_vpc.main",
            "data.aws_availability_zones.available"
          ]
        },
        {
          "index_key": 3,
          "schema_version": 1,
          "attributes": {
            "arn": "arn:aws:ec2:ap-south-1:010438478476:subnet/subnet-0fc395105f822381b",
            "assign_ipv6_address_on_creation": false,
            "availability_zone": "ap-south-1a",
            "availability_zone_id": "aps1-az1",
            "cidr_block": "10.11.48.0/20",
            "customer_owned_ipv4_pool": "",
            "enable_dns64": false,
            "enable_lni_at_device_index": 0,
            "enable_resource_name_dns_a_record_on_launch": false,
            "enable_resource_name_dns_aaaa_record_on_launch": false,
            "id": "subnet-0fc395105f822381b",
            "ipv6_cidr_block": "",
            "ipv6_cidr_block_association_id": "",
            "ipv6_native": false,
            "map_customer_owned_ip_on_launch": false,
            "map_public_ip_on_launch": true,
            "outpost_arn": "",
            "owner_id": "010438478476",
            "private_dns_hostname_type_on_launch": "ip-name",
            "tags": {
              "Name": "FVRK-DEV-public-subnet-4"
            },
            "tags_all": {
              "Name": "FVRK-DEV-public-subnet-4"
            },
            "timeouts": null,
            "vpc_id": "vpc-01559cc551ee9ce1f"
          },
          "sensitive_attributes": [],
          "identity_schema_version": 0,
          "private": "eyJlMmJmYjczMC1lY2FhLTExZTYtOGY4OC0zNDM2M2JjN2M0YzAiOnsiY3JlYXRlIjo2MDAwMDAwMDAwMDAsImRlbGV0ZSI6MTIwMDAwMDAwMDAwMH0sInNjaGVtYV92ZXJzaW9uIjoiMSJ9",
          "dependencies": [
            "aws_vpc.main",
            "data.aws_availability_zones.available"
          ]
        }
      ]
    },
    {
      "mode": "managed",
      "type": "aws_vpc",
      "name": "main",
      "provider": "provider[\"registry.terraform.io/hashicorp/aws\"].mumbai",
      "instances": [
        {
          "schema_version": 1,
          "attributes": {
            "arn": "arn:aws:ec2:ap-south-1:010438478476:vpc/vpc-01559cc551ee9ce1f",
            "assign_generated_ipv6_cidr_block": false,
            "cidr_block": "10.11.0.0/16",
            "default_network_acl_id": "acl-04ef1e45e6eebd67e",
            "default_route_table_id": "rtb-035d79c5852e79a8b",
            "default_security_group_id": "sg-0108b4237c43fe8ea",
            "dhcp_options_id": "dopt-0f728058c43979b29",
            "enable_dns_hostnames": true,
            "enable_dns_support": true,
            "enable_network_address_usage_metrics": false,
            "id": "vpc-01559cc551ee9ce1f",
            "instance_tenancy": "default",
            "ipv4_ipam_pool_id": null,
            "ipv4_netmask_length": null,
            "ipv6_association_id": "",
            "ipv6_cidr_block": "",
            "ipv6_cidr_block_network_border_group": "",
            "ipv6_ipam_pool_id": "",
            "ipv6_netmask_length": 0,
            "main_route_table_id": "rtb-035d79c5852e79a8b",
            "owner_id": "010438478476",
            "tags": {
              "Name": "FVRK-DEV-VPC"
            },
            "tags_all": {
              "Name": "FVRK-DEV-VPC"
            }
          },
          "sensitive_attributes": [],
          "identity_schema_version": 0,
          "private": "eyJzY2hlbWFfdmVyc2lvbiI6IjEifQ=="
        }
      ]
    },
    {
      "mode": "managed",
      "type": "helm_release",
      "name": "aws_load_balancer_controller",
      "provider": "provider[\"registry.terraform.io/hashicorp/helm\"]",
      "instances": [
        {
          "schema_version": 1,
          "attributes": {
            "atomic": false,
            "chart": "aws-load-balancer-controller",
            "cleanup_on_fail": false,
            "create_namespace": false,
            "dependency_update": false,
            "description": null,
            "devel": null,
            "disable_crd_hooks": false,
            "disable_openapi_validation": false,
            "disable_webhooks": false,
            "force_update": false,
            "id": "aws-load-balancer-controller",
            "keyring": null,
            "lint": false,
            "manifest": null,
            "max_history": 0,
            "metadata": [
              {
                "app_version": "v2.17.0",
                "chart": "aws-load-balancer-controller",
                "first_deployed": 1766316486,
                "last_deployed": 1773951161,
                "name": "aws-load-balancer-controller",
                "namespace": "kube-system",
                "notes": "AWS Load Balancer controller installed!\n",
                "revision": 2,
                "values": "{\"clusterName\":\"FVKR-DEV\",\"region\":\"ap-south-1\",\"serviceAccount\":{\"annotations\":{\"eks.amazonaws.com/role-arn\":\"arn:aws:iam::010438478476:role/Fvrk-dev-lb-controller-irsa\"},\"create\":true,\"name\":\"aws-load-balancer-controller\"},\"vpcId\":\"vpc-01559cc551ee9ce1f\"}",
                "version": "1.17.0"
              }
            ],
            "name": "aws-load-balancer-controller",
            "namespace": "kube-system",
            "pass_credentials": false,
            "postrender": [],
            "recreate_pods": false,
            "render_subchart_notes": true,
            "replace": false,
            "repository": "https://aws.github.io/eks-charts",
            "repository_ca_file": null,
            "repository_cert_file": null,
            "repository_key_file": null,
            "repository_password": null,
            "repository_username": null,
            "reset_values": false,
            "reuse_values": false,
            "set": [
              {
                "name": "clusterName",
                "type": "",
                "value": "FVKR-DEV"
              },
              {
                "name": "region",
                "type": "",
                "value": "ap-south-1"
              },
              {
                "name": "serviceAccount.annotations.eks\\.amazonaws\\.com/role-arn",
                "type": "",
                "value": "arn:aws:iam::010438478476:role/Fvrk-dev-lb-controller-irsa"
              },
              {
                "name": "serviceAccount.create",
                "type": "",
                "value": "true"
              },
              {
                "name": "serviceAccount.name",
                "type": "",
                "value": "aws-load-balancer-controller"
              },
              {
                "name": "vpcId",
                "type": "",
                "value": "vpc-01559cc551ee9ce1f"
              }
            ],
            "set_list": [],
            "set_sensitive": [],
            "skip_crds": false,
            "status": "deployed",
            "timeout": 600,
            "upgrade_install": null,
            "values": null,
            "verify": false,
            "version": "1.17.0",
            "wait": false,
            "wait_for_jobs": false
          },
          "sensitive_attributes": [
            [
              {
                "type": "get_attr",
                "value": "repository_password"
              }
            ]
          ],
          "identity_schema_version": 0,
          "private": "eyJzY2hlbWFfdmVyc2lvbiI6IjEifQ==",
          "dependencies": [
            "aws_eks_cluster.main",
            "aws_iam_openid_connect_provider.eks",
            "aws_iam_role.aws_lb_controller_irsa",
            "aws_iam_role.eks_cluster_role",
            "aws_iam_role_policy_attachment.eks_cluster_policy",
            "aws_subnet.public",
            "aws_vpc.main",
            "data.aws_availability_zones.available",
            "data.tls_certificate.eks"
          ]
        }
      ]
    },
    {
      "mode": "managed",
      "type": "kubernetes_manifest",
      "name": "tg_bindings",
      "provider": "provider[\"registry.terraform.io/hashicorp/kubernetes\"]",
      "instances": [
        {
          "index_key": "airflow",
          "schema_version": 1,
          "attributes": {
            "computed_fields": null,
            "field_manager": [],
            "manifest": {
              "value": {
                "apiVersion": "elbv2.k8s.aws/v1beta1",
                "kind": "TargetGroupBinding",
                "metadata": {
                  "name": "airflow-ip-binding",
                  "namespace": "airflow"
                },
                "spec": {
                  "serviceRef": {
                    "name": "airflow-webserver-nodeport",
                    "port": 8080
                  },
                  "targetGroupARN": "arn:aws:elasticloadbalancing:ap-south-1:010438478476:targetgroup/ip-tg-2026031920150672570000000f/60aa7b77a6ba7856",
                  "targetType": "ip"
                }
              },
              "type": [
                "object",
                {
                  "apiVersion": "string",
                  "kind": "string",
                  "metadata": [
                    "object",
                    {
                      "name": "string",
                      "namespace": "string"
                    }
                  ],
                  "spec": [
                    "object",
                    {
                      "serviceRef": [
                        "object",
                        {
                          "name": "string",
                          "port": "number"
                        }
                      ],
                      "targetGroupARN": "string",
                      "targetType": "string"
                    }
                  ]
                }
              ]
            },
            "object": {
              "value": {
                "apiVersion": "elbv2.k8s.aws/v1beta1",
                "kind": "TargetGroupBinding",
                "metadata": {
                  "annotations": {
                    "elbv2.k8s.aws/checkpoint": "yVvF3nlWieppD2SNOV_QZ5wv-KiE8kVbdhMzXnVYjOQ/PAKOhurTGmJaNkZrNJbe7bI0DteVF7FSg1XuWYOh3ww",
                    "elbv2.k8s.aws/checkpoint-timestamp": "1773951524"
                  },
                  "creationTimestamp": null,
                  "deletionGracePeriodSeconds": null,
                  "deletionTimestamp": null,
                  "finalizers": [
                    "elbv2.k8s.aws/resources"
                  ],
                  "generateName": null,
                  "generation": null,
                  "labels": null,
                  "managedFields": null,
                  "name": "airflow-ip-binding",
                  "namespace": "airflow",
                  "ownerReferences": null,
                  "resourceVersion": null,
                  "selfLink": null,
                  "uid": null
                },
                "spec": {
                  "assumeRoleExternalId": null,
                  "iamRoleArnToAssume": null,
                  "ipAddressType": "ipv4",
                  "multiClusterTargetGroup": null,
                  "networking": {
                    "ingress": null
                  },
                  "nodeSelector": {
                    "matchExpressions": null,
                    "matchLabels": null
                  },
                  "serviceRef": {
                    "name": "airflow-webserver-nodeport",
                    "port": "8080"
                  },
                  "targetGroupARN": "arn:aws:elasticloadbalancing:ap-south-1:010438478476:targetgroup/ip-tg-2026031920150672570000000f/60aa7b77a6ba7856",
                  "targetGroupName": null,
                  "targetGroupProtocol": "HTTP",
                  "targetType": "ip",
                  "vpcID": "vpc-01559cc551ee9ce1f"
                }
              },
              "type": [
                "object",
                {
                  "apiVersion": "string",
                  "kind": "string",
                  "metadata": [
                    "object",
                    {
                      "annotations": [
                        "map",
                        "string"
                      ],
                      "creationTimestamp": "string",
                      "deletionGracePeriodSeconds": "number",
                      "deletionTimestamp": "string",
                      "finalizers": [
                        "list",
                        "string"
                      ],
                      "generateName": "string",
                      "generation": "number",
                      "labels": [
                        "map",
                        "string"
                      ],
                      "managedFields": [
                        "tuple",
                        [
                          [
                            "object",
                            {
                              "apiVersion": "string",
                              "fieldsType": "string",
                              "fieldsV1": "dynamic",
                              "manager": "string",
                              "operation": "string",
                              "subresource": "string",
                              "time": "string"
                            }
                          ]
                        ]
                      ],
                      "name": "string",
                      "namespace": "string",
                      "ownerReferences": [
                        "list",
                        [
                          "object",
                          {
                            "apiVersion": "string",
                            "blockOwnerDeletion": "bool",
                            "controller": "bool",
                            "kind": "string",
                            "name": "string",
                            "uid": "string"
                          }
                        ]
                      ],
                      "resourceVersion": "string",
                      "selfLink": "string",
                      "uid": "string"
                    }
                  ],
                  "spec": [
                    "object",
                    {
                      "assumeRoleExternalId": "string",
                      "iamRoleArnToAssume": "string",
                      "ipAddressType": "string",
                      "multiClusterTargetGroup": "bool",
                      "networking": [
                        "object",
                        {
                          "ingress": [
                            "list",
                            [
                              "object",
                              {
                                "from": [
                                  "list",
                                  [
                                    "object",
                                    {
                                      "ipBlock": [
                                        "object",
                                        {
                                          "cidr": "string"
                                        }
                                      ],
                                      "securityGroup": [
                                        "object",
                                        {
                                          "groupID": "string"
                                        }
                                      ]
                                    }
                                  ]
                                ],
                                "ports": [
                                  "list",
                                  [
                                    "object",
                                    {
                                      "port": "string",
                                      "protocol": "string"
                                    }
                                  ]
                                ]
                              }
                            ]
                          ]
                        }
                      ],
                      "nodeSelector": [
                        "object",
                        {
                          "matchExpressions": [
                            "list",
                            [
                              "object",
                              {
                                "key": "string",
                                "operator": "string",
                                "values": [
                                  "list",
                                  "string"
                                ]
                              }
                            ]
                          ],
                          "matchLabels": [
                            "map",
                            "string"
                          ]
                        }
                      ],
                      "serviceRef": [
                        "object",
                        {
                          "name": "string",
                          "port": "string"
                        }
                      ],
                      "targetGroupARN": "string",
                      "targetGroupName": "string",
                      "targetGroupProtocol": "string",
                      "targetType": "string",
                      "vpcID": "string"
                    }
                  ]
                }
              ]
            },
            "timeouts": [],
            "wait": [],
            "wait_for": null
          },
          "sensitive_attributes": [],
          "identity_schema_version": 1,
          "identity": {
            "api_version": "elbv2.k8s.aws/v1beta1",
            "kind": "TargetGroupBinding",
            "name": "airflow-ip-binding",
            "namespace": "airflow"
          },
          "dependencies": [
            "aws_lb_target_group.main",
            "data.aws_eks_cluster.cluster"
          ]
        },
        {
          "index_key": "argocd",
          "schema_version": 1,
          "attributes": {
            "computed_fields": null,
            "field_manager": [],
            "manifest": {
              "value": {
                "apiVersion": "elbv2.k8s.aws/v1beta1",
                "kind": "TargetGroupBinding",
                "metadata": {
                  "name": "argocd-ip-binding",
                  "namespace": "argocd"
                },
                "spec": {
                  "serviceRef": {
                    "name": "argocd-server-nodeport",
                    "port": 80
                  },
                  "targetGroupARN": "arn:aws:elasticloadbalancing:ap-south-1:010438478476:targetgroup/ip-tg-2026031920150667490000000d/a512a5d8a1a25a1b",
                  "targetType": "ip"
                }
              },
              "type": [
                "object",
                {
                  "apiVersion": "string",
                  "kind": "string",
                  "metadata": [
                    "object",
                    {
                      "name": "string",
                      "namespace": "string"
                    }
                  ],
                  "spec": [
                    "object",
                    {
                      "serviceRef": [
                        "object",
                        {
                          "name": "string",
                          "port": "number"
                        }
                      ],
                      "targetGroupARN": "string",
                      "targetType": "string"
                    }
                  ]
                }
              ]
            },
            "object": {
              "value": {
                "apiVersion": "elbv2.k8s.aws/v1beta1",
                "kind": "TargetGroupBinding",
                "metadata": {
                  "annotations": {
                    "elbv2.k8s.aws/checkpoint": "5Dos3dNyPuZsKgvorKHfyLhW6HoApLg8QbVlJkc3qPI/GUrVXbwnlbKboIkmW_EYh-00d8fY0BEx5wGvcR2JaRY",
                    "elbv2.k8s.aws/checkpoint-timestamp": "1773951527"
                  },
                  "creationTimestamp": null,
                  "deletionGracePeriodSeconds": null,
                  "deletionTimestamp": null,
                  "finalizers": [
                    "elbv2.k8s.aws/resources"
                  ],
                  "generateName": null,
                  "generation": null,
                  "labels": null,
                  "managedFields": null,
                  "name": "argocd-ip-binding",
                  "namespace": "argocd",
                  "ownerReferences": null,
                  "resourceVersion": null,
                  "selfLink": null,
                  "uid": null
                },
                "spec": {
                  "assumeRoleExternalId": null,
                  "iamRoleArnToAssume": null,
                  "ipAddressType": "ipv4",
                  "multiClusterTargetGroup": null,
                  "networking": {
                    "ingress": null
                  },
                  "nodeSelector": {
                    "matchExpressions": null,
                    "matchLabels": null
                  },
                  "serviceRef": {
                    "name": "argocd-server-nodeport",
                    "port": "80"
                  },
                  "targetGroupARN": "arn:aws:elasticloadbalancing:ap-south-1:010438478476:targetgroup/ip-tg-2026031920150667490000000d/a512a5d8a1a25a1b",
                  "targetGroupName": null,
                  "targetGroupProtocol": "HTTP",
                  "targetType": "ip",
                  "vpcID": "vpc-01559cc551ee9ce1f"
                }
              },
              "type": [
                "object",
                {
                  "apiVersion": "string",
                  "kind": "string",
                  "metadata": [
                    "object",
                    {
                      "annotations": [
                        "map",
                        "string"
                      ],
                      "creationTimestamp": "string",
                      "deletionGracePeriodSeconds": "number",
                      "deletionTimestamp": "string",
                      "finalizers": [
                        "list",
                        "string"
                      ],
                      "generateName": "string",
                      "generation": "number",
                      "labels": [
                        "map",
                        "string"
                      ],
                      "managedFields": [
                        "tuple",
                        [
                          [
                            "object",
                            {
                              "apiVersion": "string",
                              "fieldsType": "string",
                              "fieldsV1": "dynamic",
                              "manager": "string",
                              "operation": "string",
                              "subresource": "string",
                              "time": "string"
                            }
                          ]
                        ]
                      ],
                      "name": "string",
                      "namespace": "string",
                      "ownerReferences": [
                        "list",
                        [
                          "object",
                          {
                            "apiVersion": "string",
                            "blockOwnerDeletion": "bool",
                            "controller": "bool",
                            "kind": "string",
                            "name": "string",
                            "uid": "string"
                          }
                        ]
                      ],
                      "resourceVersion": "string",
                      "selfLink": "string",
                      "uid": "string"
                    }
                  ],
                  "spec": [
                    "object",
                    {
                      "assumeRoleExternalId": "string",
                      "iamRoleArnToAssume": "string",
                      "ipAddressType": "string",
                      "multiClusterTargetGroup": "bool",
                      "networking": [
                        "object",
                        {
                          "ingress": [
                            "list",
                            [
                              "object",
                              {
                                "from": [
                                  "list",
                                  [
                                    "object",
                                    {
                                      "ipBlock": [
                                        "object",
                                        {
                                          "cidr": "string"
                                        }
                                      ],
                                      "securityGroup": [
                                        "object",
                                        {
                                          "groupID": "string"
                                        }
                                      ]
                                    }
                                  ]
                                ],
                                "ports": [
                                  "list",
                                  [
                                    "object",
                                    {
                                      "port": "string",
                                      "protocol": "string"
                                    }
                                  ]
                                ]
                              }
                            ]
                          ]
                        }
                      ],
                      "nodeSelector": [
                        "object",
                        {
                          "matchExpressions": [
                            "list",
                            [
                              "object",
                              {
                                "key": "string",
                                "operator": "string",
                                "values": [
                                  "list",
                                  "string"
                                ]
                              }
                            ]
                          ],
                          "matchLabels": [
                            "map",
                            "string"
                          ]
                        }
                      ],
                      "serviceRef": [
                        "object",
                        {
                          "name": "string",
                          "port": "string"
                        }
                      ],
                      "targetGroupARN": "string",
                      "targetGroupName": "string",
                      "targetGroupProtocol": "string",
                      "targetType": "string",
                      "vpcID": "string"
                    }
                  ]
                }
              ]
            },
            "timeouts": [],
            "wait": [],
            "wait_for": null
          },
          "sensitive_attributes": [],
          "identity_schema_version": 1,
          "identity": {
            "api_version": "elbv2.k8s.aws/v1beta1",
            "kind": "TargetGroupBinding",
            "name": "argocd-ip-binding",
            "namespace": "argocd"
          },
          "dependencies": [
            "aws_lb_target_group.main",
            "data.aws_eks_cluster.cluster"
          ]
        },
        {
          "index_key": "common-service",
          "schema_version": 1,
          "attributes": {
            "computed_fields": null,
            "field_manager": [],
            "manifest": {
              "value": {
                "apiVersion": "elbv2.k8s.aws/v1beta1",
                "kind": "TargetGroupBinding",
                "metadata": {
                  "name": "common-service-ip-binding",
                  "namespace": "dev"
                },
                "spec": {
                  "serviceRef": {
                    "name": "common-service-service",
                    "port": 8000
                  },
                  "targetGroupARN": "arn:aws:elasticloadbalancing:ap-south-1:010438478476:targetgroup/ip-tg-20260319201506050400000004/7236b3f31449f718",
                  "targetType": "ip"
                }
              },
              "type": [
                "object",
                {
                  "apiVersion": "string",
                  "kind": "string",
                  "metadata": [
                    "object",
                    {
                      "name": "string",
                      "namespace": "string"
                    }
                  ],
                  "spec": [
                    "object",
                    {
                      "serviceRef": [
                        "object",
                        {
                          "name": "string",
                          "port": "number"
                        }
                      ],
                      "targetGroupARN": "string",
                      "targetType": "string"
                    }
                  ]
                }
              ]
            },
            "object": {
              "value": {
                "apiVersion": "elbv2.k8s.aws/v1beta1",
                "kind": "TargetGroupBinding",
                "metadata": {
                  "annotations": {
                    "elbv2.k8s.aws/checkpoint": "o3sZ2twFvA_Z0zz4MaOnC2X5nXrkgJq6mgzPpsoi5P4/CC7July6KPFLf9rMvskp_4-Pn-8EpQRLjMH_je6eG6M",
                    "elbv2.k8s.aws/checkpoint-timestamp": "1773951522"
                  },
                  "creationTimestamp": null,
                  "deletionGracePeriodSeconds": null,
                  "deletionTimestamp": null,
                  "finalizers": [
                    "elbv2.k8s.aws/resources"
                  ],
                  "generateName": null,
                  "generation": null,
                  "labels": null,
                  "managedFields": null,
                  "name": "common-service-ip-binding",
                  "namespace": "dev",
                  "ownerReferences": null,
                  "resourceVersion": null,
                  "selfLink": null,
                  "uid": null
                },
                "spec": {
                  "assumeRoleExternalId": null,
                  "iamRoleArnToAssume": null,
                  "ipAddressType": "ipv4",
                  "multiClusterTargetGroup": null,
                  "networking": {
                    "ingress": null
                  },
                  "nodeSelector": {
                    "matchExpressions": null,
                    "matchLabels": null
                  },
                  "serviceRef": {
                    "name": "common-service-service",
                    "port": "8000"
                  },
                  "targetGroupARN": "arn:aws:elasticloadbalancing:ap-south-1:010438478476:targetgroup/ip-tg-20260319201506050400000004/7236b3f31449f718",
                  "targetGroupName": null,
                  "targetGroupProtocol": "HTTP",
                  "targetType": "ip",
                  "vpcID": "vpc-01559cc551ee9ce1f"
                }
              },
              "type": [
                "object",
                {
                  "apiVersion": "string",
                  "kind": "string",
                  "metadata": [
                    "object",
                    {
                      "annotations": [
                        "map",
                        "string"
                      ],
                      "creationTimestamp": "string",
                      "deletionGracePeriodSeconds": "number",
                      "deletionTimestamp": "string",
                      "finalizers": [
                        "list",
                        "string"
                      ],
                      "generateName": "string",
                      "generation": "number",
                      "labels": [
                        "map",
                        "string"
                      ],
                      "managedFields": [
                        "tuple",
                        [
                          [
                            "object",
                            {
                              "apiVersion": "string",
                              "fieldsType": "string",
                              "fieldsV1": "dynamic",
                              "manager": "string",
                              "operation": "string",
                              "subresource": "string",
                              "time": "string"
                            }
                          ]
                        ]
                      ],
                      "name": "string",
                      "namespace": "string",
                      "ownerReferences": [
                        "list",
                        [
                          "object",
                          {
                            "apiVersion": "string",
                            "blockOwnerDeletion": "bool",
                            "controller": "bool",
                            "kind": "string",
                            "name": "string",
                            "uid": "string"
                          }
                        ]
                      ],
                      "resourceVersion": "string",
                      "selfLink": "string",
                      "uid": "string"
                    }
                  ],
                  "spec": [
                    "object",
                    {
                      "assumeRoleExternalId": "string",
                      "iamRoleArnToAssume": "string",
                      "ipAddressType": "string",
                      "multiClusterTargetGroup": "bool",
                      "networking": [
                        "object",
                        {
                          "ingress": [
                            "list",
                            [
                              "object",
                              {
                                "from": [
                                  "list",
                                  [
                                    "object",
                                    {
                                      "ipBlock": [
                                        "object",
                                        {
                                          "cidr": "string"
                                        }
                                      ],
                                      "securityGroup": [
                                        "object",
                                        {
                                          "groupID": "string"
                                        }
                                      ]
                                    }
                                  ]
                                ],
                                "ports": [
                                  "list",
                                  [
                                    "object",
                                    {
                                      "port": "string",
                                      "protocol": "string"
                                    }
                                  ]
                                ]
                              }
                            ]
                          ]
                        }
                      ],
                      "nodeSelector": [
                        "object",
                        {
                          "matchExpressions": [
                            "list",
                            [
                              "object",
                              {
                                "key": "string",
                                "operator": "string",
                                "values": [
                                  "list",
                                  "string"
                                ]
                              }
                            ]
                          ],
                          "matchLabels": [
                            "map",
                            "string"
                          ]
                        }
                      ],
                      "serviceRef": [
                        "object",
                        {
                          "name": "string",
                          "port": "string"
                        }
                      ],
                      "targetGroupARN": "string",
                      "targetGroupName": "string",
                      "targetGroupProtocol": "string",
                      "targetType": "string",
                      "vpcID": "string"
                    }
                  ]
                }
              ]
            },
            "timeouts": [],
            "wait": [],
            "wait_for": null
          },
          "sensitive_attributes": [],
          "identity_schema_version": 1,
          "identity": {
            "api_version": "elbv2.k8s.aws/v1beta1",
            "kind": "TargetGroupBinding",
            "name": "common-service-ip-binding",
            "namespace": "dev"
          },
          "dependencies": [
            "aws_lb_target_group.main",
            "data.aws_eks_cluster.cluster"
          ]
        },
        {
          "index_key": "document-classification",
          "schema_version": 1,
          "attributes": {
            "computed_fields": null,
            "field_manager": [],
            "manifest": {
              "value": {
                "apiVersion": "elbv2.k8s.aws/v1beta1",
                "kind": "TargetGroupBinding",
                "metadata": {
                  "name": "document-classification-ip-binding",
                  "namespace": "dev"
                },
                "spec": {
                  "serviceRef": {
                    "name": "doc-classification-service",
                    "port": 8006
                  },
                  "targetGroupARN": "arn:aws:elasticloadbalancing:ap-south-1:010438478476:targetgroup/ip-tg-2026031920150605220000000a/452a2ae3e038251b",
                  "targetType": "ip"
                }
              },
              "type": [
                "object",
                {
                  "apiVersion": "string",
                  "kind": "string",
                  "metadata": [
                    "object",
                    {
                      "name": "string",
                      "namespace": "string"
                    }
                  ],
                  "spec": [
                    "object",
                    {
                      "serviceRef": [
                        "object",
                        {
                          "name": "string",
                          "port": "number"
                        }
                      ],
                      "targetGroupARN": "string",
                      "targetType": "string"
                    }
                  ]
                }
              ]
            },
            "object": {
              "value": {
                "apiVersion": "elbv2.k8s.aws/v1beta1",
                "kind": "TargetGroupBinding",
                "metadata": {
                  "annotations": {
                    "elbv2.k8s.aws/checkpoint": "DaS00QuendiiN_lKPS1NHlmzagG8zxViUm-CUPGNaQU/XH7o993bOzVYO2EPT9wMlWAGKmhftwa6YqZ9_6IAr_8",
                    "elbv2.k8s.aws/checkpoint-timestamp": "1773951525"
                  },
                  "creationTimestamp": null,
                  "deletionGracePeriodSeconds": null,
                  "deletionTimestamp": null,
                  "finalizers": [
                    "elbv2.k8s.aws/resources"
                  ],
                  "generateName": null,
                  "generation": null,
                  "labels": null,
                  "managedFields": null,
                  "name": "document-classification-ip-binding",
                  "namespace": "dev",
                  "ownerReferences": null,
                  "resourceVersion": null,
                  "selfLink": null,
                  "uid": null
                },
                "spec": {
                  "assumeRoleExternalId": null,
                  "iamRoleArnToAssume": null,
                  "ipAddressType": "ipv4",
                  "multiClusterTargetGroup": null,
                  "networking": {
                    "ingress": null
                  },
                  "nodeSelector": {
                    "matchExpressions": null,
                    "matchLabels": null
                  },
                  "serviceRef": {
                    "name": "doc-classification-service",
                    "port": "8006"
                  },
                  "targetGroupARN": "arn:aws:elasticloadbalancing:ap-south-1:010438478476:targetgroup/ip-tg-2026031920150605220000000a/452a2ae3e038251b",
                  "targetGroupName": null,
                  "targetGroupProtocol": "HTTP",
                  "targetType": "ip",
                  "vpcID": "vpc-01559cc551ee9ce1f"
                }
              },
              "type": [
                "object",
                {
                  "apiVersion": "string",
                  "kind": "string",
                  "metadata": [
                    "object",
                    {
                      "annotations": [
                        "map",
                        "string"
                      ],
                      "creationTimestamp": "string",
                      "deletionGracePeriodSeconds": "number",
                      "deletionTimestamp": "string",
                      "finalizers": [
                        "list",
                        "string"
                      ],
                      "generateName": "string",
                      "generation": "number",
                      "labels": [
                        "map",
                        "string"
                      ],
                      "managedFields": [
                        "tuple",
                        [
                          [
                            "object",
                            {
                              "apiVersion": "string",
                              "fieldsType": "string",
                              "fieldsV1": "dynamic",
                              "manager": "string",
                              "operation": "string",
                              "subresource": "string",
                              "time": "string"
                            }
                          ]
                        ]
                      ],
                      "name": "string",
                      "namespace": "string",
                      "ownerReferences": [
                        "list",
                        [
                          "object",
                          {
                            "apiVersion": "string",
                            "blockOwnerDeletion": "bool",
                            "controller": "bool",
                            "kind": "string",
                            "name": "string",
                            "uid": "string"
                          }
                        ]
                      ],
                      "resourceVersion": "string",
                      "selfLink": "string",
                      "uid": "string"
                    }
                  ],
                  "spec": [
                    "object",
                    {
                      "assumeRoleExternalId": "string",
                      "iamRoleArnToAssume": "string",
                      "ipAddressType": "string",
                      "multiClusterTargetGroup": "bool",
                      "networking": [
                        "object",
                        {
                          "ingress": [
                            "list",
                            [
                              "object",
                              {
                                "from": [
                                  "list",
                                  [
                                    "object",
                                    {
                                      "ipBlock": [
                                        "object",
                                        {
                                          "cidr": "string"
                                        }
                                      ],
                                      "securityGroup": [
                                        "object",
                                        {
                                          "groupID": "string"
                                        }
                                      ]
                                    }
                                  ]
                                ],
                                "ports": [
                                  "list",
                                  [
                                    "object",
                                    {
                                      "port": "string",
                                      "protocol": "string"
                                    }
                                  ]
                                ]
                              }
                            ]
                          ]
                        }
                      ],
                      "nodeSelector": [
                        "object",
                        {
                          "matchExpressions": [
                            "list",
                            [
                              "object",
                              {
                                "key": "string",
                                "operator": "string",
                                "values": [
                                  "list",
                                  "string"
                                ]
                              }
                            ]
                          ],
                          "matchLabels": [
                            "map",
                            "string"
                          ]
                        }
                      ],
                      "serviceRef": [
                        "object",
                        {
                          "name": "string",
                          "port": "string"
                        }
                      ],
                      "targetGroupARN": "string",
                      "targetGroupName": "string",
                      "targetGroupProtocol": "string",
                      "targetType": "string",
                      "vpcID": "string"
                    }
                  ]
                }
              ]
            },
            "timeouts": [],
            "wait": [],
            "wait_for": null
          },
          "sensitive_attributes": [],
          "identity_schema_version": 1,
          "identity": {
            "api_version": "elbv2.k8s.aws/v1beta1",
            "kind": "TargetGroupBinding",
            "name": "document-classification-ip-binding",
            "namespace": "dev"
          },
          "dependencies": [
            "aws_lb_target_group.main",
            "data.aws_eks_cluster.cluster"
          ]
        },
        {
          "index_key": "document-field-extraction",
          "schema_version": 1,
          "attributes": {
            "computed_fields": null,
            "field_manager": [],
            "manifest": {
              "value": {
                "apiVersion": "elbv2.k8s.aws/v1beta1",
                "kind": "TargetGroupBinding",
                "metadata": {
                  "name": "document-field-extraction-ip-binding",
                  "namespace": "dev"
                },
                "spec": {
                  "serviceRef": {
                    "name": "doc-field-extraction-service",
                    "port": 8004
                  },
                  "targetGroupARN": "arn:aws:elasticloadbalancing:ap-south-1:010438478476:targetgroup/ip-tg-20260319201506050300000003/3fcde3ba9ccf5036",
                  "targetType": "ip"
                }
              },
              "type": [
                "object",
                {
                  "apiVersion": "string",
                  "kind": "string",
                  "metadata": [
                    "object",
                    {
                      "name": "string",
                      "namespace": "string"
                    }
                  ],
                  "spec": [
                    "object",
                    {
                      "serviceRef": [
                        "object",
                        {
                          "name": "string",
                          "port": "number"
                        }
                      ],
                      "targetGroupARN": "string",
                      "targetType": "string"
                    }
                  ]
                }
              ]
            },
            "object": {
              "value": {
                "apiVersion": "elbv2.k8s.aws/v1beta1",
                "kind": "TargetGroupBinding",
                "metadata": {
                  "annotations": {
                    "elbv2.k8s.aws/checkpoint": "IGdKsKRGzxTDBMbY1Wlsi6OasHLAhaXix37JpTurv-E/xMPe6gi_mflmU9jslgqC7yaUOb9zJ4Rs0XEpqn-GEvE",
                    "elbv2.k8s.aws/checkpoint-timestamp": "1773951524"
                  },
                  "creationTimestamp": null,
                  "deletionGracePeriodSeconds": null,
                  "deletionTimestamp": null,
                  "finalizers": [
                    "elbv2.k8s.aws/resources"
                  ],
                  "generateName": null,
                  "generation": null,
                  "labels": null,
                  "managedFields": null,
                  "name": "document-field-extraction-ip-binding",
                  "namespace": "dev",
                  "ownerReferences": null,
                  "resourceVersion": null,
                  "selfLink": null,
                  "uid": null
                },
                "spec": {
                  "assumeRoleExternalId": null,
                  "iamRoleArnToAssume": null,
                  "ipAddressType": "ipv4",
                  "multiClusterTargetGroup": null,
                  "networking": {
                    "ingress": null
                  },
                  "nodeSelector": {
                    "matchExpressions": null,
                    "matchLabels": null
                  },
                  "serviceRef": {
                    "name": "doc-field-extraction-service",
                    "port": "8004"
                  },
                  "targetGroupARN": "arn:aws:elasticloadbalancing:ap-south-1:010438478476:targetgroup/ip-tg-20260319201506050300000003/3fcde3ba9ccf5036",
                  "targetGroupName": null,
                  "targetGroupProtocol": "HTTP",
                  "targetType": "ip",
                  "vpcID": "vpc-01559cc551ee9ce1f"
                }
              },
              "type": [
                "object",
                {
                  "apiVersion": "string",
                  "kind": "string",
                  "metadata": [
                    "object",
                    {
                      "annotations": [
                        "map",
                        "string"
                      ],
                      "creationTimestamp": "string",
                      "deletionGracePeriodSeconds": "number",
                      "deletionTimestamp": "string",
                      "finalizers": [
                        "list",
                        "string"
                      ],
                      "generateName": "string",
                      "generation": "number",
                      "labels": [
                        "map",
                        "string"
                      ],
                      "managedFields": [
                        "tuple",
                        [
                          [
                            "object",
                            {
                              "apiVersion": "string",
                              "fieldsType": "string",
                              "fieldsV1": "dynamic",
                              "manager": "string",
                              "operation": "string",
                              "subresource": "string",
                              "time": "string"
                            }
                          ]
                        ]
                      ],
                      "name": "string",
                      "namespace": "string",
                      "ownerReferences": [
                        "list",
                        [
                          "object",
                          {
                            "apiVersion": "string",
                            "blockOwnerDeletion": "bool",
                            "controller": "bool",
                            "kind": "string",
                            "name": "string",
                            "uid": "string"
                          }
                        ]
                      ],
                      "resourceVersion": "string",
                      "selfLink": "string",
                      "uid": "string"
                    }
                  ],
                  "spec": [
                    "object",
                    {
                      "assumeRoleExternalId": "string",
                      "iamRoleArnToAssume": "string",
                      "ipAddressType": "string",
                      "multiClusterTargetGroup": "bool",
                      "networking": [
                        "object",
                        {
                          "ingress": [
                            "list",
                            [
                              "object",
                              {
                                "from": [
                                  "list",
                                  [
                                    "object",
                                    {
                                      "ipBlock": [
                                        "object",
                                        {
                                          "cidr": "string"
                                        }
                                      ],
                                      "securityGroup": [
                                        "object",
                                        {
                                          "groupID": "string"
                                        }
                                      ]
                                    }
                                  ]
                                ],
                                "ports": [
                                  "list",
                                  [
                                    "object",
                                    {
                                      "port": "string",
                                      "protocol": "string"
                                    }
                                  ]
                                ]
                              }
                            ]
                          ]
                        }
                      ],
                      "nodeSelector": [
                        "object",
                        {
                          "matchExpressions": [
                            "list",
                            [
                              "object",
                              {
                                "key": "string",
                                "operator": "string",
                                "values": [
                                  "list",
                                  "string"
                                ]
                              }
                            ]
                          ],
                          "matchLabels": [
                            "map",
                            "string"
                          ]
                        }
                      ],
                      "serviceRef": [
                        "object",
                        {
                          "name": "string",
                          "port": "string"
                        }
                      ],
                      "targetGroupARN": "string",
                      "targetGroupName": "string",
                      "targetGroupProtocol": "string",
                      "targetType": "string",
                      "vpcID": "string"
                    }
                  ]
                }
              ]
            },
            "timeouts": [],
            "wait": [],
            "wait_for": null
          },
          "sensitive_attributes": [],
          "identity_schema_version": 1,
          "identity": {
            "api_version": "elbv2.k8s.aws/v1beta1",
            "kind": "TargetGroupBinding",
            "name": "document-field-extraction-ip-binding",
            "namespace": "dev"
          },
          "dependencies": [
            "aws_lb_target_group.main",
            "data.aws_eks_cluster.cluster"
          ]
        },
        {
          "index_key": "document-page-classification",
          "schema_version": 1,
          "attributes": {
            "computed_fields": null,
            "field_manager": [],
            "manifest": {
              "value": {
                "apiVersion": "elbv2.k8s.aws/v1beta1",
                "kind": "TargetGroupBinding",
                "metadata": {
                  "name": "document-page-classification-ip-binding",
                  "namespace": "dev"
                },
                "spec": {
                  "serviceRef": {
                    "name": "doc-page-classification-service",
                    "port": 8003
                  },
                  "targetGroupARN": "arn:aws:elasticloadbalancing:ap-south-1:010438478476:targetgroup/ip-tg-20260319201506728200000012/d8926b24adecafcf",
                  "targetType": "ip"
                }
              },
              "type": [
                "object",
                {
                  "apiVersion": "string",
                  "kind": "string",
                  "metadata": [
                    "object",
                    {
                      "name": "string",
                      "namespace": "string"
                    }
                  ],
                  "spec": [
                    "object",
                    {
                      "serviceRef": [
                        "object",
                        {
                          "name": "string",
                          "port": "number"
                        }
                      ],
                      "targetGroupARN": "string",
                      "targetType": "string"
                    }
                  ]
                }
              ]
            },
            "object": {
              "value": {
                "apiVersion": "elbv2.k8s.aws/v1beta1",
                "kind": "TargetGroupBinding",
                "metadata": {
                  "annotations": {
                    "elbv2.k8s.aws/checkpoint": "JYLSPiEj-O-QPIpiRVOU931980qMvT0FNJigNG4BUvo/q7WBcOLCkeH5CKUPZ3RAgV_lS2pEbh87l6bO5WVBwIY",
                    "elbv2.k8s.aws/checkpoint-timestamp": "1773951524"
                  },
                  "creationTimestamp": null,
                  "deletionGracePeriodSeconds": null,
                  "deletionTimestamp": null,
                  "finalizers": [
                    "elbv2.k8s.aws/resources"
                  ],
                  "generateName": null,
                  "generation": null,
                  "labels": null,
                  "managedFields": null,
                  "name": "document-page-classification-ip-binding",
                  "namespace": "dev",
                  "ownerReferences": null,
                  "resourceVersion": null,
                  "selfLink": null,
                  "uid": null
                },
                "spec": {
                  "assumeRoleExternalId": null,
                  "iamRoleArnToAssume": null,
                  "ipAddressType": "ipv4",
                  "multiClusterTargetGroup": null,
                  "networking": {
                    "ingress": null
                  },
                  "nodeSelector": {
                    "matchExpressions": null,
                    "matchLabels": null
                  },
                  "serviceRef": {
                    "name": "doc-page-classification-service",
                    "port": "8003"
                  },
                  "targetGroupARN": "arn:aws:elasticloadbalancing:ap-south-1:010438478476:targetgroup/ip-tg-20260319201506728200000012/d8926b24adecafcf",
                  "targetGroupName": null,
                  "targetGroupProtocol": "HTTP",
                  "targetType": "ip",
                  "vpcID": "vpc-01559cc551ee9ce1f"
                }
              },
              "type": [
                "object",
                {
                  "apiVersion": "string",
                  "kind": "string",
                  "metadata": [
                    "object",
                    {
                      "annotations": [
                        "map",
                        "string"
                      ],
                      "creationTimestamp": "string",
                      "deletionGracePeriodSeconds": "number",
                      "deletionTimestamp": "string",
                      "finalizers": [
                        "list",
                        "string"
                      ],
                      "generateName": "string",
                      "generation": "number",
                      "labels": [
                        "map",
                        "string"
                      ],
                      "managedFields": [
                        "tuple",
                        [
                          [
                            "object",
                            {
                              "apiVersion": "string",
                              "fieldsType": "string",
                              "fieldsV1": "dynamic",
                              "manager": "string",
                              "operation": "string",
                              "subresource": "string",
                              "time": "string"
                            }
                          ]
                        ]
                      ],
                      "name": "string",
                      "namespace": "string",
                      "ownerReferences": [
                        "list",
                        [
                          "object",
                          {
                            "apiVersion": "string",
                            "blockOwnerDeletion": "bool",
                            "controller": "bool",
                            "kind": "string",
                            "name": "string",
                            "uid": "string"
                          }
                        ]
                      ],
                      "resourceVersion": "string",
                      "selfLink": "string",
                      "uid": "string"
                    }
                  ],
                  "spec": [
                    "object",
                    {
                      "assumeRoleExternalId": "string",
                      "iamRoleArnToAssume": "string",
                      "ipAddressType": "string",
                      "multiClusterTargetGroup": "bool",
                      "networking": [
                        "object",
                        {
                          "ingress": [
                            "list",
                            [
                              "object",
                              {
                                "from": [
                                  "list",
                                  [
                                    "object",
                                    {
                                      "ipBlock": [
                                        "object",
                                        {
                                          "cidr": "string"
                                        }
                                      ],
                                      "securityGroup": [
                                        "object",
                                        {
                                          "groupID": "string"
                                        }
                                      ]
                                    }
                                  ]
                                ],
                                "ports": [
                                  "list",
                                  [
                                    "object",
                                    {
                                      "port": "string",
                                      "protocol": "string"
                                    }
                                  ]
                                ]
                              }
                            ]
                          ]
                        }
                      ],
                      "nodeSelector": [
                        "object",
                        {
                          "matchExpressions": [
                            "list",
                            [
                              "object",
                              {
                                "key": "string",
                                "operator": "string",
                                "values": [
                                  "list",
                                  "string"
                                ]
                              }
                            ]
                          ],
                          "matchLabels": [
                            "map",
                            "string"
                          ]
                        }
                      ],
                      "serviceRef": [
                        "object",
                        {
                          "name": "string",
                          "port": "string"
                        }
                      ],
                      "targetGroupARN": "string",
                      "targetGroupName": "string",
                      "targetGroupProtocol": "string",
                      "targetType": "string",
                      "vpcID": "string"
                    }
                  ]
                }
              ]
            },
            "timeouts": [],
            "wait": [],
            "wait_for": null
          },
          "sensitive_attributes": [],
          "identity_schema_version": 1,
          "identity": {
            "api_version": "elbv2.k8s.aws/v1beta1",
            "kind": "TargetGroupBinding",
            "name": "document-page-classification-ip-binding",
            "namespace": "dev"
          },
          "dependencies": [
            "aws_lb_target_group.main",
            "data.aws_eks_cluster.cluster"
          ]
        },
        {
          "index_key": "etl-dev",
          "schema_version": 1,
          "attributes": {
            "computed_fields": null,
            "field_manager": [],
            "manifest": {
              "value": {
                "apiVersion": "elbv2.k8s.aws/v1beta1",
                "kind": "TargetGroupBinding",
                "metadata": {
                  "name": "etl-dev-ip-binding",
                  "namespace": "dev"
                },
                "spec": {
                  "serviceRef": {
                    "name": "etl-deployment-dev",
                    "port": 5000
                  },
                  "targetGroupARN": "arn:aws:elasticloadbalancing:ap-south-1:010438478476:targetgroup/ip-tg-20260319201506051800000008/3174b272cba8f6f4",
                  "targetType": "ip"
                }
              },
              "type": [
                "object",
                {
                  "apiVersion": "string",
                  "kind": "string",
                  "metadata": [
                    "object",
                    {
                      "name": "string",
                      "namespace": "string"
                    }
                  ],
                  "spec": [
                    "object",
                    {
                      "serviceRef": [
                        "object",
                        {
                          "name": "string",
                          "port": "number"
                        }
                      ],
                      "targetGroupARN": "string",
                      "targetType": "string"
                    }
                  ]
                }
              ]
            },
            "object": {
              "value": {
                "apiVersion": "elbv2.k8s.aws/v1beta1",
                "kind": "TargetGroupBinding",
                "metadata": {
                  "annotations": {
                    "elbv2.k8s.aws/checkpoint": "BHAk-FW3wge-9Sf8k-BUGxMCdKXoqBHPSatKEem26kE/0to3KX56kzWtiPXO1AW_4xOa83Le6I73Yb4Yzz8fpWo",
                    "elbv2.k8s.aws/checkpoint-timestamp": "1773951521"
                  },
                  "creationTimestamp": null,
                  "deletionGracePeriodSeconds": null,
                  "deletionTimestamp": null,
                  "finalizers": [
                    "elbv2.k8s.aws/resources"
                  ],
                  "generateName": null,
                  "generation": null,
                  "labels": null,
                  "managedFields": null,
                  "name": "etl-dev-ip-binding",
                  "namespace": "dev",
                  "ownerReferences": null,
                  "resourceVersion": null,
                  "selfLink": null,
                  "uid": null
                },
                "spec": {
                  "assumeRoleExternalId": null,
                  "iamRoleArnToAssume": null,
                  "ipAddressType": "ipv4",
                  "multiClusterTargetGroup": null,
                  "networking": {
                    "ingress": null
                  },
                  "nodeSelector": {
                    "matchExpressions": null,
                    "matchLabels": null
                  },
                  "serviceRef": {
                    "name": "etl-deployment-dev",
                    "port": "5000"
                  },
                  "targetGroupARN": "arn:aws:elasticloadbalancing:ap-south-1:010438478476:targetgroup/ip-tg-20260319201506051800000008/3174b272cba8f6f4",
                  "targetGroupName": null,
                  "targetGroupProtocol": "HTTP",
                  "targetType": "ip",
                  "vpcID": "vpc-01559cc551ee9ce1f"
                }
              },
              "type": [
                "object",
                {
                  "apiVersion": "string",
                  "kind": "string",
                  "metadata": [
                    "object",
                    {
                      "annotations": [
                        "map",
                        "string"
                      ],
                      "creationTimestamp": "string",
                      "deletionGracePeriodSeconds": "number",
                      "deletionTimestamp": "string",
                      "finalizers": [
                        "list",
                        "string"
                      ],
                      "generateName": "string",
                      "generation": "number",
                      "labels": [
                        "map",
                        "string"
                      ],
                      "managedFields": [
                        "tuple",
                        [
                          [
                            "object",
                            {
                              "apiVersion": "string",
                              "fieldsType": "string",
                              "fieldsV1": "dynamic",
                              "manager": "string",
                              "operation": "string",
                              "subresource": "string",
                              "time": "string"
                            }
                          ]
                        ]
                      ],
                      "name": "string",
                      "namespace": "string",
                      "ownerReferences": [
                        "list",
                        [
                          "object",
                          {
                            "apiVersion": "string",
                            "blockOwnerDeletion": "bool",
                            "controller": "bool",
                            "kind": "string",
                            "name": "string",
                            "uid": "string"
                          }
                        ]
                      ],
                      "resourceVersion": "string",
                      "selfLink": "string",
                      "uid": "string"
                    }
                  ],
                  "spec": [
                    "object",
                    {
                      "assumeRoleExternalId": "string",
                      "iamRoleArnToAssume": "string",
                      "ipAddressType": "string",
                      "multiClusterTargetGroup": "bool",
                      "networking": [
                        "object",
                        {
                          "ingress": [
                            "list",
                            [
                              "object",
                              {
                                "from": [
                                  "list",
                                  [
                                    "object",
                                    {
                                      "ipBlock": [
                                        "object",
                                        {
                                          "cidr": "string"
                                        }
                                      ],
                                      "securityGroup": [
                                        "object",
                                        {
                                          "groupID": "string"
                                        }
                                      ]
                                    }
                                  ]
                                ],
                                "ports": [
                                  "list",
                                  [
                                    "object",
                                    {
                                      "port": "string",
                                      "protocol": "string"
                                    }
                                  ]
                                ]
                              }
                            ]
                          ]
                        }
                      ],
                      "nodeSelector": [
                        "object",
                        {
                          "matchExpressions": [
                            "list",
                            [
                              "object",
                              {
                                "key": "string",
                                "operator": "string",
                                "values": [
                                  "list",
                                  "string"
                                ]
                              }
                            ]
                          ],
                          "matchLabels": [
                            "map",
                            "string"
                          ]
                        }
                      ],
                      "serviceRef": [
                        "object",
                        {
                          "name": "string",
                          "port": "string"
                        }
                      ],
                      "targetGroupARN": "string",
                      "targetGroupName": "string",
                      "targetGroupProtocol": "string",
                      "targetType": "string",
                      "vpcID": "string"
                    }
                  ]
                }
              ]
            },
            "timeouts": [],
            "wait": [],
            "wait_for": null
          },
          "sensitive_attributes": [],
          "identity_schema_version": 1,
          "identity": {
            "api_version": "elbv2.k8s.aws/v1beta1",
            "kind": "TargetGroupBinding",
            "name": "etl-dev-ip-binding",
            "namespace": "dev"
          },
          "dependencies": [
            "aws_lb_target_group.main",
            "data.aws_eks_cluster.cluster"
          ]
        },
        {
          "index_key": "frame",
          "schema_version": 1,
          "attributes": {
            "computed_fields": null,
            "field_manager": [],
            "manifest": {
              "value": {
                "apiVersion": "elbv2.k8s.aws/v1beta1",
                "kind": "TargetGroupBinding",
                "metadata": {
                  "name": "frame-ip-binding",
                  "namespace": "dev"
                },
                "spec": {
                  "serviceRef": {
                    "name": "frame-service",
                    "port": 8040
                  },
                  "targetGroupARN": "arn:aws:elasticloadbalancing:ap-south-1:010438478476:targetgroup/ip-tg-20260319201506051800000007/b17ce2621b62967c",
                  "targetType": "ip"
                }
              },
              "type": [
                "object",
                {
                  "apiVersion": "string",
                  "kind": "string",
                  "metadata": [
                    "object",
                    {
                      "name": "string",
                      "namespace": "string"
                    }
                  ],
                  "spec": [
                    "object",
                    {
                      "serviceRef": [
                        "object",
                        {
                          "name": "string",
                          "port": "number"
                        }
                      ],
                      "targetGroupARN": "string",
                      "targetType": "string"
                    }
                  ]
                }
              ]
            },
            "object": {
              "value": {
                "apiVersion": "elbv2.k8s.aws/v1beta1",
                "kind": "TargetGroupBinding",
                "metadata": {
                  "annotations": {
                    "elbv2.k8s.aws/checkpoint": "_pjbwulUWjMRWPD85eB8VrrspIlNekpjWsQXEQc7au8/X5L7q67gJ7bmtXvxZqGOPgLOK1mjQquukSlSDa44wjw",
                    "elbv2.k8s.aws/checkpoint-timestamp": "1773951527"
                  },
                  "creationTimestamp": null,
                  "deletionGracePeriodSeconds": null,
                  "deletionTimestamp": null,
                  "finalizers": [
                    "elbv2.k8s.aws/resources"
                  ],
                  "generateName": null,
                  "generation": null,
                  "labels": null,
                  "managedFields": null,
                  "name": "frame-ip-binding",
                  "namespace": "dev",
                  "ownerReferences": null,
                  "resourceVersion": null,
                  "selfLink": null,
                  "uid": null
                },
                "spec": {
                  "assumeRoleExternalId": null,
                  "iamRoleArnToAssume": null,
                  "ipAddressType": "ipv4",
                  "multiClusterTargetGroup": null,
                  "networking": {
                    "ingress": null
                  },
                  "nodeSelector": {
                    "matchExpressions": null,
                    "matchLabels": null
                  },
                  "serviceRef": {
                    "name": "frame-service",
                    "port": "8040"
                  },
                  "targetGroupARN": "arn:aws:elasticloadbalancing:ap-south-1:010438478476:targetgroup/ip-tg-20260319201506051800000007/b17ce2621b62967c",
                  "targetGroupName": null,
                  "targetGroupProtocol": "HTTP",
                  "targetType": "ip",
                  "vpcID": "vpc-01559cc551ee9ce1f"
                }
              },
              "type": [
                "object",
                {
                  "apiVersion": "string",
                  "kind": "string",
                  "metadata": [
                    "object",
                    {
                      "annotations": [
                        "map",
                        "string"
                      ],
                      "creationTimestamp": "string",
                      "deletionGracePeriodSeconds": "number",
                      "deletionTimestamp": "string",
                      "finalizers": [
                        "list",
                        "string"
                      ],
                      "generateName": "string",
                      "generation": "number",
                      "labels": [
                        "map",
                        "string"
                      ],
                      "managedFields": [
                        "tuple",
                        [
                          [
                            "object",
                            {
                              "apiVersion": "string",
                              "fieldsType": "string",
                              "fieldsV1": "dynamic",
                              "manager": "string",
                              "operation": "string",
                              "subresource": "string",
                              "time": "string"
                            }
                          ]
                        ]
                      ],
                      "name": "string",
                      "namespace": "string",
                      "ownerReferences": [
                        "list",
                        [
                          "object",
                          {
                            "apiVersion": "string",
                            "blockOwnerDeletion": "bool",
                            "controller": "bool",
                            "kind": "string",
                            "name": "string",
                            "uid": "string"
                          }
                        ]
                      ],
                      "resourceVersion": "string",
                      "selfLink": "string",
                      "uid": "string"
                    }
                  ],
                  "spec": [
                    "object",
                    {
                      "assumeRoleExternalId": "string",
                      "iamRoleArnToAssume": "string",
                      "ipAddressType": "string",
                      "multiClusterTargetGroup": "bool",
                      "networking": [
                        "object",
                        {
                          "ingress": [
                            "list",
                            [
                              "object",
                              {
                                "from": [
                                  "list",
                                  [
                                    "object",
                                    {
                                      "ipBlock": [
                                        "object",
                                        {
                                          "cidr": "string"
                                        }
                                      ],
                                      "securityGroup": [
                                        "object",
                                        {
                                          "groupID": "string"
                                        }
                                      ]
                                    }
                                  ]
                                ],
                                "ports": [
                                  "list",
                                  [
                                    "object",
                                    {
                                      "port": "string",
                                      "protocol": "string"
                                    }
                                  ]
                                ]
                              }
                            ]
                          ]
                        }
                      ],
                      "nodeSelector": [
                        "object",
                        {
                          "matchExpressions": [
                            "list",
                            [
                              "object",
                              {
                                "key": "string",
                                "operator": "string",
                                "values": [
                                  "list",
                                  "string"
                                ]
                              }
                            ]
                          ],
                          "matchLabels": [
                            "map",
                            "string"
                          ]
                        }
                      ],
                      "serviceRef": [
                        "object",
                        {
                          "name": "string",
                          "port": "string"
                        }
                      ],
                      "targetGroupARN": "string",
                      "targetGroupName": "string",
                      "targetGroupProtocol": "string",
                      "targetType": "string",
                      "vpcID": "string"
                    }
                  ]
                }
              ]
            },
            "timeouts": [],
            "wait": [],
            "wait_for": null
          },
          "sensitive_attributes": [],
          "identity_schema_version": 1,
          "identity": {
            "api_version": "elbv2.k8s.aws/v1beta1",
            "kind": "TargetGroupBinding",
            "name": "frame-ip-binding",
            "namespace": "dev"
          },
          "dependencies": [
            "aws_lb_target_group.main",
            "data.aws_eks_cluster.cluster"
          ]
        },
        {
          "index_key": "fvrk-dev-tg",
          "schema_version": 1,
          "attributes": {
            "computed_fields": null,
            "field_manager": [],
            "manifest": {
              "value": {
                "apiVersion": "elbv2.k8s.aws/v1beta1",
                "kind": "TargetGroupBinding",
                "metadata": {
                  "name": "fvrk-dev-tg-ip-binding",
                  "namespace": "dev"
                },
                "spec": {
                  "serviceRef": {
                    "name": "frame-validus-service",
                    "port": 80
                  },
                  "targetGroupARN": "arn:aws:elasticloadbalancing:ap-south-1:010438478476:targetgroup/ip-tg-2026031920150663000000000b/ebc72cdca00943f8",
                  "targetType": "ip"
                }
              },
              "type": [
                "object",
                {
                  "apiVersion": "string",
                  "kind": "string",
                  "metadata": [
                    "object",
                    {
                      "name": "string",
                      "namespace": "string"
                    }
                  ],
                  "spec": [
                    "object",
                    {
                      "serviceRef": [
                        "object",
                        {
                          "name": "string",
                          "port": "number"
                        }
                      ],
                      "targetGroupARN": "string",
                      "targetType": "string"
                    }
                  ]
                }
              ]
            },
            "object": {
              "value": {
                "apiVersion": "elbv2.k8s.aws/v1beta1",
                "kind": "TargetGroupBinding",
                "metadata": {
                  "annotations": {
                    "elbv2.k8s.aws/checkpoint": "fsltZGAAQe4JsHjyzFiYF2DmoibhKODUrnH7vitsgMQ/ZYcW5AvEHJ9WaFOXFOsXU6UYiggBcAklEbwpt47RQyw",
                    "elbv2.k8s.aws/checkpoint-timestamp": "1773951522"
                  },
                  "creationTimestamp": null,
                  "deletionGracePeriodSeconds": null,
                  "deletionTimestamp": null,
                  "finalizers": [
                    "elbv2.k8s.aws/resources"
                  ],
                  "generateName": null,
                  "generation": null,
                  "labels": null,
                  "managedFields": null,
                  "name": "fvrk-dev-tg-ip-binding",
                  "namespace": "dev",
                  "ownerReferences": null,
                  "resourceVersion": null,
                  "selfLink": null,
                  "uid": null
                },
                "spec": {
                  "assumeRoleExternalId": null,
                  "iamRoleArnToAssume": null,
                  "ipAddressType": "ipv4",
                  "multiClusterTargetGroup": null,
                  "networking": {
                    "ingress": null
                  },
                  "nodeSelector": {
                    "matchExpressions": null,
                    "matchLabels": null
                  },
                  "serviceRef": {
                    "name": "frame-validus-service",
                    "port": "80"
                  },
                  "targetGroupARN": "arn:aws:elasticloadbalancing:ap-south-1:010438478476:targetgroup/ip-tg-2026031920150663000000000b/ebc72cdca00943f8",
                  "targetGroupName": null,
                  "targetGroupProtocol": "HTTP",
                  "targetType": "ip",
                  "vpcID": "vpc-01559cc551ee9ce1f"
                }
              },
              "type": [
                "object",
                {
                  "apiVersion": "string",
                  "kind": "string",
                  "metadata": [
                    "object",
                    {
                      "annotations": [
                        "map",
                        "string"
                      ],
                      "creationTimestamp": "string",
                      "deletionGracePeriodSeconds": "number",
                      "deletionTimestamp": "string",
                      "finalizers": [
                        "list",
                        "string"
                      ],
                      "generateName": "string",
                      "generation": "number",
                      "labels": [
                        "map",
                        "string"
                      ],
                      "managedFields": [
                        "tuple",
                        [
                          [
                            "object",
                            {
                              "apiVersion": "string",
                              "fieldsType": "string",
                              "fieldsV1": "dynamic",
                              "manager": "string",
                              "operation": "string",
                              "subresource": "string",
                              "time": "string"
                            }
                          ]
                        ]
                      ],
                      "name": "string",
                      "namespace": "string",
                      "ownerReferences": [
                        "list",
                        [
                          "object",
                          {
                            "apiVersion": "string",
                            "blockOwnerDeletion": "bool",
                            "controller": "bool",
                            "kind": "string",
                            "name": "string",
                            "uid": "string"
                          }
                        ]
                      ],
                      "resourceVersion": "string",
                      "selfLink": "string",
                      "uid": "string"
                    }
                  ],
                  "spec": [
                    "object",
                    {
                      "assumeRoleExternalId": "string",
                      "iamRoleArnToAssume": "string",
                      "ipAddressType": "string",
                      "multiClusterTargetGroup": "bool",
                      "networking": [
                        "object",
                        {
                          "ingress": [
                            "list",
                            [
                              "object",
                              {
                                "from": [
                                  "list",
                                  [
                                    "object",
                                    {
                                      "ipBlock": [
                                        "object",
                                        {
                                          "cidr": "string"
                                        }
                                      ],
                                      "securityGroup": [
                                        "object",
                                        {
                                          "groupID": "string"
                                        }
                                      ]
                                    }
                                  ]
                                ],
                                "ports": [
                                  "list",
                                  [
                                    "object",
                                    {
                                      "port": "string",
                                      "protocol": "string"
                                    }
                                  ]
                                ]
                              }
                            ]
                          ]
                        }
                      ],
                      "nodeSelector": [
                        "object",
                        {
                          "matchExpressions": [
                            "list",
                            [
                              "object",
                              {
                                "key": "string",
                                "operator": "string",
                                "values": [
                                  "list",
                                  "string"
                                ]
                              }
                            ]
                          ],
                          "matchLabels": [
                            "map",
                            "string"
                          ]
                        }
                      ],
                      "serviceRef": [
                        "object",
                        {
                          "name": "string",
                          "port": "string"
                        }
                      ],
                      "targetGroupARN": "string",
                      "targetGroupName": "string",
                      "targetGroupProtocol": "string",
                      "targetType": "string",
                      "vpcID": "string"
                    }
                  ]
                }
              ]
            },
            "timeouts": [],
            "wait": [],
            "wait_for": null
          },
          "sensitive_attributes": [],
          "identity_schema_version": 1,
          "identity": {
            "api_version": "elbv2.k8s.aws/v1beta1",
            "kind": "TargetGroupBinding",
            "name": "fvrk-dev-tg-ip-binding",
            "namespace": "dev"
          },
          "dependencies": [
            "aws_lb_target_group.main",
            "data.aws_eks_cluster.cluster"
          ]
        },
        {
          "index_key": "grafana-k8s",
          "schema_version": 1,
          "attributes": {
            "computed_fields": null,
            "field_manager": [],
            "manifest": {
              "value": {
                "apiVersion": "elbv2.k8s.aws/v1beta1",
                "kind": "TargetGroupBinding",
                "metadata": {
                  "name": "grafana-k8s-ip-binding",
                  "namespace": "monitoring"
                },
                "spec": {
                  "serviceRef": {
                    "name": "kube-prometheus-stack-grafana",
                    "port": 80
                  },
                  "targetGroupARN": "arn:aws:elasticloadbalancing:ap-south-1:010438478476:targetgroup/ip-tg-20260319201506861200000013/e615ae5a6239c596",
                  "targetType": "ip"
                }
              },
              "type": [
                "object",
                {
                  "apiVersion": "string",
                  "kind": "string",
                  "metadata": [
                    "object",
                    {
                      "name": "string",
                      "namespace": "string"
                    }
                  ],
                  "spec": [
                    "object",
                    {
                      "serviceRef": [
                        "object",
                        {
                          "name": "string",
                          "port": "number"
                        }
                      ],
                      "targetGroupARN": "string",
                      "targetType": "string"
                    }
                  ]
                }
              ]
            },
            "object": {
              "value": {
                "apiVersion": "elbv2.k8s.aws/v1beta1",
                "kind": "TargetGroupBinding",
                "metadata": {
                  "annotations": {
                    "elbv2.k8s.aws/checkpoint": "mSb4kLgoah3UTV5D6wgmnmOCHqGHbB6cp-aMPEIJ0Ek/68B6_rxNCkrG1U8hLz-YHfPfzFpL2vJs_C-8dkGnZJ4",
                    "elbv2.k8s.aws/checkpoint-timestamp": "1773951523"
                  },
                  "creationTimestamp": null,
                  "deletionGracePeriodSeconds": null,
                  "deletionTimestamp": null,
                  "finalizers": [
                    "elbv2.k8s.aws/resources"
                  ],
                  "generateName": null,
                  "generation": null,
                  "labels": null,
                  "managedFields": null,
                  "name": "grafana-k8s-ip-binding",
                  "namespace": "monitoring",
                  "ownerReferences": null,
                  "resourceVersion": null,
                  "selfLink": null,
                  "uid": null
                },
                "spec": {
                  "assumeRoleExternalId": null,
                  "iamRoleArnToAssume": null,
                  "ipAddressType": "ipv4",
                  "multiClusterTargetGroup": null,
                  "networking": {
                    "ingress": null
                  },
                  "nodeSelector": {
                    "matchExpressions": null,
                    "matchLabels": null
                  },
                  "serviceRef": {
                    "name": "kube-prometheus-stack-grafana",
                    "port": "80"
                  },
                  "targetGroupARN": "arn:aws:elasticloadbalancing:ap-south-1:010438478476:targetgroup/ip-tg-20260319201506861200000013/e615ae5a6239c596",
                  "targetGroupName": null,
                  "targetGroupProtocol": "HTTP",
                  "targetType": "ip",
                  "vpcID": "vpc-01559cc551ee9ce1f"
                }
              },
              "type": [
                "object",
                {
                  "apiVersion": "string",
                  "kind": "string",
                  "metadata": [
                    "object",
                    {
                      "annotations": [
                        "map",
                        "string"
                      ],
                      "creationTimestamp": "string",
                      "deletionGracePeriodSeconds": "number",
                      "deletionTimestamp": "string",
                      "finalizers": [
                        "list",
                        "string"
                      ],
                      "generateName": "string",
                      "generation": "number",
                      "labels": [
                        "map",
                        "string"
                      ],
                      "managedFields": [
                        "tuple",
                        [
                          [
                            "object",
                            {
                              "apiVersion": "string",
                              "fieldsType": "string",
                              "fieldsV1": "dynamic",
                              "manager": "string",
                              "operation": "string",
                              "subresource": "string",
                              "time": "string"
                            }
                          ]
                        ]
                      ],
                      "name": "string",
                      "namespace": "string",
                      "ownerReferences": [
                        "list",
                        [
                          "object",
                          {
                            "apiVersion": "string",
                            "blockOwnerDeletion": "bool",
                            "controller": "bool",
                            "kind": "string",
                            "name": "string",
                            "uid": "string"
                          }
                        ]
                      ],
                      "resourceVersion": "string",
                      "selfLink": "string",
                      "uid": "string"
                    }
                  ],
                  "spec": [
                    "object",
                    {
                      "assumeRoleExternalId": "string",
                      "iamRoleArnToAssume": "string",
                      "ipAddressType": "string",
                      "multiClusterTargetGroup": "bool",
                      "networking": [
                        "object",
                        {
                          "ingress": [
                            "list",
                            [
                              "object",
                              {
                                "from": [
                                  "list",
                                  [
                                    "object",
                                    {
                                      "ipBlock": [
                                        "object",
                                        {
                                          "cidr": "string"
                                        }
                                      ],
                                      "securityGroup": [
                                        "object",
                                        {
                                          "groupID": "string"
                                        }
                                      ]
                                    }
                                  ]
                                ],
                                "ports": [
                                  "list",
                                  [
                                    "object",
                                    {
                                      "port": "string",
                                      "protocol": "string"
                                    }
                                  ]
                                ]
                              }
                            ]
                          ]
                        }
                      ],
                      "nodeSelector": [
                        "object",
                        {
                          "matchExpressions": [
                            "list",
                            [
                              "object",
                              {
                                "key": "string",
                                "operator": "string",
                                "values": [
                                  "list",
                                  "string"
                                ]
                              }
                            ]
                          ],
                          "matchLabels": [
                            "map",
                            "string"
                          ]
                        }
                      ],
                      "serviceRef": [
                        "object",
                        {
                          "name": "string",
                          "port": "string"
                        }
                      ],
                      "targetGroupARN": "string",
                      "targetGroupName": "string",
                      "targetGroupProtocol": "string",
                      "targetType": "string",
                      "vpcID": "string"
                    }
                  ]
                }
              ]
            },
            "timeouts": [],
            "wait": [],
            "wait_for": null
          },
          "sensitive_attributes": [],
          "identity_schema_version": 1,
          "identity": {
            "api_version": "elbv2.k8s.aws/v1beta1",
            "kind": "TargetGroupBinding",
            "name": "grafana-k8s-ip-binding",
            "namespace": "monitoring"
          },
          "dependencies": [
            "aws_lb_target_group.main",
            "data.aws_eks_cluster.cluster"
          ]
        },
        {
          "index_key": "jenkins-tg",
          "schema_version": 1,
          "attributes": {
            "computed_fields": null,
            "field_manager": [],
            "manifest": {
              "value": {
                "apiVersion": "elbv2.k8s.aws/v1beta1",
                "kind": "TargetGroupBinding",
                "metadata": {
                  "name": "jenkins-tg-ip-binding",
                  "namespace": "dev"
                },
                "spec": {
                  "serviceRef": {
                    "name": "jenkins-service",
                    "port": 8080
                  },
                  "targetGroupARN": "arn:aws:elasticloadbalancing:ap-south-1:010438478476:targetgroup/ip-tg-2026031920150667490000000c/4be4172dda5acc44",
                  "targetType": "ip"
                }
              },
              "type": [
                "object",
                {
                  "apiVersion": "string",
                  "kind": "string",
                  "metadata": [
                    "object",
                    {
                      "name": "string",
                      "namespace": "string"
                    }
                  ],
                  "spec": [
                    "object",
                    {
                      "serviceRef": [
                        "object",
                        {
                          "name": "string",
                          "port": "number"
                        }
                      ],
                      "targetGroupARN": "string",
                      "targetType": "string"
                    }
                  ]
                }
              ]
            },
            "object": {
              "value": {
                "apiVersion": "elbv2.k8s.aws/v1beta1",
                "kind": "TargetGroupBinding",
                "metadata": {
                  "annotations": {
                    "elbv2.k8s.aws/checkpoint": "W-7eTDXOk3u64w_AUJrdAv9AaTeL5b75oReYFxglOs0/uRVikx5qm00t0PCEzpfqrnjx2c0rW5GXBDy5Bny54lg",
                    "elbv2.k8s.aws/checkpoint-timestamp": "1773951523"
                  },
                  "creationTimestamp": null,
                  "deletionGracePeriodSeconds": null,
                  "deletionTimestamp": null,
                  "finalizers": [
                    "elbv2.k8s.aws/resources"
                  ],
                  "generateName": null,
                  "generation": null,
                  "labels": null,
                  "managedFields": null,
                  "name": "jenkins-tg-ip-binding",
                  "namespace": "dev",
                  "ownerReferences": null,
                  "resourceVersion": null,
                  "selfLink": null,
                  "uid": null
                },
                "spec": {
                  "assumeRoleExternalId": null,
                  "iamRoleArnToAssume": null,
                  "ipAddressType": "ipv4",
                  "multiClusterTargetGroup": null,
                  "networking": {
                    "ingress": null
                  },
                  "nodeSelector": {
                    "matchExpressions": null,
                    "matchLabels": null
                  },
                  "serviceRef": {
                    "name": "jenkins-service",
                    "port": "8080"
                  },
                  "targetGroupARN": "arn:aws:elasticloadbalancing:ap-south-1:010438478476:targetgroup/ip-tg-2026031920150667490000000c/4be4172dda5acc44",
                  "targetGroupName": null,
                  "targetGroupProtocol": "HTTP",
                  "targetType": "ip",
                  "vpcID": "vpc-01559cc551ee9ce1f"
                }
              },
              "type": [
                "object",
                {
                  "apiVersion": "string",
                  "kind": "string",
                  "metadata": [
                    "object",
                    {
                      "annotations": [
                        "map",
                        "string"
                      ],
                      "creationTimestamp": "string",
                      "deletionGracePeriodSeconds": "number",
                      "deletionTimestamp": "string",
                      "finalizers": [
                        "list",
                        "string"
                      ],
                      "generateName": "string",
                      "generation": "number",
                      "labels": [
                        "map",
                        "string"
                      ],
                      "managedFields": [
                        "tuple",
                        [
                          [
                            "object",
                            {
                              "apiVersion": "string",
                              "fieldsType": "string",
                              "fieldsV1": "dynamic",
                              "manager": "string",
                              "operation": "string",
                              "subresource": "string",
                              "time": "string"
                            }
                          ]
                        ]
                      ],
                      "name": "string",
                      "namespace": "string",
                      "ownerReferences": [
                        "list",
                        [
                          "object",
                          {
                            "apiVersion": "string",
                            "blockOwnerDeletion": "bool",
                            "controller": "bool",
                            "kind": "string",
                            "name": "string",
                            "uid": "string"
                          }
                        ]
                      ],
                      "resourceVersion": "string",
                      "selfLink": "string",
                      "uid": "string"
                    }
                  ],
                  "spec": [
                    "object",
                    {
                      "assumeRoleExternalId": "string",
                      "iamRoleArnToAssume": "string",
                      "ipAddressType": "string",
                      "multiClusterTargetGroup": "bool",
                      "networking": [
                        "object",
                        {
                          "ingress": [
                            "list",
                            [
                              "object",
                              {
                                "from": [
                                  "list",
                                  [
                                    "object",
                                    {
                                      "ipBlock": [
                                        "object",
                                        {
                                          "cidr": "string"
                                        }
                                      ],
                                      "securityGroup": [
                                        "object",
                                        {
                                          "groupID": "string"
                                        }
                                      ]
                                    }
                                  ]
                                ],
                                "ports": [
                                  "list",
                                  [
                                    "object",
                                    {
                                      "port": "string",
                                      "protocol": "string"
                                    }
                                  ]
                                ]
                              }
                            ]
                          ]
                        }
                      ],
                      "nodeSelector": [
                        "object",
                        {
                          "matchExpressions": [
                            "list",
                            [
                              "object",
                              {
                                "key": "string",
                                "operator": "string",
                                "values": [
                                  "list",
                                  "string"
                                ]
                              }
                            ]
                          ],
                          "matchLabels": [
                            "map",
                            "string"
                          ]
                        }
                      ],
                      "serviceRef": [
                        "object",
                        {
                          "name": "string",
                          "port": "string"
                        }
                      ],
                      "targetGroupARN": "string",
                      "targetGroupName": "string",
                      "targetGroupProtocol": "string",
                      "targetType": "string",
                      "vpcID": "string"
                    }
                  ]
                }
              ]
            },
            "timeouts": [],
            "wait": [],
            "wait_for": null
          },
          "sensitive_attributes": [],
          "identity_schema_version": 1,
          "identity": {
            "api_version": "elbv2.k8s.aws/v1beta1",
            "kind": "TargetGroupBinding",
            "name": "jenkins-tg-ip-binding",
            "namespace": "dev"
          },
          "dependencies": [
            "aws_lb_target_group.main",
            "data.aws_eks_cluster.cluster"
          ]
        },
        {
          "index_key": "keycloak",
          "schema_version": 1,
          "attributes": {
            "computed_fields": null,
            "field_manager": [],
            "manifest": {
              "value": {
                "apiVersion": "elbv2.k8s.aws/v1beta1",
                "kind": "TargetGroupBinding",
                "metadata": {
                  "name": "keycloak-ip-binding",
                  "namespace": "dev"
                },
                "spec": {
                  "serviceRef": {
                    "name": "keycloak-service",
                    "port": 8080
                  },
                  "targetGroupARN": "arn:aws:elasticloadbalancing:ap-south-1:010438478476:targetgroup/ip-tg-20260319201506727900000010/57fd6711eb9502e9",
                  "targetType": "ip"
                }
              },
              "type": [
                "object",
                {
                  "apiVersion": "string",
                  "kind": "string",
                  "metadata": [
                    "object",
                    {
                      "name": "string",
                      "namespace": "string"
                    }
                  ],
                  "spec": [
                    "object",
                    {
                      "serviceRef": [
                        "object",
                        {
                          "name": "string",
                          "port": "number"
                        }
                      ],
                      "targetGroupARN": "string",
                      "targetType": "string"
                    }
                  ]
                }
              ]
            },
            "object": {
              "value": {
                "apiVersion": "elbv2.k8s.aws/v1beta1",
                "kind": "TargetGroupBinding",
                "metadata": {
                  "annotations": {
                    "elbv2.k8s.aws/checkpoint": "fHkIpzxeh1dj0beO5UsNdMhFqQnyNjkQnV-ohhE4nEc/GrN1nbnjnatErnM3F--qq_RY9mP-QD7P63fh5kDihFw",
                    "elbv2.k8s.aws/checkpoint-timestamp": "1773951526"
                  },
                  "creationTimestamp": null,
                  "deletionGracePeriodSeconds": null,
                  "deletionTimestamp": null,
                  "finalizers": [
                    "elbv2.k8s.aws/resources"
                  ],
                  "generateName": null,
                  "generation": null,
                  "labels": null,
                  "managedFields": null,
                  "name": "keycloak-ip-binding",
                  "namespace": "dev",
                  "ownerReferences": null,
                  "resourceVersion": null,
                  "selfLink": null,
                  "uid": null
                },
                "spec": {
                  "assumeRoleExternalId": null,
                  "iamRoleArnToAssume": null,
                  "ipAddressType": "ipv4",
                  "multiClusterTargetGroup": null,
                  "networking": {
                    "ingress": null
                  },
                  "nodeSelector": {
                    "matchExpressions": null,
                    "matchLabels": null
                  },
                  "serviceRef": {
                    "name": "keycloak-service",
                    "port": "8080"
                  },
                  "targetGroupARN": "arn:aws:elasticloadbalancing:ap-south-1:010438478476:targetgroup/ip-tg-20260319201506727900000010/57fd6711eb9502e9",
                  "targetGroupName": null,
                  "targetGroupProtocol": "HTTP",
                  "targetType": "ip",
                  "vpcID": "vpc-01559cc551ee9ce1f"
                }
              },
              "type": [
                "object",
                {
                  "apiVersion": "string",
                  "kind": "string",
                  "metadata": [
                    "object",
                    {
                      "annotations": [
                        "map",
                        "string"
                      ],
                      "creationTimestamp": "string",
                      "deletionGracePeriodSeconds": "number",
                      "deletionTimestamp": "string",
                      "finalizers": [
                        "list",
                        "string"
                      ],
                      "generateName": "string",
                      "generation": "number",
                      "labels": [
                        "map",
                        "string"
                      ],
                      "managedFields": [
                        "tuple",
                        [
                          [
                            "object",
                            {
                              "apiVersion": "string",
                              "fieldsType": "string",
                              "fieldsV1": "dynamic",
                              "manager": "string",
                              "operation": "string",
                              "subresource": "string",
                              "time": "string"
                            }
                          ]
                        ]
                      ],
                      "name": "string",
                      "namespace": "string",
                      "ownerReferences": [
                        "list",
                        [
                          "object",
                          {
                            "apiVersion": "string",
                            "blockOwnerDeletion": "bool",
                            "controller": "bool",
                            "kind": "string",
                            "name": "string",
                            "uid": "string"
                          }
                        ]
                      ],
                      "resourceVersion": "string",
                      "selfLink": "string",
                      "uid": "string"
                    }
                  ],
                  "spec": [
                    "object",
                    {
                      "assumeRoleExternalId": "string",
                      "iamRoleArnToAssume": "string",
                      "ipAddressType": "string",
                      "multiClusterTargetGroup": "bool",
                      "networking": [
                        "object",
                        {
                          "ingress": [
                            "list",
                            [
                              "object",
                              {
                                "from": [
                                  "list",
                                  [
                                    "object",
                                    {
                                      "ipBlock": [
                                        "object",
                                        {
                                          "cidr": "string"
                                        }
                                      ],
                                      "securityGroup": [
                                        "object",
                                        {
                                          "groupID": "string"
                                        }
                                      ]
                                    }
                                  ]
                                ],
                                "ports": [
                                  "list",
                                  [
                                    "object",
                                    {
                                      "port": "string",
                                      "protocol": "string"
                                    }
                                  ]
                                ]
                              }
                            ]
                          ]
                        }
                      ],
                      "nodeSelector": [
                        "object",
                        {
                          "matchExpressions": [
                            "list",
                            [
                              "object",
                              {
                                "key": "string",
                                "operator": "string",
                                "values": [
                                  "list",
                                  "string"
                                ]
                              }
                            ]
                          ],
                          "matchLabels": [
                            "map",
                            "string"
                          ]
                        }
                      ],
                      "serviceRef": [
                        "object",
                        {
                          "name": "string",
                          "port": "string"
                        }
                      ],
                      "targetGroupARN": "string",
                      "targetGroupName": "string",
                      "targetGroupProtocol": "string",
                      "targetType": "string",
                      "vpcID": "string"
                    }
                  ]
                }
              ]
            },
            "timeouts": [],
            "wait": [],
            "wait_for": null
          },
          "sensitive_attributes": [],
          "identity_schema_version": 1,
          "identity": {
            "api_version": "elbv2.k8s.aws/v1beta1",
            "kind": "TargetGroupBinding",
            "name": "keycloak-ip-binding",
            "namespace": "dev"
          },
          "dependencies": [
            "aws_lb_target_group.main",
            "data.aws_eks_cluster.cluster"
          ]
        },
        {
          "index_key": "kong-gateway",
          "schema_version": 1,
          "attributes": {
            "computed_fields": null,
            "field_manager": [],
            "manifest": {
              "value": {
                "apiVersion": "elbv2.k8s.aws/v1beta1",
                "kind": "TargetGroupBinding",
                "metadata": {
                  "name": "kong-gateway-ip-binding",
                  "namespace": "dev"
                },
                "spec": {
                  "serviceRef": {
                    "name": "kong-service",
                    "port": 8000
                  },
                  "targetGroupARN": "arn:aws:elasticloadbalancing:ap-south-1:010438478476:targetgroup/ip-tg-20260319201506050500000006/76e8ec0ca764bd60",
                  "targetType": "ip"
                }
              },
              "type": [
                "object",
                {
                  "apiVersion": "string",
                  "kind": "string",
                  "metadata": [
                    "object",
                    {
                      "name": "string",
                      "namespace": "string"
                    }
                  ],
                  "spec": [
                    "object",
                    {
                      "serviceRef": [
                        "object",
                        {
                          "name": "string",
                          "port": "number"
                        }
                      ],
                      "targetGroupARN": "string",
                      "targetType": "string"
                    }
                  ]
                }
              ]
            },
            "object": {
              "value": {
                "apiVersion": "elbv2.k8s.aws/v1beta1",
                "kind": "TargetGroupBinding",
                "metadata": {
                  "annotations": {
                    "elbv2.k8s.aws/checkpoint": "Gjje3XMvNriMQi2scUdhfdxO39dhOe2x2oKh6vAKYuU/IYHTNzfs_Ly5gq8EjVqHpHFjr2xgip6pZ5BPs5f3Sio",
                    "elbv2.k8s.aws/checkpoint-timestamp": "1773951527"
                  },
                  "creationTimestamp": null,
                  "deletionGracePeriodSeconds": null,
                  "deletionTimestamp": null,
                  "finalizers": [
                    "elbv2.k8s.aws/resources"
                  ],
                  "generateName": null,
                  "generation": null,
                  "labels": null,
                  "managedFields": null,
                  "name": "kong-gateway-ip-binding",
                  "namespace": "dev",
                  "ownerReferences": null,
                  "resourceVersion": null,
                  "selfLink": null,
                  "uid": null
                },
                "spec": {
                  "assumeRoleExternalId": null,
                  "iamRoleArnToAssume": null,
                  "ipAddressType": "ipv4",
                  "multiClusterTargetGroup": null,
                  "networking": {
                    "ingress": null
                  },
                  "nodeSelector": {
                    "matchExpressions": null,
                    "matchLabels": null
                  },
                  "serviceRef": {
                    "name": "kong-service",
                    "port": "8000"
                  },
                  "targetGroupARN": "arn:aws:elasticloadbalancing:ap-south-1:010438478476:targetgroup/ip-tg-20260319201506050500000006/76e8ec0ca764bd60",
                  "targetGroupName": null,
                  "targetGroupProtocol": "HTTP",
                  "targetType": "ip",
                  "vpcID": "vpc-01559cc551ee9ce1f"
                }
              },
              "type": [
                "object",
                {
                  "apiVersion": "string",
                  "kind": "string",
                  "metadata": [
                    "object",
                    {
                      "annotations": [
                        "map",
                        "string"
                      ],
                      "creationTimestamp": "string",
                      "deletionGracePeriodSeconds": "number",
                      "deletionTimestamp": "string",
                      "finalizers": [
                        "list",
                        "string"
                      ],
                      "generateName": "string",
                      "generation": "number",
                      "labels": [
                        "map",
                        "string"
                      ],
                      "managedFields": [
                        "tuple",
                        [
                          [
                            "object",
                            {
                              "apiVersion": "string",
                              "fieldsType": "string",
                              "fieldsV1": "dynamic",
                              "manager": "string",
                              "operation": "string",
                              "subresource": "string",
                              "time": "string"
                            }
                          ]
                        ]
                      ],
                      "name": "string",
                      "namespace": "string",
                      "ownerReferences": [
                        "list",
                        [
                          "object",
                          {
                            "apiVersion": "string",
                            "blockOwnerDeletion": "bool",
                            "controller": "bool",
                            "kind": "string",
                            "name": "string",
                            "uid": "string"
                          }
                        ]
                      ],
                      "resourceVersion": "string",
                      "selfLink": "string",
                      "uid": "string"
                    }
                  ],
                  "spec": [
                    "object",
                    {
                      "assumeRoleExternalId": "string",
                      "iamRoleArnToAssume": "string",
                      "ipAddressType": "string",
                      "multiClusterTargetGroup": "bool",
                      "networking": [
                        "object",
                        {
                          "ingress": [
                            "list",
                            [
                              "object",
                              {
                                "from": [
                                  "list",
                                  [
                                    "object",
                                    {
                                      "ipBlock": [
                                        "object",
                                        {
                                          "cidr": "string"
                                        }
                                      ],
                                      "securityGroup": [
                                        "object",
                                        {
                                          "groupID": "string"
                                        }
                                      ]
                                    }
                                  ]
                                ],
                                "ports": [
                                  "list",
                                  [
                                    "object",
                                    {
                                      "port": "string",
                                      "protocol": "string"
                                    }
                                  ]
                                ]
                              }
                            ]
                          ]
                        }
                      ],
                      "nodeSelector": [
                        "object",
                        {
                          "matchExpressions": [
                            "list",
                            [
                              "object",
                              {
                                "key": "string",
                                "operator": "string",
                                "values": [
                                  "list",
                                  "string"
                                ]
                              }
                            ]
                          ],
                          "matchLabels": [
                            "map",
                            "string"
                          ]
                        }
                      ],
                      "serviceRef": [
                        "object",
                        {
                          "name": "string",
                          "port": "string"
                        }
                      ],
                      "targetGroupARN": "string",
                      "targetGroupName": "string",
                      "targetGroupProtocol": "string",
                      "targetType": "string",
                      "vpcID": "string"
                    }
                  ]
                }
              ]
            },
            "timeouts": [],
            "wait": [],
            "wait_for": null
          },
          "sensitive_attributes": [],
          "identity_schema_version": 1,
          "identity": {
            "api_version": "elbv2.k8s.aws/v1beta1",
            "kind": "TargetGroupBinding",
            "name": "kong-gateway-ip-binding",
            "namespace": "dev"
          },
          "dependencies": [
            "aws_lb_target_group.main",
            "data.aws_eks_cluster.cluster"
          ]
        },
        {
          "index_key": "konga-service",
          "schema_version": 1,
          "attributes": {
            "computed_fields": null,
            "field_manager": [],
            "manifest": {
              "value": {
                "apiVersion": "elbv2.k8s.aws/v1beta1",
                "kind": "TargetGroupBinding",
                "metadata": {
                  "name": "konga-service-ip-binding",
                  "namespace": "dev"
                },
                "spec": {
                  "serviceRef": {
                    "name": "konga-service",
                    "port": 1337
                  },
                  "targetGroupARN": "arn:aws:elasticloadbalancing:ap-south-1:010438478476:targetgroup/ip-tg-20260319201506728100000011/8f9713ec9b3cd878",
                  "targetType": "ip"
                }
              },
              "type": [
                "object",
                {
                  "apiVersion": "string",
                  "kind": "string",
                  "metadata": [
                    "object",
                    {
                      "name": "string",
                      "namespace": "string"
                    }
                  ],
                  "spec": [
                    "object",
                    {
                      "serviceRef": [
                        "object",
                        {
                          "name": "string",
                          "port": "number"
                        }
                      ],
                      "targetGroupARN": "string",
                      "targetType": "string"
                    }
                  ]
                }
              ]
            },
            "object": {
              "value": {
                "apiVersion": "elbv2.k8s.aws/v1beta1",
                "kind": "TargetGroupBinding",
                "metadata": {
                  "annotations": {
                    "elbv2.k8s.aws/checkpoint": "vkM_At0iPnpruJm1ESCcOpzqe0WhYFreoZ3raS0w3Hs/xlugBUcjW3UiAqb6C6tR2iWcxEXSJVfJ6FO4P2lJzAA",
                    "elbv2.k8s.aws/checkpoint-timestamp": "1773951526"
                  },
                  "creationTimestamp": null,
                  "deletionGracePeriodSeconds": null,
                  "deletionTimestamp": null,
                  "finalizers": [
                    "elbv2.k8s.aws/resources"
                  ],
                  "generateName": null,
                  "generation": null,
                  "labels": null,
                  "managedFields": null,
                  "name": "konga-service-ip-binding",
                  "namespace": "dev",
                  "ownerReferences": null,
                  "resourceVersion": null,
                  "selfLink": null,
                  "uid": null
                },
                "spec": {
                  "assumeRoleExternalId": null,
                  "iamRoleArnToAssume": null,
                  "ipAddressType": "ipv4",
                  "multiClusterTargetGroup": null,
                  "networking": {
                    "ingress": null
                  },
                  "nodeSelector": {
                    "matchExpressions": null,
                    "matchLabels": null
                  },
                  "serviceRef": {
                    "name": "konga-service",
                    "port": "1337"
                  },
                  "targetGroupARN": "arn:aws:elasticloadbalancing:ap-south-1:010438478476:targetgroup/ip-tg-20260319201506728100000011/8f9713ec9b3cd878",
                  "targetGroupName": null,
                  "targetGroupProtocol": "HTTP",
                  "targetType": "ip",
                  "vpcID": "vpc-01559cc551ee9ce1f"
                }
              },
              "type": [
                "object",
                {
                  "apiVersion": "string",
                  "kind": "string",
                  "metadata": [
                    "object",
                    {
                      "annotations": [
                        "map",
                        "string"
                      ],
                      "creationTimestamp": "string",
                      "deletionGracePeriodSeconds": "number",
                      "deletionTimestamp": "string",
                      "finalizers": [
                        "list",
                        "string"
                      ],
                      "generateName": "string",
                      "generation": "number",
                      "labels": [
                        "map",
                        "string"
                      ],
                      "managedFields": [
                        "tuple",
                        [
                          [
                            "object",
                            {
                              "apiVersion": "string",
                              "fieldsType": "string",
                              "fieldsV1": "dynamic",
                              "manager": "string",
                              "operation": "string",
                              "subresource": "string",
                              "time": "string"
                            }
                          ]
                        ]
                      ],
                      "name": "string",
                      "namespace": "string",
                      "ownerReferences": [
                        "list",
                        [
                          "object",
                          {
                            "apiVersion": "string",
                            "blockOwnerDeletion": "bool",
                            "controller": "bool",
                            "kind": "string",
                            "name": "string",
                            "uid": "string"
                          }
                        ]
                      ],
                      "resourceVersion": "string",
                      "selfLink": "string",
                      "uid": "string"
                    }
                  ],
                  "spec": [
                    "object",
                    {
                      "assumeRoleExternalId": "string",
                      "iamRoleArnToAssume": "string",
                      "ipAddressType": "string",
                      "multiClusterTargetGroup": "bool",
                      "networking": [
                        "object",
                        {
                          "ingress": [
                            "list",
                            [
                              "object",
                              {
                                "from": [
                                  "list",
                                  [
                                    "object",
                                    {
                                      "ipBlock": [
                                        "object",
                                        {
                                          "cidr": "string"
                                        }
                                      ],
                                      "securityGroup": [
                                        "object",
                                        {
                                          "groupID": "string"
                                        }
                                      ]
                                    }
                                  ]
                                ],
                                "ports": [
                                  "list",
                                  [
                                    "object",
                                    {
                                      "port": "string",
                                      "protocol": "string"
                                    }
                                  ]
                                ]
                              }
                            ]
                          ]
                        }
                      ],
                      "nodeSelector": [
                        "object",
                        {
                          "matchExpressions": [
                            "list",
                            [
                              "object",
                              {
                                "key": "string",
                                "operator": "string",
                                "values": [
                                  "list",
                                  "string"
                                ]
                              }
                            ]
                          ],
                          "matchLabels": [
                            "map",
                            "string"
                          ]
                        }
                      ],
                      "serviceRef": [
                        "object",
                        {
                          "name": "string",
                          "port": "string"
                        }
                      ],
                      "targetGroupARN": "string",
                      "targetGroupName": "string",
                      "targetGroupProtocol": "string",
                      "targetType": "string",
                      "vpcID": "string"
                    }
                  ]
                }
              ]
            },
            "timeouts": [],
            "wait": [],
            "wait_for": null
          },
          "sensitive_attributes": [],
          "identity_schema_version": 1,
          "identity": {
            "api_version": "elbv2.k8s.aws/v1beta1",
            "kind": "TargetGroupBinding",
            "name": "konga-service-ip-binding",
            "namespace": "dev"
          },
          "dependencies": [
            "aws_lb_target_group.main",
            "data.aws_eks_cluster.cluster"
          ]
        },
        {
          "index_key": "rabbit-mq",
          "schema_version": 1,
          "attributes": {
            "computed_fields": null,
            "field_manager": [],
            "manifest": {
              "value": {
                "apiVersion": "elbv2.k8s.aws/v1beta1",
                "kind": "TargetGroupBinding",
                "metadata": {
                  "name": "rabbit-mq-ip-binding",
                  "namespace": "rabbitmq-system"
                },
                "spec": {
                  "serviceRef": {
                    "name": "rabbitmq-service",
                    "port": 15672
                  },
                  "targetGroupARN": "arn:aws:elasticloadbalancing:ap-south-1:010438478476:targetgroup/ip-tg-20260319201506052100000009/b3028bd68c5d34ed",
                  "targetType": "ip"
                }
              },
              "type": [
                "object",
                {
                  "apiVersion": "string",
                  "kind": "string",
                  "metadata": [
                    "object",
                    {
                      "name": "string",
                      "namespace": "string"
                    }
                  ],
                  "spec": [
                    "object",
                    {
                      "serviceRef": [
                        "object",
                        {
                          "name": "string",
                          "port": "number"
                        }
                      ],
                      "targetGroupARN": "string",
                      "targetType": "string"
                    }
                  ]
                }
              ]
            },
            "object": {
              "value": {
                "apiVersion": "elbv2.k8s.aws/v1beta1",
                "kind": "TargetGroupBinding",
                "metadata": {
                  "annotations": {
                    "elbv2.k8s.aws/checkpoint": "extHJHpQA16dG7QVha4grlM4ob1BFItkWpXvnRG-dpI/tmwU07MqofIYZBiMGAGb5yLfoRXawpJx_sCWRLP2caY",
                    "elbv2.k8s.aws/checkpoint-timestamp": "1773951527"
                  },
                  "creationTimestamp": null,
                  "deletionGracePeriodSeconds": null,
                  "deletionTimestamp": null,
                  "finalizers": [
                    "elbv2.k8s.aws/resources"
                  ],
                  "generateName": null,
                  "generation": null,
                  "labels": null,
                  "managedFields": null,
                  "name": "rabbit-mq-ip-binding",
                  "namespace": "rabbitmq-system",
                  "ownerReferences": null,
                  "resourceVersion": null,
                  "selfLink": null,
                  "uid": null
                },
                "spec": {
                  "assumeRoleExternalId": null,
                  "iamRoleArnToAssume": null,
                  "ipAddressType": "ipv4",
                  "multiClusterTargetGroup": null,
                  "networking": {
                    "ingress": null
                  },
                  "nodeSelector": {
                    "matchExpressions": null,
                    "matchLabels": null
                  },
                  "serviceRef": {
                    "name": "rabbitmq-service",
                    "port": "15672"
                  },
                  "targetGroupARN": "arn:aws:elasticloadbalancing:ap-south-1:010438478476:targetgroup/ip-tg-20260319201506052100000009/b3028bd68c5d34ed",
                  "targetGroupName": null,
                  "targetGroupProtocol": "HTTP",
                  "targetType": "ip",
                  "vpcID": "vpc-01559cc551ee9ce1f"
                }
              },
              "type": [
                "object",
                {
                  "apiVersion": "string",
                  "kind": "string",
                  "metadata": [
                    "object",
                    {
                      "annotations": [
                        "map",
                        "string"
                      ],
                      "creationTimestamp": "string",
                      "deletionGracePeriodSeconds": "number",
                      "deletionTimestamp": "string",
                      "finalizers": [
                        "list",
                        "string"
                      ],
                      "generateName": "string",
                      "generation": "number",
                      "labels": [
                        "map",
                        "string"
                      ],
                      "managedFields": [
                        "tuple",
                        [
                          [
                            "object",
                            {
                              "apiVersion": "string",
                              "fieldsType": "string",
                              "fieldsV1": "dynamic",
                              "manager": "string",
                              "operation": "string",
                              "subresource": "string",
                              "time": "string"
                            }
                          ]
                        ]
                      ],
                      "name": "string",
                      "namespace": "string",
                      "ownerReferences": [
                        "list",
                        [
                          "object",
                          {
                            "apiVersion": "string",
                            "blockOwnerDeletion": "bool",
                            "controller": "bool",
                            "kind": "string",
                            "name": "string",
                            "uid": "string"
                          }
                        ]
                      ],
                      "resourceVersion": "string",
                      "selfLink": "string",
                      "uid": "string"
                    }
                  ],
                  "spec": [
                    "object",
                    {
                      "assumeRoleExternalId": "string",
                      "iamRoleArnToAssume": "string",
                      "ipAddressType": "string",
                      "multiClusterTargetGroup": "bool",
                      "networking": [
                        "object",
                        {
                          "ingress": [
                            "list",
                            [
                              "object",
                              {
                                "from": [
                                  "list",
                                  [
                                    "object",
                                    {
                                      "ipBlock": [
                                        "object",
                                        {
                                          "cidr": "string"
                                        }
                                      ],
                                      "securityGroup": [
                                        "object",
                                        {
                                          "groupID": "string"
                                        }
                                      ]
                                    }
                                  ]
                                ],
                                "ports": [
                                  "list",
                                  [
                                    "object",
                                    {
                                      "port": "string",
                                      "protocol": "string"
                                    }
                                  ]
                                ]
                              }
                            ]
                          ]
                        }
                      ],
                      "nodeSelector": [
                        "object",
                        {
                          "matchExpressions": [
                            "list",
                            [
                              "object",
                              {
                                "key": "string",
                                "operator": "string",
                                "values": [
                                  "list",
                                  "string"
                                ]
                              }
                            ]
                          ],
                          "matchLabels": [
                            "map",
                            "string"
                          ]
                        }
                      ],
                      "serviceRef": [
                        "object",
                        {
                          "name": "string",
                          "port": "string"
                        }
                      ],
                      "targetGroupARN": "string",
                      "targetGroupName": "string",
                      "targetGroupProtocol": "string",
                      "targetType": "string",
                      "vpcID": "string"
                    }
                  ]
                }
              ]
            },
            "timeouts": [],
            "wait": [],
            "wait_for": null
          },
          "sensitive_attributes": [],
          "identity_schema_version": 1,
          "identity": {
            "api_version": "elbv2.k8s.aws/v1beta1",
            "kind": "TargetGroupBinding",
            "name": "rabbit-mq-ip-binding",
            "namespace": "rabbitmq-system"
          },
          "dependencies": [
            "aws_lb_target_group.main",
            "data.aws_eks_cluster.cluster"
          ]
        },
        {
          "index_key": "rabbit-mq-m",
          "schema_version": 1,
          "attributes": {
            "computed_fields": null,
            "field_manager": [],
            "manifest": {
              "value": {
                "apiVersion": "elbv2.k8s.aws/v1beta1",
                "kind": "TargetGroupBinding",
                "metadata": {
                  "name": "rabbit-mq-m-ip-binding",
                  "namespace": "rabbitmq-system"
                },
                "spec": {
                  "serviceRef": {
                    "name": "rabbitmq-service-m",
                    "port": 5672
                  },
                  "targetGroupARN": "arn:aws:elasticloadbalancing:ap-south-1:010438478476:targetgroup/ip-tg-20260319201506050500000005/fbedfcdbd96b9d75",
                  "targetType": "ip"
                }
              },
              "type": [
                "object",
                {
                  "apiVersion": "string",
                  "kind": "string",
                  "metadata": [
                    "object",
                    {
                      "name": "string",
                      "namespace": "string"
                    }
                  ],
                  "spec": [
                    "object",
                    {
                      "serviceRef": [
                        "object",
                        {
                          "name": "string",
                          "port": "number"
                        }
                      ],
                      "targetGroupARN": "string",
                      "targetType": "string"
                    }
                  ]
                }
              ]
            },
            "object": {
              "value": {
                "apiVersion": "elbv2.k8s.aws/v1beta1",
                "kind": "TargetGroupBinding",
                "metadata": {
                  "annotations": null,
                  "creationTimestamp": null,
                  "deletionGracePeriodSeconds": null,
                  "deletionTimestamp": null,
                  "finalizers": [
                    "elbv2.k8s.aws/resources"
                  ],
                  "generateName": null,
                  "generation": null,
                  "labels": null,
                  "managedFields": null,
                  "name": "rabbit-mq-m-ip-binding",
                  "namespace": "rabbitmq-system",
                  "ownerReferences": null,
                  "resourceVersion": null,
                  "selfLink": null,
                  "uid": null
                },
                "spec": {
                  "assumeRoleExternalId": null,
                  "iamRoleArnToAssume": null,
                  "ipAddressType": "ipv4",
                  "multiClusterTargetGroup": null,
                  "networking": {
                    "ingress": null
                  },
                  "nodeSelector": {
                    "matchExpressions": null,
                    "matchLabels": null
                  },
                  "serviceRef": {
                    "name": "rabbitmq-service-m",
                    "port": "5672"
                  },
                  "targetGroupARN": "arn:aws:elasticloadbalancing:ap-south-1:010438478476:targetgroup/ip-tg-20260319201506050500000005/fbedfcdbd96b9d75",
                  "targetGroupName": null,
                  "targetGroupProtocol": "HTTP",
                  "targetType": "ip",
                  "vpcID": "vpc-01559cc551ee9ce1f"
                }
              },
              "type": [
                "object",
                {
                  "apiVersion": "string",
                  "kind": "string",
                  "metadata": [
                    "object",
                    {
                      "annotations": [
                        "map",
                        "string"
                      ],
                      "creationTimestamp": "string",
                      "deletionGracePeriodSeconds": "number",
                      "deletionTimestamp": "string",
                      "finalizers": [
                        "list",
                        "string"
                      ],
                      "generateName": "string",
                      "generation": "number",
                      "labels": [
                        "map",
                        "string"
                      ],
                      "managedFields": [
                        "tuple",
                        [
                          [
                            "object",
                            {
                              "apiVersion": "string",
                              "fieldsType": "string",
                              "fieldsV1": "dynamic",
                              "manager": "string",
                              "operation": "string",
                              "subresource": "string",
                              "time": "string"
                            }
                          ]
                        ]
                      ],
                      "name": "string",
                      "namespace": "string",
                      "ownerReferences": [
                        "list",
                        [
                          "object",
                          {
                            "apiVersion": "string",
                            "blockOwnerDeletion": "bool",
                            "controller": "bool",
                            "kind": "string",
                            "name": "string",
                            "uid": "string"
                          }
                        ]
                      ],
                      "resourceVersion": "string",
                      "selfLink": "string",
                      "uid": "string"
                    }
                  ],
                  "spec": [
                    "object",
                    {
                      "assumeRoleExternalId": "string",
                      "iamRoleArnToAssume": "string",
                      "ipAddressType": "string",
                      "multiClusterTargetGroup": "bool",
                      "networking": [
                        "object",
                        {
                          "ingress": [
                            "list",
                            [
                              "object",
                              {
                                "from": [
                                  "list",
                                  [
                                    "object",
                                    {
                                      "ipBlock": [
                                        "object",
                                        {
                                          "cidr": "string"
                                        }
                                      ],
                                      "securityGroup": [
                                        "object",
                                        {
                                          "groupID": "string"
                                        }
                                      ]
                                    }
                                  ]
                                ],
                                "ports": [
                                  "list",
                                  [
                                    "object",
                                    {
                                      "port": "string",
                                      "protocol": "string"
                                    }
                                  ]
                                ]
                              }
                            ]
                          ]
                        }
                      ],
                      "nodeSelector": [
                        "object",
                        {
                          "matchExpressions": [
                            "list",
                            [
                              "object",
                              {
                                "key": "string",
                                "operator": "string",
                                "values": [
                                  "list",
                                  "string"
                                ]
                              }
                            ]
                          ],
                          "matchLabels": [
                            "map",
                            "string"
                          ]
                        }
                      ],
                      "serviceRef": [
                        "object",
                        {
                          "name": "string",
                          "port": "string"
                        }
                      ],
                      "targetGroupARN": "string",
                      "targetGroupName": "string",
                      "targetGroupProtocol": "string",
                      "targetType": "string",
                      "vpcID": "string"
                    }
                  ]
                }
              ]
            },
            "timeouts": [],
            "wait": [],
            "wait_for": null
          },
          "sensitive_attributes": [],
          "identity_schema_version": 1,
          "identity": {
            "api_version": "elbv2.k8s.aws/v1beta1",
            "kind": "TargetGroupBinding",
            "name": "rabbit-mq-m-ip-binding",
            "namespace": "rabbitmq-system"
          },
          "dependencies": [
            "aws_lb_target_group.main",
            "data.aws_eks_cluster.cluster"
          ]
        },
        {
          "index_key": "schedulerapi-dev",
          "schema_version": 1,
          "attributes": {
            "computed_fields": null,
            "field_manager": [],
            "manifest": {
              "value": {
                "apiVersion": "elbv2.k8s.aws/v1beta1",
                "kind": "TargetGroupBinding",
                "metadata": {
                  "name": "schedulerapi-dev-ip-binding",
                  "namespace": "dev"
                },
                "spec": {
                  "serviceRef": {
                    "name": "schedulerapi-service-dev",
                    "port": 5000
                  },
                  "targetGroupARN": "arn:aws:elasticloadbalancing:ap-south-1:010438478476:targetgroup/ip-tg-2026031920150670900000000e/dcdd824815bca68f",
                  "targetType": "ip"
                }
              },
              "type": [
                "object",
                {
                  "apiVersion": "string",
                  "kind": "string",
                  "metadata": [
                    "object",
                    {
                      "name": "string",
                      "namespace": "string"
                    }
                  ],
                  "spec": [
                    "object",
                    {
                      "serviceRef": [
                        "object",
                        {
                          "name": "string",
                          "port": "number"
                        }
                      ],
                      "targetGroupARN": "string",
                      "targetType": "string"
                    }
                  ]
                }
              ]
            },
            "object": {
              "value": {
                "apiVersion": "elbv2.k8s.aws/v1beta1",
                "kind": "TargetGroupBinding",
                "metadata": {
                  "annotations": {
                    "elbv2.k8s.aws/checkpoint": "c6RzRA13XBFQDhWWGZGlQit5XY6_kg05EhPa8AjJJCQ/rGqPy2lJ8FfWIlF8akNWHsaAIfjbpmr-CJ2lJUXzniM",
                    "elbv2.k8s.aws/checkpoint-timestamp": "1773951527"
                  },
                  "creationTimestamp": null,
                  "deletionGracePeriodSeconds": null,
                  "deletionTimestamp": null,
                  "finalizers": [
                    "elbv2.k8s.aws/resources"
                  ],
                  "generateName": null,
                  "generation": null,
                  "labels": null,
                  "managedFields": null,
                  "name": "schedulerapi-dev-ip-binding",
                  "namespace": "dev",
                  "ownerReferences": null,
                  "resourceVersion": null,
                  "selfLink": null,
                  "uid": null
                },
                "spec": {
                  "assumeRoleExternalId": null,
                  "iamRoleArnToAssume": null,
                  "ipAddressType": "ipv4",
                  "multiClusterTargetGroup": null,
                  "networking": {
                    "ingress": null
                  },
                  "nodeSelector": {
                    "matchExpressions": null,
                    "matchLabels": null
                  },
                  "serviceRef": {
                    "name": "schedulerapi-service-dev",
                    "port": "5000"
                  },
                  "targetGroupARN": "arn:aws:elasticloadbalancing:ap-south-1:010438478476:targetgroup/ip-tg-2026031920150670900000000e/dcdd824815bca68f",
                  "targetGroupName": null,
                  "targetGroupProtocol": "HTTP",
                  "targetType": "ip",
                  "vpcID": "vpc-01559cc551ee9ce1f"
                }
              },
              "type": [
                "object",
                {
                  "apiVersion": "string",
                  "kind": "string",
                  "metadata": [
                    "object",
                    {
                      "annotations": [
                        "map",
                        "string"
                      ],
                      "creationTimestamp": "string",
                      "deletionGracePeriodSeconds": "number",
                      "deletionTimestamp": "string",
                      "finalizers": [
                        "list",
                        "string"
                      ],
                      "generateName": "string",
                      "generation": "number",
                      "labels": [
                        "map",
                        "string"
                      ],
                      "managedFields": [
                        "tuple",
                        [
                          [
                            "object",
                            {
                              "apiVersion": "string",
                              "fieldsType": "string",
                              "fieldsV1": "dynamic",
                              "manager": "string",
                              "operation": "string",
                              "subresource": "string",
                              "time": "string"
                            }
                          ]
                        ]
                      ],
                      "name": "string",
                      "namespace": "string",
                      "ownerReferences": [
                        "list",
                        [
                          "object",
                          {
                            "apiVersion": "string",
                            "blockOwnerDeletion": "bool",
                            "controller": "bool",
                            "kind": "string",
                            "name": "string",
                            "uid": "string"
                          }
                        ]
                      ],
                      "resourceVersion": "string",
                      "selfLink": "string",
                      "uid": "string"
                    }
                  ],
                  "spec": [
                    "object",
                    {
                      "assumeRoleExternalId": "string",
                      "iamRoleArnToAssume": "string",
                      "ipAddressType": "string",
                      "multiClusterTargetGroup": "bool",
                      "networking": [
                        "object",
                        {
                          "ingress": [
                            "list",
                            [
                              "object",
                              {
                                "from": [
                                  "list",
                                  [
                                    "object",
                                    {
                                      "ipBlock": [
                                        "object",
                                        {
                                          "cidr": "string"
                                        }
                                      ],
                                      "securityGroup": [
                                        "object",
                                        {
                                          "groupID": "string"
                                        }
                                      ]
                                    }
                                  ]
                                ],
                                "ports": [
                                  "list",
                                  [
                                    "object",
                                    {
                                      "port": "string",
                                      "protocol": "string"
                                    }
                                  ]
                                ]
                              }
                            ]
                          ]
                        }
                      ],
                      "nodeSelector": [
                        "object",
                        {
                          "matchExpressions": [
                            "list",
                            [
                              "object",
                              {
                                "key": "string",
                                "operator": "string",
                                "values": [
                                  "list",
                                  "string"
                                ]
                              }
                            ]
                          ],
                          "matchLabels": [
                            "map",
                            "string"
                          ]
                        }
                      ],
                      "serviceRef": [
                        "object",
                        {
                          "name": "string",
                          "port": "string"
                        }
                      ],
                      "targetGroupARN": "string",
                      "targetGroupName": "string",
                      "targetGroupProtocol": "string",
                      "targetType": "string",
                      "vpcID": "string"
                    }
                  ]
                }
              ]
            },
            "timeouts": [],
            "wait": [],
            "wait_for": null
          },
          "sensitive_attributes": [],
          "identity_schema_version": 1,
          "identity": {
            "api_version": "elbv2.k8s.aws/v1beta1",
            "kind": "TargetGroupBinding",
            "name": "schedulerapi-dev-ip-binding",
            "namespace": "dev"
          },
          "dependencies": [
            "aws_lb_target_group.main",
            "data.aws_eks_cluster.cluster"
          ]
        },
        {
          "index_key": "text-extraction",
          "schema_version": 1,
          "attributes": {
            "computed_fields": null,
            "field_manager": [],
            "manifest": {
              "value": {
                "apiVersion": "elbv2.k8s.aws/v1beta1",
                "kind": "TargetGroupBinding",
                "metadata": {
                  "name": "text-extraction-ip-binding",
                  "namespace": "dev"
                },
                "spec": {
                  "serviceRef": {
                    "name": "text-extraction-service",
                    "port": 8015
                  },
                  "targetGroupARN": "arn:aws:elasticloadbalancing:ap-south-1:010438478476:targetgroup/ip-tg-20260319201506049800000001/f5e1e1c7270c4ebe",
                  "targetType": "ip"
                }
              },
              "type": [
                "object",
                {
                  "apiVersion": "string",
                  "kind": "string",
                  "metadata": [
                    "object",
                    {
                      "name": "string",
                      "namespace": "string"
                    }
                  ],
                  "spec": [
                    "object",
                    {
                      "serviceRef": [
                        "object",
                        {
                          "name": "string",
                          "port": "number"
                        }
                      ],
                      "targetGroupARN": "string",
                      "targetType": "string"
                    }
                  ]
                }
              ]
            },
            "object": {
              "value": {
                "apiVersion": "elbv2.k8s.aws/v1beta1",
                "kind": "TargetGroupBinding",
                "metadata": {
                  "annotations": {
                    "elbv2.k8s.aws/checkpoint": "aUeKlEnHSdnhP_-fM1yIsMbOC_fm3PEweSUDLSf4tos/D4SBQhO4nZ8pC7rZCMMLoEfHjpCGT-YaAqpPJqxnezs",
                    "elbv2.k8s.aws/checkpoint-timestamp": "1773951523"
                  },
                  "creationTimestamp": null,
                  "deletionGracePeriodSeconds": null,
                  "deletionTimestamp": null,
                  "finalizers": [
                    "elbv2.k8s.aws/resources"
                  ],
                  "generateName": null,
                  "generation": null,
                  "labels": null,
                  "managedFields": null,
                  "name": "text-extraction-ip-binding",
                  "namespace": "dev",
                  "ownerReferences": null,
                  "resourceVersion": null,
                  "selfLink": null,
                  "uid": null
                },
                "spec": {
                  "assumeRoleExternalId": null,
                  "iamRoleArnToAssume": null,
                  "ipAddressType": "ipv4",
                  "multiClusterTargetGroup": null,
                  "networking": {
                    "ingress": null
                  },
                  "nodeSelector": {
                    "matchExpressions": null,
                    "matchLabels": null
                  },
                  "serviceRef": {
                    "name": "text-extraction-service",
                    "port": "8015"
                  },
                  "targetGroupARN": "arn:aws:elasticloadbalancing:ap-south-1:010438478476:targetgroup/ip-tg-20260319201506049800000001/f5e1e1c7270c4ebe",
                  "targetGroupName": null,
                  "targetGroupProtocol": "HTTP",
                  "targetType": "ip",
                  "vpcID": "vpc-01559cc551ee9ce1f"
                }
              },
              "type": [
                "object",
                {
                  "apiVersion": "string",
                  "kind": "string",
                  "metadata": [
                    "object",
                    {
                      "annotations": [
                        "map",
                        "string"
                      ],
                      "creationTimestamp": "string",
                      "deletionGracePeriodSeconds": "number",
                      "deletionTimestamp": "string",
                      "finalizers": [
                        "list",
                        "string"
                      ],
                      "generateName": "string",
                      "generation": "number",
                      "labels": [
                        "map",
                        "string"
                      ],
                      "managedFields": [
                        "tuple",
                        [
                          [
                            "object",
                            {
                              "apiVersion": "string",
                              "fieldsType": "string",
                              "fieldsV1": "dynamic",
                              "manager": "string",
                              "operation": "string",
                              "subresource": "string",
                              "time": "string"
                            }
                          ]
                        ]
                      ],
                      "name": "string",
                      "namespace": "string",
                      "ownerReferences": [
                        "list",
                        [
                          "object",
                          {
                            "apiVersion": "string",
                            "blockOwnerDeletion": "bool",
                            "controller": "bool",
                            "kind": "string",
                            "name": "string",
                            "uid": "string"
                          }
                        ]
                      ],
                      "resourceVersion": "string",
                      "selfLink": "string",
                      "uid": "string"
                    }
                  ],
                  "spec": [
                    "object",
                    {
                      "assumeRoleExternalId": "string",
                      "iamRoleArnToAssume": "string",
                      "ipAddressType": "string",
                      "multiClusterTargetGroup": "bool",
                      "networking": [
                        "object",
                        {
                          "ingress": [
                            "list",
                            [
                              "object",
                              {
                                "from": [
                                  "list",
                                  [
                                    "object",
                                    {
                                      "ipBlock": [
                                        "object",
                                        {
                                          "cidr": "string"
                                        }
                                      ],
                                      "securityGroup": [
                                        "object",
                                        {
                                          "groupID": "string"
                                        }
                                      ]
                                    }
                                  ]
                                ],
                                "ports": [
                                  "list",
                                  [
                                    "object",
                                    {
                                      "port": "string",
                                      "protocol": "string"
                                    }
                                  ]
                                ]
                              }
                            ]
                          ]
                        }
                      ],
                      "nodeSelector": [
                        "object",
                        {
                          "matchExpressions": [
                            "list",
                            [
                              "object",
                              {
                                "key": "string",
                                "operator": "string",
                                "values": [
                                  "list",
                                  "string"
                                ]
                              }
                            ]
                          ],
                          "matchLabels": [
                            "map",
                            "string"
                          ]
                        }
                      ],
                      "serviceRef": [
                        "object",
                        {
                          "name": "string",
                          "port": "string"
                        }
                      ],
                      "targetGroupARN": "string",
                      "targetGroupName": "string",
                      "targetGroupProtocol": "string",
                      "targetType": "string",
                      "vpcID": "string"
                    }
                  ]
                }
              ]
            },
            "timeouts": [],
            "wait": [],
            "wait_for": null
          },
          "sensitive_attributes": [],
          "identity_schema_version": 1,
          "identity": {
            "api_version": "elbv2.k8s.aws/v1beta1",
            "kind": "TargetGroupBinding",
            "name": "text-extraction-ip-binding",
            "namespace": "dev"
          },
          "dependencies": [
            "aws_lb_target_group.main",
            "data.aws_eks_cluster.cluster"
          ]
        },
        {
          "index_key": "validus",
          "schema_version": 1,
          "attributes": {
            "computed_fields": null,
            "field_manager": [],
            "manifest": {
              "value": {
                "apiVersion": "elbv2.k8s.aws/v1beta1",
                "kind": "TargetGroupBinding",
                "metadata": {
                  "name": "validus-ip-binding",
                  "namespace": "dev"
                },
                "spec": {
                  "serviceRef": {
                    "name": "validus-service",
                    "port": 8020
                  },
                  "targetGroupARN": "arn:aws:elasticloadbalancing:ap-south-1:010438478476:targetgroup/ip-tg-20260319201506050200000002/4d71efabcc31052c",
                  "targetType": "ip"
                }
              },
              "type": [
                "object",
                {
                  "apiVersion": "string",
                  "kind": "string",
                  "metadata": [
                    "object",
                    {
                      "name": "string",
                      "namespace": "string"
                    }
                  ],
                  "spec": [
                    "object",
                    {
                      "serviceRef": [
                        "object",
                        {
                          "name": "string",
                          "port": "number"
                        }
                      ],
                      "targetGroupARN": "string",
                      "targetType": "string"
                    }
                  ]
                }
              ]
            },
            "object": {
              "value": {
                "apiVersion": "elbv2.k8s.aws/v1beta1",
                "kind": "TargetGroupBinding",
                "metadata": {
                  "annotations": {
                    "elbv2.k8s.aws/checkpoint": "nQeuAkqtMj24dZMUZQJ2umaBgzK3_yimyDWYMdFBDc8/fJqTmCCqhlwgKO0ZbTrRn_cy2l_vOmxBWtKFbEja0WE",
                    "elbv2.k8s.aws/checkpoint-timestamp": "1773951526"
                  },
                  "creationTimestamp": null,
                  "deletionGracePeriodSeconds": null,
                  "deletionTimestamp": null,
                  "finalizers": [
                    "elbv2.k8s.aws/resources"
                  ],
                  "generateName": null,
                  "generation": null,
                  "labels": null,
                  "managedFields": null,
                  "name": "validus-ip-binding",
                  "namespace": "dev",
                  "ownerReferences": null,
                  "resourceVersion": null,
                  "selfLink": null,
                  "uid": null
                },
                "spec": {
                  "assumeRoleExternalId": null,
                  "iamRoleArnToAssume": null,
                  "ipAddressType": "ipv4",
                  "multiClusterTargetGroup": null,
                  "networking": {
                    "ingress": null
                  },
                  "nodeSelector": {
                    "matchExpressions": null,
                    "matchLabels": null
                  },
                  "serviceRef": {
                    "name": "validus-service",
                    "port": "8020"
                  },
                  "targetGroupARN": "arn:aws:elasticloadbalancing:ap-south-1:010438478476:targetgroup/ip-tg-20260319201506050200000002/4d71efabcc31052c",
                  "targetGroupName": null,
                  "targetGroupProtocol": "HTTP",
                  "targetType": "ip",
                  "vpcID": "vpc-01559cc551ee9ce1f"
                }
              },
              "type": [
                "object",
                {
                  "apiVersion": "string",
                  "kind": "string",
                  "metadata": [
                    "object",
                    {
                      "annotations": [
                        "map",
                        "string"
                      ],
                      "creationTimestamp": "string",
                      "deletionGracePeriodSeconds": "number",
                      "deletionTimestamp": "string",
                      "finalizers": [
                        "list",
                        "string"
                      ],
                      "generateName": "string",
                      "generation": "number",
                      "labels": [
                        "map",
                        "string"
                      ],
                      "managedFields": [
                        "tuple",
                        [
                          [
                            "object",
                            {
                              "apiVersion": "string",
                              "fieldsType": "string",
                              "fieldsV1": "dynamic",
                              "manager": "string",
                              "operation": "string",
                              "subresource": "string",
                              "time": "string"
                            }
                          ]
                        ]
                      ],
                      "name": "string",
                      "namespace": "string",
                      "ownerReferences": [
                        "list",
                        [
                          "object",
                          {
                            "apiVersion": "string",
                            "blockOwnerDeletion": "bool",
                            "controller": "bool",
                            "kind": "string",
                            "name": "string",
                            "uid": "string"
                          }
                        ]
                      ],
                      "resourceVersion": "string",
                      "selfLink": "string",
                      "uid": "string"
                    }
                  ],
                  "spec": [
                    "object",
                    {
                      "assumeRoleExternalId": "string",
                      "iamRoleArnToAssume": "string",
                      "ipAddressType": "string",
                      "multiClusterTargetGroup": "bool",
                      "networking": [
                        "object",
                        {
                          "ingress": [
                            "list",
                            [
                              "object",
                              {
                                "from": [
                                  "list",
                                  [
                                    "object",
                                    {
                                      "ipBlock": [
                                        "object",
                                        {
                                          "cidr": "string"
                                        }
                                      ],
                                      "securityGroup": [
                                        "object",
                                        {
                                          "groupID": "string"
                                        }
                                      ]
                                    }
                                  ]
                                ],
                                "ports": [
                                  "list",
                                  [
                                    "object",
                                    {
                                      "port": "string",
                                      "protocol": "string"
                                    }
                                  ]
                                ]
                              }
                            ]
                          ]
                        }
                      ],
                      "nodeSelector": [
                        "object",
                        {
                          "matchExpressions": [
                            "list",
                            [
                              "object",
                              {
                                "key": "string",
                                "operator": "string",
                                "values": [
                                  "list",
                                  "string"
                                ]
                              }
                            ]
                          ],
                          "matchLabels": [
                            "map",
                            "string"
                          ]
                        }
                      ],
                      "serviceRef": [
                        "object",
                        {
                          "name": "string",
                          "port": "string"
                        }
                      ],
                      "targetGroupARN": "string",
                      "targetGroupName": "string",
                      "targetGroupProtocol": "string",
                      "targetType": "string",
                      "vpcID": "string"
                    }
                  ]
                }
              ]
            },
            "timeouts": [],
            "wait": [],
            "wait_for": null
          },
          "sensitive_attributes": [],
          "identity_schema_version": 1,
          "identity": {
            "api_version": "elbv2.k8s.aws/v1beta1",
            "kind": "TargetGroupBinding",
            "name": "validus-ip-binding",
            "namespace": "dev"
          },
          "dependencies": [
            "aws_lb_target_group.main",
            "data.aws_eks_cluster.cluster"
          ]
        }
      ]
    },
    {
      "mode": "managed",
      "type": "kubernetes_manifest",
      "name": "tg_bindings_uat",
      "provider": "provider[\"registry.terraform.io/hashicorp/kubernetes\"]",
      "instances": [
        {
          "index_key": "airflow-uat",
          "schema_version": 1,
          "attributes": {
            "computed_fields": null,
            "field_manager": [],
            "manifest": {
              "value": {
                "apiVersion": "elbv2.k8s.aws/v1beta1",
                "kind": "TargetGroupBinding",
                "metadata": {
                  "name": "airflow-uat-binding",
                  "namespace": "uat"
                },
                "spec": {
                  "serviceRef": {
                    "name": "airflow-webserver-nodeport-uat",
                    "port": 8080
                  },
                  "targetGroupARN": "arn:aws:elasticloadbalancing:ap-south-1:010438478476:targetgroup/k8s-airflow-uat/2a0d9520d0a738ec",
                  "targetType": "instance"
                }
              },
              "type": [
                "object",
                {
                  "apiVersion": "string",
                  "kind": "string",
                  "metadata": [
                    "object",
                    {
                      "name": "string",
                      "namespace": "string"
                    }
                  ],
                  "spec": [
                    "object",
                    {
                      "serviceRef": [
                        "object",
                        {
                          "name": "string",
                          "port": "number"
                        }
                      ],
                      "targetGroupARN": "string",
                      "targetType": "string"
                    }
                  ]
                }
              ]
            },
            "object": {
              "value": {
                "apiVersion": "elbv2.k8s.aws/v1beta1",
                "kind": "TargetGroupBinding",
                "metadata": {
                  "annotations": null,
                  "creationTimestamp": null,
                  "deletionGracePeriodSeconds": null,
                  "deletionTimestamp": null,
                  "finalizers": [
                    "elbv2.k8s.aws/resources"
                  ],
                  "generateName": null,
                  "generation": null,
                  "labels": null,
                  "managedFields": null,
                  "name": "airflow-uat-binding",
                  "namespace": "uat",
                  "ownerReferences": null,
                  "resourceVersion": null,
                  "selfLink": null,
                  "uid": null
                },
                "spec": {
                  "assumeRoleExternalId": null,
                  "iamRoleArnToAssume": null,
                  "ipAddressType": "ipv4",
                  "multiClusterTargetGroup": null,
                  "networking": {
                    "ingress": null
                  },
                  "nodeSelector": {
                    "matchExpressions": null,
                    "matchLabels": null
                  },
                  "serviceRef": {
                    "name": "airflow-webserver-nodeport-uat",
                    "port": "8080"
                  },
                  "targetGroupARN": "arn:aws:elasticloadbalancing:ap-south-1:010438478476:targetgroup/k8s-airflow-uat/2a0d9520d0a738ec",
                  "targetGroupName": null,
                  "targetGroupProtocol": "HTTP",
                  "targetType": "instance",
                  "vpcID": "vpc-01559cc551ee9ce1f"
                }
              },
              "type": [
                "object",
                {
                  "apiVersion": "string",
                  "kind": "string",
                  "metadata": [
                    "object",
                    {
                      "annotations": [
                        "map",
                        "string"
                      ],
                      "creationTimestamp": "string",
                      "deletionGracePeriodSeconds": "number",
                      "deletionTimestamp": "string",
                      "finalizers": [
                        "list",
                        "string"
                      ],
                      "generateName": "string",
                      "generation": "number",
                      "labels": [
                        "map",
                        "string"
                      ],
                      "managedFields": [
                        "tuple",
                        [
                          [
                            "object",
                            {
                              "apiVersion": "string",
                              "fieldsType": "string",
                              "fieldsV1": "dynamic",
                              "manager": "string",
                              "operation": "string",
                              "subresource": "string",
                              "time": "string"
                            }
                          ]
                        ]
                      ],
                      "name": "string",
                      "namespace": "string",
                      "ownerReferences": [
                        "list",
                        [
                          "object",
                          {
                            "apiVersion": "string",
                            "blockOwnerDeletion": "bool",
                            "controller": "bool",
                            "kind": "string",
                            "name": "string",
                            "uid": "string"
                          }
                        ]
                      ],
                      "resourceVersion": "string",
                      "selfLink": "string",
                      "uid": "string"
                    }
                  ],
                  "spec": [
                    "object",
                    {
                      "assumeRoleExternalId": "string",
                      "iamRoleArnToAssume": "string",
                      "ipAddressType": "string",
                      "multiClusterTargetGroup": "bool",
                      "networking": [
                        "object",
                        {
                          "ingress": [
                            "list",
                            [
                              "object",
                              {
                                "from": [
                                  "list",
                                  [
                                    "object",
                                    {
                                      "ipBlock": [
                                        "object",
                                        {
                                          "cidr": "string"
                                        }
                                      ],
                                      "securityGroup": [
                                        "object",
                                        {
                                          "groupID": "string"
                                        }
                                      ]
                                    }
                                  ]
                                ],
                                "ports": [
                                  "list",
                                  [
                                    "object",
                                    {
                                      "port": "string",
                                      "protocol": "string"
                                    }
                                  ]
                                ]
                              }
                            ]
                          ]
                        }
                      ],
                      "nodeSelector": [
                        "object",
                        {
                          "matchExpressions": [
                            "list",
                            [
                              "object",
                              {
                                "key": "string",
                                "operator": "string",
                                "values": [
                                  "list",
                                  "string"
                                ]
                              }
                            ]
                          ],
                          "matchLabels": [
                            "map",
                            "string"
                          ]
                        }
                      ],
                      "serviceRef": [
                        "object",
                        {
                          "name": "string",
                          "port": "string"
                        }
                      ],
                      "targetGroupARN": "string",
                      "targetGroupName": "string",
                      "targetGroupProtocol": "string",
                      "targetType": "string",
                      "vpcID": "string"
                    }
                  ]
                }
              ]
            },
            "timeouts": [],
            "wait": [],
            "wait_for": null
          },
          "sensitive_attributes": [],
          "identity_schema_version": 1,
          "identity": {
            "api_version": "elbv2.k8s.aws/v1beta1",
            "kind": "TargetGroupBinding",
            "name": "airflow-uat-binding",
            "namespace": "uat"
          },
          "dependencies": [
            "aws_lb_target_group.main_uat",
            "data.aws_eks_cluster.cluster"
          ]
        },
        {
          "index_key": "common-service-uat",
          "schema_version": 1,
          "attributes": {
            "computed_fields": null,
            "field_manager": [],
            "manifest": {
              "value": {
                "apiVersion": "elbv2.k8s.aws/v1beta1",
                "kind": "TargetGroupBinding",
                "metadata": {
                  "name": "common-service-uat-binding",
                  "namespace": "uat"
                },
                "spec": {
                  "serviceRef": {
                    "name": "common-service-service-uat",
                    "port": 8000
                  },
                  "targetGroupARN": "arn:aws:elasticloadbalancing:ap-south-1:010438478476:targetgroup/k8s-common-service-uat/5e966d25abdb5f1f",
                  "targetType": "instance"
                }
              },
              "type": [
                "object",
                {
                  "apiVersion": "string",
                  "kind": "string",
                  "metadata": [
                    "object",
                    {
                      "name": "string",
                      "namespace": "string"
                    }
                  ],
                  "spec": [
                    "object",
                    {
                      "serviceRef": [
                        "object",
                        {
                          "name": "string",
                          "port": "number"
                        }
                      ],
                      "targetGroupARN": "string",
                      "targetType": "string"
                    }
                  ]
                }
              ]
            },
            "object": {
              "value": {
                "apiVersion": "elbv2.k8s.aws/v1beta1",
                "kind": "TargetGroupBinding",
                "metadata": {
                  "annotations": {
                    "elbv2.k8s.aws/checkpoint": "gcznupLOsy0LY0OKRmPF9DVtNexDJApHKmTJ3_Pl_8Q/oW-RIm7lDBBkPXn2EMHsQZDsOjS-FvYlcb1NAIbVK54",
                    "elbv2.k8s.aws/checkpoint-timestamp": "1773911848"
                  },
                  "creationTimestamp": null,
                  "deletionGracePeriodSeconds": null,
                  "deletionTimestamp": null,
                  "finalizers": [
                    "elbv2.k8s.aws/resources"
                  ],
                  "generateName": null,
                  "generation": null,
                  "labels": null,
                  "managedFields": null,
                  "name": "common-service-uat-binding",
                  "namespace": "uat",
                  "ownerReferences": null,
                  "resourceVersion": null,
                  "selfLink": null,
                  "uid": null
                },
                "spec": {
                  "assumeRoleExternalId": null,
                  "iamRoleArnToAssume": null,
                  "ipAddressType": "ipv4",
                  "multiClusterTargetGroup": null,
                  "networking": {
                    "ingress": null
                  },
                  "nodeSelector": {
                    "matchExpressions": null,
                    "matchLabels": null
                  },
                  "serviceRef": {
                    "name": "common-service-service-uat",
                    "port": "8000"
                  },
                  "targetGroupARN": "arn:aws:elasticloadbalancing:ap-south-1:010438478476:targetgroup/k8s-common-service-uat/5e966d25abdb5f1f",
                  "targetGroupName": null,
                  "targetGroupProtocol": "HTTP",
                  "targetType": "instance",
                  "vpcID": "vpc-01559cc551ee9ce1f"
                }
              },
              "type": [
                "object",
                {
                  "apiVersion": "string",
                  "kind": "string",
                  "metadata": [
                    "object",
                    {
                      "annotations": [
                        "map",
                        "string"
                      ],
                      "creationTimestamp": "string",
                      "deletionGracePeriodSeconds": "number",
                      "deletionTimestamp": "string",
                      "finalizers": [
                        "list",
                        "string"
                      ],
                      "generateName": "string",
                      "generation": "number",
                      "labels": [
                        "map",
                        "string"
                      ],
                      "managedFields": [
                        "tuple",
                        [
                          [
                            "object",
                            {
                              "apiVersion": "string",
                              "fieldsType": "string",
                              "fieldsV1": "dynamic",
                              "manager": "string",
                              "operation": "string",
                              "subresource": "string",
                              "time": "string"
                            }
                          ]
                        ]
                      ],
                      "name": "string",
                      "namespace": "string",
                      "ownerReferences": [
                        "list",
                        [
                          "object",
                          {
                            "apiVersion": "string",
                            "blockOwnerDeletion": "bool",
                            "controller": "bool",
                            "kind": "string",
                            "name": "string",
                            "uid": "string"
                          }
                        ]
                      ],
                      "resourceVersion": "string",
                      "selfLink": "string",
                      "uid": "string"
                    }
                  ],
                  "spec": [
                    "object",
                    {
                      "assumeRoleExternalId": "string",
                      "iamRoleArnToAssume": "string",
                      "ipAddressType": "string",
                      "multiClusterTargetGroup": "bool",
                      "networking": [
                        "object",
                        {
                          "ingress": [
                            "list",
                            [
                              "object",
                              {
                                "from": [
                                  "list",
                                  [
                                    "object",
                                    {
                                      "ipBlock": [
                                        "object",
                                        {
                                          "cidr": "string"
                                        }
                                      ],
                                      "securityGroup": [
                                        "object",
                                        {
                                          "groupID": "string"
                                        }
                                      ]
                                    }
                                  ]
                                ],
                                "ports": [
                                  "list",
                                  [
                                    "object",
                                    {
                                      "port": "string",
                                      "protocol": "string"
                                    }
                                  ]
                                ]
                              }
                            ]
                          ]
                        }
                      ],
                      "nodeSelector": [
                        "object",
                        {
                          "matchExpressions": [
                            "list",
                            [
                              "object",
                              {
                                "key": "string",
                                "operator": "string",
                                "values": [
                                  "list",
                                  "string"
                                ]
                              }
                            ]
                          ],
                          "matchLabels": [
                            "map",
                            "string"
                          ]
                        }
                      ],
                      "serviceRef": [
                        "object",
                        {
                          "name": "string",
                          "port": "string"
                        }
                      ],
                      "targetGroupARN": "string",
                      "targetGroupName": "string",
                      "targetGroupProtocol": "string",
                      "targetType": "string",
                      "vpcID": "string"
                    }
                  ]
                }
              ]
            },
            "timeouts": [],
            "wait": [],
            "wait_for": null
          },
          "sensitive_attributes": [],
          "identity_schema_version": 1,
          "identity": {
            "api_version": "elbv2.k8s.aws/v1beta1",
            "kind": "TargetGroupBinding",
            "name": "common-service-uat-binding",
            "namespace": "uat"
          },
          "dependencies": [
            "aws_lb_target_group.main_uat",
            "data.aws_eks_cluster.cluster"
          ]
        },
        {
          "index_key": "doc-classification-uat",
          "schema_version": 1,
          "attributes": {
            "computed_fields": null,
            "field_manager": [],
            "manifest": {
              "value": {
                "apiVersion": "elbv2.k8s.aws/v1beta1",
                "kind": "TargetGroupBinding",
                "metadata": {
                  "name": "doc-classification-uat-binding",
                  "namespace": "uat"
                },
                "spec": {
                  "serviceRef": {
                    "name": "doc-classification-service-uat",
                    "port": 8006
                  },
                  "targetGroupARN": "arn:aws:elasticloadbalancing:ap-south-1:010438478476:targetgroup/k8s-doc-classification-uat/c3b699822ea398c6",
                  "targetType": "instance"
                }
              },
              "type": [
                "object",
                {
                  "apiVersion": "string",
                  "kind": "string",
                  "metadata": [
                    "object",
                    {
                      "name": "string",
                      "namespace": "string"
                    }
                  ],
                  "spec": [
                    "object",
                    {
                      "serviceRef": [
                        "object",
                        {
                          "name": "string",
                          "port": "number"
                        }
                      ],
                      "targetGroupARN": "string",
                      "targetType": "string"
                    }
                  ]
                }
              ]
            },
            "object": {
              "value": {
                "apiVersion": "elbv2.k8s.aws/v1beta1",
                "kind": "TargetGroupBinding",
                "metadata": {
                  "annotations": {
                    "elbv2.k8s.aws/checkpoint": "l2o-LRkb2cea28Wwnk9LQTPdmRygSFDJwMDS_fRTxtw/Co-MDX1JfdHmcfrNcDr2w7pJJmUhJn0Q3xZOZ7KGC94",
                    "elbv2.k8s.aws/checkpoint-timestamp": "1773911562"
                  },
                  "creationTimestamp": null,
                  "deletionGracePeriodSeconds": null,
                  "deletionTimestamp": null,
                  "finalizers": [
                    "elbv2.k8s.aws/resources"
                  ],
                  "generateName": null,
                  "generation": null,
                  "labels": null,
                  "managedFields": null,
                  "name": "doc-classification-uat-binding",
                  "namespace": "uat",
                  "ownerReferences": null,
                  "resourceVersion": null,
                  "selfLink": null,
                  "uid": null
                },
                "spec": {
                  "assumeRoleExternalId": null,
                  "iamRoleArnToAssume": null,
                  "ipAddressType": "ipv4",
                  "multiClusterTargetGroup": null,
                  "networking": {
                    "ingress": null
                  },
                  "nodeSelector": {
                    "matchExpressions": null,
                    "matchLabels": null
                  },
                  "serviceRef": {
                    "name": "doc-classification-service-uat",
                    "port": "8006"
                  },
                  "targetGroupARN": "arn:aws:elasticloadbalancing:ap-south-1:010438478476:targetgroup/k8s-doc-classification-uat/c3b699822ea398c6",
                  "targetGroupName": null,
                  "targetGroupProtocol": "HTTP",
                  "targetType": "instance",
                  "vpcID": "vpc-01559cc551ee9ce1f"
                }
              },
              "type": [
                "object",
                {
                  "apiVersion": "string",
                  "kind": "string",
                  "metadata": [
                    "object",
                    {
                      "annotations": [
                        "map",
                        "string"
                      ],
                      "creationTimestamp": "string",
                      "deletionGracePeriodSeconds": "number",
                      "deletionTimestamp": "string",
                      "finalizers": [
                        "list",
                        "string"
                      ],
                      "generateName": "string",
                      "generation": "number",
                      "labels": [
                        "map",
                        "string"
                      ],
                      "managedFields": [
                        "tuple",
                        [
                          [
                            "object",
                            {
                              "apiVersion": "string",
                              "fieldsType": "string",
                              "fieldsV1": "dynamic",
                              "manager": "string",
                              "operation": "string",
                              "subresource": "string",
                              "time": "string"
                            }
                          ]
                        ]
                      ],
                      "name": "string",
                      "namespace": "string",
                      "ownerReferences": [
                        "list",
                        [
                          "object",
                          {
                            "apiVersion": "string",
                            "blockOwnerDeletion": "bool",
                            "controller": "bool",
                            "kind": "string",
                            "name": "string",
                            "uid": "string"
                          }
                        ]
                      ],
                      "resourceVersion": "string",
                      "selfLink": "string",
                      "uid": "string"
                    }
                  ],
                  "spec": [
                    "object",
                    {
                      "assumeRoleExternalId": "string",
                      "iamRoleArnToAssume": "string",
                      "ipAddressType": "string",
                      "multiClusterTargetGroup": "bool",
                      "networking": [
                        "object",
                        {
                          "ingress": [
                            "list",
                            [
                              "object",
                              {
                                "from": [
                                  "list",
                                  [
                                    "object",
                                    {
                                      "ipBlock": [
                                        "object",
                                        {
                                          "cidr": "string"
                                        }
                                      ],
                                      "securityGroup": [
                                        "object",
                                        {
                                          "groupID": "string"
                                        }
                                      ]
                                    }
                                  ]
                                ],
                                "ports": [
                                  "list",
                                  [
                                    "object",
                                    {
                                      "port": "string",
                                      "protocol": "string"
                                    }
                                  ]
                                ]
                              }
                            ]
                          ]
                        }
                      ],
                      "nodeSelector": [
                        "object",
                        {
                          "matchExpressions": [
                            "list",
                            [
                              "object",
                              {
                                "key": "string",
                                "operator": "string",
                                "values": [
                                  "list",
                                  "string"
                                ]
                              }
                            ]
                          ],
                          "matchLabels": [
                            "map",
                            "string"
                          ]
                        }
                      ],
                      "serviceRef": [
                        "object",
                        {
                          "name": "string",
                          "port": "string"
                        }
                      ],
                      "targetGroupARN": "string",
                      "targetGroupName": "string",
                      "targetGroupProtocol": "string",
                      "targetType": "string",
                      "vpcID": "string"
                    }
                  ]
                }
              ]
            },
            "timeouts": [],
            "wait": [],
            "wait_for": null
          },
          "sensitive_attributes": [],
          "identity_schema_version": 1,
          "identity": {
            "api_version": "elbv2.k8s.aws/v1beta1",
            "kind": "TargetGroupBinding",
            "name": "doc-classification-uat-binding",
            "namespace": "uat"
          },
          "dependencies": [
            "aws_lb_target_group.main_uat",
            "data.aws_eks_cluster.cluster"
          ]
        },
        {
          "index_key": "doc-field-extraction-uat",
          "schema_version": 1,
          "attributes": {
            "computed_fields": null,
            "field_manager": [],
            "manifest": {
              "value": {
                "apiVersion": "elbv2.k8s.aws/v1beta1",
                "kind": "TargetGroupBinding",
                "metadata": {
                  "name": "doc-field-extraction-uat-binding",
                  "namespace": "uat"
                },
                "spec": {
                  "serviceRef": {
                    "name": "doc-field-extraction-service-uat",
                    "port": 8004
                  },
                  "targetGroupARN": "arn:aws:elasticloadbalancing:ap-south-1:010438478476:targetgroup/k8s-doc-field-extraction-uat/552b1960951454f8",
                  "targetType": "instance"
                }
              },
              "type": [
                "object",
                {
                  "apiVersion": "string",
                  "kind": "string",
                  "metadata": [
                    "object",
                    {
                      "name": "string",
                      "namespace": "string"
                    }
                  ],
                  "spec": [
                    "object",
                    {
                      "serviceRef": [
                        "object",
                        {
                          "name": "string",
                          "port": "number"
                        }
                      ],
                      "targetGroupARN": "string",
                      "targetType": "string"
                    }
                  ]
                }
              ]
            },
            "object": {
              "value": {
                "apiVersion": "elbv2.k8s.aws/v1beta1",
                "kind": "TargetGroupBinding",
                "metadata": {
                  "annotations": {
                    "elbv2.k8s.aws/checkpoint": "AT0OPlv92Le8oC34Xgp3nig4spoY44ftu7R5xciokEo/rCVQ_fyVyGMxWThwvFTCZGs9BGVO7RhPmW0fC31jxOc",
                    "elbv2.k8s.aws/checkpoint-timestamp": "1773911340"
                  },
                  "creationTimestamp": null,
                  "deletionGracePeriodSeconds": null,
                  "deletionTimestamp": null,
                  "finalizers": [
                    "elbv2.k8s.aws/resources"
                  ],
                  "generateName": null,
                  "generation": null,
                  "labels": null,
                  "managedFields": null,
                  "name": "doc-field-extraction-uat-binding",
                  "namespace": "uat",
                  "ownerReferences": null,
                  "resourceVersion": null,
                  "selfLink": null,
                  "uid": null
                },
                "spec": {
                  "assumeRoleExternalId": null,
                  "iamRoleArnToAssume": null,
                  "ipAddressType": "ipv4",
                  "multiClusterTargetGroup": null,
                  "networking": {
                    "ingress": null
                  },
                  "nodeSelector": {
                    "matchExpressions": null,
                    "matchLabels": null
                  },
                  "serviceRef": {
                    "name": "doc-field-extraction-service-uat",
                    "port": "8004"
                  },
                  "targetGroupARN": "arn:aws:elasticloadbalancing:ap-south-1:010438478476:targetgroup/k8s-doc-field-extraction-uat/552b1960951454f8",
                  "targetGroupName": null,
                  "targetGroupProtocol": "HTTP",
                  "targetType": "instance",
                  "vpcID": "vpc-01559cc551ee9ce1f"
                }
              },
              "type": [
                "object",
                {
                  "apiVersion": "string",
                  "kind": "string",
                  "metadata": [
                    "object",
                    {
                      "annotations": [
                        "map",
                        "string"
                      ],
                      "creationTimestamp": "string",
                      "deletionGracePeriodSeconds": "number",
                      "deletionTimestamp": "string",
                      "finalizers": [
                        "list",
                        "string"
                      ],
                      "generateName": "string",
                      "generation": "number",
                      "labels": [
                        "map",
                        "string"
                      ],
                      "managedFields": [
                        "tuple",
                        [
                          [
                            "object",
                            {
                              "apiVersion": "string",
                              "fieldsType": "string",
                              "fieldsV1": "dynamic",
                              "manager": "string",
                              "operation": "string",
                              "subresource": "string",
                              "time": "string"
                            }
                          ]
                        ]
                      ],
                      "name": "string",
                      "namespace": "string",
                      "ownerReferences": [
                        "list",
                        [
                          "object",
                          {
                            "apiVersion": "string",
                            "blockOwnerDeletion": "bool",
                            "controller": "bool",
                            "kind": "string",
                            "name": "string",
                            "uid": "string"
                          }
                        ]
                      ],
                      "resourceVersion": "string",
                      "selfLink": "string",
                      "uid": "string"
                    }
                  ],
                  "spec": [
                    "object",
                    {
                      "assumeRoleExternalId": "string",
                      "iamRoleArnToAssume": "string",
                      "ipAddressType": "string",
                      "multiClusterTargetGroup": "bool",
                      "networking": [
                        "object",
                        {
                          "ingress": [
                            "list",
                            [
                              "object",
                              {
                                "from": [
                                  "list",
                                  [
                                    "object",
                                    {
                                      "ipBlock": [
                                        "object",
                                        {
                                          "cidr": "string"
                                        }
                                      ],
                                      "securityGroup": [
                                        "object",
                                        {
                                          "groupID": "string"
                                        }
                                      ]
                                    }
                                  ]
                                ],
                                "ports": [
                                  "list",
                                  [
                                    "object",
                                    {
                                      "port": "string",
                                      "protocol": "string"
                                    }
                                  ]
                                ]
                              }
                            ]
                          ]
                        }
                      ],
                      "nodeSelector": [
                        "object",
                        {
                          "matchExpressions": [
                            "list",
                            [
                              "object",
                              {
                                "key": "string",
                                "operator": "string",
                                "values": [
                                  "list",
                                  "string"
                                ]
                              }
                            ]
                          ],
                          "matchLabels": [
                            "map",
                            "string"
                          ]
                        }
                      ],
                      "serviceRef": [
                        "object",
                        {
                          "name": "string",
                          "port": "string"
                        }
                      ],
                      "targetGroupARN": "string",
                      "targetGroupName": "string",
                      "targetGroupProtocol": "string",
                      "targetType": "string",
                      "vpcID": "string"
                    }
                  ]
                }
              ]
            },
            "timeouts": [],
            "wait": [],
            "wait_for": null
          },
          "sensitive_attributes": [],
          "identity_schema_version": 1,
          "identity": {
            "api_version": "elbv2.k8s.aws/v1beta1",
            "kind": "TargetGroupBinding",
            "name": "doc-field-extraction-uat-binding",
            "namespace": "uat"
          },
          "dependencies": [
            "aws_lb_target_group.main_uat",
            "data.aws_eks_cluster.cluster"
          ]
        },
        {
          "index_key": "doc-page-classification-uat",
          "schema_version": 1,
          "attributes": {
            "computed_fields": null,
            "field_manager": [],
            "manifest": {
              "value": {
                "apiVersion": "elbv2.k8s.aws/v1beta1",
                "kind": "TargetGroupBinding",
                "metadata": {
                  "name": "doc-page-classification-uat-binding",
                  "namespace": "uat"
                },
                "spec": {
                  "serviceRef": {
                    "name": "doc-page-classification-service-uat",
                    "port": 8003
                  },
                  "targetGroupARN": "arn:aws:elasticloadbalancing:ap-south-1:010438478476:targetgroup/k8s-doc-page-classification-uat/ee93c6da24a1a2cb",
                  "targetType": "instance"
                }
              },
              "type": [
                "object",
                {
                  "apiVersion": "string",
                  "kind": "string",
                  "metadata": [
                    "object",
                    {
                      "name": "string",
                      "namespace": "string"
                    }
                  ],
                  "spec": [
                    "object",
                    {
                      "serviceRef": [
                        "object",
                        {
                          "name": "string",
                          "port": "number"
                        }
                      ],
                      "targetGroupARN": "string",
                      "targetType": "string"
                    }
                  ]
                }
              ]
            },
            "object": {
              "value": {
                "apiVersion": "elbv2.k8s.aws/v1beta1",
                "kind": "TargetGroupBinding",
                "metadata": {
                  "annotations": {
                    "elbv2.k8s.aws/checkpoint": "B6Kd52sKM24ymW5B0Oa6Prlm0yoveD9Q5wUqUnc00co/4Lgocyh2QN5sMW7DFgcid4_43e_Wqq85XtxOQp_iGPQ",
                    "elbv2.k8s.aws/checkpoint-timestamp": "1773911685"
                  },
                  "creationTimestamp": null,
                  "deletionGracePeriodSeconds": null,
                  "deletionTimestamp": null,
                  "finalizers": [
                    "elbv2.k8s.aws/resources"
                  ],
                  "generateName": null,
                  "generation": null,
                  "labels": null,
                  "managedFields": null,
                  "name": "doc-page-classification-uat-binding",
                  "namespace": "uat",
                  "ownerReferences": null,
                  "resourceVersion": null,
                  "selfLink": null,
                  "uid": null
                },
                "spec": {
                  "assumeRoleExternalId": null,
                  "iamRoleArnToAssume": null,
                  "ipAddressType": "ipv4",
                  "multiClusterTargetGroup": null,
                  "networking": {
                    "ingress": null
                  },
                  "nodeSelector": {
                    "matchExpressions": null,
                    "matchLabels": null
                  },
                  "serviceRef": {
                    "name": "doc-page-classification-service-uat",
                    "port": "8003"
                  },
                  "targetGroupARN": "arn:aws:elasticloadbalancing:ap-south-1:010438478476:targetgroup/k8s-doc-page-classification-uat/ee93c6da24a1a2cb",
                  "targetGroupName": null,
                  "targetGroupProtocol": "HTTP",
                  "targetType": "instance",
                  "vpcID": "vpc-01559cc551ee9ce1f"
                }
              },
              "type": [
                "object",
                {
                  "apiVersion": "string",
                  "kind": "string",
                  "metadata": [
                    "object",
                    {
                      "annotations": [
                        "map",
                        "string"
                      ],
                      "creationTimestamp": "string",
                      "deletionGracePeriodSeconds": "number",
                      "deletionTimestamp": "string",
                      "finalizers": [
                        "list",
                        "string"
                      ],
                      "generateName": "string",
                      "generation": "number",
                      "labels": [
                        "map",
                        "string"
                      ],
                      "managedFields": [
                        "tuple",
                        [
                          [
                            "object",
                            {
                              "apiVersion": "string",
                              "fieldsType": "string",
                              "fieldsV1": "dynamic",
                              "manager": "string",
                              "operation": "string",
                              "subresource": "string",
                              "time": "string"
                            }
                          ]
                        ]
                      ],
                      "name": "string",
                      "namespace": "string",
                      "ownerReferences": [
                        "list",
                        [
                          "object",
                          {
                            "apiVersion": "string",
                            "blockOwnerDeletion": "bool",
                            "controller": "bool",
                            "kind": "string",
                            "name": "string",
                            "uid": "string"
                          }
                        ]
                      ],
                      "resourceVersion": "string",
                      "selfLink": "string",
                      "uid": "string"
                    }
                  ],
                  "spec": [
                    "object",
                    {
                      "assumeRoleExternalId": "string",
                      "iamRoleArnToAssume": "string",
                      "ipAddressType": "string",
                      "multiClusterTargetGroup": "bool",
                      "networking": [
                        "object",
                        {
                          "ingress": [
                            "list",
                            [
                              "object",
                              {
                                "from": [
                                  "list",
                                  [
                                    "object",
                                    {
                                      "ipBlock": [
                                        "object",
                                        {
                                          "cidr": "string"
                                        }
                                      ],
                                      "securityGroup": [
                                        "object",
                                        {
                                          "groupID": "string"
                                        }
                                      ]
                                    }
                                  ]
                                ],
                                "ports": [
                                  "list",
                                  [
                                    "object",
                                    {
                                      "port": "string",
                                      "protocol": "string"
                                    }
                                  ]
                                ]
                              }
                            ]
                          ]
                        }
                      ],
                      "nodeSelector": [
                        "object",
                        {
                          "matchExpressions": [
                            "list",
                            [
                              "object",
                              {
                                "key": "string",
                                "operator": "string",
                                "values": [
                                  "list",
                                  "string"
                                ]
                              }
                            ]
                          ],
                          "matchLabels": [
                            "map",
                            "string"
                          ]
                        }
                      ],
                      "serviceRef": [
                        "object",
                        {
                          "name": "string",
                          "port": "string"
                        }
                      ],
                      "targetGroupARN": "string",
                      "targetGroupName": "string",
                      "targetGroupProtocol": "string",
                      "targetType": "string",
                      "vpcID": "string"
                    }
                  ]
                }
              ]
            },
            "timeouts": [],
            "wait": [],
            "wait_for": null
          },
          "sensitive_attributes": [],
          "identity_schema_version": 1,
          "identity": {
            "api_version": "elbv2.k8s.aws/v1beta1",
            "kind": "TargetGroupBinding",
            "name": "doc-page-classification-uat-binding",
            "namespace": "uat"
          },
          "dependencies": [
            "aws_lb_target_group.main_uat",
            "data.aws_eks_cluster.cluster"
          ]
        },
        {
          "index_key": "etl-uat",
          "schema_version": 1,
          "attributes": {
            "computed_fields": null,
            "field_manager": [],
            "manifest": {
              "value": {
                "apiVersion": "elbv2.k8s.aws/v1beta1",
                "kind": "TargetGroupBinding",
                "metadata": {
                  "name": "etl-uat-binding",
                  "namespace": "uat"
                },
                "spec": {
                  "serviceRef": {
                    "name": "etl-deployment-uat",
                    "port": 5000
                  },
                  "targetGroupARN": "arn:aws:elasticloadbalancing:ap-south-1:010438478476:targetgroup/k8s-etl-uat/3dddadaebb494c21",
                  "targetType": "instance"
                }
              },
              "type": [
                "object",
                {
                  "apiVersion": "string",
                  "kind": "string",
                  "metadata": [
                    "object",
                    {
                      "name": "string",
                      "namespace": "string"
                    }
                  ],
                  "spec": [
                    "object",
                    {
                      "serviceRef": [
                        "object",
                        {
                          "name": "string",
                          "port": "number"
                        }
                      ],
                      "targetGroupARN": "string",
                      "targetType": "string"
                    }
                  ]
                }
              ]
            },
            "object": {
              "value": {
                "apiVersion": "elbv2.k8s.aws/v1beta1",
                "kind": "TargetGroupBinding",
                "metadata": {
                  "annotations": {
                    "elbv2.k8s.aws/checkpoint": "e-Ikv8Iw3myQrhvSFrMHzLOT0rd2X2ENJnU8F8eQvKY/l-uY_oirMlT66Yh6y2ZU-SDc4NtacC4FvZMZGnowglA",
                    "elbv2.k8s.aws/checkpoint-timestamp": "1773911259"
                  },
                  "creationTimestamp": null,
                  "deletionGracePeriodSeconds": null,
                  "deletionTimestamp": null,
                  "finalizers": [
                    "elbv2.k8s.aws/resources"
                  ],
                  "generateName": null,
                  "generation": null,
                  "labels": null,
                  "managedFields": null,
                  "name": "etl-uat-binding",
                  "namespace": "uat",
                  "ownerReferences": null,
                  "resourceVersion": null,
                  "selfLink": null,
                  "uid": null
                },
                "spec": {
                  "assumeRoleExternalId": null,
                  "iamRoleArnToAssume": null,
                  "ipAddressType": "ipv4",
                  "multiClusterTargetGroup": null,
                  "networking": {
                    "ingress": null
                  },
                  "nodeSelector": {
                    "matchExpressions": null,
                    "matchLabels": null
                  },
                  "serviceRef": {
                    "name": "etl-deployment-uat",
                    "port": "5000"
                  },
                  "targetGroupARN": "arn:aws:elasticloadbalancing:ap-south-1:010438478476:targetgroup/k8s-etl-uat/3dddadaebb494c21",
                  "targetGroupName": null,
                  "targetGroupProtocol": "HTTP",
                  "targetType": "instance",
                  "vpcID": "vpc-01559cc551ee9ce1f"
                }
              },
              "type": [
                "object",
                {
                  "apiVersion": "string",
                  "kind": "string",
                  "metadata": [
                    "object",
                    {
                      "annotations": [
                        "map",
                        "string"
                      ],
                      "creationTimestamp": "string",
                      "deletionGracePeriodSeconds": "number",
                      "deletionTimestamp": "string",
                      "finalizers": [
                        "list",
                        "string"
                      ],
                      "generateName": "string",
                      "generation": "number",
                      "labels": [
                        "map",
                        "string"
                      ],
                      "managedFields": [
                        "tuple",
                        [
                          [
                            "object",
                            {
                              "apiVersion": "string",
                              "fieldsType": "string",
                              "fieldsV1": "dynamic",
                              "manager": "string",
                              "operation": "string",
                              "subresource": "string",
                              "time": "string"
                            }
                          ]
                        ]
                      ],
                      "name": "string",
                      "namespace": "string",
                      "ownerReferences": [
                        "list",
                        [
                          "object",
                          {
                            "apiVersion": "string",
                            "blockOwnerDeletion": "bool",
                            "controller": "bool",
                            "kind": "string",
                            "name": "string",
                            "uid": "string"
                          }
                        ]
                      ],
                      "resourceVersion": "string",
                      "selfLink": "string",
                      "uid": "string"
                    }
                  ],
                  "spec": [
                    "object",
                    {
                      "assumeRoleExternalId": "string",
                      "iamRoleArnToAssume": "string",
                      "ipAddressType": "string",
                      "multiClusterTargetGroup": "bool",
                      "networking": [
                        "object",
                        {
                          "ingress": [
                            "list",
                            [
                              "object",
                              {
                                "from": [
                                  "list",
                                  [
                                    "object",
                                    {
                                      "ipBlock": [
                                        "object",
                                        {
                                          "cidr": "string"
                                        }
                                      ],
                                      "securityGroup": [
                                        "object",
                                        {
                                          "groupID": "string"
                                        }
                                      ]
                                    }
                                  ]
                                ],
                                "ports": [
                                  "list",
                                  [
                                    "object",
                                    {
                                      "port": "string",
                                      "protocol": "string"
                                    }
                                  ]
                                ]
                              }
                            ]
                          ]
                        }
                      ],
                      "nodeSelector": [
                        "object",
                        {
                          "matchExpressions": [
                            "list",
                            [
                              "object",
                              {
                                "key": "string",
                                "operator": "string",
                                "values": [
                                  "list",
                                  "string"
                                ]
                              }
                            ]
                          ],
                          "matchLabels": [
                            "map",
                            "string"
                          ]
                        }
                      ],
                      "serviceRef": [
                        "object",
                        {
                          "name": "string",
                          "port": "string"
                        }
                      ],
                      "targetGroupARN": "string",
                      "targetGroupName": "string",
                      "targetGroupProtocol": "string",
                      "targetType": "string",
                      "vpcID": "string"
                    }
                  ]
                }
              ]
            },
            "timeouts": [],
            "wait": [],
            "wait_for": null
          },
          "sensitive_attributes": [],
          "identity_schema_version": 1,
          "identity": {
            "api_version": "elbv2.k8s.aws/v1beta1",
            "kind": "TargetGroupBinding",
            "name": "etl-uat-binding",
            "namespace": "uat"
          },
          "dependencies": [
            "aws_lb_target_group.main_uat",
            "data.aws_eks_cluster.cluster"
          ]
        },
        {
          "index_key": "frame-uat",
          "schema_version": 1,
          "attributes": {
            "computed_fields": null,
            "field_manager": [],
            "manifest": {
              "value": {
                "apiVersion": "elbv2.k8s.aws/v1beta1",
                "kind": "TargetGroupBinding",
                "metadata": {
                  "name": "frame-uat-binding",
                  "namespace": "uat"
                },
                "spec": {
                  "serviceRef": {
                    "name": "frame-service-uat",
                    "port": 8040
                  },
                  "targetGroupARN": "arn:aws:elasticloadbalancing:ap-south-1:010438478476:targetgroup/k8s-frame-uat/d62638844752ae9d",
                  "targetType": "instance"
                }
              },
              "type": [
                "object",
                {
                  "apiVersion": "string",
                  "kind": "string",
                  "metadata": [
                    "object",
                    {
                      "name": "string",
                      "namespace": "string"
                    }
                  ],
                  "spec": [
                    "object",
                    {
                      "serviceRef": [
                        "object",
                        {
                          "name": "string",
                          "port": "number"
                        }
                      ],
                      "targetGroupARN": "string",
                      "targetType": "string"
                    }
                  ]
                }
              ]
            },
            "object": {
              "value": {
                "apiVersion": "elbv2.k8s.aws/v1beta1",
                "kind": "TargetGroupBinding",
                "metadata": {
                  "annotations": {
                    "elbv2.k8s.aws/checkpoint": "6svIdiBZJQn93akYVraekZJpnrFdqcc70PG1RGnb_kM/gczyAC4e8hqEYAHSIDtpHc2EDFrHe3eJ231Hex-2dwQ",
                    "elbv2.k8s.aws/checkpoint-timestamp": "1773911536"
                  },
                  "creationTimestamp": null,
                  "deletionGracePeriodSeconds": null,
                  "deletionTimestamp": null,
                  "finalizers": [
                    "elbv2.k8s.aws/resources"
                  ],
                  "generateName": null,
                  "generation": null,
                  "labels": null,
                  "managedFields": null,
                  "name": "frame-uat-binding",
                  "namespace": "uat",
                  "ownerReferences": null,
                  "resourceVersion": null,
                  "selfLink": null,
                  "uid": null
                },
                "spec": {
                  "assumeRoleExternalId": null,
                  "iamRoleArnToAssume": null,
                  "ipAddressType": "ipv4",
                  "multiClusterTargetGroup": null,
                  "networking": {
                    "ingress": null
                  },
                  "nodeSelector": {
                    "matchExpressions": null,
                    "matchLabels": null
                  },
                  "serviceRef": {
                    "name": "frame-service-uat",
                    "port": "8040"
                  },
                  "targetGroupARN": "arn:aws:elasticloadbalancing:ap-south-1:010438478476:targetgroup/k8s-frame-uat/d62638844752ae9d",
                  "targetGroupName": null,
                  "targetGroupProtocol": "HTTP",
                  "targetType": "instance",
                  "vpcID": "vpc-01559cc551ee9ce1f"
                }
              },
              "type": [
                "object",
                {
                  "apiVersion": "string",
                  "kind": "string",
                  "metadata": [
                    "object",
                    {
                      "annotations": [
                        "map",
                        "string"
                      ],
                      "creationTimestamp": "string",
                      "deletionGracePeriodSeconds": "number",
                      "deletionTimestamp": "string",
                      "finalizers": [
                        "list",
                        "string"
                      ],
                      "generateName": "string",
                      "generation": "number",
                      "labels": [
                        "map",
                        "string"
                      ],
                      "managedFields": [
                        "tuple",
                        [
                          [
                            "object",
                            {
                              "apiVersion": "string",
                              "fieldsType": "string",
                              "fieldsV1": "dynamic",
                              "manager": "string",
                              "operation": "string",
                              "subresource": "string",
                              "time": "string"
                            }
                          ]
                        ]
                      ],
                      "name": "string",
                      "namespace": "string",
                      "ownerReferences": [
                        "list",
                        [
                          "object",
                          {
                            "apiVersion": "string",
                            "blockOwnerDeletion": "bool",
                            "controller": "bool",
                            "kind": "string",
                            "name": "string",
                            "uid": "string"
                          }
                        ]
                      ],
                      "resourceVersion": "string",
                      "selfLink": "string",
                      "uid": "string"
                    }
                  ],
                  "spec": [
                    "object",
                    {
                      "assumeRoleExternalId": "string",
                      "iamRoleArnToAssume": "string",
                      "ipAddressType": "string",
                      "multiClusterTargetGroup": "bool",
                      "networking": [
                        "object",
                        {
                          "ingress": [
                            "list",
                            [
                              "object",
                              {
                                "from": [
                                  "list",
                                  [
                                    "object",
                                    {
                                      "ipBlock": [
                                        "object",
                                        {
                                          "cidr": "string"
                                        }
                                      ],
                                      "securityGroup": [
                                        "object",
                                        {
                                          "groupID": "string"
                                        }
                                      ]
                                    }
                                  ]
                                ],
                                "ports": [
                                  "list",
                                  [
                                    "object",
                                    {
                                      "port": "string",
                                      "protocol": "string"
                                    }
                                  ]
                                ]
                              }
                            ]
                          ]
                        }
                      ],
                      "nodeSelector": [
                        "object",
                        {
                          "matchExpressions": [
                            "list",
                            [
                              "object",
                              {
                                "key": "string",
                                "operator": "string",
                                "values": [
                                  "list",
                                  "string"
                                ]
                              }
                            ]
                          ],
                          "matchLabels": [
                            "map",
                            "string"
                          ]
                        }
                      ],
                      "serviceRef": [
                        "object",
                        {
                          "name": "string",
                          "port": "string"
                        }
                      ],
                      "targetGroupARN": "string",
                      "targetGroupName": "string",
                      "targetGroupProtocol": "string",
                      "targetType": "string",
                      "vpcID": "string"
                    }
                  ]
                }
              ]
            },
            "timeouts": [],
            "wait": [],
            "wait_for": null
          },
          "sensitive_attributes": [],
          "identity_schema_version": 1,
          "identity": {
            "api_version": "elbv2.k8s.aws/v1beta1",
            "kind": "TargetGroupBinding",
            "name": "frame-uat-binding",
            "namespace": "uat"
          },
          "dependencies": [
            "aws_lb_target_group.main_uat",
            "data.aws_eks_cluster.cluster"
          ]
        },
        {
          "index_key": "fvrk-uat-tg",
          "schema_version": 1,
          "attributes": {
            "computed_fields": null,
            "field_manager": [],
            "manifest": {
              "value": {
                "apiVersion": "elbv2.k8s.aws/v1beta1",
                "kind": "TargetGroupBinding",
                "metadata": {
                  "name": "fvrk-uat-tg-binding",
                  "namespace": "uat"
                },
                "spec": {
                  "serviceRef": {
                    "name": "frame-validus-service-uat",
                    "port": 80
                  },
                  "targetGroupARN": "arn:aws:elasticloadbalancing:ap-south-1:010438478476:targetgroup/k8s-fvrk-uat-tg/92e5fe6e967ce241",
                  "targetType": "instance"
                }
              },
              "type": [
                "object",
                {
                  "apiVersion": "string",
                  "kind": "string",
                  "metadata": [
                    "object",
                    {
                      "name": "string",
                      "namespace": "string"
                    }
                  ],
                  "spec": [
                    "object",
                    {
                      "serviceRef": [
                        "object",
                        {
                          "name": "string",
                          "port": "number"
                        }
                      ],
                      "targetGroupARN": "string",
                      "targetType": "string"
                    }
                  ]
                }
              ]
            },
            "object": {
              "value": {
                "apiVersion": "elbv2.k8s.aws/v1beta1",
                "kind": "TargetGroupBinding",
                "metadata": {
                  "annotations": {
                    "elbv2.k8s.aws/checkpoint": "mmVW82l27kS0lhEleHqZKDT1m3DF2BwYQyjX7a53r_Q/ek6wDCb5HSLs1v9JyRzUQArHI-_8tHA4gWf6RCTg-PI",
                    "elbv2.k8s.aws/checkpoint-timestamp": "1773911140"
                  },
                  "creationTimestamp": null,
                  "deletionGracePeriodSeconds": null,
                  "deletionTimestamp": null,
                  "finalizers": [
                    "elbv2.k8s.aws/resources"
                  ],
                  "generateName": null,
                  "generation": null,
                  "labels": null,
                  "managedFields": null,
                  "name": "fvrk-uat-tg-binding",
                  "namespace": "uat",
                  "ownerReferences": null,
                  "resourceVersion": null,
                  "selfLink": null,
                  "uid": null
                },
                "spec": {
                  "assumeRoleExternalId": null,
                  "iamRoleArnToAssume": null,
                  "ipAddressType": "ipv4",
                  "multiClusterTargetGroup": null,
                  "networking": {
                    "ingress": null
                  },
                  "nodeSelector": {
                    "matchExpressions": null,
                    "matchLabels": null
                  },
                  "serviceRef": {
                    "name": "frame-validus-service-uat",
                    "port": "80"
                  },
                  "targetGroupARN": "arn:aws:elasticloadbalancing:ap-south-1:010438478476:targetgroup/k8s-fvrk-uat-tg/92e5fe6e967ce241",
                  "targetGroupName": null,
                  "targetGroupProtocol": "HTTP",
                  "targetType": "instance",
                  "vpcID": "vpc-01559cc551ee9ce1f"
                }
              },
              "type": [
                "object",
                {
                  "apiVersion": "string",
                  "kind": "string",
                  "metadata": [
                    "object",
                    {
                      "annotations": [
                        "map",
                        "string"
                      ],
                      "creationTimestamp": "string",
                      "deletionGracePeriodSeconds": "number",
                      "deletionTimestamp": "string",
                      "finalizers": [
                        "list",
                        "string"
                      ],
                      "generateName": "string",
                      "generation": "number",
                      "labels": [
                        "map",
                        "string"
                      ],
                      "managedFields": [
                        "tuple",
                        [
                          [
                            "object",
                            {
                              "apiVersion": "string",
                              "fieldsType": "string",
                              "fieldsV1": "dynamic",
                              "manager": "string",
                              "operation": "string",
                              "subresource": "string",
                              "time": "string"
                            }
                          ]
                        ]
                      ],
                      "name": "string",
                      "namespace": "string",
                      "ownerReferences": [
                        "list",
                        [
                          "object",
                          {
                            "apiVersion": "string",
                            "blockOwnerDeletion": "bool",
                            "controller": "bool",
                            "kind": "string",
                            "name": "string",
                            "uid": "string"
                          }
                        ]
                      ],
                      "resourceVersion": "string",
                      "selfLink": "string",
                      "uid": "string"
                    }
                  ],
                  "spec": [
                    "object",
                    {
                      "assumeRoleExternalId": "string",
                      "iamRoleArnToAssume": "string",
                      "ipAddressType": "string",
                      "multiClusterTargetGroup": "bool",
                      "networking": [
                        "object",
                        {
                          "ingress": [
                            "list",
                            [
                              "object",
                              {
                                "from": [
                                  "list",
                                  [
                                    "object",
                                    {
                                      "ipBlock": [
                                        "object",
                                        {
                                          "cidr": "string"
                                        }
                                      ],
                                      "securityGroup": [
                                        "object",
                                        {
                                          "groupID": "string"
                                        }
                                      ]
                                    }
                                  ]
                                ],
                                "ports": [
                                  "list",
                                  [
                                    "object",
                                    {
                                      "port": "string",
                                      "protocol": "string"
                                    }
                                  ]
                                ]
                              }
                            ]
                          ]
                        }
                      ],
                      "nodeSelector": [
                        "object",
                        {
                          "matchExpressions": [
                            "list",
                            [
                              "object",
                              {
                                "key": "string",
                                "operator": "string",
                                "values": [
                                  "list",
                                  "string"
                                ]
                              }
                            ]
                          ],
                          "matchLabels": [
                            "map",
                            "string"
                          ]
                        }
                      ],
                      "serviceRef": [
                        "object",
                        {
                          "name": "string",
                          "port": "string"
                        }
                      ],
                      "targetGroupARN": "string",
                      "targetGroupName": "string",
                      "targetGroupProtocol": "string",
                      "targetType": "string",
                      "vpcID": "string"
                    }
                  ]
                }
              ]
            },
            "timeouts": [],
            "wait": [],
            "wait_for": null
          },
          "sensitive_attributes": [],
          "identity_schema_version": 1,
          "identity": {
            "api_version": "elbv2.k8s.aws/v1beta1",
            "kind": "TargetGroupBinding",
            "name": "fvrk-uat-tg-binding",
            "namespace": "uat"
          },
          "dependencies": [
            "aws_lb_target_group.main_uat",
            "data.aws_eks_cluster.cluster"
          ]
        },
        {
          "index_key": "keycloak-uat",
          "schema_version": 1,
          "attributes": {
            "computed_fields": null,
            "field_manager": [],
            "manifest": {
              "value": {
                "apiVersion": "elbv2.k8s.aws/v1beta1",
                "kind": "TargetGroupBinding",
                "metadata": {
                  "name": "keycloak-uat-binding",
                  "namespace": "uat"
                },
                "spec": {
                  "serviceRef": {
                    "name": "keycloak-service-uat",
                    "port": 8080
                  },
                  "targetGroupARN": "arn:aws:elasticloadbalancing:ap-south-1:010438478476:targetgroup/k8s-keycloak-uat/2e8921d87decc77a",
                  "targetType": "instance"
                }
              },
              "type": [
                "object",
                {
                  "apiVersion": "string",
                  "kind": "string",
                  "metadata": [
                    "object",
                    {
                      "name": "string",
                      "namespace": "string"
                    }
                  ],
                  "spec": [
                    "object",
                    {
                      "serviceRef": [
                        "object",
                        {
                          "name": "string",
                          "port": "number"
                        }
                      ],
                      "targetGroupARN": "string",
                      "targetType": "string"
                    }
                  ]
                }
              ]
            },
            "object": {
              "value": {
                "apiVersion": "elbv2.k8s.aws/v1beta1",
                "kind": "TargetGroupBinding",
                "metadata": {
                  "annotations": {
                    "elbv2.k8s.aws/checkpoint": "fIpp_xtQPor_XcgEhqCqOpe683_m-ZdE0EikOPo6lsg/Q9sH0PKtDXLrFkbzPMIoYz8RptzmBKy2_IMlSelAZVo",
                    "elbv2.k8s.aws/checkpoint-timestamp": "1773911180"
                  },
                  "creationTimestamp": null,
                  "deletionGracePeriodSeconds": null,
                  "deletionTimestamp": null,
                  "finalizers": [
                    "elbv2.k8s.aws/resources"
                  ],
                  "generateName": null,
                  "generation": null,
                  "labels": null,
                  "managedFields": null,
                  "name": "keycloak-uat-binding",
                  "namespace": "uat",
                  "ownerReferences": null,
                  "resourceVersion": null,
                  "selfLink": null,
                  "uid": null
                },
                "spec": {
                  "assumeRoleExternalId": null,
                  "iamRoleArnToAssume": null,
                  "ipAddressType": "ipv4",
                  "multiClusterTargetGroup": null,
                  "networking": {
                    "ingress": null
                  },
                  "nodeSelector": {
                    "matchExpressions": null,
                    "matchLabels": null
                  },
                  "serviceRef": {
                    "name": "keycloak-service-uat",
                    "port": "8080"
                  },
                  "targetGroupARN": "arn:aws:elasticloadbalancing:ap-south-1:010438478476:targetgroup/k8s-keycloak-uat/2e8921d87decc77a",
                  "targetGroupName": null,
                  "targetGroupProtocol": "HTTP",
                  "targetType": "instance",
                  "vpcID": "vpc-01559cc551ee9ce1f"
                }
              },
              "type": [
                "object",
                {
                  "apiVersion": "string",
                  "kind": "string",
                  "metadata": [
                    "object",
                    {
                      "annotations": [
                        "map",
                        "string"
                      ],
                      "creationTimestamp": "string",
                      "deletionGracePeriodSeconds": "number",
                      "deletionTimestamp": "string",
                      "finalizers": [
                        "list",
                        "string"
                      ],
                      "generateName": "string",
                      "generation": "number",
                      "labels": [
                        "map",
                        "string"
                      ],
                      "managedFields": [
                        "tuple",
                        [
                          [
                            "object",
                            {
                              "apiVersion": "string",
                              "fieldsType": "string",
                              "fieldsV1": "dynamic",
                              "manager": "string",
                              "operation": "string",
                              "subresource": "string",
                              "time": "string"
                            }
                          ]
                        ]
                      ],
                      "name": "string",
                      "namespace": "string",
                      "ownerReferences": [
                        "list",
                        [
                          "object",
                          {
                            "apiVersion": "string",
                            "blockOwnerDeletion": "bool",
                            "controller": "bool",
                            "kind": "string",
                            "name": "string",
                            "uid": "string"
                          }
                        ]
                      ],
                      "resourceVersion": "string",
                      "selfLink": "string",
                      "uid": "string"
                    }
                  ],
                  "spec": [
                    "object",
                    {
                      "assumeRoleExternalId": "string",
                      "iamRoleArnToAssume": "string",
                      "ipAddressType": "string",
                      "multiClusterTargetGroup": "bool",
                      "networking": [
                        "object",
                        {
                          "ingress": [
                            "list",
                            [
                              "object",
                              {
                                "from": [
                                  "list",
                                  [
                                    "object",
                                    {
                                      "ipBlock": [
                                        "object",
                                        {
                                          "cidr": "string"
                                        }
                                      ],
                                      "securityGroup": [
                                        "object",
                                        {
                                          "groupID": "string"
                                        }
                                      ]
                                    }
                                  ]
                                ],
                                "ports": [
                                  "list",
                                  [
                                    "object",
                                    {
                                      "port": "string",
                                      "protocol": "string"
                                    }
                                  ]
                                ]
                              }
                            ]
                          ]
                        }
                      ],
                      "nodeSelector": [
                        "object",
                        {
                          "matchExpressions": [
                            "list",
                            [
                              "object",
                              {
                                "key": "string",
                                "operator": "string",
                                "values": [
                                  "list",
                                  "string"
                                ]
                              }
                            ]
                          ],
                          "matchLabels": [
                            "map",
                            "string"
                          ]
                        }
                      ],
                      "serviceRef": [
                        "object",
                        {
                          "name": "string",
                          "port": "string"
                        }
                      ],
                      "targetGroupARN": "string",
                      "targetGroupName": "string",
                      "targetGroupProtocol": "string",
                      "targetType": "string",
                      "vpcID": "string"
                    }
                  ]
                }
              ]
            },
            "timeouts": [],
            "wait": [],
            "wait_for": null
          },
          "sensitive_attributes": [],
          "identity_schema_version": 1,
          "identity": {
            "api_version": "elbv2.k8s.aws/v1beta1",
            "kind": "TargetGroupBinding",
            "name": "keycloak-uat-binding",
            "namespace": "uat"
          },
          "dependencies": [
            "aws_lb_target_group.main_uat",
            "data.aws_eks_cluster.cluster"
          ]
        },
        {
          "index_key": "kong-gateway-uat",
          "schema_version": 1,
          "attributes": {
            "computed_fields": null,
            "field_manager": [],
            "manifest": {
              "value": {
                "apiVersion": "elbv2.k8s.aws/v1beta1",
                "kind": "TargetGroupBinding",
                "metadata": {
                  "name": "kong-gateway-uat-binding",
                  "namespace": "uat"
                },
                "spec": {
                  "serviceRef": {
                    "name": "kong-service-uat",
                    "port": 8000
                  },
                  "targetGroupARN": "arn:aws:elasticloadbalancing:ap-south-1:010438478476:targetgroup/k8s-kong-gateway-uat/2d0789b497586ccc",
                  "targetType": "instance"
                }
              },
              "type": [
                "object",
                {
                  "apiVersion": "string",
                  "kind": "string",
                  "metadata": [
                    "object",
                    {
                      "name": "string",
                      "namespace": "string"
                    }
                  ],
                  "spec": [
                    "object",
                    {
                      "serviceRef": [
                        "object",
                        {
                          "name": "string",
                          "port": "number"
                        }
                      ],
                      "targetGroupARN": "string",
                      "targetType": "string"
                    }
                  ]
                }
              ]
            },
            "object": {
              "value": {
                "apiVersion": "elbv2.k8s.aws/v1beta1",
                "kind": "TargetGroupBinding",
                "metadata": {
                  "annotations": {
                    "elbv2.k8s.aws/checkpoint": "P9eAXVk46brn7XnilrwEMFbLafg1NjaRfH48C8GaXK0/hLxxU6z3WnPDSevPVmCn6svIYiY03hMU-6m-VRvT4z8",
                    "elbv2.k8s.aws/checkpoint-timestamp": "1773911654"
                  },
                  "creationTimestamp": null,
                  "deletionGracePeriodSeconds": null,
                  "deletionTimestamp": null,
                  "finalizers": [
                    "elbv2.k8s.aws/resources"
                  ],
                  "generateName": null,
                  "generation": null,
                  "labels": null,
                  "managedFields": null,
                  "name": "kong-gateway-uat-binding",
                  "namespace": "uat",
                  "ownerReferences": null,
                  "resourceVersion": null,
                  "selfLink": null,
                  "uid": null
                },
                "spec": {
                  "assumeRoleExternalId": null,
                  "iamRoleArnToAssume": null,
                  "ipAddressType": "ipv4",
                  "multiClusterTargetGroup": null,
                  "networking": {
                    "ingress": null
                  },
                  "nodeSelector": {
                    "matchExpressions": null,
                    "matchLabels": null
                  },
                  "serviceRef": {
                    "name": "kong-service-uat",
                    "port": "8000"
                  },
                  "targetGroupARN": "arn:aws:elasticloadbalancing:ap-south-1:010438478476:targetgroup/k8s-kong-gateway-uat/2d0789b497586ccc",
                  "targetGroupName": null,
                  "targetGroupProtocol": "HTTP",
                  "targetType": "instance",
                  "vpcID": "vpc-01559cc551ee9ce1f"
                }
              },
              "type": [
                "object",
                {
                  "apiVersion": "string",
                  "kind": "string",
                  "metadata": [
                    "object",
                    {
                      "annotations": [
                        "map",
                        "string"
                      ],
                      "creationTimestamp": "string",
                      "deletionGracePeriodSeconds": "number",
                      "deletionTimestamp": "string",
                      "finalizers": [
                        "list",
                        "string"
                      ],
                      "generateName": "string",
                      "generation": "number",
                      "labels": [
                        "map",
                        "string"
                      ],
                      "managedFields": [
                        "tuple",
                        [
                          [
                            "object",
                            {
                              "apiVersion": "string",
                              "fieldsType": "string",
                              "fieldsV1": "dynamic",
                              "manager": "string",
                              "operation": "string",
                              "subresource": "string",
                              "time": "string"
                            }
                          ]
                        ]
                      ],
                      "name": "string",
                      "namespace": "string",
                      "ownerReferences": [
                        "list",
                        [
                          "object",
                          {
                            "apiVersion": "string",
                            "blockOwnerDeletion": "bool",
                            "controller": "bool",
                            "kind": "string",
                            "name": "string",
                            "uid": "string"
                          }
                        ]
                      ],
                      "resourceVersion": "string",
                      "selfLink": "string",
                      "uid": "string"
                    }
                  ],
                  "spec": [
                    "object",
                    {
                      "assumeRoleExternalId": "string",
                      "iamRoleArnToAssume": "string",
                      "ipAddressType": "string",
                      "multiClusterTargetGroup": "bool",
                      "networking": [
                        "object",
                        {
                          "ingress": [
                            "list",
                            [
                              "object",
                              {
                                "from": [
                                  "list",
                                  [
                                    "object",
                                    {
                                      "ipBlock": [
                                        "object",
                                        {
                                          "cidr": "string"
                                        }
                                      ],
                                      "securityGroup": [
                                        "object",
                                        {
                                          "groupID": "string"
                                        }
                                      ]
                                    }
                                  ]
                                ],
                                "ports": [
                                  "list",
                                  [
                                    "object",
                                    {
                                      "port": "string",
                                      "protocol": "string"
                                    }
                                  ]
                                ]
                              }
                            ]
                          ]
                        }
                      ],
                      "nodeSelector": [
                        "object",
                        {
                          "matchExpressions": [
                            "list",
                            [
                              "object",
                              {
                                "key": "string",
                                "operator": "string",
                                "values": [
                                  "list",
                                  "string"
                                ]
                              }
                            ]
                          ],
                          "matchLabels": [
                            "map",
                            "string"
                          ]
                        }
                      ],
                      "serviceRef": [
                        "object",
                        {
                          "name": "string",
                          "port": "string"
                        }
                      ],
                      "targetGroupARN": "string",
                      "targetGroupName": "string",
                      "targetGroupProtocol": "string",
                      "targetType": "string",
                      "vpcID": "string"
                    }
                  ]
                }
              ]
            },
            "timeouts": [],
            "wait": [],
            "wait_for": null
          },
          "sensitive_attributes": [],
          "identity_schema_version": 1,
          "identity": {
            "api_version": "elbv2.k8s.aws/v1beta1",
            "kind": "TargetGroupBinding",
            "name": "kong-gateway-uat-binding",
            "namespace": "uat"
          },
          "dependencies": [
            "aws_lb_target_group.main_uat",
            "data.aws_eks_cluster.cluster"
          ]
        },
        {
          "index_key": "kong-uat-admin",
          "schema_version": 1,
          "attributes": {
            "computed_fields": null,
            "field_manager": [],
            "manifest": {
              "value": {
                "apiVersion": "elbv2.k8s.aws/v1beta1",
                "kind": "TargetGroupBinding",
                "metadata": {
                  "name": "kong-uat-admin-binding",
                  "namespace": "uat"
                },
                "spec": {
                  "serviceRef": {
                    "name": "kong-uat-admin-service",
                    "port": 8001
                  },
                  "targetGroupARN": "arn:aws:elasticloadbalancing:ap-south-1:010438478476:targetgroup/k8s-kong-uat-admin/54377cc09458cc8a",
                  "targetType": "instance"
                }
              },
              "type": [
                "object",
                {
                  "apiVersion": "string",
                  "kind": "string",
                  "metadata": [
                    "object",
                    {
                      "name": "string",
                      "namespace": "string"
                    }
                  ],
                  "spec": [
                    "object",
                    {
                      "serviceRef": [
                        "object",
                        {
                          "name": "string",
                          "port": "number"
                        }
                      ],
                      "targetGroupARN": "string",
                      "targetType": "string"
                    }
                  ]
                }
              ]
            },
            "object": {
              "value": {
                "apiVersion": "elbv2.k8s.aws/v1beta1",
                "kind": "TargetGroupBinding",
                "metadata": {
                  "annotations": null,
                  "creationTimestamp": null,
                  "deletionGracePeriodSeconds": null,
                  "deletionTimestamp": null,
                  "finalizers": [
                    "elbv2.k8s.aws/resources"
                  ],
                  "generateName": null,
                  "generation": null,
                  "labels": null,
                  "managedFields": null,
                  "name": "kong-uat-admin-binding",
                  "namespace": "uat",
                  "ownerReferences": null,
                  "resourceVersion": null,
                  "selfLink": null,
                  "uid": null
                },
                "spec": {
                  "assumeRoleExternalId": null,
                  "iamRoleArnToAssume": null,
                  "ipAddressType": "ipv4",
                  "multiClusterTargetGroup": null,
                  "networking": {
                    "ingress": null
                  },
                  "nodeSelector": {
                    "matchExpressions": null,
                    "matchLabels": null
                  },
                  "serviceRef": {
                    "name": "kong-uat-admin-service",
                    "port": "8001"
                  },
                  "targetGroupARN": "arn:aws:elasticloadbalancing:ap-south-1:010438478476:targetgroup/k8s-kong-uat-admin/54377cc09458cc8a",
                  "targetGroupName": null,
                  "targetGroupProtocol": "HTTP",
                  "targetType": "instance",
                  "vpcID": "vpc-01559cc551ee9ce1f"
                }
              },
              "type": [
                "object",
                {
                  "apiVersion": "string",
                  "kind": "string",
                  "metadata": [
                    "object",
                    {
                      "annotations": [
                        "map",
                        "string"
                      ],
                      "creationTimestamp": "string",
                      "deletionGracePeriodSeconds": "number",
                      "deletionTimestamp": "string",
                      "finalizers": [
                        "list",
                        "string"
                      ],
                      "generateName": "string",
                      "generation": "number",
                      "labels": [
                        "map",
                        "string"
                      ],
                      "managedFields": [
                        "tuple",
                        [
                          [
                            "object",
                            {
                              "apiVersion": "string",
                              "fieldsType": "string",
                              "fieldsV1": "dynamic",
                              "manager": "string",
                              "operation": "string",
                              "subresource": "string",
                              "time": "string"
                            }
                          ]
                        ]
                      ],
                      "name": "string",
                      "namespace": "string",
                      "ownerReferences": [
                        "list",
                        [
                          "object",
                          {
                            "apiVersion": "string",
                            "blockOwnerDeletion": "bool",
                            "controller": "bool",
                            "kind": "string",
                            "name": "string",
                            "uid": "string"
                          }
                        ]
                      ],
                      "resourceVersion": "string",
                      "selfLink": "string",
                      "uid": "string"
                    }
                  ],
                  "spec": [
                    "object",
                    {
                      "assumeRoleExternalId": "string",
                      "iamRoleArnToAssume": "string",
                      "ipAddressType": "string",
                      "multiClusterTargetGroup": "bool",
                      "networking": [
                        "object",
                        {
                          "ingress": [
                            "list",
                            [
                              "object",
                              {
                                "from": [
                                  "list",
                                  [
                                    "object",
                                    {
                                      "ipBlock": [
                                        "object",
                                        {
                                          "cidr": "string"
                                        }
                                      ],
                                      "securityGroup": [
                                        "object",
                                        {
                                          "groupID": "string"
                                        }
                                      ]
                                    }
                                  ]
                                ],
                                "ports": [
                                  "list",
                                  [
                                    "object",
                                    {
                                      "port": "string",
                                      "protocol": "string"
                                    }
                                  ]
                                ]
                              }
                            ]
                          ]
                        }
                      ],
                      "nodeSelector": [
                        "object",
                        {
                          "matchExpressions": [
                            "list",
                            [
                              "object",
                              {
                                "key": "string",
                                "operator": "string",
                                "values": [
                                  "list",
                                  "string"
                                ]
                              }
                            ]
                          ],
                          "matchLabels": [
                            "map",
                            "string"
                          ]
                        }
                      ],
                      "serviceRef": [
                        "object",
                        {
                          "name": "string",
                          "port": "string"
                        }
                      ],
                      "targetGroupARN": "string",
                      "targetGroupName": "string",
                      "targetGroupProtocol": "string",
                      "targetType": "string",
                      "vpcID": "string"
                    }
                  ]
                }
              ]
            },
            "timeouts": [],
            "wait": [],
            "wait_for": null
          },
          "sensitive_attributes": [],
          "identity_schema_version": 1,
          "identity": {
            "api_version": "elbv2.k8s.aws/v1beta1",
            "kind": "TargetGroupBinding",
            "name": "kong-uat-admin-binding",
            "namespace": "uat"
          },
          "dependencies": [
            "aws_lb_target_group.main_uat",
            "data.aws_eks_cluster.cluster"
          ]
        },
        {
          "index_key": "konga-uat",
          "schema_version": 1,
          "attributes": {
            "computed_fields": null,
            "field_manager": [],
            "manifest": {
              "value": {
                "apiVersion": "elbv2.k8s.aws/v1beta1",
                "kind": "TargetGroupBinding",
                "metadata": {
                  "name": "konga-uat-binding",
                  "namespace": "uat"
                },
                "spec": {
                  "serviceRef": {
                    "name": "konga-service-uat",
                    "port": 1337
                  },
                  "targetGroupARN": "arn:aws:elasticloadbalancing:ap-south-1:010438478476:targetgroup/k8s-konga-uat/e952c1bf4ce94964",
                  "targetType": "instance"
                }
              },
              "type": [
                "object",
                {
                  "apiVersion": "string",
                  "kind": "string",
                  "metadata": [
                    "object",
                    {
                      "name": "string",
                      "namespace": "string"
                    }
                  ],
                  "spec": [
                    "object",
                    {
                      "serviceRef": [
                        "object",
                        {
                          "name": "string",
                          "port": "number"
                        }
                      ],
                      "targetGroupARN": "string",
                      "targetType": "string"
                    }
                  ]
                }
              ]
            },
            "object": {
              "value": {
                "apiVersion": "elbv2.k8s.aws/v1beta1",
                "kind": "TargetGroupBinding",
                "metadata": {
                  "annotations": {
                    "elbv2.k8s.aws/checkpoint": "XyEscU0ezmD_Jjt00m3quWLqTokkKRdRsUSWa6gECLI/bCZ6Klw10LerCMLhsbPeoZrtX7ZEvpJUo1m9SrQ8rUU",
                    "elbv2.k8s.aws/checkpoint-timestamp": "1773911959"
                  },
                  "creationTimestamp": null,
                  "deletionGracePeriodSeconds": null,
                  "deletionTimestamp": null,
                  "finalizers": [
                    "elbv2.k8s.aws/resources"
                  ],
                  "generateName": null,
                  "generation": null,
                  "labels": null,
                  "managedFields": null,
                  "name": "konga-uat-binding",
                  "namespace": "uat",
                  "ownerReferences": null,
                  "resourceVersion": null,
                  "selfLink": null,
                  "uid": null
                },
                "spec": {
                  "assumeRoleExternalId": null,
                  "iamRoleArnToAssume": null,
                  "ipAddressType": "ipv4",
                  "multiClusterTargetGroup": null,
                  "networking": {
                    "ingress": null
                  },
                  "nodeSelector": {
                    "matchExpressions": null,
                    "matchLabels": null
                  },
                  "serviceRef": {
                    "name": "konga-service-uat",
                    "port": "1337"
                  },
                  "targetGroupARN": "arn:aws:elasticloadbalancing:ap-south-1:010438478476:targetgroup/k8s-konga-uat/e952c1bf4ce94964",
                  "targetGroupName": null,
                  "targetGroupProtocol": "HTTP",
                  "targetType": "instance",
                  "vpcID": "vpc-01559cc551ee9ce1f"
                }
              },
              "type": [
                "object",
                {
                  "apiVersion": "string",
                  "kind": "string",
                  "metadata": [
                    "object",
                    {
                      "annotations": [
                        "map",
                        "string"
                      ],
                      "creationTimestamp": "string",
                      "deletionGracePeriodSeconds": "number",
                      "deletionTimestamp": "string",
                      "finalizers": [
                        "list",
                        "string"
                      ],
                      "generateName": "string",
                      "generation": "number",
                      "labels": [
                        "map",
                        "string"
                      ],
                      "managedFields": [
                        "tuple",
                        [
                          [
                            "object",
                            {
                              "apiVersion": "string",
                              "fieldsType": "string",
                              "fieldsV1": "dynamic",
                              "manager": "string",
                              "operation": "string",
                              "subresource": "string",
                              "time": "string"
                            }
                          ]
                        ]
                      ],
                      "name": "string",
                      "namespace": "string",
                      "ownerReferences": [
                        "list",
                        [
                          "object",
                          {
                            "apiVersion": "string",
                            "blockOwnerDeletion": "bool",
                            "controller": "bool",
                            "kind": "string",
                            "name": "string",
                            "uid": "string"
                          }
                        ]
                      ],
                      "resourceVersion": "string",
                      "selfLink": "string",
                      "uid": "string"
                    }
                  ],
                  "spec": [
                    "object",
                    {
                      "assumeRoleExternalId": "string",
                      "iamRoleArnToAssume": "string",
                      "ipAddressType": "string",
                      "multiClusterTargetGroup": "bool",
                      "networking": [
                        "object",
                        {
                          "ingress": [
                            "list",
                            [
                              "object",
                              {
                                "from": [
                                  "list",
                                  [
                                    "object",
                                    {
                                      "ipBlock": [
                                        "object",
                                        {
                                          "cidr": "string"
                                        }
                                      ],
                                      "securityGroup": [
                                        "object",
                                        {
                                          "groupID": "string"
                                        }
                                      ]
                                    }
                                  ]
                                ],
                                "ports": [
                                  "list",
                                  [
                                    "object",
                                    {
                                      "port": "string",
                                      "protocol": "string"
                                    }
                                  ]
                                ]
                              }
                            ]
                          ]
                        }
                      ],
                      "nodeSelector": [
                        "object",
                        {
                          "matchExpressions": [
                            "list",
                            [
                              "object",
                              {
                                "key": "string",
                                "operator": "string",
                                "values": [
                                  "list",
                                  "string"
                                ]
                              }
                            ]
                          ],
                          "matchLabels": [
                            "map",
                            "string"
                          ]
                        }
                      ],
                      "serviceRef": [
                        "object",
                        {
                          "name": "string",
                          "port": "string"
                        }
                      ],
                      "targetGroupARN": "string",
                      "targetGroupName": "string",
                      "targetGroupProtocol": "string",
                      "targetType": "string",
                      "vpcID": "string"
                    }
                  ]
                }
              ]
            },
            "timeouts": [],
            "wait": [],
            "wait_for": null
          },
          "sensitive_attributes": [],
          "identity_schema_version": 1,
          "identity": {
            "api_version": "elbv2.k8s.aws/v1beta1",
            "kind": "TargetGroupBinding",
            "name": "konga-uat-binding",
            "namespace": "uat"
          },
          "dependencies": [
            "aws_lb_target_group.main_uat",
            "data.aws_eks_cluster.cluster"
          ]
        },
        {
          "index_key": "rabbitmq-uat",
          "schema_version": 1,
          "attributes": {
            "computed_fields": null,
            "field_manager": [],
            "manifest": {
              "value": {
                "apiVersion": "elbv2.k8s.aws/v1beta1",
                "kind": "TargetGroupBinding",
                "metadata": {
                  "name": "rabbitmq-uat-binding",
                  "namespace": "uat"
                },
                "spec": {
                  "serviceRef": {
                    "name": "rabbitmq-service-uat",
                    "port": 15672
                  },
                  "targetGroupARN": "arn:aws:elasticloadbalancing:ap-south-1:010438478476:targetgroup/k8s-rabbitmq-uat/029c6e3b456e5bc9",
                  "targetType": "instance"
                }
              },
              "type": [
                "object",
                {
                  "apiVersion": "string",
                  "kind": "string",
                  "metadata": [
                    "object",
                    {
                      "name": "string",
                      "namespace": "string"
                    }
                  ],
                  "spec": [
                    "object",
                    {
                      "serviceRef": [
                        "object",
                        {
                          "name": "string",
                          "port": "number"
                        }
                      ],
                      "targetGroupARN": "string",
                      "targetType": "string"
                    }
                  ]
                }
              ]
            },
            "object": {
              "value": {
                "apiVersion": "elbv2.k8s.aws/v1beta1",
                "kind": "TargetGroupBinding",
                "metadata": {
                  "annotations": {
                    "elbv2.k8s.aws/checkpoint": "RXiijvXq_kInrefAMFZcPizQc5VO4LvwbgwITz5RAXM/9BsNUtQSV-K24HHb5fXtLPLNqJLX0l9cmQ7yuayMX3c",
                    "elbv2.k8s.aws/checkpoint-timestamp": "1773911340"
                  },
                  "creationTimestamp": null,
                  "deletionGracePeriodSeconds": null,
                  "deletionTimestamp": null,
                  "finalizers": [
                    "elbv2.k8s.aws/resources"
                  ],
                  "generateName": null,
                  "generation": null,
                  "labels": null,
                  "managedFields": null,
                  "name": "rabbitmq-uat-binding",
                  "namespace": "uat",
                  "ownerReferences": null,
                  "resourceVersion": null,
                  "selfLink": null,
                  "uid": null
                },
                "spec": {
                  "assumeRoleExternalId": null,
                  "iamRoleArnToAssume": null,
                  "ipAddressType": "ipv4",
                  "multiClusterTargetGroup": null,
                  "networking": {
                    "ingress": null
                  },
                  "nodeSelector": {
                    "matchExpressions": null,
                    "matchLabels": null
                  },
                  "serviceRef": {
                    "name": "rabbitmq-service-uat",
                    "port": "15672"
                  },
                  "targetGroupARN": "arn:aws:elasticloadbalancing:ap-south-1:010438478476:targetgroup/k8s-rabbitmq-uat/029c6e3b456e5bc9",
                  "targetGroupName": null,
                  "targetGroupProtocol": "HTTP",
                  "targetType": "instance",
                  "vpcID": "vpc-01559cc551ee9ce1f"
                }
              },
              "type": [
                "object",
                {
                  "apiVersion": "string",
                  "kind": "string",
                  "metadata": [
                    "object",
                    {
                      "annotations": [
                        "map",
                        "string"
                      ],
                      "creationTimestamp": "string",
                      "deletionGracePeriodSeconds": "number",
                      "deletionTimestamp": "string",
                      "finalizers": [
                        "list",
                        "string"
                      ],
                      "generateName": "string",
                      "generation": "number",
                      "labels": [
                        "map",
                        "string"
                      ],
                      "managedFields": [
                        "tuple",
                        [
                          [
                            "object",
                            {
                              "apiVersion": "string",
                              "fieldsType": "string",
                              "fieldsV1": "dynamic",
                              "manager": "string",
                              "operation": "string",
                              "subresource": "string",
                              "time": "string"
                            }
                          ]
                        ]
                      ],
                      "name": "string",
                      "namespace": "string",
                      "ownerReferences": [
                        "list",
                        [
                          "object",
                          {
                            "apiVersion": "string",
                            "blockOwnerDeletion": "bool",
                            "controller": "bool",
                            "kind": "string",
                            "name": "string",
                            "uid": "string"
                          }
                        ]
                      ],
                      "resourceVersion": "string",
                      "selfLink": "string",
                      "uid": "string"
                    }
                  ],
                  "spec": [
                    "object",
                    {
                      "assumeRoleExternalId": "string",
                      "iamRoleArnToAssume": "string",
                      "ipAddressType": "string",
                      "multiClusterTargetGroup": "bool",
                      "networking": [
                        "object",
                        {
                          "ingress": [
                            "list",
                            [
                              "object",
                              {
                                "from": [
                                  "list",
                                  [
                                    "object",
                                    {
                                      "ipBlock": [
                                        "object",
                                        {
                                          "cidr": "string"
                                        }
                                      ],
                                      "securityGroup": [
                                        "object",
                                        {
                                          "groupID": "string"
                                        }
                                      ]
                                    }
                                  ]
                                ],
                                "ports": [
                                  "list",
                                  [
                                    "object",
                                    {
                                      "port": "string",
                                      "protocol": "string"
                                    }
                                  ]
                                ]
                              }
                            ]
                          ]
                        }
                      ],
                      "nodeSelector": [
                        "object",
                        {
                          "matchExpressions": [
                            "list",
                            [
                              "object",
                              {
                                "key": "string",
                                "operator": "string",
                                "values": [
                                  "list",
                                  "string"
                                ]
                              }
                            ]
                          ],
                          "matchLabels": [
                            "map",
                            "string"
                          ]
                        }
                      ],
                      "serviceRef": [
                        "object",
                        {
                          "name": "string",
                          "port": "string"
                        }
                      ],
                      "targetGroupARN": "string",
                      "targetGroupName": "string",
                      "targetGroupProtocol": "string",
                      "targetType": "string",
                      "vpcID": "string"
                    }
                  ]
                }
              ]
            },
            "timeouts": [],
            "wait": [],
            "wait_for": null
          },
          "sensitive_attributes": [],
          "identity_schema_version": 1,
          "identity": {
            "api_version": "elbv2.k8s.aws/v1beta1",
            "kind": "TargetGroupBinding",
            "name": "rabbitmq-uat-binding",
            "namespace": "uat"
          },
          "dependencies": [
            "aws_lb_target_group.main_uat",
            "data.aws_eks_cluster.cluster"
          ]
        },
        {
          "index_key": "text-extraction-uat",
          "schema_version": 1,
          "attributes": {
            "computed_fields": null,
            "field_manager": [],
            "manifest": {
              "value": {
                "apiVersion": "elbv2.k8s.aws/v1beta1",
                "kind": "TargetGroupBinding",
                "metadata": {
                  "name": "text-extraction-uat-binding",
                  "namespace": "uat"
                },
                "spec": {
                  "serviceRef": {
                    "name": "text-extraction-service-uat",
                    "port": 8015
                  },
                  "targetGroupARN": "arn:aws:elasticloadbalancing:ap-south-1:010438478476:targetgroup/k8s-text-extraction-uat/ee8ad23d6f96fe36",
                  "targetType": "instance"
                }
              },
              "type": [
                "object",
                {
                  "apiVersion": "string",
                  "kind": "string",
                  "metadata": [
                    "object",
                    {
                      "name": "string",
                      "namespace": "string"
                    }
                  ],
                  "spec": [
                    "object",
                    {
                      "serviceRef": [
                        "object",
                        {
                          "name": "string",
                          "port": "number"
                        }
                      ],
                      "targetGroupARN": "string",
                      "targetType": "string"
                    }
                  ]
                }
              ]
            },
            "object": {
              "value": {
                "apiVersion": "elbv2.k8s.aws/v1beta1",
                "kind": "TargetGroupBinding",
                "metadata": {
                  "annotations": {
                    "elbv2.k8s.aws/checkpoint": "ZlvmhoWsonPMbSNwntc_uZoGjcktaaz4CPKPbm7SY2E/42YKvfRIt7wwQHpG2roYt0Axe4di5gdhSvzsAMt1l4w",
                    "elbv2.k8s.aws/checkpoint-timestamp": "1773911675"
                  },
                  "creationTimestamp": null,
                  "deletionGracePeriodSeconds": null,
                  "deletionTimestamp": null,
                  "finalizers": [
                    "elbv2.k8s.aws/resources"
                  ],
                  "generateName": null,
                  "generation": null,
                  "labels": null,
                  "managedFields": null,
                  "name": "text-extraction-uat-binding",
                  "namespace": "uat",
                  "ownerReferences": null,
                  "resourceVersion": null,
                  "selfLink": null,
                  "uid": null
                },
                "spec": {
                  "assumeRoleExternalId": null,
                  "iamRoleArnToAssume": null,
                  "ipAddressType": "ipv4",
                  "multiClusterTargetGroup": null,
                  "networking": {
                    "ingress": null
                  },
                  "nodeSelector": {
                    "matchExpressions": null,
                    "matchLabels": null
                  },
                  "serviceRef": {
                    "name": "text-extraction-service-uat",
                    "port": "8015"
                  },
                  "targetGroupARN": "arn:aws:elasticloadbalancing:ap-south-1:010438478476:targetgroup/k8s-text-extraction-uat/ee8ad23d6f96fe36",
                  "targetGroupName": null,
                  "targetGroupProtocol": "HTTP",
                  "targetType": "instance",
                  "vpcID": "vpc-01559cc551ee9ce1f"
                }
              },
              "type": [
                "object",
                {
                  "apiVersion": "string",
                  "kind": "string",
                  "metadata": [
                    "object",
                    {
                      "annotations": [
                        "map",
                        "string"
                      ],
                      "creationTimestamp": "string",
                      "deletionGracePeriodSeconds": "number",
                      "deletionTimestamp": "string",
                      "finalizers": [
                        "list",
                        "string"
                      ],
                      "generateName": "string",
                      "generation": "number",
                      "labels": [
                        "map",
                        "string"
                      ],
                      "managedFields": [
                        "tuple",
                        [
                          [
                            "object",
                            {
                              "apiVersion": "string",
                              "fieldsType": "string",
                              "fieldsV1": "dynamic",
                              "manager": "string",
                              "operation": "string",
                              "subresource": "string",
                              "time": "string"
                            }
                          ]
                        ]
                      ],
                      "name": "string",
                      "namespace": "string",
                      "ownerReferences": [
                        "list",
                        [
                          "object",
                          {
                            "apiVersion": "string",
                            "blockOwnerDeletion": "bool",
                            "controller": "bool",
                            "kind": "string",
                            "name": "string",
                            "uid": "string"
                          }
                        ]
                      ],
                      "resourceVersion": "string",
                      "selfLink": "string",
                      "uid": "string"
                    }
                  ],
                  "spec": [
                    "object",
                    {
                      "assumeRoleExternalId": "string",
                      "iamRoleArnToAssume": "string",
                      "ipAddressType": "string",
                      "multiClusterTargetGroup": "bool",
                      "networking": [
                        "object",
                        {
                          "ingress": [
                            "list",
                            [
                              "object",
                              {
                                "from": [
                                  "list",
                                  [
                                    "object",
                                    {
                                      "ipBlock": [
                                        "object",
                                        {
                                          "cidr": "string"
                                        }
                                      ],
                                      "securityGroup": [
                                        "object",
                                        {
                                          "groupID": "string"
                                        }
                                      ]
                                    }
                                  ]
                                ],
                                "ports": [
                                  "list",
                                  [
                                    "object",
                                    {
                                      "port": "string",
                                      "protocol": "string"
                                    }
                                  ]
                                ]
                              }
                            ]
                          ]
                        }
                      ],
                      "nodeSelector": [
                        "object",
                        {
                          "matchExpressions": [
                            "list",
                            [
                              "object",
                              {
                                "key": "string",
                                "operator": "string",
                                "values": [
                                  "list",
                                  "string"
                                ]
                              }
                            ]
                          ],
                          "matchLabels": [
                            "map",
                            "string"
                          ]
                        }
                      ],
                      "serviceRef": [
                        "object",
                        {
                          "name": "string",
                          "port": "string"
                        }
                      ],
                      "targetGroupARN": "string",
                      "targetGroupName": "string",
                      "targetGroupProtocol": "string",
                      "targetType": "string",
                      "vpcID": "string"
                    }
                  ]
                }
              ]
            },
            "timeouts": [],
            "wait": [],
            "wait_for": null
          },
          "sensitive_attributes": [],
          "identity_schema_version": 1,
          "identity": {
            "api_version": "elbv2.k8s.aws/v1beta1",
            "kind": "TargetGroupBinding",
            "name": "text-extraction-uat-binding",
            "namespace": "uat"
          },
          "dependencies": [
            "aws_lb_target_group.main_uat",
            "data.aws_eks_cluster.cluster"
          ]
        },
        {
          "index_key": "validus-uat",
          "schema_version": 1,
          "attributes": {
            "computed_fields": null,
            "field_manager": [],
            "manifest": {
              "value": {
                "apiVersion": "elbv2.k8s.aws/v1beta1",
                "kind": "TargetGroupBinding",
                "metadata": {
                  "name": "validus-uat-binding",
                  "namespace": "uat"
                },
                "spec": {
                  "serviceRef": {
                    "name": "validus-service-uat",
                    "port": 8020
                  },
                  "targetGroupARN": "arn:aws:elasticloadbalancing:ap-south-1:010438478476:targetgroup/k8s-validus-uat/c2a38f7cbe3a388a",
                  "targetType": "instance"
                }
              },
              "type": [
                "object",
                {
                  "apiVersion": "string",
                  "kind": "string",
                  "metadata": [
                    "object",
                    {
                      "name": "string",
                      "namespace": "string"
                    }
                  ],
                  "spec": [
                    "object",
                    {
                      "serviceRef": [
                        "object",
                        {
                          "name": "string",
                          "port": "number"
                        }
                      ],
                      "targetGroupARN": "string",
                      "targetType": "string"
                    }
                  ]
                }
              ]
            },
            "object": {
              "value": {
                "apiVersion": "elbv2.k8s.aws/v1beta1",
                "kind": "TargetGroupBinding",
                "metadata": {
                  "annotations": {
                    "elbv2.k8s.aws/checkpoint": "NLGLQOMM3AldZVKXqJQeKMvD7igIhYmSJShLgpS1fMI/9SaNu3PGme9s8YJ-9Z12N7adcsD99ySKZGa6b0TFma4",
                    "elbv2.k8s.aws/checkpoint-timestamp": "1773911266"
                  },
                  "creationTimestamp": null,
                  "deletionGracePeriodSeconds": null,
                  "deletionTimestamp": null,
                  "finalizers": [
                    "elbv2.k8s.aws/resources"
                  ],
                  "generateName": null,
                  "generation": null,
                  "labels": null,
                  "managedFields": null,
                  "name": "validus-uat-binding",
                  "namespace": "uat",
                  "ownerReferences": null,
                  "resourceVersion": null,
                  "selfLink": null,
                  "uid": null
                },
                "spec": {
                  "assumeRoleExternalId": null,
                  "iamRoleArnToAssume": null,
                  "ipAddressType": "ipv4",
                  "multiClusterTargetGroup": null,
                  "networking": {
                    "ingress": null
                  },
                  "nodeSelector": {
                    "matchExpressions": null,
                    "matchLabels": null
                  },
                  "serviceRef": {
                    "name": "validus-service-uat",
                    "port": "8020"
                  },
                  "targetGroupARN": "arn:aws:elasticloadbalancing:ap-south-1:010438478476:targetgroup/k8s-validus-uat/c2a38f7cbe3a388a",
                  "targetGroupName": null,
                  "targetGroupProtocol": "HTTP",
                  "targetType": "instance",
                  "vpcID": "vpc-01559cc551ee9ce1f"
                }
              },
              "type": [
                "object",
                {
                  "apiVersion": "string",
                  "kind": "string",
                  "metadata": [
                    "object",
                    {
                      "annotations": [
                        "map",
                        "string"
                      ],
                      "creationTimestamp": "string",
                      "deletionGracePeriodSeconds": "number",
                      "deletionTimestamp": "string",
                      "finalizers": [
                        "list",
                        "string"
                      ],
                      "generateName": "string",
                      "generation": "number",
                      "labels": [
                        "map",
                        "string"
                      ],
                      "managedFields": [
                        "tuple",
                        [
                          [
                            "object",
                            {
                              "apiVersion": "string",
                              "fieldsType": "string",
                              "fieldsV1": "dynamic",
                              "manager": "string",
                              "operation": "string",
                              "subresource": "string",
                              "time": "string"
                            }
                          ]
                        ]
                      ],
                      "name": "string",
                      "namespace": "string",
                      "ownerReferences": [
                        "list",
                        [
                          "object",
                          {
                            "apiVersion": "string",
                            "blockOwnerDeletion": "bool",
                            "controller": "bool",
                            "kind": "string",
                            "name": "string",
                            "uid": "string"
                          }
                        ]
                      ],
                      "resourceVersion": "string",
                      "selfLink": "string",
                      "uid": "string"
                    }
                  ],
                  "spec": [
                    "object",
                    {
                      "assumeRoleExternalId": "string",
                      "iamRoleArnToAssume": "string",
                      "ipAddressType": "string",
                      "multiClusterTargetGroup": "bool",
                      "networking": [
                        "object",
                        {
                          "ingress": [
                            "list",
                            [
                              "object",
                              {
                                "from": [
                                  "list",
                                  [
                                    "object",
                                    {
                                      "ipBlock": [
                                        "object",
                                        {
                                          "cidr": "string"
                                        }
                                      ],
                                      "securityGroup": [
                                        "object",
                                        {
                                          "groupID": "string"
                                        }
                                      ]
                                    }
                                  ]
                                ],
                                "ports": [
                                  "list",
                                  [
                                    "object",
                                    {
                                      "port": "string",
                                      "protocol": "string"
                                    }
                                  ]
                                ]
                              }
                            ]
                          ]
                        }
                      ],
                      "nodeSelector": [
                        "object",
                        {
                          "matchExpressions": [
                            "list",
                            [
                              "object",
                              {
                                "key": "string",
                                "operator": "string",
                                "values": [
                                  "list",
                                  "string"
                                ]
                              }
                            ]
                          ],
                          "matchLabels": [
                            "map",
                            "string"
                          ]
                        }
                      ],
                      "serviceRef": [
                        "object",
                        {
                          "name": "string",
                          "port": "string"
                        }
                      ],
                      "targetGroupARN": "string",
                      "targetGroupName": "string",
                      "targetGroupProtocol": "string",
                      "targetType": "string",
                      "vpcID": "string"
                    }
                  ]
                }
              ]
            },
            "timeouts": [],
            "wait": [],
            "wait_for": null
          },
          "sensitive_attributes": [],
          "identity_schema_version": 1,
          "identity": {
            "api_version": "elbv2.k8s.aws/v1beta1",
            "kind": "TargetGroupBinding",
            "name": "validus-uat-binding",
            "namespace": "uat"
          },
          "dependencies": [
            "aws_lb_target_group.main_uat",
            "data.aws_eks_cluster.cluster"
          ]
        }
      ]
    },
    {
      "mode": "managed",
      "type": "local_file",
      "name": "private_key",
      "provider": "provider[\"registry.terraform.io/hashicorp/local\"]",
      "instances": [
        {
          "schema_version": 0,
          "attributes": {
            "content": "-----BEGIN RSA PRIVATE KEY-----\nMIIJKAIBAAKCAgEAvPRArclqqcumHWZvurHAxSd6Frd8XkTgDsNJrlThHtsve0EU\n8VjzzeZKwMedia+R5pi3O+pok2K/UxFj+/ubR7h6GGm4dhRlnN9wbimKn9PR+RlA\nlyHyAUwPZfJNqfDlHotVEhhy+ejpI7c0eVZDWVC7Y0MB5ZnZC4Nym8qWGLDMXn7U\nkzu4I/3pTjrP9QrN3fiWGwVpeov5GgmtBpZfLCfF8uouTU4khvlHKRzCvdo8X1+E\nFEtwvMVIEY96vytzjVCys+FlEYtJi6TBIEn1Xv27w6wgv4abzFScRSJvj8h4DVhK\na2hsnEkdwwxzuK+d/L5ioQPMluUkLfeRadjweBmJVaWy4Oy72kHpYs1CY1qYZFFG\nuHwekR1JjSHvLhCI6tsw5Hb+g/pXAJ/DytOYJW7ukyCSaoOrPUnKoS/kq3+xjLuf\ngfV2qsBNQL9HlAgUloAsULzBPxVSsI8YimOdfCT1Hq1nGOirEVhcvUbo8stfdlAc\nWvZjsBzT6SgisU7K0LiCmqbdxHaJbzkArnw4DqLjCaZ7oUrdKyM+BF1bCDwsH7wC\nbvde3hktUuzX0pMCs6G3VpbPwqxaR4wbnNjZfeLRp/yN1/+xU0mD5ZxfZLkhh49V\nzJeAovS1Htq/rD0CgVSYHlIevLQI8g47lTVfwGg9fuCM5kFYvMho22QjS10CAwEA\nAQKCAgAP4s5gFHIexcvfM4I+PuNXNmsmmmH4gC+0N6Mr5t/2AUIiYywSR6lYjL2J\nLEWO7Cj6K0NW5FP+QpjIsGQb4DrDkpUIe2iL3BaLVCL2m0OxdBR2esyG4eg5erF3\nhghIh6oqFL3GVsuuPiPOIgEYsgty6Jb9XYaJzRL5GFT1sYt7MCLZtcd3SQr0uUxS\ncuuSWi7i506IONhcelGRm/GlMm92KpisxEqE3lNM2iVei/5fCghcXlvs462eEubT\nVYd7QUYNDsiCpHcKVnY/ws5bDn/0iHGVhGGzQh5tu3yKuKS95zVMrexONnCdlroY\nij7ECFb7ulS+Q8lns4RRejukAgSv3ZSZbltH/7bGmqgsTmKnp0XtuBWzdZLVleDQ\nimMSu6xtd0mNvYkdVHHl3NaOEps803V4rcH7zEwRNtBPdKO3a9uUf1+RHEeUuiX9\nmzOJvxETfTdWZh2QRKAotmZBgh46xbcialHv4YsSNBQhVIpXs+CL056O7is6zJQx\n8uigrm8KLz+HZNmYAvmYAiTCNGOqYmx74CtzT+zCyX85OZYKL9xYlQXEyTnAzO7a\nvc0BH4jh+CMievQiojxQdQOyRq1RI0y7BEltMOExHpb6NjneZTQJDUs43/my/Nh1\nsVZmeyVtXog7PT11h1RtuIyupPBxmsI1ksaJZRV5L/rlCg4CcwKCAQEA6SgMHZIr\nlhIF9Cmmvk8v7vfkaazzkMUJU3Xgy/ZrNyzWSF/itlL2StYRQukAp2hzcUtSNc2/\nyeXpLjtJOuPZJUxYHCwhJQqPspupVmbrpGCH5of2Ghskq+REpjZ1Aio4k/ktkYrU\nJd0BlP33Lr7OLA5S2LBzimJfG9GUGIsYzniZvvXnTC8Q+i/u4dK4rKcxLhXqNQV5\nU7H2TSP7Nd/jjkzCBAVHb/6kPAEEfUHDicr9ejaFqvqA9YW/Beq6MQOgmdjoM/iu\nan15CVAxoUgOxVSoKb3bVjYa2AoUpSvZwQH9gADJ6eAOkPz49JgY2IQ3Ew3BqCQ0\napDHvJ7KKUMytwKCAQEAz3eJiiOU7n9GKoqPjfbpTs/qDi5/ATg4HXVHzTmCZ4Lv\nPtEzYQVx21f/RQJ2hkerBrwsiGya7ycExmTvRYcJq/fiCgRmdQSx/h5vXVbLRdT9\nwOMXOxBfFToxJ/AdWG4k78Z2fSiJHwPpzmJ+t2ntsbo9WhrTZ6YdBHTzycstlvmW\nhPsde7oFYEuz9AgSr0H5XvrH6BnA8TROxfXa2/V/QalR2DLRQj5XF/7u1o6wU4+Y\nCW2ixqAstcvpCup8os7985qsKEE9TjpvrED0Mg+gciWq/I742ga7TmJ860RHWP9O\nZYYsNbL4kbroo8Ysqm94B793oWq3lwqlK8nVh2VOiwKCAQEAivNL7R+cjC4nkDB2\nZ/pnVaI0ZOomqcNTYILiuosbsGEvPyitwvzEPStAVEDqG9q62e0KjHgW8WrsQZoh\ndVAuq/TImdmO0zVtGAN+srhZfLfupeunNj2w6CP86ZWQu/6Pg1g/2PoEnqAMfk+w\nTRJ3angK1YqrAPDJP5nyCYJ0ATCMZ+rCsntmQcPpOHnNh0+Ilq+GyZx+huuLHsPv\nxVatlbOW+LBwt4TpOb1dgIx9zRPFZl0x4giybCAODKer2OQRhT5oe/ibcWlfhbZe\nLYD1FJL0ORQlsEZETzYKwbjVaBoYin1t18yowa2RbKtsOzToYZmULPGOr2ejMXzs\nfBTJFwKCAQBtCmnKpern8xLg1xSeS9DR8GsW6w8rh+3OZc7IKVrFpsax4Gg9rQvr\nefObxLCg4Ngd4RcS2OoRmhNjZrdvdor5zH4MP8XN6RrX8g0cJLsPx+Na1sBl9bPT\nx1MAp630xWc6crfiDkULfRYMuC3bnpwkVjtauVC1YFRN/F4JiHU8rY+T8xvK5Llg\npEk/kGKppGY5qlsZPTfwTkq8tvxBsWUiEKkIlaTwSS2jWgUT1ckNEiKZifsMpDD7\nl+GzMA0z0NEekQO84JUlIYeCJF10VkxA0lVtCoP2q6UUjKUVTjylpQICUCO6UYdd\nqLwPH+Bn79BJWjO5LgqyIxEu05Ub5X4DAoIBACSNKb4h3Cab3rLGuMfS3Fe/RIJE\nf2JV4PIGRXeKBPCg46mmbgZ0mqP/gzSKMm7JSvIMb7Kxubl1Dgieel4LolEp5Vp6\n3urNndTWFUhGkEYgsm/mGzfybK833z4yiMkQqHRiHslWYiarIgkbRIPj4qwlCmue\nhiz8pO+jQzUBwAk+9dTJdvVJ75PrjXG0WrUhz8c2RXO3PUwJt8psvOHvb3yeud06\ne+IZajxJT2/G4lPrIoV4sGv3O/PrwtehhV82s1qr7V3QHqokooSjyV/qO4x/KSDK\nwHGb+BD/kRMnRLBRky7871bmiZdQ8xVpL+jdT+4vOKjqlOoCaL6RifnfKSc=\n-----END RSA PRIVATE KEY-----\n",
            "content_base64": null,
            "content_base64sha256": "VdMHjfPcfo6Us61hbpjgUxw6pabjANxfVR6itTCKTcY=",
            "content_base64sha512": "x3+OqzeCppqDIhhaJXIS2dqWwcCLfF2QvLvPAteNhfJzRyALxCpKIrrtxZPzkGt3IDanklPsi/hhyZGK/toN8g==",
            "content_md5": "68ecc9603342024b06bcbe4a17e2fc5c",
            "content_sha1": "67c16eddc7b2ca048f759595dbd7984baa8b7809",
            "content_sha256": "55d3078df3dc7e8e94b3ad616e98e0531c3aa5a6e300dc5f551ea2b5308a4dc6",
            "content_sha512": "c77f8eab3782a69a8322185a257212d9da96c1c08b7c5d90bcbbcf02d78d85f27347200bc42a4a22baedc593f3906b772036a79253ec8bf861c9918afeda0df2",
            "directory_permission": "0777",
            "file_permission": "0400",
            "filename": "./testkey.pem",
            "id": "67c16eddc7b2ca048f759595dbd7984baa8b7809",
            "sensitive_content": null,
            "source": null
          },
          "sensitive_attributes": [
            [
              {
                "type": "get_attr",
                "value": "content"
              }
            ],
            [
              {
                "type": "get_attr",
                "value": "sensitive_content"
              }
            ]
          ],
          "identity_schema_version": 0,
          "dependencies": [
            "tls_private_key.bastion_key"
          ]
        }
      ]
    },
    {
      "mode": "managed",
      "type": "tls_private_key",
      "name": "bastion_key",
      "provider": "provider[\"registry.terraform.io/hashicorp/tls\"]",
      "instances": [
        {
          "schema_version": 1,
          "attributes": {
            "algorithm": "RSA",
            "ecdsa_curve": "P224",
            "id": "0646839952428eb680160128fd7269f1e80e4a3d",
            "private_key_openssh": "-----BEGIN OPENSSH PRIVATE KEY-----\nb3BlbnNzaC1rZXktdjEAAAAABG5vbmUAAAAEbm9uZQAAAAAAAAABAAACFwAAAAdz\nc2gtcnNhAAAAAwEAAQAAAgEAvPRArclqqcumHWZvurHAxSd6Frd8XkTgDsNJrlTh\nHtsve0EU8VjzzeZKwMedia+R5pi3O+pok2K/UxFj+/ubR7h6GGm4dhRlnN9wbimK\nn9PR+RlAlyHyAUwPZfJNqfDlHotVEhhy+ejpI7c0eVZDWVC7Y0MB5ZnZC4Nym8qW\nGLDMXn7Ukzu4I/3pTjrP9QrN3fiWGwVpeov5GgmtBpZfLCfF8uouTU4khvlHKRzC\nvdo8X1+EFEtwvMVIEY96vytzjVCys+FlEYtJi6TBIEn1Xv27w6wgv4abzFScRSJv\nj8h4DVhKa2hsnEkdwwxzuK+d/L5ioQPMluUkLfeRadjweBmJVaWy4Oy72kHpYs1C\nY1qYZFFGuHwekR1JjSHvLhCI6tsw5Hb+g/pXAJ/DytOYJW7ukyCSaoOrPUnKoS/k\nq3+xjLufgfV2qsBNQL9HlAgUloAsULzBPxVSsI8YimOdfCT1Hq1nGOirEVhcvUbo\n8stfdlAcWvZjsBzT6SgisU7K0LiCmqbdxHaJbzkArnw4DqLjCaZ7oUrdKyM+BF1b\nCDwsH7wCbvde3hktUuzX0pMCs6G3VpbPwqxaR4wbnNjZfeLRp/yN1/+xU0mD5Zxf\nZLkhh49VzJeAovS1Htq/rD0CgVSYHlIevLQI8g47lTVfwGg9fuCM5kFYvMho22Qj\nS10AAAc4xT8IKMU/CCgAAAAHc3NoLXJzYQAAAgEAvPRArclqqcumHWZvurHAxSd6\nFrd8XkTgDsNJrlThHtsve0EU8VjzzeZKwMedia+R5pi3O+pok2K/UxFj+/ubR7h6\nGGm4dhRlnN9wbimKn9PR+RlAlyHyAUwPZfJNqfDlHotVEhhy+ejpI7c0eVZDWVC7\nY0MB5ZnZC4Nym8qWGLDMXn7Ukzu4I/3pTjrP9QrN3fiWGwVpeov5GgmtBpZfLCfF\n8uouTU4khvlHKRzCvdo8X1+EFEtwvMVIEY96vytzjVCys+FlEYtJi6TBIEn1Xv27\nw6wgv4abzFScRSJvj8h4DVhKa2hsnEkdwwxzuK+d/L5ioQPMluUkLfeRadjweBmJ\nVaWy4Oy72kHpYs1CY1qYZFFGuHwekR1JjSHvLhCI6tsw5Hb+g/pXAJ/DytOYJW7u\nkyCSaoOrPUnKoS/kq3+xjLufgfV2qsBNQL9HlAgUloAsULzBPxVSsI8YimOdfCT1\nHq1nGOirEVhcvUbo8stfdlAcWvZjsBzT6SgisU7K0LiCmqbdxHaJbzkArnw4DqLj\nCaZ7oUrdKyM+BF1bCDwsH7wCbvde3hktUuzX0pMCs6G3VpbPwqxaR4wbnNjZfeLR\np/yN1/+xU0mD5ZxfZLkhh49VzJeAovS1Htq/rD0CgVSYHlIevLQI8g47lTVfwGg9\nfuCM5kFYvMho22QjS10AAAADAQABAAACAA/izmAUch7Fy98zgj4+41c2ayaaYfiA\nL7Q3oyvm3/YBQiJjLBJHqViMvYksRY7sKPorQ1bkU/5CmMiwZBvgOsOSlQh7aIvc\nFotUIvabQ7F0FHZ6zIbh6Dl6sXeGCEiHqioUvcZWy64+I84iARiyC3Lolv1dhonN\nEvkYVPWxi3swItm1x3dJCvS5TFJy65JaLuLnTog42Fx6UZGb8aUyb3YqmKzESoTe\nU0zaJV6L/l8KCFxeW+zjrZ4S5tNVh3tBRg0OyIKkdwpWdj/CzlsOf/SIcZWEYbNC\nHm27fIq4pL3nNUyt7E42cJ2WuhiKPsQIVvu6VL5DyWezhFF6O6QCBK/dlJluW0f/\ntsaaqCxOYqenRe24FbN1ktWV4NCKYxK7rG13SY29iR1UceXc1o4SmzzTdXitwfvM\nTBE20E90o7dr25R/X5EcR5S6Jf2bM4m/ERN9N1ZmHZBEoCi2ZkGCHjrFtyJqUe/h\nixI0FCFUilez4IvTno7uKzrMlDHy6KCubwovP4dk2ZgC+ZgCJMI0Y6pibHvgK3NP\n7MLJfzk5lgov3FiVBcTJOcDM7tq9zQEfiOH4IyJ69CKiPFB1A7JGrVEjTLsESW0w\n4TEelvo2Od5lNAkNSzjf+bL82HWxVmZ7JW1eiDs9PXWHVG24jK6k8HGawjWSxoll\nFXkv+uUKDgJzAAABACSNKb4h3Cab3rLGuMfS3Fe/RIJEf2JV4PIGRXeKBPCg46mm\nbgZ0mqP/gzSKMm7JSvIMb7Kxubl1Dgieel4LolEp5Vp63urNndTWFUhGkEYgsm/m\nGzfybK833z4yiMkQqHRiHslWYiarIgkbRIPj4qwlCmuehiz8pO+jQzUBwAk+9dTJ\ndvVJ75PrjXG0WrUhz8c2RXO3PUwJt8psvOHvb3yeud06e+IZajxJT2/G4lPrIoV4\nsGv3O/PrwtehhV82s1qr7V3QHqokooSjyV/qO4x/KSDKwHGb+BD/kRMnRLBRky78\n71bmiZdQ8xVpL+jdT+4vOKjqlOoCaL6RifnfKScAAAEBAOkoDB2SK5YSBfQppr5P\nL+735Gms85DFCVN14Mv2azcs1khf4rZS9krWEULpAKdoc3FLUjXNv8nl6S47STrj\n2SVMWBwsISUKj7KbqVZm66Rgh+aH9hobJKvkRKY2dQIqOJP5LZGK1CXdAZT99y6+\nziwOUtiwc4piXxvRlBiLGM54mb7150wvEPov7uHSuKynMS4V6jUFeVOx9k0j+zXf\n445MwgQFR2/+pDwBBH1Bw4nK/Xo2har6gPWFvwXqujEDoJnY6DP4rmp9eQlQMaFI\nDsVUqCm921Y2GtgKFKUr2cEB/YAAyengDpD8+PSYGNiENxMNwagkNGqQx7yeyilD\nMrcAAAEBAM93iYojlO5/RiqKj4326U7P6g4ufwE4OB11R805gmeC7z7RM2EFcdtX\n/0UCdoZHqwa8LIhsmu8nBMZk70WHCav34goEZnUEsf4eb11Wy0XU/cDjFzsQXxU6\nMSfwHVhuJO/Gdn0oiR8D6c5ifrdp7bG6PVoa02emHQR088nLLZb5loT7HXu6BWBL\ns/QIEq9B+V76x+gZwPE0TsX12tv1f0GpUdgy0UI+Vxf+7taOsFOPmAltosagLLXL\n6QrqfKLO/fOarChBPU46b6xA9DIPoHIlqvyO+NoGu05ifOtER1j/TmWGLDWy+JG6\n6KPGLKpveAe/d6Fqt5cKpSvJ1YdlTosAAAAAAQID\n-----END OPENSSH PRIVATE KEY-----\n",
            "private_key_pem": "-----BEGIN RSA PRIVATE KEY-----\nMIIJKAIBAAKCAgEAvPRArclqqcumHWZvurHAxSd6Frd8XkTgDsNJrlThHtsve0EU\n8VjzzeZKwMedia+R5pi3O+pok2K/UxFj+/ubR7h6GGm4dhRlnN9wbimKn9PR+RlA\nlyHyAUwPZfJNqfDlHotVEhhy+ejpI7c0eVZDWVC7Y0MB5ZnZC4Nym8qWGLDMXn7U\nkzu4I/3pTjrP9QrN3fiWGwVpeov5GgmtBpZfLCfF8uouTU4khvlHKRzCvdo8X1+E\nFEtwvMVIEY96vytzjVCys+FlEYtJi6TBIEn1Xv27w6wgv4abzFScRSJvj8h4DVhK\na2hsnEkdwwxzuK+d/L5ioQPMluUkLfeRadjweBmJVaWy4Oy72kHpYs1CY1qYZFFG\nuHwekR1JjSHvLhCI6tsw5Hb+g/pXAJ/DytOYJW7ukyCSaoOrPUnKoS/kq3+xjLuf\ngfV2qsBNQL9HlAgUloAsULzBPxVSsI8YimOdfCT1Hq1nGOirEVhcvUbo8stfdlAc\nWvZjsBzT6SgisU7K0LiCmqbdxHaJbzkArnw4DqLjCaZ7oUrdKyM+BF1bCDwsH7wC\nbvde3hktUuzX0pMCs6G3VpbPwqxaR4wbnNjZfeLRp/yN1/+xU0mD5ZxfZLkhh49V\nzJeAovS1Htq/rD0CgVSYHlIevLQI8g47lTVfwGg9fuCM5kFYvMho22QjS10CAwEA\nAQKCAgAP4s5gFHIexcvfM4I+PuNXNmsmmmH4gC+0N6Mr5t/2AUIiYywSR6lYjL2J\nLEWO7Cj6K0NW5FP+QpjIsGQb4DrDkpUIe2iL3BaLVCL2m0OxdBR2esyG4eg5erF3\nhghIh6oqFL3GVsuuPiPOIgEYsgty6Jb9XYaJzRL5GFT1sYt7MCLZtcd3SQr0uUxS\ncuuSWi7i506IONhcelGRm/GlMm92KpisxEqE3lNM2iVei/5fCghcXlvs462eEubT\nVYd7QUYNDsiCpHcKVnY/ws5bDn/0iHGVhGGzQh5tu3yKuKS95zVMrexONnCdlroY\nij7ECFb7ulS+Q8lns4RRejukAgSv3ZSZbltH/7bGmqgsTmKnp0XtuBWzdZLVleDQ\nimMSu6xtd0mNvYkdVHHl3NaOEps803V4rcH7zEwRNtBPdKO3a9uUf1+RHEeUuiX9\nmzOJvxETfTdWZh2QRKAotmZBgh46xbcialHv4YsSNBQhVIpXs+CL056O7is6zJQx\n8uigrm8KLz+HZNmYAvmYAiTCNGOqYmx74CtzT+zCyX85OZYKL9xYlQXEyTnAzO7a\nvc0BH4jh+CMievQiojxQdQOyRq1RI0y7BEltMOExHpb6NjneZTQJDUs43/my/Nh1\nsVZmeyVtXog7PT11h1RtuIyupPBxmsI1ksaJZRV5L/rlCg4CcwKCAQEA6SgMHZIr\nlhIF9Cmmvk8v7vfkaazzkMUJU3Xgy/ZrNyzWSF/itlL2StYRQukAp2hzcUtSNc2/\nyeXpLjtJOuPZJUxYHCwhJQqPspupVmbrpGCH5of2Ghskq+REpjZ1Aio4k/ktkYrU\nJd0BlP33Lr7OLA5S2LBzimJfG9GUGIsYzniZvvXnTC8Q+i/u4dK4rKcxLhXqNQV5\nU7H2TSP7Nd/jjkzCBAVHb/6kPAEEfUHDicr9ejaFqvqA9YW/Beq6MQOgmdjoM/iu\nan15CVAxoUgOxVSoKb3bVjYa2AoUpSvZwQH9gADJ6eAOkPz49JgY2IQ3Ew3BqCQ0\napDHvJ7KKUMytwKCAQEAz3eJiiOU7n9GKoqPjfbpTs/qDi5/ATg4HXVHzTmCZ4Lv\nPtEzYQVx21f/RQJ2hkerBrwsiGya7ycExmTvRYcJq/fiCgRmdQSx/h5vXVbLRdT9\nwOMXOxBfFToxJ/AdWG4k78Z2fSiJHwPpzmJ+t2ntsbo9WhrTZ6YdBHTzycstlvmW\nhPsde7oFYEuz9AgSr0H5XvrH6BnA8TROxfXa2/V/QalR2DLRQj5XF/7u1o6wU4+Y\nCW2ixqAstcvpCup8os7985qsKEE9TjpvrED0Mg+gciWq/I742ga7TmJ860RHWP9O\nZYYsNbL4kbroo8Ysqm94B793oWq3lwqlK8nVh2VOiwKCAQEAivNL7R+cjC4nkDB2\nZ/pnVaI0ZOomqcNTYILiuosbsGEvPyitwvzEPStAVEDqG9q62e0KjHgW8WrsQZoh\ndVAuq/TImdmO0zVtGAN+srhZfLfupeunNj2w6CP86ZWQu/6Pg1g/2PoEnqAMfk+w\nTRJ3angK1YqrAPDJP5nyCYJ0ATCMZ+rCsntmQcPpOHnNh0+Ilq+GyZx+huuLHsPv\nxVatlbOW+LBwt4TpOb1dgIx9zRPFZl0x4giybCAODKer2OQRhT5oe/ibcWlfhbZe\nLYD1FJL0ORQlsEZETzYKwbjVaBoYin1t18yowa2RbKtsOzToYZmULPGOr2ejMXzs\nfBTJFwKCAQBtCmnKpern8xLg1xSeS9DR8GsW6w8rh+3OZc7IKVrFpsax4Gg9rQvr\nefObxLCg4Ngd4RcS2OoRmhNjZrdvdor5zH4MP8XN6RrX8g0cJLsPx+Na1sBl9bPT\nx1MAp630xWc6crfiDkULfRYMuC3bnpwkVjtauVC1YFRN/F4JiHU8rY+T8xvK5Llg\npEk/kGKppGY5qlsZPTfwTkq8tvxBsWUiEKkIlaTwSS2jWgUT1ckNEiKZifsMpDD7\nl+GzMA0z0NEekQO84JUlIYeCJF10VkxA0lVtCoP2q6UUjKUVTjylpQICUCO6UYdd\nqLwPH+Bn79BJWjO5LgqyIxEu05Ub5X4DAoIBACSNKb4h3Cab3rLGuMfS3Fe/RIJE\nf2JV4PIGRXeKBPCg46mmbgZ0mqP/gzSKMm7JSvIMb7Kxubl1Dgieel4LolEp5Vp6\n3urNndTWFUhGkEYgsm/mGzfybK833z4yiMkQqHRiHslWYiarIgkbRIPj4qwlCmue\nhiz8pO+jQzUBwAk+9dTJdvVJ75PrjXG0WrUhz8c2RXO3PUwJt8psvOHvb3yeud06\ne+IZajxJT2/G4lPrIoV4sGv3O/PrwtehhV82s1qr7V3QHqokooSjyV/qO4x/KSDK\nwHGb+BD/kRMnRLBRky7871bmiZdQ8xVpL+jdT+4vOKjqlOoCaL6RifnfKSc=\n-----END RSA PRIVATE KEY-----\n",
            "private_key_pem_pkcs8": "-----BEGIN PRIVATE KEY-----\nMIIJQgIBADANBgkqhkiG9w0BAQEFAASCCSwwggkoAgEAAoICAQC89ECtyWqpy6Yd\nZm+6scDFJ3oWt3xeROAOw0muVOEe2y97QRTxWPPN5krAx52Jr5HmmLc76miTYr9T\nEWP7+5tHuHoYabh2FGWc33BuKYqf09H5GUCXIfIBTA9l8k2p8OUei1USGHL56Okj\ntzR5VkNZULtjQwHlmdkLg3KbypYYsMxeftSTO7gj/elOOs/1Cs3d+JYbBWl6i/ka\nCa0Gll8sJ8Xy6i5NTiSG+UcpHMK92jxfX4QUS3C8xUgRj3q/K3ONULKz4WURi0mL\npMEgSfVe/bvDrCC/hpvMVJxFIm+PyHgNWEpraGycSR3DDHO4r538vmKhA8yW5SQt\n95Fp2PB4GYlVpbLg7LvaQelizUJjWphkUUa4fB6RHUmNIe8uEIjq2zDkdv6D+lcA\nn8PK05glbu6TIJJqg6s9ScqhL+Srf7GMu5+B9XaqwE1Av0eUCBSWgCxQvME/FVKw\njxiKY518JPUerWcY6KsRWFy9Rujyy192UBxa9mOwHNPpKCKxTsrQuIKapt3Edolv\nOQCufDgOouMJpnuhSt0rIz4EXVsIPCwfvAJu917eGS1S7NfSkwKzobdWls/CrFpH\njBuc2Nl94tGn/I3X/7FTSYPlnF9kuSGHj1XMl4Ci9LUe2r+sPQKBVJgeUh68tAjy\nDjuVNV/AaD1+4IzmQVi8yGjbZCNLXQIDAQABAoICAA/izmAUch7Fy98zgj4+41c2\nayaaYfiAL7Q3oyvm3/YBQiJjLBJHqViMvYksRY7sKPorQ1bkU/5CmMiwZBvgOsOS\nlQh7aIvcFotUIvabQ7F0FHZ6zIbh6Dl6sXeGCEiHqioUvcZWy64+I84iARiyC3Lo\nlv1dhonNEvkYVPWxi3swItm1x3dJCvS5TFJy65JaLuLnTog42Fx6UZGb8aUyb3Yq\nmKzESoTeU0zaJV6L/l8KCFxeW+zjrZ4S5tNVh3tBRg0OyIKkdwpWdj/CzlsOf/SI\ncZWEYbNCHm27fIq4pL3nNUyt7E42cJ2WuhiKPsQIVvu6VL5DyWezhFF6O6QCBK/d\nlJluW0f/tsaaqCxOYqenRe24FbN1ktWV4NCKYxK7rG13SY29iR1UceXc1o4SmzzT\ndXitwfvMTBE20E90o7dr25R/X5EcR5S6Jf2bM4m/ERN9N1ZmHZBEoCi2ZkGCHjrF\ntyJqUe/hixI0FCFUilez4IvTno7uKzrMlDHy6KCubwovP4dk2ZgC+ZgCJMI0Y6pi\nbHvgK3NP7MLJfzk5lgov3FiVBcTJOcDM7tq9zQEfiOH4IyJ69CKiPFB1A7JGrVEj\nTLsESW0w4TEelvo2Od5lNAkNSzjf+bL82HWxVmZ7JW1eiDs9PXWHVG24jK6k8HGa\nwjWSxollFXkv+uUKDgJzAoIBAQDpKAwdkiuWEgX0Kaa+Ty/u9+RprPOQxQlTdeDL\n9ms3LNZIX+K2UvZK1hFC6QCnaHNxS1I1zb/J5ekuO0k649klTFgcLCElCo+ym6lW\nZuukYIfmh/YaGySr5ESmNnUCKjiT+S2RitQl3QGU/fcuvs4sDlLYsHOKYl8b0ZQY\nixjOeJm+9edMLxD6L+7h0rispzEuFeo1BXlTsfZNI/s13+OOTMIEBUdv/qQ8AQR9\nQcOJyv16NoWq+oD1hb8F6roxA6CZ2Ogz+K5qfXkJUDGhSA7FVKgpvdtWNhrYChSl\nK9nBAf2AAMnp4A6Q/Pj0mBjYhDcTDcGoJDRqkMe8nsopQzK3AoIBAQDPd4mKI5Tu\nf0Yqio+N9ulOz+oOLn8BODgddUfNOYJngu8+0TNhBXHbV/9FAnaGR6sGvCyIbJrv\nJwTGZO9Fhwmr9+IKBGZ1BLH+Hm9dVstF1P3A4xc7EF8VOjEn8B1YbiTvxnZ9KIkf\nA+nOYn63ae2xuj1aGtNnph0EdPPJyy2W+ZaE+x17ugVgS7P0CBKvQfle+sfoGcDx\nNE7F9drb9X9BqVHYMtFCPlcX/u7WjrBTj5gJbaLGoCy1y+kK6nyizv3zmqwoQT1O\nOm+sQPQyD6ByJar8jvjaBrtOYnzrREdY/05lhiw1sviRuuijxiyqb3gHv3ehareX\nCqUrydWHZU6LAoIBAQCK80vtH5yMLieQMHZn+mdVojRk6iapw1NgguK6ixuwYS8/\nKK3C/MQ9K0BUQOob2rrZ7QqMeBbxauxBmiF1UC6r9MiZ2Y7TNW0YA36yuFl8t+6l\n66c2PbDoI/zplZC7/o+DWD/Y+gSeoAx+T7BNEndqeArViqsA8Mk/mfIJgnQBMIxn\n6sKye2ZBw+k4ec2HT4iWr4bJnH6G64sew+/FVq2Vs5b4sHC3hOk5vV2AjH3NE8Vm\nXTHiCLJsIA4Mp6vY5BGFPmh7+JtxaV+Ftl4tgPUUkvQ5FCWwRkRPNgrBuNVoGhiK\nfW3XzKjBrZFsq2w7NOhhmZQs8Y6vZ6MxfOx8FMkXAoIBAG0Kacql6ufzEuDXFJ5L\n0NHwaxbrDyuH7c5lzsgpWsWmxrHgaD2tC+t585vEsKDg2B3hFxLY6hGaE2Nmt292\nivnMfgw/xc3pGtfyDRwkuw/H41rWwGX1s9PHUwCnrfTFZzpyt+IORQt9Fgy4Ldue\nnCRWO1q5ULVgVE38XgmIdTytj5PzG8rkuWCkST+QYqmkZjmqWxk9N/BOSry2/EGx\nZSIQqQiVpPBJLaNaBRPVyQ0SIpmJ+wykMPuX4bMwDTPQ0R6RA7zglSUhh4IkXXRW\nTEDSVW0Kg/arpRSMpRVOPKWlAgJQI7pRh12ovA8f4Gfv0ElaM7kuCrIjES7TlRvl\nfgMCggEAJI0pviHcJpvessa4x9LcV79EgkR/YlXg8gZFd4oE8KDjqaZuBnSao/+D\nNIoybslK8gxvsrG5uXUOCJ56XguiUSnlWnre6s2d1NYVSEaQRiCyb+YbN/Jsrzff\nPjKIyRCodGIeyVZiJqsiCRtEg+PirCUKa56GLPyk76NDNQHACT711Ml29Unvk+uN\ncbRatSHPxzZFc7c9TAm3ymy84e9vfJ653Tp74hlqPElPb8biU+sihXiwa/c78+vC\n16GFXzazWqvtXdAeqiSihKPJX+o7jH8pIMrAcZv4EP+REydEsFGTLvzvVuaJl1Dz\nFWkv6N1P7i84qOqU6gJovpGJ+d8pJw==\n-----END PRIVATE KEY-----\n",
            "public_key_fingerprint_md5": "95:c9:d6:2c:9c:ad:fc:df:4b:58:57:0c:27:47:91:61",
            "public_key_fingerprint_sha256": "SHA256:BkM0gt2u4Qfo844r1m0bejZt2LfQqZYSVlpwdZLZ9AQ",
            "public_key_openssh": "ssh-rsa AAAAB3NzaC1yc2EAAAADAQABAAACAQC89ECtyWqpy6YdZm+6scDFJ3oWt3xeROAOw0muVOEe2y97QRTxWPPN5krAx52Jr5HmmLc76miTYr9TEWP7+5tHuHoYabh2FGWc33BuKYqf09H5GUCXIfIBTA9l8k2p8OUei1USGHL56OkjtzR5VkNZULtjQwHlmdkLg3KbypYYsMxeftSTO7gj/elOOs/1Cs3d+JYbBWl6i/kaCa0Gll8sJ8Xy6i5NTiSG+UcpHMK92jxfX4QUS3C8xUgRj3q/K3ONULKz4WURi0mLpMEgSfVe/bvDrCC/hpvMVJxFIm+PyHgNWEpraGycSR3DDHO4r538vmKhA8yW5SQt95Fp2PB4GYlVpbLg7LvaQelizUJjWphkUUa4fB6RHUmNIe8uEIjq2zDkdv6D+lcAn8PK05glbu6TIJJqg6s9ScqhL+Srf7GMu5+B9XaqwE1Av0eUCBSWgCxQvME/FVKwjxiKY518JPUerWcY6KsRWFy9Rujyy192UBxa9mOwHNPpKCKxTsrQuIKapt3EdolvOQCufDgOouMJpnuhSt0rIz4EXVsIPCwfvAJu917eGS1S7NfSkwKzobdWls/CrFpHjBuc2Nl94tGn/I3X/7FTSYPlnF9kuSGHj1XMl4Ci9LUe2r+sPQKBVJgeUh68tAjyDjuVNV/AaD1+4IzmQVi8yGjbZCNLXQ==\n",
            "public_key_pem": "-----BEGIN PUBLIC KEY-----\nMIICIjANBgkqhkiG9w0BAQEFAAOCAg8AMIICCgKCAgEAvPRArclqqcumHWZvurHA\nxSd6Frd8XkTgDsNJrlThHtsve0EU8VjzzeZKwMedia+R5pi3O+pok2K/UxFj+/ub\nR7h6GGm4dhRlnN9wbimKn9PR+RlAlyHyAUwPZfJNqfDlHotVEhhy+ejpI7c0eVZD\nWVC7Y0MB5ZnZC4Nym8qWGLDMXn7Ukzu4I/3pTjrP9QrN3fiWGwVpeov5GgmtBpZf\nLCfF8uouTU4khvlHKRzCvdo8X1+EFEtwvMVIEY96vytzjVCys+FlEYtJi6TBIEn1\nXv27w6wgv4abzFScRSJvj8h4DVhKa2hsnEkdwwxzuK+d/L5ioQPMluUkLfeRadjw\neBmJVaWy4Oy72kHpYs1CY1qYZFFGuHwekR1JjSHvLhCI6tsw5Hb+g/pXAJ/DytOY\nJW7ukyCSaoOrPUnKoS/kq3+xjLufgfV2qsBNQL9HlAgUloAsULzBPxVSsI8YimOd\nfCT1Hq1nGOirEVhcvUbo8stfdlAcWvZjsBzT6SgisU7K0LiCmqbdxHaJbzkArnw4\nDqLjCaZ7oUrdKyM+BF1bCDwsH7wCbvde3hktUuzX0pMCs6G3VpbPwqxaR4wbnNjZ\nfeLRp/yN1/+xU0mD5ZxfZLkhh49VzJeAovS1Htq/rD0CgVSYHlIevLQI8g47lTVf\nwGg9fuCM5kFYvMho22QjS10CAwEAAQ==\n-----END PUBLIC KEY-----\n",
            "rsa_bits": 4096
          },
          "sensitive_attributes": [
            [
              {
                "type": "get_attr",
                "value": "private_key_openssh"
              }
            ],
            [
              {
                "type": "get_attr",
                "value": "private_key_pem"
              }
            ],
            [
              {
                "type": "get_attr",
                "value": "private_key_pem_pkcs8"
              }
            ]
          ],
          "identity_schema_version": 0
        }
      ]
    }
  ],
  "check_results": null
}
